{
  "version": 4,
  "terraform_version": "1.6.5",
  "serial": 2242,
  "lineage": "e539d206-347b-82df-f461-60c92018c7c2",
  "outputs": {
    "cluster_certificate_authority_data": {
      "value": "LS0tLS1CRUdJTiBDRVJUSUZJQ0FURS0tLS0tCk1JSURCVENDQWUyZ0F3SUJBZ0lJZlNpSFdPTVFKWk13RFFZSktvWklodmNOQVFFTEJRQXdGVEVUTUJFR0ExVUUKQXhNS2EzVmlaWEp1WlhSbGN6QWVGdzB5TkRBM01UVXhPRE0xTUROYUZ3MHpOREEzTVRNeE9EUXdNRE5hTUJVeApFekFSQmdOVkJBTVRDbXQxWW1WeWJtVjBaWE13Z2dFaU1BMEdDU3FHU0liM0RRRUJBUVVBQTRJQkR3QXdnZ0VLCkFvSUJBUUREelNhUXg4Z2RqMUZRNXhUSFQ0YzdrNkEwNVcrQTJCTmJFVndoWUU1RWREMTBSQTJKanpac3B2RUEKQUkwK3JMbmdJNHFPZEFueU15Z3hucjhqbGVlTkVRdGN1bDgzajN6RWVUZXZNbjh4eTZFc2p5eUJqREIvSmdXNQpZckpUN3M2ZlN4djJXcTFCWXpCZ3NQRVJVQlNJdXRtK1R6YnJFdGVaVkRIMU1EM2RPRTNGWHBvd0RtN01VWDNQCldVd1hSSFg2cmYxMGtGRVJKY2tCV0ZzR1FjRC9abFZ4aFBLOUV6eGZnbFFLdjVTWkZxU2MwY3YvTkVSME42SnoKN0lUUW9YRHRzaW1WNXJJNjA2eUpVM0grUHUwOVVCblBjcW1WdXp0cTJ3NEJYQWx3QjhNY29oSzZjR0VHQ25oOQpDL1RtakpCa2lMbzM4SDFsdHZ5eUVnSVFYUHlyQWdNQkFBR2pXVEJYTUE0R0ExVWREd0VCL3dRRUF3SUNwREFQCkJnTlZIUk1CQWY4RUJUQURBUUgvTUIwR0ExVWREZ1FXQkJTL3FyWjVkMUMwT014NjBCKzZ5U2oxUXVNNTdqQVYKQmdOVkhSRUVEakFNZ2dwcmRXSmxjbTVsZEdWek1BMEdDU3FHU0liM0RRRUJDd1VBQTRJQkFRQU1JYUVxc2Ivagp3bWwvQzRPNkhTRDJWVlJTTzNvYWpaNFBzekFNc2NGaUF6SFE0OFl0SS9ubDVENUNvRUl5bGQvZ25FVk5rSXorCldhTUVzblVmUHNxQk9uMVF3eE9wM3NFSCt1VzBnZm1kQkNVVURpTFFGZkw0bDlpVXJFWHVJbERTV0REQzg2TEQKOW53U3NxRExtNHNhdUxJN2YyaVVaai9qbWFVMktScndqdGFKTmRKNzNrcDZMMGhpdW9rYmNHcnlmME5xalJyQQpaZEpHQk4zbGdhYnBKMVVWUW5vWDNoS2tieWNCdGprcUY3bEtjOVl4L3RRV2tnWmllMG9oYTN0TkdNMUtSUFpWClh1cFlKd0daR1liS2kyazlCWnlxZldWVTJFQjkrQTdzTXYzZm9YUk14cy9qZzlOVkFnamtsdk9hRjdZbEtTRnQKcWhPVWR3Rk4yN3pCCi0tLS0tRU5EIENFUlRJRklDQVRFLS0tLS0K",
      "type": "string"
    },
    "configure_kubectl": {
      "value": "aws eks --region us-east-1 update-kubeconfig --name eks-blueprint",
      "type": "string"
    },
    "eks_cluster_endpoint": {
      "value": "https://256E944920A43EA505E681939492415B.gr7.us-east-1.eks.amazonaws.com",
      "type": "string"
    },
    "eks_cluster_id": {
      "value": "eks-blueprint",
      "type": "string"
    },
    "private_subnets_ids": {
      "value": [
        "subnet-0c336be2f990830c9",
        "subnet-0d2f17567e3cd6dc6"
      ],
      "type": [
        "tuple",
        [
          "string",
          "string"
        ]
      ]
    },
    "public_subnets_ids": {
      "value": [
        "subnet-0565fa08f9acb0a97",
        "subnet-0186f245e115e35c2"
      ],
      "type": [
        "tuple",
        [
          "string",
          "string"
        ]
      ]
    },
    "vpc_id": {
      "value": "vpc-02e50f66fdfd6322f",
      "type": "string"
    }
  },
  "resources": [
    {
      "mode": "data",
      "type": "aws_caller_identity",
      "name": "current",
      "provider": "provider[\"registry.terraform.io/hashicorp/aws\"]",
      "instances": [
        {
          "schema_version": 0,
          "attributes": {
            "account_id": "389029577690",
            "arn": "arn:aws:iam::389029577690:user/Marketing",
            "id": "389029577690",
            "user_id": "AIDAVVE7YIPNMUTPSACL4"
          },
          "sensitive_attributes": []
        }
      ]
    },
    {
      "mode": "data",
      "type": "aws_eks_cluster_auth",
      "name": "this",
      "provider": "provider[\"registry.terraform.io/hashicorp/aws\"]",
      "instances": [
        {
          "schema_version": 0,
          "attributes": {
            "id": "eks-blueprint",
            "name": "eks-blueprint",
            "token": "k8s-aws-v1.aHR0cHM6Ly9zdHMudXMtZWFzdC0xLmFtYXpvbmF3cy5jb20vP0FjdGlvbj1HZXRDYWxsZXJJZGVudGl0eSZWZXJzaW9uPTIwMTEtMDYtMTUmWC1BbXotQWxnb3JpdGhtPUFXUzQtSE1BQy1TSEEyNTYmWC1BbXotQ3JlZGVudGlhbD1BS0lBVlZFN1lJUE5EN0RBQTNGNCUyRjIwMjQwNzE1JTJGdXMtZWFzdC0xJTJGc3RzJTJGYXdzNF9yZXF1ZXN0JlgtQW16LURhdGU9MjAyNDA3MTVUMTg1NTA0WiZYLUFtei1FeHBpcmVzPTAmWC1BbXotU2lnbmVkSGVhZGVycz1ob3N0JTNCeC1rOHMtYXdzLWlkJlgtQW16LVNpZ25hdHVyZT01NjA0NWE1YjM3YTZjZmVhMWUwYzAwOWE1NDk0ZTRlN2JkN2MxZjBkYzY4ZDMyZmY5ZGY5ZTYwZWNjYzBiNDEy"
          },
          "sensitive_attributes": []
        }
      ]
    },
    {
      "module": "module.development_team",
      "mode": "data",
      "type": "aws_iam_policy_document",
      "name": "this",
      "provider": "provider[\"registry.terraform.io/hashicorp/aws\"]",
      "instances": [
        {
          "index_key": 0,
          "schema_version": 0,
          "attributes": {
            "id": "3570411071",
            "json": "{\n  \"Version\": \"2012-10-17\",\n  \"Statement\": [\n    {\n      \"Sid\": \"AssumeRole\",\n      \"Effect\": \"Allow\",\n      \"Action\": \"sts:AssumeRole\",\n      \"Principal\": {\n        \"AWS\": [\n          \"arn:aws:iam::389029577690:user/manager\",\n          \"arn:aws:iam::389029577690:user/developer\"\n        ]\n      }\n    },\n    {\n      \"Sid\": \"IRSA\",\n      \"Effect\": \"Allow\",\n      \"Action\": \"sts:AssumeRoleWithWebIdentity\",\n      \"Principal\": {\n        \"Federated\": \"arn:aws:iam::389029577690:oidc-provider/oidc.eks.us-east-1.amazonaws.com/id/256E944920A43EA505E681939492415B\"\n      },\n      \"Condition\": {\n        \"StringEquals\": {\n          \"oidc.eks.us-east-1.amazonaws.com/id/256E944920A43EA505E681939492415B:aud\": \"sts.amazonaws.com\",\n          \"oidc.eks.us-east-1.amazonaws.com/id/256E944920A43EA505E681939492415B:sub\": \"system:serviceaccount:test:test\"\n        }\n      }\n    }\n  ]\n}",
            "minified_json": "{\"Version\":\"2012-10-17\",\"Statement\":[{\"Sid\":\"AssumeRole\",\"Effect\":\"Allow\",\"Action\":\"sts:AssumeRole\",\"Principal\":{\"AWS\":[\"arn:aws:iam::389029577690:user/manager\",\"arn:aws:iam::389029577690:user/developer\"]}},{\"Sid\":\"IRSA\",\"Effect\":\"Allow\",\"Action\":\"sts:AssumeRoleWithWebIdentity\",\"Principal\":{\"Federated\":\"arn:aws:iam::389029577690:oidc-provider/oidc.eks.us-east-1.amazonaws.com/id/256E944920A43EA505E681939492415B\"},\"Condition\":{\"StringEquals\":{\"oidc.eks.us-east-1.amazonaws.com/id/256E944920A43EA505E681939492415B:aud\":\"sts.amazonaws.com\",\"oidc.eks.us-east-1.amazonaws.com/id/256E944920A43EA505E681939492415B:sub\":\"system:serviceaccount:test:test\"}}}]}",
            "override_json": null,
            "override_policy_documents": null,
            "policy_id": null,
            "source_json": null,
            "source_policy_documents": null,
            "statement": [
              {
                "actions": [
                  "sts:AssumeRole"
                ],
                "condition": [],
                "effect": "Allow",
                "not_actions": [],
                "not_principals": [],
                "not_resources": [],
                "principals": [
                  {
                    "identifiers": [
                      "arn:aws:iam::389029577690:user/developer",
                      "arn:aws:iam::389029577690:user/manager"
                    ],
                    "type": "AWS"
                  }
                ],
                "resources": [],
                "sid": "AssumeRole"
              },
              {
                "actions": [
                  "sts:AssumeRoleWithWebIdentity"
                ],
                "condition": [
                  {
                    "test": "StringEquals",
                    "values": [
                      "sts.amazonaws.com"
                    ],
                    "variable": "oidc.eks.us-east-1.amazonaws.com/id/256E944920A43EA505E681939492415B:aud"
                  },
                  {
                    "test": "StringEquals",
                    "values": [
                      "system:serviceaccount:test:test"
                    ],
                    "variable": "oidc.eks.us-east-1.amazonaws.com/id/256E944920A43EA505E681939492415B:sub"
                  }
                ],
                "effect": "Allow",
                "not_actions": [],
                "not_principals": [],
                "not_resources": [],
                "principals": [
                  {
                    "identifiers": [
                      "arn:aws:iam::389029577690:oidc-provider/oidc.eks.us-east-1.amazonaws.com/id/256E944920A43EA505E681939492415B"
                    ],
                    "type": "Federated"
                  }
                ],
                "resources": [],
                "sid": "IRSA"
              }
            ],
            "version": "2012-10-17"
          },
          "sensitive_attributes": []
        }
      ]
    },
    {
      "module": "module.development_team",
      "mode": "managed",
      "type": "aws_iam_role",
      "name": "this",
      "provider": "provider[\"registry.terraform.io/hashicorp/aws\"]",
      "instances": [
        {
          "index_key": 0,
          "schema_version": 0,
          "attributes": {
            "arn": "arn:aws:iam::389029577690:role/development-team-20240715184533690300000011",
            "assume_role_policy": "{\"Statement\":[{\"Action\":\"sts:AssumeRole\",\"Effect\":\"Allow\",\"Principal\":{\"AWS\":[\"arn:aws:iam::389029577690:user/manager\",\"arn:aws:iam::389029577690:user/developer\"]},\"Sid\":\"AssumeRole\"},{\"Action\":\"sts:AssumeRoleWithWebIdentity\",\"Condition\":{\"StringEquals\":{\"oidc.eks.us-east-1.amazonaws.com/id/256E944920A43EA505E681939492415B:aud\":\"sts.amazonaws.com\",\"oidc.eks.us-east-1.amazonaws.com/id/256E944920A43EA505E681939492415B:sub\":\"system:serviceaccount:test:test\"}},\"Effect\":\"Allow\",\"Principal\":{\"Federated\":\"arn:aws:iam::389029577690:oidc-provider/oidc.eks.us-east-1.amazonaws.com/id/256E944920A43EA505E681939492415B\"},\"Sid\":\"IRSA\"}],\"Version\":\"2012-10-17\"}",
            "create_date": "2024-07-15T18:45:33Z",
            "description": "",
            "force_detach_policies": true,
            "id": "development-team-20240715184533690300000011",
            "inline_policy": [],
            "managed_policy_arns": [],
            "max_session_duration": 3600,
            "name": "development-team-20240715184533690300000011",
            "name_prefix": "development-team-",
            "path": "/",
            "permissions_boundary": "",
            "tags": {
              "Environment": "sandbox",
              "Team": "platform",
              "Terraform": "true"
            },
            "tags_all": {
              "Environment": "sandbox",
              "Team": "platform",
              "Terraform": "true"
            },
            "unique_id": "AROAVVE7YIPNOHYJPBKTD"
          },
          "sensitive_attributes": [],
          "private": "bnVsbA==",
          "dependencies": [
            "module.development_team.data.aws_iam_policy_document.this",
            "module.eks_cluster.aws_cloudwatch_log_group.this",
            "module.eks_cluster.aws_eks_cluster.this",
            "module.eks_cluster.aws_iam_openid_connect_provider.oidc_provider",
            "module.eks_cluster.aws_iam_policy.cni_ipv6_policy",
            "module.eks_cluster.aws_iam_role.this",
            "module.eks_cluster.aws_iam_role_policy_attachment.this",
            "module.eks_cluster.aws_security_group.cluster",
            "module.eks_cluster.aws_security_group.node",
            "module.eks_cluster.aws_security_group_rule.cluster",
            "module.eks_cluster.aws_security_group_rule.node",
            "module.eks_cluster.data.aws_caller_identity.current",
            "module.eks_cluster.data.aws_iam_policy_document.assume_role_policy",
            "module.eks_cluster.data.aws_iam_policy_document.cni_ipv6_policy",
            "module.eks_cluster.data.aws_iam_session_context.current",
            "module.eks_cluster.data.aws_partition.current",
            "module.eks_cluster.data.tls_certificate.this",
            "module.eks_cluster.module.kms.aws_kms_external_key.this",
            "module.eks_cluster.module.kms.aws_kms_key.this",
            "module.eks_cluster.module.kms.aws_kms_replica_external_key.this",
            "module.eks_cluster.module.kms.aws_kms_replica_key.this",
            "module.eks_cluster.module.kms.data.aws_caller_identity.current",
            "module.eks_cluster.module.kms.data.aws_iam_policy_document.this",
            "module.eks_cluster.module.kms.data.aws_partition.current",
            "module.vpc.aws_subnet.private",
            "module.vpc.aws_subnet.public",
            "module.vpc.aws_vpc.this",
            "module.vpc.aws_vpc_ipv4_cidr_block_association.this"
          ]
        }
      ]
    },
    {
      "module": "module.development_team",
      "mode": "managed",
      "type": "kubernetes_cluster_role_binding_v1",
      "name": "this",
      "provider": "provider[\"registry.terraform.io/hashicorp/kubernetes\"]",
      "instances": [
        {
          "index_key": 0,
          "schema_version": 0,
          "attributes": {
            "id": "development-team-cluster",
            "metadata": [
              {
                "annotations": {
                  "team": "development"
                },
                "generate_name": "",
                "generation": 0,
                "labels": {
                  "team": "development"
                },
                "name": "development-team-cluster",
                "resource_version": "1116",
                "uid": "4ac84b05-7da7-49e0-9121-5098a82adb4a"
              }
            ],
            "role_ref": [
              {
                "api_group": "rbac.authorization.k8s.io",
                "kind": "ClusterRole",
                "name": "development-team-cluster"
              }
            ],
            "subject": [
              {
                "api_group": "rbac.authorization.k8s.io",
                "kind": "Group",
                "name": "development-team",
                "namespace": ""
              }
            ]
          },
          "sensitive_attributes": [],
          "private": "bnVsbA==",
          "dependencies": [
            "module.development_team.kubernetes_cluster_role_v1.this",
            "module.eks_cluster.aws_cloudwatch_log_group.this",
            "module.eks_cluster.aws_eks_access_entry.this",
            "module.eks_cluster.aws_eks_access_policy_association.this",
            "module.eks_cluster.aws_eks_cluster.this",
            "module.eks_cluster.aws_iam_policy.cni_ipv6_policy",
            "module.eks_cluster.aws_iam_role.this",
            "module.eks_cluster.aws_iam_role_policy_attachment.this",
            "module.eks_cluster.aws_security_group.cluster",
            "module.eks_cluster.aws_security_group.node",
            "module.eks_cluster.aws_security_group_rule.cluster",
            "module.eks_cluster.aws_security_group_rule.node",
            "module.eks_cluster.data.aws_caller_identity.current",
            "module.eks_cluster.data.aws_iam_policy_document.assume_role_policy",
            "module.eks_cluster.data.aws_iam_policy_document.cni_ipv6_policy",
            "module.eks_cluster.data.aws_iam_session_context.current",
            "module.eks_cluster.data.aws_partition.current",
            "module.eks_cluster.module.kms.aws_kms_external_key.this",
            "module.eks_cluster.module.kms.aws_kms_key.this",
            "module.eks_cluster.module.kms.aws_kms_replica_external_key.this",
            "module.eks_cluster.module.kms.aws_kms_replica_key.this",
            "module.eks_cluster.module.kms.data.aws_caller_identity.current",
            "module.eks_cluster.module.kms.data.aws_iam_policy_document.this",
            "module.eks_cluster.module.kms.data.aws_partition.current",
            "module.vpc.aws_subnet.private",
            "module.vpc.aws_subnet.public",
            "module.vpc.aws_vpc.this",
            "module.vpc.aws_vpc_ipv4_cidr_block_association.this"
          ]
        }
      ]
    },
    {
      "module": "module.development_team",
      "mode": "managed",
      "type": "kubernetes_cluster_role_v1",
      "name": "this",
      "provider": "provider[\"registry.terraform.io/hashicorp/kubernetes\"]",
      "instances": [
        {
          "index_key": 0,
          "schema_version": 0,
          "attributes": {
            "aggregation_rule": [],
            "id": "development-team-cluster",
            "metadata": [
              {
                "annotations": {
                  "team": "development"
                },
                "generate_name": "",
                "generation": 0,
                "labels": {
                  "team": "development"
                },
                "name": "development-team-cluster",
                "resource_version": "1108",
                "uid": "0c46c866-7dfd-4ab7-aa40-175dfc31d1d1"
              }
            ],
            "rule": [
              {
                "api_groups": [
                  ""
                ],
                "non_resource_urls": [],
                "resource_names": [],
                "resources": [
                  "namespaces",
                  "nodes"
                ],
                "verbs": [
                  "get",
                  "list",
                  "watch"
                ]
              }
            ]
          },
          "sensitive_attributes": [],
          "private": "bnVsbA==",
          "dependencies": [
            "module.eks_cluster.aws_cloudwatch_log_group.this",
            "module.eks_cluster.aws_eks_access_entry.this",
            "module.eks_cluster.aws_eks_access_policy_association.this",
            "module.eks_cluster.aws_eks_cluster.this",
            "module.eks_cluster.aws_iam_policy.cni_ipv6_policy",
            "module.eks_cluster.aws_iam_role.this",
            "module.eks_cluster.aws_iam_role_policy_attachment.this",
            "module.eks_cluster.aws_security_group.cluster",
            "module.eks_cluster.aws_security_group.node",
            "module.eks_cluster.aws_security_group_rule.cluster",
            "module.eks_cluster.aws_security_group_rule.node",
            "module.eks_cluster.data.aws_caller_identity.current",
            "module.eks_cluster.data.aws_iam_policy_document.assume_role_policy",
            "module.eks_cluster.data.aws_iam_policy_document.cni_ipv6_policy",
            "module.eks_cluster.data.aws_iam_session_context.current",
            "module.eks_cluster.data.aws_partition.current",
            "module.eks_cluster.module.kms.aws_kms_external_key.this",
            "module.eks_cluster.module.kms.aws_kms_key.this",
            "module.eks_cluster.module.kms.aws_kms_replica_external_key.this",
            "module.eks_cluster.module.kms.aws_kms_replica_key.this",
            "module.eks_cluster.module.kms.data.aws_caller_identity.current",
            "module.eks_cluster.module.kms.data.aws_iam_policy_document.this",
            "module.eks_cluster.module.kms.data.aws_partition.current",
            "module.vpc.aws_subnet.private",
            "module.vpc.aws_subnet.public",
            "module.vpc.aws_vpc.this",
            "module.vpc.aws_vpc_ipv4_cidr_block_association.this"
          ]
        }
      ]
    },
    {
      "module": "module.development_team",
      "mode": "managed",
      "type": "kubernetes_limit_range_v1",
      "name": "this",
      "provider": "provider[\"registry.terraform.io/hashicorp/kubernetes\"]",
      "instances": [
        {
          "index_key": "test",
          "schema_version": 0,
          "attributes": {
            "id": "test/test",
            "metadata": [
              {
                "annotations": {
                  "team": "development"
                },
                "generate_name": "",
                "generation": 0,
                "labels": {
                  "team": "development"
                },
                "name": "test",
                "namespace": "test",
                "resource_version": "1120",
                "uid": "22773aa0-df39-4d76-8130-763e33471973"
              }
            ],
            "spec": [
              {
                "limit": [
                  {
                    "default": {},
                    "default_request": {},
                    "max": {
                      "cpu": "1",
                      "memory": "1Gi"
                    },
                    "max_limit_request_ratio": {},
                    "min": {
                      "cpu": "10m",
                      "memory": "4Mi"
                    },
                    "type": "Pod"
                  },
                  {
                    "default": {},
                    "default_request": {},
                    "max": {},
                    "max_limit_request_ratio": {},
                    "min": {
                      "storage": "24M"
                    },
                    "type": "PersistentVolumeClaim"
                  }
                ]
              }
            ]
          },
          "sensitive_attributes": [],
          "private": "bnVsbA==",
          "dependencies": [
            "module.development_team.kubernetes_namespace_v1.this",
            "module.eks_cluster.aws_cloudwatch_log_group.this",
            "module.eks_cluster.aws_eks_access_entry.this",
            "module.eks_cluster.aws_eks_access_policy_association.this",
            "module.eks_cluster.aws_eks_cluster.this",
            "module.eks_cluster.aws_iam_policy.cni_ipv6_policy",
            "module.eks_cluster.aws_iam_role.this",
            "module.eks_cluster.aws_iam_role_policy_attachment.this",
            "module.eks_cluster.aws_security_group.cluster",
            "module.eks_cluster.aws_security_group.node",
            "module.eks_cluster.aws_security_group_rule.cluster",
            "module.eks_cluster.aws_security_group_rule.node",
            "module.eks_cluster.data.aws_caller_identity.current",
            "module.eks_cluster.data.aws_iam_policy_document.assume_role_policy",
            "module.eks_cluster.data.aws_iam_policy_document.cni_ipv6_policy",
            "module.eks_cluster.data.aws_iam_session_context.current",
            "module.eks_cluster.data.aws_partition.current",
            "module.eks_cluster.module.kms.aws_kms_external_key.this",
            "module.eks_cluster.module.kms.aws_kms_key.this",
            "module.eks_cluster.module.kms.aws_kms_replica_external_key.this",
            "module.eks_cluster.module.kms.aws_kms_replica_key.this",
            "module.eks_cluster.module.kms.data.aws_caller_identity.current",
            "module.eks_cluster.module.kms.data.aws_iam_policy_document.this",
            "module.eks_cluster.module.kms.data.aws_partition.current",
            "module.vpc.aws_subnet.private",
            "module.vpc.aws_subnet.public",
            "module.vpc.aws_vpc.this",
            "module.vpc.aws_vpc_ipv4_cidr_block_association.this"
          ]
        }
      ]
    },
    {
      "module": "module.development_team",
      "mode": "managed",
      "type": "kubernetes_namespace_v1",
      "name": "this",
      "provider": "provider[\"registry.terraform.io/hashicorp/kubernetes\"]",
      "instances": [
        {
          "index_key": "test",
          "schema_version": 0,
          "attributes": {
            "id": "test",
            "metadata": [
              {
                "annotations": {
                  "team": "development"
                },
                "generate_name": "",
                "generation": 0,
                "labels": {
                  "team": "development"
                },
                "name": "test",
                "resource_version": "1109",
                "uid": "07e8bc07-088d-46a8-8377-8de4e5469824"
              }
            ],
            "timeouts": null,
            "wait_for_default_service_account": false
          },
          "sensitive_attributes": [],
          "private": "eyJlMmJmYjczMC1lY2FhLTExZTYtOGY4OC0zNDM2M2JjN2M0YzAiOnsiZGVsZXRlIjozMDAwMDAwMDAwMDB9fQ==",
          "dependencies": [
            "module.eks_cluster.aws_cloudwatch_log_group.this",
            "module.eks_cluster.aws_eks_access_entry.this",
            "module.eks_cluster.aws_eks_access_policy_association.this",
            "module.eks_cluster.aws_eks_cluster.this",
            "module.eks_cluster.aws_iam_policy.cni_ipv6_policy",
            "module.eks_cluster.aws_iam_role.this",
            "module.eks_cluster.aws_iam_role_policy_attachment.this",
            "module.eks_cluster.aws_security_group.cluster",
            "module.eks_cluster.aws_security_group.node",
            "module.eks_cluster.aws_security_group_rule.cluster",
            "module.eks_cluster.aws_security_group_rule.node",
            "module.eks_cluster.data.aws_caller_identity.current",
            "module.eks_cluster.data.aws_iam_policy_document.assume_role_policy",
            "module.eks_cluster.data.aws_iam_policy_document.cni_ipv6_policy",
            "module.eks_cluster.data.aws_iam_session_context.current",
            "module.eks_cluster.data.aws_partition.current",
            "module.eks_cluster.module.kms.aws_kms_external_key.this",
            "module.eks_cluster.module.kms.aws_kms_key.this",
            "module.eks_cluster.module.kms.aws_kms_replica_external_key.this",
            "module.eks_cluster.module.kms.aws_kms_replica_key.this",
            "module.eks_cluster.module.kms.data.aws_caller_identity.current",
            "module.eks_cluster.module.kms.data.aws_iam_policy_document.this",
            "module.eks_cluster.module.kms.data.aws_partition.current",
            "module.vpc.aws_subnet.private",
            "module.vpc.aws_subnet.public",
            "module.vpc.aws_vpc.this",
            "module.vpc.aws_vpc_ipv4_cidr_block_association.this"
          ]
        }
      ]
    },
    {
      "module": "module.development_team",
      "mode": "managed",
      "type": "kubernetes_resource_quota_v1",
      "name": "this",
      "provider": "provider[\"registry.terraform.io/hashicorp/kubernetes\"]",
      "instances": [
        {
          "index_key": "test",
          "schema_version": 0,
          "attributes": {
            "id": "test/test",
            "metadata": [
              {
                "annotations": {
                  "team": "development"
                },
                "generate_name": "",
                "generation": 0,
                "labels": {
                  "team": "development"
                },
                "name": "test",
                "namespace": "test",
                "resource_version": "1122",
                "uid": "6a262312-08ba-461d-8bc2-17d85ef4389b"
              }
            ],
            "spec": [
              {
                "hard": {
                  "limits.cpu": "20",
                  "limits.memory": "50Gi",
                  "pods": "20",
                  "requests.cpu": "10",
                  "requests.memory": "20Gi",
                  "secrets": "20",
                  "services": "20"
                },
                "scope_selector": [],
                "scopes": []
              }
            ],
            "timeouts": null
          },
          "sensitive_attributes": [],
          "private": "eyJlMmJmYjczMC1lY2FhLTExZTYtOGY4OC0zNDM2M2JjN2M0YzAiOnsiY3JlYXRlIjo2MDAwMDAwMDAwMCwidXBkYXRlIjo2MDAwMDAwMDAwMH19",
          "dependencies": [
            "module.development_team.kubernetes_namespace_v1.this",
            "module.eks_cluster.aws_cloudwatch_log_group.this",
            "module.eks_cluster.aws_eks_access_entry.this",
            "module.eks_cluster.aws_eks_access_policy_association.this",
            "module.eks_cluster.aws_eks_cluster.this",
            "module.eks_cluster.aws_iam_policy.cni_ipv6_policy",
            "module.eks_cluster.aws_iam_role.this",
            "module.eks_cluster.aws_iam_role_policy_attachment.this",
            "module.eks_cluster.aws_security_group.cluster",
            "module.eks_cluster.aws_security_group.node",
            "module.eks_cluster.aws_security_group_rule.cluster",
            "module.eks_cluster.aws_security_group_rule.node",
            "module.eks_cluster.data.aws_caller_identity.current",
            "module.eks_cluster.data.aws_iam_policy_document.assume_role_policy",
            "module.eks_cluster.data.aws_iam_policy_document.cni_ipv6_policy",
            "module.eks_cluster.data.aws_iam_session_context.current",
            "module.eks_cluster.data.aws_partition.current",
            "module.eks_cluster.module.kms.aws_kms_external_key.this",
            "module.eks_cluster.module.kms.aws_kms_key.this",
            "module.eks_cluster.module.kms.aws_kms_replica_external_key.this",
            "module.eks_cluster.module.kms.aws_kms_replica_key.this",
            "module.eks_cluster.module.kms.data.aws_caller_identity.current",
            "module.eks_cluster.module.kms.data.aws_iam_policy_document.this",
            "module.eks_cluster.module.kms.data.aws_partition.current",
            "module.vpc.aws_subnet.private",
            "module.vpc.aws_subnet.public",
            "module.vpc.aws_vpc.this",
            "module.vpc.aws_vpc_ipv4_cidr_block_association.this"
          ]
        }
      ]
    },
    {
      "module": "module.development_team",
      "mode": "managed",
      "type": "kubernetes_role_binding_v1",
      "name": "this",
      "provider": "provider[\"registry.terraform.io/hashicorp/kubernetes\"]",
      "instances": [
        {
          "index_key": "test",
          "schema_version": 0,
          "attributes": {
            "id": "test/development-team-test",
            "metadata": [
              {
                "annotations": {
                  "team": "development"
                },
                "generate_name": "",
                "generation": 0,
                "labels": {
                  "team": "development"
                },
                "name": "development-team-test",
                "namespace": "test",
                "resource_version": "1119",
                "uid": "c1f26b8a-ce2e-4af2-ae77-190cf969a75d"
              }
            ],
            "role_ref": [
              {
                "api_group": "rbac.authorization.k8s.io",
                "kind": "ClusterRole",
                "name": "view"
              }
            ],
            "subject": [
              {
                "api_group": "rbac.authorization.k8s.io",
                "kind": "Group",
                "name": "development-team",
                "namespace": "test"
              }
            ]
          },
          "sensitive_attributes": [],
          "private": "bnVsbA==",
          "dependencies": [
            "module.development_team.kubernetes_namespace_v1.this",
            "module.eks_cluster.aws_cloudwatch_log_group.this",
            "module.eks_cluster.aws_eks_access_entry.this",
            "module.eks_cluster.aws_eks_access_policy_association.this",
            "module.eks_cluster.aws_eks_cluster.this",
            "module.eks_cluster.aws_iam_policy.cni_ipv6_policy",
            "module.eks_cluster.aws_iam_role.this",
            "module.eks_cluster.aws_iam_role_policy_attachment.this",
            "module.eks_cluster.aws_security_group.cluster",
            "module.eks_cluster.aws_security_group.node",
            "module.eks_cluster.aws_security_group_rule.cluster",
            "module.eks_cluster.aws_security_group_rule.node",
            "module.eks_cluster.data.aws_caller_identity.current",
            "module.eks_cluster.data.aws_iam_policy_document.assume_role_policy",
            "module.eks_cluster.data.aws_iam_policy_document.cni_ipv6_policy",
            "module.eks_cluster.data.aws_iam_session_context.current",
            "module.eks_cluster.data.aws_partition.current",
            "module.eks_cluster.module.kms.aws_kms_external_key.this",
            "module.eks_cluster.module.kms.aws_kms_key.this",
            "module.eks_cluster.module.kms.aws_kms_replica_external_key.this",
            "module.eks_cluster.module.kms.aws_kms_replica_key.this",
            "module.eks_cluster.module.kms.data.aws_caller_identity.current",
            "module.eks_cluster.module.kms.data.aws_iam_policy_document.this",
            "module.eks_cluster.module.kms.data.aws_partition.current",
            "module.vpc.aws_subnet.private",
            "module.vpc.aws_subnet.public",
            "module.vpc.aws_vpc.this",
            "module.vpc.aws_vpc_ipv4_cidr_block_association.this"
          ]
        }
      ]
    },
    {
      "module": "module.development_team",
      "mode": "managed",
      "type": "kubernetes_service_account_v1",
      "name": "this",
      "provider": "provider[\"registry.terraform.io/hashicorp/kubernetes\"]",
      "instances": [
        {
          "index_key": "test",
          "schema_version": 0,
          "attributes": {
            "automount_service_account_token": false,
            "default_secret_name": "",
            "id": "test/test",
            "image_pull_secret": [],
            "metadata": [
              {
                "annotations": {
                  "eks.amazonaws.com/role-arn": "arn:aws:iam::389029577690:role/development-team-20240715184533690300000011",
                  "team": "development"
                },
                "generate_name": "",
                "generation": 0,
                "labels": {
                  "team": "development"
                },
                "name": "test",
                "namespace": "test",
                "resource_version": "1117",
                "uid": "3d2000f7-aa45-4747-87e2-ddb0b9b69173"
              }
            ],
            "secret": [],
            "timeouts": null
          },
          "sensitive_attributes": [],
          "private": "eyJlMmJmYjczMC1lY2FhLTExZTYtOGY4OC0zNDM2M2JjN2M0YzAiOnsiY3JlYXRlIjozMDAwMDAwMDAwMH19",
          "dependencies": [
            "module.development_team.aws_iam_role.this",
            "module.development_team.data.aws_iam_policy_document.this",
            "module.development_team.kubernetes_namespace_v1.this",
            "module.eks_cluster.aws_cloudwatch_log_group.this",
            "module.eks_cluster.aws_eks_access_entry.this",
            "module.eks_cluster.aws_eks_access_policy_association.this",
            "module.eks_cluster.aws_eks_cluster.this",
            "module.eks_cluster.aws_iam_openid_connect_provider.oidc_provider",
            "module.eks_cluster.aws_iam_policy.cni_ipv6_policy",
            "module.eks_cluster.aws_iam_role.this",
            "module.eks_cluster.aws_iam_role_policy_attachment.this",
            "module.eks_cluster.aws_security_group.cluster",
            "module.eks_cluster.aws_security_group.node",
            "module.eks_cluster.aws_security_group_rule.cluster",
            "module.eks_cluster.aws_security_group_rule.node",
            "module.eks_cluster.data.aws_caller_identity.current",
            "module.eks_cluster.data.aws_iam_policy_document.assume_role_policy",
            "module.eks_cluster.data.aws_iam_policy_document.cni_ipv6_policy",
            "module.eks_cluster.data.aws_iam_session_context.current",
            "module.eks_cluster.data.aws_partition.current",
            "module.eks_cluster.data.tls_certificate.this",
            "module.eks_cluster.module.kms.aws_kms_external_key.this",
            "module.eks_cluster.module.kms.aws_kms_key.this",
            "module.eks_cluster.module.kms.aws_kms_replica_external_key.this",
            "module.eks_cluster.module.kms.aws_kms_replica_key.this",
            "module.eks_cluster.module.kms.data.aws_caller_identity.current",
            "module.eks_cluster.module.kms.data.aws_iam_policy_document.this",
            "module.eks_cluster.module.kms.data.aws_partition.current",
            "module.vpc.aws_subnet.private",
            "module.vpc.aws_subnet.public",
            "module.vpc.aws_vpc.this",
            "module.vpc.aws_vpc_ipv4_cidr_block_association.this"
          ]
        }
      ]
    },
    {
      "module": "module.eks_blueprints_addons",
      "mode": "data",
      "type": "aws_caller_identity",
      "name": "current",
      "provider": "provider[\"registry.terraform.io/hashicorp/aws\"]",
      "instances": [
        {
          "schema_version": 0,
          "attributes": {
            "account_id": "389029577690",
            "arn": "arn:aws:iam::389029577690:user/Marketing",
            "id": "389029577690",
            "user_id": "AIDAVVE7YIPNMUTPSACL4"
          },
          "sensitive_attributes": []
        }
      ]
    },
    {
      "module": "module.eks_blueprints_addons",
      "mode": "data",
      "type": "aws_iam_policy_document",
      "name": "aws_efs_csi_driver",
      "provider": "provider[\"registry.terraform.io/hashicorp/aws\"]",
      "instances": [
        {
          "index_key": 0,
          "schema_version": 0,
          "attributes": {
            "id": "2276663132",
            "json": "{\n  \"Version\": \"2012-10-17\",\n  \"Statement\": [\n    {\n      \"Sid\": \"AllowDescribeAvailabilityZones\",\n      \"Effect\": \"Allow\",\n      \"Action\": \"ec2:DescribeAvailabilityZones\",\n      \"Resource\": \"*\"\n    },\n    {\n      \"Sid\": \"AllowDescribeFileSystems\",\n      \"Effect\": \"Allow\",\n      \"Action\": [\n        \"elasticfilesystem:DescribeMountTargets\",\n        \"elasticfilesystem:DescribeFileSystems\",\n        \"elasticfilesystem:DescribeAccessPoints\"\n      ],\n      \"Resource\": [\n        \"arn:aws:elasticfilesystem:us-east-1:389029577690:file-system/*\",\n        \"arn:aws:elasticfilesystem:us-east-1:389029577690:access-point/*\"\n      ]\n    },\n    {\n      \"Effect\": \"Allow\",\n      \"Action\": [\n        \"elasticfilesystem:TagResource\",\n        \"elasticfilesystem:CreateAccessPoint\"\n      ],\n      \"Resource\": \"arn:aws:elasticfilesystem:us-east-1:389029577690:file-system/*\",\n      \"Condition\": {\n        \"StringLike\": {\n          \"aws:RequestTag/efs.csi.aws.com/cluster\": \"true\"\n        }\n      }\n    },\n    {\n      \"Sid\": \"AllowDeleteAccessPoint\",\n      \"Effect\": \"Allow\",\n      \"Action\": \"elasticfilesystem:DeleteAccessPoint\",\n      \"Resource\": \"arn:aws:elasticfilesystem:us-east-1:389029577690:access-point/*\",\n      \"Condition\": {\n        \"StringLike\": {\n          \"aws:ResourceTag/efs.csi.aws.com/cluster\": \"true\"\n        }\n      }\n    },\n    {\n      \"Sid\": \"ClientReadWrite\",\n      \"Effect\": \"Allow\",\n      \"Action\": [\n        \"elasticfilesystem:ClientWrite\",\n        \"elasticfilesystem:ClientRootAccess\",\n        \"elasticfilesystem:ClientMount\"\n      ],\n      \"Resource\": \"arn:aws:elasticfilesystem:us-east-1:389029577690:file-system/*\",\n      \"Condition\": {\n        \"Bool\": {\n          \"elasticfilesystem:AccessedViaMountTarget\": \"true\"\n        }\n      }\n    }\n  ]\n}",
            "minified_json": "{\"Version\":\"2012-10-17\",\"Statement\":[{\"Sid\":\"AllowDescribeAvailabilityZones\",\"Effect\":\"Allow\",\"Action\":\"ec2:DescribeAvailabilityZones\",\"Resource\":\"*\"},{\"Sid\":\"AllowDescribeFileSystems\",\"Effect\":\"Allow\",\"Action\":[\"elasticfilesystem:DescribeMountTargets\",\"elasticfilesystem:DescribeFileSystems\",\"elasticfilesystem:DescribeAccessPoints\"],\"Resource\":[\"arn:aws:elasticfilesystem:us-east-1:389029577690:file-system/*\",\"arn:aws:elasticfilesystem:us-east-1:389029577690:access-point/*\"]},{\"Effect\":\"Allow\",\"Action\":[\"elasticfilesystem:TagResource\",\"elasticfilesystem:CreateAccessPoint\"],\"Resource\":\"arn:aws:elasticfilesystem:us-east-1:389029577690:file-system/*\",\"Condition\":{\"StringLike\":{\"aws:RequestTag/efs.csi.aws.com/cluster\":\"true\"}}},{\"Sid\":\"AllowDeleteAccessPoint\",\"Effect\":\"Allow\",\"Action\":\"elasticfilesystem:DeleteAccessPoint\",\"Resource\":\"arn:aws:elasticfilesystem:us-east-1:389029577690:access-point/*\",\"Condition\":{\"StringLike\":{\"aws:ResourceTag/efs.csi.aws.com/cluster\":\"true\"}}},{\"Sid\":\"ClientReadWrite\",\"Effect\":\"Allow\",\"Action\":[\"elasticfilesystem:ClientWrite\",\"elasticfilesystem:ClientRootAccess\",\"elasticfilesystem:ClientMount\"],\"Resource\":\"arn:aws:elasticfilesystem:us-east-1:389029577690:file-system/*\",\"Condition\":{\"Bool\":{\"elasticfilesystem:AccessedViaMountTarget\":\"true\"}}}]}",
            "override_json": null,
            "override_policy_documents": null,
            "policy_id": null,
            "source_json": null,
            "source_policy_documents": null,
            "statement": [
              {
                "actions": [
                  "ec2:DescribeAvailabilityZones"
                ],
                "condition": [],
                "effect": "Allow",
                "not_actions": [],
                "not_principals": [],
                "not_resources": [],
                "principals": [],
                "resources": [
                  "*"
                ],
                "sid": "AllowDescribeAvailabilityZones"
              },
              {
                "actions": [
                  "elasticfilesystem:DescribeAccessPoints",
                  "elasticfilesystem:DescribeFileSystems",
                  "elasticfilesystem:DescribeMountTargets"
                ],
                "condition": [],
                "effect": "Allow",
                "not_actions": [],
                "not_principals": [],
                "not_resources": [],
                "principals": [],
                "resources": [
                  "arn:aws:elasticfilesystem:us-east-1:389029577690:access-point/*",
                  "arn:aws:elasticfilesystem:us-east-1:389029577690:file-system/*"
                ],
                "sid": "AllowDescribeFileSystems"
              },
              {
                "actions": [
                  "elasticfilesystem:CreateAccessPoint",
                  "elasticfilesystem:TagResource"
                ],
                "condition": [
                  {
                    "test": "StringLike",
                    "values": [
                      "true"
                    ],
                    "variable": "aws:RequestTag/efs.csi.aws.com/cluster"
                  }
                ],
                "effect": "Allow",
                "not_actions": [],
                "not_principals": [],
                "not_resources": [],
                "principals": [],
                "resources": [
                  "arn:aws:elasticfilesystem:us-east-1:389029577690:file-system/*"
                ],
                "sid": ""
              },
              {
                "actions": [
                  "elasticfilesystem:DeleteAccessPoint"
                ],
                "condition": [
                  {
                    "test": "StringLike",
                    "values": [
                      "true"
                    ],
                    "variable": "aws:ResourceTag/efs.csi.aws.com/cluster"
                  }
                ],
                "effect": "Allow",
                "not_actions": [],
                "not_principals": [],
                "not_resources": [],
                "principals": [],
                "resources": [
                  "arn:aws:elasticfilesystem:us-east-1:389029577690:access-point/*"
                ],
                "sid": "AllowDeleteAccessPoint"
              },
              {
                "actions": [
                  "elasticfilesystem:ClientMount",
                  "elasticfilesystem:ClientRootAccess",
                  "elasticfilesystem:ClientWrite"
                ],
                "condition": [
                  {
                    "test": "Bool",
                    "values": [
                      "true"
                    ],
                    "variable": "elasticfilesystem:AccessedViaMountTarget"
                  }
                ],
                "effect": "Allow",
                "not_actions": [],
                "not_principals": [],
                "not_resources": [],
                "principals": [],
                "resources": [
                  "arn:aws:elasticfilesystem:us-east-1:389029577690:file-system/*"
                ],
                "sid": "ClientReadWrite"
              }
            ],
            "version": "2012-10-17"
          },
          "sensitive_attributes": []
        }
      ]
    },
    {
      "module": "module.eks_blueprints_addons",
      "mode": "data",
      "type": "aws_iam_policy_document",
      "name": "aws_for_fluentbit",
      "provider": "provider[\"registry.terraform.io/hashicorp/aws\"]",
      "instances": [
        {
          "index_key": 0,
          "schema_version": 0,
          "attributes": {
            "id": "1964958894",
            "json": "{\n  \"Version\": \"2012-10-17\",\n  \"Statement\": [\n    {\n      \"Sid\": \"PutLogEvents\",\n      \"Effect\": \"Allow\",\n      \"Action\": \"logs:PutLogEvents\",\n      \"Resource\": \"arn:aws:logs:us-east-1:389029577690:log-group:*:log-stream:*\"\n    },\n    {\n      \"Sid\": \"CreateCWLogs\",\n      \"Effect\": \"Allow\",\n      \"Action\": [\n        \"logs:PutRetentionPolicy\",\n        \"logs:DescribeLogStreams\",\n        \"logs:DescribeLogGroups\",\n        \"logs:CreateLogStream\",\n        \"logs:CreateLogGroup\"\n      ],\n      \"Resource\": \"arn:aws:logs:us-east-1:389029577690:log-group:*:*\"\n    }\n  ]\n}",
            "minified_json": "{\"Version\":\"2012-10-17\",\"Statement\":[{\"Sid\":\"PutLogEvents\",\"Effect\":\"Allow\",\"Action\":\"logs:PutLogEvents\",\"Resource\":\"arn:aws:logs:us-east-1:389029577690:log-group:*:log-stream:*\"},{\"Sid\":\"CreateCWLogs\",\"Effect\":\"Allow\",\"Action\":[\"logs:PutRetentionPolicy\",\"logs:DescribeLogStreams\",\"logs:DescribeLogGroups\",\"logs:CreateLogStream\",\"logs:CreateLogGroup\"],\"Resource\":\"arn:aws:logs:us-east-1:389029577690:log-group:*:*\"}]}",
            "override_json": null,
            "override_policy_documents": null,
            "policy_id": null,
            "source_json": null,
            "source_policy_documents": null,
            "statement": [
              {
                "actions": [
                  "logs:PutLogEvents"
                ],
                "condition": [],
                "effect": "Allow",
                "not_actions": [],
                "not_principals": [],
                "not_resources": [],
                "principals": [],
                "resources": [
                  "arn:aws:logs:us-east-1:389029577690:log-group:*:log-stream:*"
                ],
                "sid": "PutLogEvents"
              },
              {
                "actions": [
                  "logs:CreateLogGroup",
                  "logs:CreateLogStream",
                  "logs:DescribeLogGroups",
                  "logs:DescribeLogStreams",
                  "logs:PutRetentionPolicy"
                ],
                "condition": [],
                "effect": "Allow",
                "not_actions": [],
                "not_principals": [],
                "not_resources": [],
                "principals": [],
                "resources": [
                  "arn:aws:logs:us-east-1:389029577690:log-group:*:*"
                ],
                "sid": "CreateCWLogs"
              }
            ],
            "version": "2012-10-17"
          },
          "sensitive_attributes": []
        }
      ]
    },
    {
      "module": "module.eks_blueprints_addons",
      "mode": "data",
      "type": "aws_iam_policy_document",
      "name": "aws_load_balancer_controller",
      "provider": "provider[\"registry.terraform.io/hashicorp/aws\"]",
      "instances": [
        {
          "index_key": 0,
          "schema_version": 0,
          "attributes": {
            "id": "3712473960",
            "json": "{\n  \"Version\": \"2012-10-17\",\n  \"Statement\": [\n    {\n      \"Effect\": \"Allow\",\n      \"Action\": \"iam:CreateServiceLinkedRole\",\n      \"Resource\": \"*\",\n      \"Condition\": {\n        \"StringEquals\": {\n          \"iam:AWSServiceName\": \"elasticloadbalancing.amazonaws.com\"\n        }\n      }\n    },\n    {\n      \"Effect\": \"Allow\",\n      \"Action\": [\n        \"elasticloadbalancing:DescribeTrustStores\",\n        \"elasticloadbalancing:DescribeTargetHealth\",\n        \"elasticloadbalancing:DescribeTargetGroups\",\n        \"elasticloadbalancing:DescribeTargetGroupAttributes\",\n        \"elasticloadbalancing:DescribeTags\",\n        \"elasticloadbalancing:DescribeSSLPolicies\",\n        \"elasticloadbalancing:DescribeRules\",\n        \"elasticloadbalancing:DescribeLoadBalancers\",\n        \"elasticloadbalancing:DescribeLoadBalancerAttributes\",\n        \"elasticloadbalancing:DescribeListeners\",\n        \"elasticloadbalancing:DescribeListenerCertificates\",\n        \"ec2:GetCoipPoolUsage\",\n        \"ec2:DescribeVpcs\",\n        \"ec2:DescribeVpcPeeringConnections\",\n        \"ec2:DescribeTags\",\n        \"ec2:DescribeSubnets\",\n        \"ec2:DescribeSecurityGroups\",\n        \"ec2:DescribeNetworkInterfaces\",\n        \"ec2:DescribeInternetGateways\",\n        \"ec2:DescribeInstances\",\n        \"ec2:DescribeCoipPools\",\n        \"ec2:DescribeAvailabilityZones\",\n        \"ec2:DescribeAddresses\",\n        \"ec2:DescribeAccountAttributes\"\n      ],\n      \"Resource\": \"*\"\n    },\n    {\n      \"Effect\": \"Allow\",\n      \"Action\": [\n        \"wafv2:GetWebACLForResource\",\n        \"wafv2:GetWebACL\",\n        \"wafv2:DisassociateWebACL\",\n        \"wafv2:AssociateWebACL\",\n        \"waf-regional:GetWebACLForResource\",\n        \"waf-regional:GetWebACL\",\n        \"waf-regional:DisassociateWebACL\",\n        \"waf-regional:AssociateWebACL\",\n        \"shield:GetSubscriptionState\",\n        \"shield:DescribeProtection\",\n        \"shield:DeleteProtection\",\n        \"shield:CreateProtection\",\n        \"iam:ListServerCertificates\",\n        \"iam:GetServerCertificate\",\n        \"cognito-idp:DescribeUserPoolClient\",\n        \"acm:ListCertificates\",\n        \"acm:DescribeCertificate\"\n      ],\n      \"Resource\": \"*\"\n    },\n    {\n      \"Effect\": \"Allow\",\n      \"Action\": [\n        \"ec2:RevokeSecurityGroupIngress\",\n        \"ec2:AuthorizeSecurityGroupIngress\"\n      ],\n      \"Resource\": \"*\"\n    },\n    {\n      \"Effect\": \"Allow\",\n      \"Action\": \"ec2:CreateSecurityGroup\",\n      \"Resource\": \"*\"\n    },\n    {\n      \"Effect\": \"Allow\",\n      \"Action\": \"ec2:CreateTags\",\n      \"Resource\": \"arn:aws:ec2:*:*:security-group/*\",\n      \"Condition\": {\n        \"Null\": {\n          \"aws:RequestTag/elbv2.k8s.aws/cluster\": \"false\"\n        },\n        \"StringEquals\": {\n          \"ec2:CreateAction\": \"CreateSecurityGroup\"\n        }\n      }\n    },\n    {\n      \"Effect\": \"Allow\",\n      \"Action\": [\n        \"ec2:DeleteTags\",\n        \"ec2:CreateTags\"\n      ],\n      \"Resource\": \"arn:aws:ec2:*:*:security-group/*\",\n      \"Condition\": {\n        \"Null\": {\n          \"aws:RequestTag/elbv2.k8s.aws/cluster\": \"true\",\n          \"aws:ResourceTag/elbv2.k8s.aws/cluster\": \"false\"\n        }\n      }\n    },\n    {\n      \"Effect\": \"Allow\",\n      \"Action\": [\n        \"ec2:RevokeSecurityGroupIngress\",\n        \"ec2:DeleteSecurityGroup\",\n        \"ec2:AuthorizeSecurityGroupIngress\"\n      ],\n      \"Resource\": \"*\",\n      \"Condition\": {\n        \"Null\": {\n          \"aws:ResourceTag/elbv2.k8s.aws/cluster\": \"false\"\n        }\n      }\n    },\n    {\n      \"Effect\": \"Allow\",\n      \"Action\": [\n        \"elasticloadbalancing:CreateTargetGroup\",\n        \"elasticloadbalancing:CreateLoadBalancer\"\n      ],\n      \"Resource\": \"*\",\n      \"Condition\": {\n        \"Null\": {\n          \"aws:RequestTag/elbv2.k8s.aws/cluster\": \"false\"\n        }\n      }\n    },\n    {\n      \"Effect\": \"Allow\",\n      \"Action\": [\n        \"elasticloadbalancing:DeleteRule\",\n        \"elasticloadbalancing:DeleteListener\",\n        \"elasticloadbalancing:CreateRule\",\n        \"elasticloadbalancing:CreateListener\"\n      ],\n      \"Resource\": \"*\"\n    },\n    {\n      \"Effect\": \"Allow\",\n      \"Action\": [\n        \"elasticloadbalancing:RemoveTags\",\n        \"elasticloadbalancing:AddTags\"\n      ],\n      \"Resource\": [\n        \"arn:aws:elasticloadbalancing:*:*:targetgroup/*/*\",\n        \"arn:aws:elasticloadbalancing:*:*:loadbalancer/net/*/*\",\n        \"arn:aws:elasticloadbalancing:*:*:loadbalancer/app/*/*\"\n      ],\n      \"Condition\": {\n        \"Null\": {\n          \"aws:RequestTag/elbv2.k8s.aws/cluster\": \"true\",\n          \"aws:ResourceTag/elbv2.k8s.aws/cluster\": \"false\"\n        }\n      }\n    },\n    {\n      \"Effect\": \"Allow\",\n      \"Action\": [\n        \"elasticloadbalancing:RemoveTags\",\n        \"elasticloadbalancing:AddTags\"\n      ],\n      \"Resource\": [\n        \"arn:aws:elasticloadbalancing:*:*:listener/net/*/*/*\",\n        \"arn:aws:elasticloadbalancing:*:*:listener/app/*/*/*\",\n        \"arn:aws:elasticloadbalancing:*:*:listener-rule/net/*/*/*\",\n        \"arn:aws:elasticloadbalancing:*:*:listener-rule/app/*/*/*\"\n      ]\n    },\n    {\n      \"Effect\": \"Allow\",\n      \"Action\": [\n        \"elasticloadbalancing:SetSubnets\",\n        \"elasticloadbalancing:SetSecurityGroups\",\n        \"elasticloadbalancing:SetIpAddressType\",\n        \"elasticloadbalancing:ModifyTargetGroupAttributes\",\n        \"elasticloadbalancing:ModifyTargetGroup\",\n        \"elasticloadbalancing:ModifyLoadBalancerAttributes\",\n        \"elasticloadbalancing:DeleteTargetGroup\",\n        \"elasticloadbalancing:DeleteLoadBalancer\"\n      ],\n      \"Resource\": \"*\",\n      \"Condition\": {\n        \"Null\": {\n          \"aws:ResourceTag/elbv2.k8s.aws/cluster\": \"false\"\n        }\n      }\n    },\n    {\n      \"Effect\": \"Allow\",\n      \"Action\": \"elasticloadbalancing:AddTags\",\n      \"Resource\": [\n        \"arn:aws:elasticloadbalancing:*:*:targetgroup/*/*\",\n        \"arn:aws:elasticloadbalancing:*:*:loadbalancer/net/*/*\",\n        \"arn:aws:elasticloadbalancing:*:*:loadbalancer/app/*/*\"\n      ],\n      \"Condition\": {\n        \"Null\": {\n          \"aws:RequestTag/elbv2.k8s.aws/cluster\": \"false\"\n        },\n        \"StringEquals\": {\n          \"elasticloadbalancing:CreateAction\": [\n            \"CreateTargetGroup\",\n            \"CreateLoadBalancer\"\n          ]\n        }\n      }\n    },\n    {\n      \"Effect\": \"Allow\",\n      \"Action\": [\n        \"elasticloadbalancing:RegisterTargets\",\n        \"elasticloadbalancing:DeregisterTargets\"\n      ],\n      \"Resource\": \"arn:aws:elasticloadbalancing:*:*:targetgroup/*/*\"\n    },\n    {\n      \"Effect\": \"Allow\",\n      \"Action\": [\n        \"elasticloadbalancing:SetWebAcl\",\n        \"elasticloadbalancing:RemoveListenerCertificates\",\n        \"elasticloadbalancing:ModifyRule\",\n        \"elasticloadbalancing:ModifyListener\",\n        \"elasticloadbalancing:AddListenerCertificates\"\n      ],\n      \"Resource\": \"*\"\n    }\n  ]\n}",
            "minified_json": "{\"Version\":\"2012-10-17\",\"Statement\":[{\"Effect\":\"Allow\",\"Action\":\"iam:CreateServiceLinkedRole\",\"Resource\":\"*\",\"Condition\":{\"StringEquals\":{\"iam:AWSServiceName\":\"elasticloadbalancing.amazonaws.com\"}}},{\"Effect\":\"Allow\",\"Action\":[\"elasticloadbalancing:DescribeTrustStores\",\"elasticloadbalancing:DescribeTargetHealth\",\"elasticloadbalancing:DescribeTargetGroups\",\"elasticloadbalancing:DescribeTargetGroupAttributes\",\"elasticloadbalancing:DescribeTags\",\"elasticloadbalancing:DescribeSSLPolicies\",\"elasticloadbalancing:DescribeRules\",\"elasticloadbalancing:DescribeLoadBalancers\",\"elasticloadbalancing:DescribeLoadBalancerAttributes\",\"elasticloadbalancing:DescribeListeners\",\"elasticloadbalancing:DescribeListenerCertificates\",\"ec2:GetCoipPoolUsage\",\"ec2:DescribeVpcs\",\"ec2:DescribeVpcPeeringConnections\",\"ec2:DescribeTags\",\"ec2:DescribeSubnets\",\"ec2:DescribeSecurityGroups\",\"ec2:DescribeNetworkInterfaces\",\"ec2:DescribeInternetGateways\",\"ec2:DescribeInstances\",\"ec2:DescribeCoipPools\",\"ec2:DescribeAvailabilityZones\",\"ec2:DescribeAddresses\",\"ec2:DescribeAccountAttributes\"],\"Resource\":\"*\"},{\"Effect\":\"Allow\",\"Action\":[\"wafv2:GetWebACLForResource\",\"wafv2:GetWebACL\",\"wafv2:DisassociateWebACL\",\"wafv2:AssociateWebACL\",\"waf-regional:GetWebACLForResource\",\"waf-regional:GetWebACL\",\"waf-regional:DisassociateWebACL\",\"waf-regional:AssociateWebACL\",\"shield:GetSubscriptionState\",\"shield:DescribeProtection\",\"shield:DeleteProtection\",\"shield:CreateProtection\",\"iam:ListServerCertificates\",\"iam:GetServerCertificate\",\"cognito-idp:DescribeUserPoolClient\",\"acm:ListCertificates\",\"acm:DescribeCertificate\"],\"Resource\":\"*\"},{\"Effect\":\"Allow\",\"Action\":[\"ec2:RevokeSecurityGroupIngress\",\"ec2:AuthorizeSecurityGroupIngress\"],\"Resource\":\"*\"},{\"Effect\":\"Allow\",\"Action\":\"ec2:CreateSecurityGroup\",\"Resource\":\"*\"},{\"Effect\":\"Allow\",\"Action\":\"ec2:CreateTags\",\"Resource\":\"arn:aws:ec2:*:*:security-group/*\",\"Condition\":{\"Null\":{\"aws:RequestTag/elbv2.k8s.aws/cluster\":\"false\"},\"StringEquals\":{\"ec2:CreateAction\":\"CreateSecurityGroup\"}}},{\"Effect\":\"Allow\",\"Action\":[\"ec2:DeleteTags\",\"ec2:CreateTags\"],\"Resource\":\"arn:aws:ec2:*:*:security-group/*\",\"Condition\":{\"Null\":{\"aws:RequestTag/elbv2.k8s.aws/cluster\":\"true\",\"aws:ResourceTag/elbv2.k8s.aws/cluster\":\"false\"}}},{\"Effect\":\"Allow\",\"Action\":[\"ec2:RevokeSecurityGroupIngress\",\"ec2:DeleteSecurityGroup\",\"ec2:AuthorizeSecurityGroupIngress\"],\"Resource\":\"*\",\"Condition\":{\"Null\":{\"aws:ResourceTag/elbv2.k8s.aws/cluster\":\"false\"}}},{\"Effect\":\"Allow\",\"Action\":[\"elasticloadbalancing:CreateTargetGroup\",\"elasticloadbalancing:CreateLoadBalancer\"],\"Resource\":\"*\",\"Condition\":{\"Null\":{\"aws:RequestTag/elbv2.k8s.aws/cluster\":\"false\"}}},{\"Effect\":\"Allow\",\"Action\":[\"elasticloadbalancing:DeleteRule\",\"elasticloadbalancing:DeleteListener\",\"elasticloadbalancing:CreateRule\",\"elasticloadbalancing:CreateListener\"],\"Resource\":\"*\"},{\"Effect\":\"Allow\",\"Action\":[\"elasticloadbalancing:RemoveTags\",\"elasticloadbalancing:AddTags\"],\"Resource\":[\"arn:aws:elasticloadbalancing:*:*:targetgroup/*/*\",\"arn:aws:elasticloadbalancing:*:*:loadbalancer/net/*/*\",\"arn:aws:elasticloadbalancing:*:*:loadbalancer/app/*/*\"],\"Condition\":{\"Null\":{\"aws:RequestTag/elbv2.k8s.aws/cluster\":\"true\",\"aws:ResourceTag/elbv2.k8s.aws/cluster\":\"false\"}}},{\"Effect\":\"Allow\",\"Action\":[\"elasticloadbalancing:RemoveTags\",\"elasticloadbalancing:AddTags\"],\"Resource\":[\"arn:aws:elasticloadbalancing:*:*:listener/net/*/*/*\",\"arn:aws:elasticloadbalancing:*:*:listener/app/*/*/*\",\"arn:aws:elasticloadbalancing:*:*:listener-rule/net/*/*/*\",\"arn:aws:elasticloadbalancing:*:*:listener-rule/app/*/*/*\"]},{\"Effect\":\"Allow\",\"Action\":[\"elasticloadbalancing:SetSubnets\",\"elasticloadbalancing:SetSecurityGroups\",\"elasticloadbalancing:SetIpAddressType\",\"elasticloadbalancing:ModifyTargetGroupAttributes\",\"elasticloadbalancing:ModifyTargetGroup\",\"elasticloadbalancing:ModifyLoadBalancerAttributes\",\"elasticloadbalancing:DeleteTargetGroup\",\"elasticloadbalancing:DeleteLoadBalancer\"],\"Resource\":\"*\",\"Condition\":{\"Null\":{\"aws:ResourceTag/elbv2.k8s.aws/cluster\":\"false\"}}},{\"Effect\":\"Allow\",\"Action\":\"elasticloadbalancing:AddTags\",\"Resource\":[\"arn:aws:elasticloadbalancing:*:*:targetgroup/*/*\",\"arn:aws:elasticloadbalancing:*:*:loadbalancer/net/*/*\",\"arn:aws:elasticloadbalancing:*:*:loadbalancer/app/*/*\"],\"Condition\":{\"Null\":{\"aws:RequestTag/elbv2.k8s.aws/cluster\":\"false\"},\"StringEquals\":{\"elasticloadbalancing:CreateAction\":[\"CreateTargetGroup\",\"CreateLoadBalancer\"]}}},{\"Effect\":\"Allow\",\"Action\":[\"elasticloadbalancing:RegisterTargets\",\"elasticloadbalancing:DeregisterTargets\"],\"Resource\":\"arn:aws:elasticloadbalancing:*:*:targetgroup/*/*\"},{\"Effect\":\"Allow\",\"Action\":[\"elasticloadbalancing:SetWebAcl\",\"elasticloadbalancing:RemoveListenerCertificates\",\"elasticloadbalancing:ModifyRule\",\"elasticloadbalancing:ModifyListener\",\"elasticloadbalancing:AddListenerCertificates\"],\"Resource\":\"*\"}]}",
            "override_json": null,
            "override_policy_documents": null,
            "policy_id": null,
            "source_json": null,
            "source_policy_documents": null,
            "statement": [
              {
                "actions": [
                  "iam:CreateServiceLinkedRole"
                ],
                "condition": [
                  {
                    "test": "StringEquals",
                    "values": [
                      "elasticloadbalancing.amazonaws.com"
                    ],
                    "variable": "iam:AWSServiceName"
                  }
                ],
                "effect": "Allow",
                "not_actions": [],
                "not_principals": [],
                "not_resources": [],
                "principals": [],
                "resources": [
                  "*"
                ],
                "sid": ""
              },
              {
                "actions": [
                  "ec2:DescribeAccountAttributes",
                  "ec2:DescribeAddresses",
                  "ec2:DescribeAvailabilityZones",
                  "ec2:DescribeCoipPools",
                  "ec2:DescribeInstances",
                  "ec2:DescribeInternetGateways",
                  "ec2:DescribeNetworkInterfaces",
                  "ec2:DescribeSecurityGroups",
                  "ec2:DescribeSubnets",
                  "ec2:DescribeTags",
                  "ec2:DescribeVpcPeeringConnections",
                  "ec2:DescribeVpcs",
                  "ec2:GetCoipPoolUsage",
                  "elasticloadbalancing:DescribeListenerCertificates",
                  "elasticloadbalancing:DescribeListeners",
                  "elasticloadbalancing:DescribeLoadBalancerAttributes",
                  "elasticloadbalancing:DescribeLoadBalancers",
                  "elasticloadbalancing:DescribeRules",
                  "elasticloadbalancing:DescribeSSLPolicies",
                  "elasticloadbalancing:DescribeTags",
                  "elasticloadbalancing:DescribeTargetGroupAttributes",
                  "elasticloadbalancing:DescribeTargetGroups",
                  "elasticloadbalancing:DescribeTargetHealth",
                  "elasticloadbalancing:DescribeTrustStores"
                ],
                "condition": [],
                "effect": "Allow",
                "not_actions": [],
                "not_principals": [],
                "not_resources": [],
                "principals": [],
                "resources": [
                  "*"
                ],
                "sid": ""
              },
              {
                "actions": [
                  "acm:DescribeCertificate",
                  "acm:ListCertificates",
                  "cognito-idp:DescribeUserPoolClient",
                  "iam:GetServerCertificate",
                  "iam:ListServerCertificates",
                  "shield:CreateProtection",
                  "shield:DeleteProtection",
                  "shield:DescribeProtection",
                  "shield:GetSubscriptionState",
                  "waf-regional:AssociateWebACL",
                  "waf-regional:DisassociateWebACL",
                  "waf-regional:GetWebACL",
                  "waf-regional:GetWebACLForResource",
                  "wafv2:AssociateWebACL",
                  "wafv2:DisassociateWebACL",
                  "wafv2:GetWebACL",
                  "wafv2:GetWebACLForResource"
                ],
                "condition": [],
                "effect": "Allow",
                "not_actions": [],
                "not_principals": [],
                "not_resources": [],
                "principals": [],
                "resources": [
                  "*"
                ],
                "sid": ""
              },
              {
                "actions": [
                  "ec2:AuthorizeSecurityGroupIngress",
                  "ec2:RevokeSecurityGroupIngress"
                ],
                "condition": [],
                "effect": "Allow",
                "not_actions": [],
                "not_principals": [],
                "not_resources": [],
                "principals": [],
                "resources": [
                  "*"
                ],
                "sid": ""
              },
              {
                "actions": [
                  "ec2:CreateSecurityGroup"
                ],
                "condition": [],
                "effect": "Allow",
                "not_actions": [],
                "not_principals": [],
                "not_resources": [],
                "principals": [],
                "resources": [
                  "*"
                ],
                "sid": ""
              },
              {
                "actions": [
                  "ec2:CreateTags"
                ],
                "condition": [
                  {
                    "test": "Null",
                    "values": [
                      "false"
                    ],
                    "variable": "aws:RequestTag/elbv2.k8s.aws/cluster"
                  },
                  {
                    "test": "StringEquals",
                    "values": [
                      "CreateSecurityGroup"
                    ],
                    "variable": "ec2:CreateAction"
                  }
                ],
                "effect": "Allow",
                "not_actions": [],
                "not_principals": [],
                "not_resources": [],
                "principals": [],
                "resources": [
                  "arn:aws:ec2:*:*:security-group/*"
                ],
                "sid": ""
              },
              {
                "actions": [
                  "ec2:CreateTags",
                  "ec2:DeleteTags"
                ],
                "condition": [
                  {
                    "test": "Null",
                    "values": [
                      "false"
                    ],
                    "variable": "aws:ResourceTag/elbv2.k8s.aws/cluster"
                  },
                  {
                    "test": "Null",
                    "values": [
                      "true"
                    ],
                    "variable": "aws:RequestTag/elbv2.k8s.aws/cluster"
                  }
                ],
                "effect": "Allow",
                "not_actions": [],
                "not_principals": [],
                "not_resources": [],
                "principals": [],
                "resources": [
                  "arn:aws:ec2:*:*:security-group/*"
                ],
                "sid": ""
              },
              {
                "actions": [
                  "ec2:AuthorizeSecurityGroupIngress",
                  "ec2:DeleteSecurityGroup",
                  "ec2:RevokeSecurityGroupIngress"
                ],
                "condition": [
                  {
                    "test": "Null",
                    "values": [
                      "false"
                    ],
                    "variable": "aws:ResourceTag/elbv2.k8s.aws/cluster"
                  }
                ],
                "effect": "Allow",
                "not_actions": [],
                "not_principals": [],
                "not_resources": [],
                "principals": [],
                "resources": [
                  "*"
                ],
                "sid": ""
              },
              {
                "actions": [
                  "elasticloadbalancing:CreateLoadBalancer",
                  "elasticloadbalancing:CreateTargetGroup"
                ],
                "condition": [
                  {
                    "test": "Null",
                    "values": [
                      "false"
                    ],
                    "variable": "aws:RequestTag/elbv2.k8s.aws/cluster"
                  }
                ],
                "effect": "Allow",
                "not_actions": [],
                "not_principals": [],
                "not_resources": [],
                "principals": [],
                "resources": [
                  "*"
                ],
                "sid": ""
              },
              {
                "actions": [
                  "elasticloadbalancing:CreateListener",
                  "elasticloadbalancing:CreateRule",
                  "elasticloadbalancing:DeleteListener",
                  "elasticloadbalancing:DeleteRule"
                ],
                "condition": [],
                "effect": "Allow",
                "not_actions": [],
                "not_principals": [],
                "not_resources": [],
                "principals": [],
                "resources": [
                  "*"
                ],
                "sid": ""
              },
              {
                "actions": [
                  "elasticloadbalancing:AddTags",
                  "elasticloadbalancing:RemoveTags"
                ],
                "condition": [
                  {
                    "test": "Null",
                    "values": [
                      "false"
                    ],
                    "variable": "aws:ResourceTag/elbv2.k8s.aws/cluster"
                  },
                  {
                    "test": "Null",
                    "values": [
                      "true"
                    ],
                    "variable": "aws:RequestTag/elbv2.k8s.aws/cluster"
                  }
                ],
                "effect": "Allow",
                "not_actions": [],
                "not_principals": [],
                "not_resources": [],
                "principals": [],
                "resources": [
                  "arn:aws:elasticloadbalancing:*:*:loadbalancer/app/*/*",
                  "arn:aws:elasticloadbalancing:*:*:loadbalancer/net/*/*",
                  "arn:aws:elasticloadbalancing:*:*:targetgroup/*/*"
                ],
                "sid": ""
              },
              {
                "actions": [
                  "elasticloadbalancing:AddTags",
                  "elasticloadbalancing:RemoveTags"
                ],
                "condition": [],
                "effect": "Allow",
                "not_actions": [],
                "not_principals": [],
                "not_resources": [],
                "principals": [],
                "resources": [
                  "arn:aws:elasticloadbalancing:*:*:listener-rule/app/*/*/*",
                  "arn:aws:elasticloadbalancing:*:*:listener-rule/net/*/*/*",
                  "arn:aws:elasticloadbalancing:*:*:listener/app/*/*/*",
                  "arn:aws:elasticloadbalancing:*:*:listener/net/*/*/*"
                ],
                "sid": ""
              },
              {
                "actions": [
                  "elasticloadbalancing:DeleteLoadBalancer",
                  "elasticloadbalancing:DeleteTargetGroup",
                  "elasticloadbalancing:ModifyLoadBalancerAttributes",
                  "elasticloadbalancing:ModifyTargetGroup",
                  "elasticloadbalancing:ModifyTargetGroupAttributes",
                  "elasticloadbalancing:SetIpAddressType",
                  "elasticloadbalancing:SetSecurityGroups",
                  "elasticloadbalancing:SetSubnets"
                ],
                "condition": [
                  {
                    "test": "Null",
                    "values": [
                      "false"
                    ],
                    "variable": "aws:ResourceTag/elbv2.k8s.aws/cluster"
                  }
                ],
                "effect": "Allow",
                "not_actions": [],
                "not_principals": [],
                "not_resources": [],
                "principals": [],
                "resources": [
                  "*"
                ],
                "sid": ""
              },
              {
                "actions": [
                  "elasticloadbalancing:AddTags"
                ],
                "condition": [
                  {
                    "test": "Null",
                    "values": [
                      "false"
                    ],
                    "variable": "aws:RequestTag/elbv2.k8s.aws/cluster"
                  },
                  {
                    "test": "StringEquals",
                    "values": [
                      "CreateTargetGroup",
                      "CreateLoadBalancer"
                    ],
                    "variable": "elasticloadbalancing:CreateAction"
                  }
                ],
                "effect": "Allow",
                "not_actions": [],
                "not_principals": [],
                "not_resources": [],
                "principals": [],
                "resources": [
                  "arn:aws:elasticloadbalancing:*:*:loadbalancer/app/*/*",
                  "arn:aws:elasticloadbalancing:*:*:loadbalancer/net/*/*",
                  "arn:aws:elasticloadbalancing:*:*:targetgroup/*/*"
                ],
                "sid": ""
              },
              {
                "actions": [
                  "elasticloadbalancing:DeregisterTargets",
                  "elasticloadbalancing:RegisterTargets"
                ],
                "condition": [],
                "effect": "Allow",
                "not_actions": [],
                "not_principals": [],
                "not_resources": [],
                "principals": [],
                "resources": [
                  "arn:aws:elasticloadbalancing:*:*:targetgroup/*/*"
                ],
                "sid": ""
              },
              {
                "actions": [
                  "elasticloadbalancing:AddListenerCertificates",
                  "elasticloadbalancing:ModifyListener",
                  "elasticloadbalancing:ModifyRule",
                  "elasticloadbalancing:RemoveListenerCertificates",
                  "elasticloadbalancing:SetWebAcl"
                ],
                "condition": [],
                "effect": "Allow",
                "not_actions": [],
                "not_principals": [],
                "not_resources": [],
                "principals": [],
                "resources": [
                  "*"
                ],
                "sid": ""
              }
            ],
            "version": "2012-10-17"
          },
          "sensitive_attributes": []
        }
      ]
    },
    {
      "module": "module.eks_blueprints_addons",
      "mode": "data",
      "type": "aws_iam_policy_document",
      "name": "fargate_fluentbit",
      "provider": "provider[\"registry.terraform.io/hashicorp/aws\"]",
      "instances": [
        {
          "index_key": 0,
          "schema_version": 0,
          "attributes": {
            "id": "3008619837",
            "json": "{\n  \"Version\": \"2012-10-17\",\n  \"Statement\": [\n    {\n      \"Sid\": \"PutLogEvents\",\n      \"Effect\": \"Allow\",\n      \"Action\": [\n        \"logs:PutLogEvents\",\n        \"logs:DescribeLogStreams\",\n        \"logs:CreateLogStream\",\n        \"logs:CreateLogGroup\"\n      ],\n      \"Resource\": [\n        \"arn:aws:logs:us-east-1:389029577690:log-group:/eks-blueprint/fargate-fluentbit-logs20240715184535122600000014:logstream:*\",\n        \"arn:aws:logs:us-east-1:389029577690:log-group:/eks-blueprint/fargate-fluentbit-logs20240715184535122600000014:*\"\n      ]\n    }\n  ]\n}",
            "minified_json": "{\"Version\":\"2012-10-17\",\"Statement\":[{\"Sid\":\"PutLogEvents\",\"Effect\":\"Allow\",\"Action\":[\"logs:PutLogEvents\",\"logs:DescribeLogStreams\",\"logs:CreateLogStream\",\"logs:CreateLogGroup\"],\"Resource\":[\"arn:aws:logs:us-east-1:389029577690:log-group:/eks-blueprint/fargate-fluentbit-logs20240715184535122600000014:logstream:*\",\"arn:aws:logs:us-east-1:389029577690:log-group:/eks-blueprint/fargate-fluentbit-logs20240715184535122600000014:*\"]}]}",
            "override_json": null,
            "override_policy_documents": null,
            "policy_id": null,
            "source_json": null,
            "source_policy_documents": null,
            "statement": [
              {
                "actions": [
                  "logs:CreateLogGroup",
                  "logs:CreateLogStream",
                  "logs:DescribeLogStreams",
                  "logs:PutLogEvents"
                ],
                "condition": [],
                "effect": "Allow",
                "not_actions": [],
                "not_principals": [],
                "not_resources": [],
                "principals": [],
                "resources": [
                  "arn:aws:logs:us-east-1:389029577690:log-group:/eks-blueprint/fargate-fluentbit-logs20240715184535122600000014:*",
                  "arn:aws:logs:us-east-1:389029577690:log-group:/eks-blueprint/fargate-fluentbit-logs20240715184535122600000014:logstream:*"
                ],
                "sid": "PutLogEvents"
              }
            ],
            "version": "2012-10-17"
          },
          "sensitive_attributes": []
        }
      ]
    },
    {
      "module": "module.eks_blueprints_addons",
      "mode": "data",
      "type": "aws_iam_policy_document",
      "name": "karpenter",
      "provider": "provider[\"registry.terraform.io/hashicorp/aws\"]",
      "instances": [
        {
          "index_key": 0,
          "schema_version": 0,
          "attributes": {
            "id": "2444077446",
            "json": "{\n  \"Version\": \"2012-10-17\",\n  \"Statement\": [\n    {\n      \"Effect\": \"Allow\",\n      \"Action\": [\n        \"ec2:DescribeSubnets\",\n        \"ec2:DescribeSpotPriceHistory\",\n        \"ec2:DescribeSecurityGroups\",\n        \"ec2:DescribeLaunchTemplates\",\n        \"ec2:DescribeInstances\",\n        \"ec2:DescribeInstanceTypes\",\n        \"ec2:DescribeInstanceTypeOfferings\",\n        \"ec2:DescribeImages\",\n        \"ec2:DescribeAvailabilityZones\"\n      ],\n      \"Resource\": \"*\"\n    },\n    {\n      \"Effect\": \"Allow\",\n      \"Action\": [\n        \"ec2:RunInstances\",\n        \"ec2:DeleteLaunchTemplate\",\n        \"ec2:CreateTags\",\n        \"ec2:CreateLaunchTemplate\",\n        \"ec2:CreateFleet\"\n      ],\n      \"Resource\": [\n        \"arn:aws:ec2:us-east-1::image/*\",\n        \"arn:aws:ec2:us-east-1:389029577690:*\"\n      ]\n    },\n    {\n      \"Effect\": \"Allow\",\n      \"Action\": \"iam:PassRole\",\n      \"Resource\": \"arn:aws:iam::389029577690:role/karpenter-eks-blueprint-20240715184535129200000018\"\n    },\n    {\n      \"Effect\": \"Allow\",\n      \"Action\": \"pricing:GetProducts\",\n      \"Resource\": \"*\"\n    },\n    {\n      \"Effect\": \"Allow\",\n      \"Action\": \"ssm:GetParameter\",\n      \"Resource\": \"arn:aws:ssm:us-east-1::parameter/aws/service/*\"\n    },\n    {\n      \"Effect\": \"Allow\",\n      \"Action\": \"eks:DescribeCluster\",\n      \"Resource\": \"arn:aws:eks:*:389029577690:cluster/eks-blueprint\"\n    },\n    {\n      \"Effect\": \"Allow\",\n      \"Action\": \"ec2:TerminateInstances\",\n      \"Resource\": \"arn:aws:ec2:us-east-1:389029577690:instance/*\",\n      \"Condition\": {\n        \"StringLike\": {\n          \"ec2:ResourceTag/kubernetes.io/cluster/eks-blueprint\": \"*\"\n        }\n      }\n    },\n    {\n      \"Effect\": \"Allow\",\n      \"Action\": [\n        \"sqs:ReceiveMessage\",\n        \"sqs:GetQueueUrl\",\n        \"sqs:GetQueueAttributes\",\n        \"sqs:DeleteMessage\"\n      ],\n      \"Resource\": \"arn:aws:sqs:us-east-1:389029577690:karpenter-eks-blueprint\"\n    },\n    {\n      \"Effect\": \"Allow\",\n      \"Action\": [\n        \"iam:TagInstanceProfile\",\n        \"iam:RemoveRoleFromInstanceProfile\",\n        \"iam:GetInstanceProfile\",\n        \"iam:DeleteInstanceProfile\",\n        \"iam:CreateInstanceProfile\",\n        \"iam:AddRoleToInstanceProfile\"\n      ],\n      \"Resource\": \"*\"\n    }\n  ]\n}",
            "minified_json": "{\"Version\":\"2012-10-17\",\"Statement\":[{\"Effect\":\"Allow\",\"Action\":[\"ec2:DescribeSubnets\",\"ec2:DescribeSpotPriceHistory\",\"ec2:DescribeSecurityGroups\",\"ec2:DescribeLaunchTemplates\",\"ec2:DescribeInstances\",\"ec2:DescribeInstanceTypes\",\"ec2:DescribeInstanceTypeOfferings\",\"ec2:DescribeImages\",\"ec2:DescribeAvailabilityZones\"],\"Resource\":\"*\"},{\"Effect\":\"Allow\",\"Action\":[\"ec2:RunInstances\",\"ec2:DeleteLaunchTemplate\",\"ec2:CreateTags\",\"ec2:CreateLaunchTemplate\",\"ec2:CreateFleet\"],\"Resource\":[\"arn:aws:ec2:us-east-1::image/*\",\"arn:aws:ec2:us-east-1:389029577690:*\"]},{\"Effect\":\"Allow\",\"Action\":\"iam:PassRole\",\"Resource\":\"arn:aws:iam::389029577690:role/karpenter-eks-blueprint-20240715184535129200000018\"},{\"Effect\":\"Allow\",\"Action\":\"pricing:GetProducts\",\"Resource\":\"*\"},{\"Effect\":\"Allow\",\"Action\":\"ssm:GetParameter\",\"Resource\":\"arn:aws:ssm:us-east-1::parameter/aws/service/*\"},{\"Effect\":\"Allow\",\"Action\":\"eks:DescribeCluster\",\"Resource\":\"arn:aws:eks:*:389029577690:cluster/eks-blueprint\"},{\"Effect\":\"Allow\",\"Action\":\"ec2:TerminateInstances\",\"Resource\":\"arn:aws:ec2:us-east-1:389029577690:instance/*\",\"Condition\":{\"StringLike\":{\"ec2:ResourceTag/kubernetes.io/cluster/eks-blueprint\":\"*\"}}},{\"Effect\":\"Allow\",\"Action\":[\"sqs:ReceiveMessage\",\"sqs:GetQueueUrl\",\"sqs:GetQueueAttributes\",\"sqs:DeleteMessage\"],\"Resource\":\"arn:aws:sqs:us-east-1:389029577690:karpenter-eks-blueprint\"},{\"Effect\":\"Allow\",\"Action\":[\"iam:TagInstanceProfile\",\"iam:RemoveRoleFromInstanceProfile\",\"iam:GetInstanceProfile\",\"iam:DeleteInstanceProfile\",\"iam:CreateInstanceProfile\",\"iam:AddRoleToInstanceProfile\"],\"Resource\":\"*\"}]}",
            "override_json": null,
            "override_policy_documents": null,
            "policy_id": null,
            "source_json": null,
            "source_policy_documents": null,
            "statement": [
              {
                "actions": [
                  "ec2:DescribeAvailabilityZones",
                  "ec2:DescribeImages",
                  "ec2:DescribeInstanceTypeOfferings",
                  "ec2:DescribeInstanceTypes",
                  "ec2:DescribeInstances",
                  "ec2:DescribeLaunchTemplates",
                  "ec2:DescribeSecurityGroups",
                  "ec2:DescribeSpotPriceHistory",
                  "ec2:DescribeSubnets"
                ],
                "condition": [],
                "effect": "Allow",
                "not_actions": [],
                "not_principals": [],
                "not_resources": [],
                "principals": [],
                "resources": [
                  "*"
                ],
                "sid": ""
              },
              {
                "actions": [
                  "ec2:CreateFleet",
                  "ec2:CreateLaunchTemplate",
                  "ec2:CreateTags",
                  "ec2:DeleteLaunchTemplate",
                  "ec2:RunInstances"
                ],
                "condition": [],
                "effect": "Allow",
                "not_actions": [],
                "not_principals": [],
                "not_resources": [],
                "principals": [],
                "resources": [
                  "arn:aws:ec2:us-east-1:389029577690:*",
                  "arn:aws:ec2:us-east-1::image/*"
                ],
                "sid": ""
              },
              {
                "actions": [
                  "iam:PassRole"
                ],
                "condition": [],
                "effect": "Allow",
                "not_actions": [],
                "not_principals": [],
                "not_resources": [],
                "principals": [],
                "resources": [
                  "arn:aws:iam::389029577690:role/karpenter-eks-blueprint-20240715184535129200000018"
                ],
                "sid": ""
              },
              {
                "actions": [
                  "pricing:GetProducts"
                ],
                "condition": [],
                "effect": "Allow",
                "not_actions": [],
                "not_principals": [],
                "not_resources": [],
                "principals": [],
                "resources": [
                  "*"
                ],
                "sid": ""
              },
              {
                "actions": [
                  "ssm:GetParameter"
                ],
                "condition": [],
                "effect": "Allow",
                "not_actions": [],
                "not_principals": [],
                "not_resources": [],
                "principals": [],
                "resources": [
                  "arn:aws:ssm:us-east-1::parameter/aws/service/*"
                ],
                "sid": ""
              },
              {
                "actions": [
                  "eks:DescribeCluster"
                ],
                "condition": [],
                "effect": "Allow",
                "not_actions": [],
                "not_principals": [],
                "not_resources": [],
                "principals": [],
                "resources": [
                  "arn:aws:eks:*:389029577690:cluster/eks-blueprint"
                ],
                "sid": ""
              },
              {
                "actions": [
                  "ec2:TerminateInstances"
                ],
                "condition": [
                  {
                    "test": "StringLike",
                    "values": [
                      "*"
                    ],
                    "variable": "ec2:ResourceTag/kubernetes.io/cluster/eks-blueprint"
                  }
                ],
                "effect": "Allow",
                "not_actions": [],
                "not_principals": [],
                "not_resources": [],
                "principals": [],
                "resources": [
                  "arn:aws:ec2:us-east-1:389029577690:instance/*"
                ],
                "sid": ""
              },
              {
                "actions": [
                  "sqs:DeleteMessage",
                  "sqs:GetQueueAttributes",
                  "sqs:GetQueueUrl",
                  "sqs:ReceiveMessage"
                ],
                "condition": [],
                "effect": "Allow",
                "not_actions": [],
                "not_principals": [],
                "not_resources": [],
                "principals": [],
                "resources": [
                  "arn:aws:sqs:us-east-1:389029577690:karpenter-eks-blueprint"
                ],
                "sid": ""
              },
              {
                "actions": [
                  "iam:AddRoleToInstanceProfile",
                  "iam:CreateInstanceProfile",
                  "iam:DeleteInstanceProfile",
                  "iam:GetInstanceProfile",
                  "iam:RemoveRoleFromInstanceProfile",
                  "iam:TagInstanceProfile"
                ],
                "condition": [],
                "effect": "Allow",
                "not_actions": [],
                "not_principals": [],
                "not_resources": [],
                "principals": [],
                "resources": [
                  "*"
                ],
                "sid": ""
              }
            ],
            "version": "2012-10-17"
          },
          "sensitive_attributes": []
        }
      ]
    },
    {
      "module": "module.eks_blueprints_addons",
      "mode": "data",
      "type": "aws_iam_policy_document",
      "name": "karpenter_assume_role",
      "provider": "provider[\"registry.terraform.io/hashicorp/aws\"]",
      "instances": [
        {
          "index_key": 0,
          "schema_version": 0,
          "attributes": {
            "id": "106987850",
            "json": "{\n  \"Version\": \"2012-10-17\",\n  \"Statement\": [\n    {\n      \"Sid\": \"KarpenterNodeAssumeRole\",\n      \"Effect\": \"Allow\",\n      \"Action\": \"sts:AssumeRole\",\n      \"Principal\": {\n        \"Service\": \"ec2.amazonaws.com\"\n      }\n    }\n  ]\n}",
            "minified_json": "{\"Version\":\"2012-10-17\",\"Statement\":[{\"Sid\":\"KarpenterNodeAssumeRole\",\"Effect\":\"Allow\",\"Action\":\"sts:AssumeRole\",\"Principal\":{\"Service\":\"ec2.amazonaws.com\"}}]}",
            "override_json": null,
            "override_policy_documents": null,
            "policy_id": null,
            "source_json": null,
            "source_policy_documents": null,
            "statement": [
              {
                "actions": [
                  "sts:AssumeRole"
                ],
                "condition": [],
                "effect": "Allow",
                "not_actions": [],
                "not_principals": [],
                "not_resources": [],
                "principals": [
                  {
                    "identifiers": [
                      "ec2.amazonaws.com"
                    ],
                    "type": "Service"
                  }
                ],
                "resources": [],
                "sid": "KarpenterNodeAssumeRole"
              }
            ],
            "version": "2012-10-17"
          },
          "sensitive_attributes": []
        }
      ]
    },
    {
      "module": "module.eks_blueprints_addons",
      "mode": "data",
      "type": "aws_partition",
      "name": "current",
      "provider": "provider[\"registry.terraform.io/hashicorp/aws\"]",
      "instances": [
        {
          "schema_version": 0,
          "attributes": {
            "dns_suffix": "amazonaws.com",
            "id": "aws",
            "partition": "aws",
            "reverse_dns_prefix": "com.amazonaws"
          },
          "sensitive_attributes": []
        }
      ]
    },
    {
      "module": "module.eks_blueprints_addons",
      "mode": "data",
      "type": "aws_region",
      "name": "current",
      "provider": "provider[\"registry.terraform.io/hashicorp/aws\"]",
      "instances": [
        {
          "schema_version": 0,
          "attributes": {
            "description": "US East (N. Virginia)",
            "endpoint": "ec2.us-east-1.amazonaws.com",
            "id": "us-east-1",
            "name": "us-east-1"
          },
          "sensitive_attributes": []
        }
      ]
    },
    {
      "module": "module.eks_blueprints_addons",
      "mode": "managed",
      "type": "aws_cloudwatch_event_rule",
      "name": "karpenter",
      "provider": "provider[\"registry.terraform.io/hashicorp/aws\"]",
      "instances": [
        {
          "index_key": "health_event",
          "schema_version": 1,
          "attributes": {
            "arn": "arn:aws:events:us-east-1:389029577690:rule/Karpenter-HealthEvent-20240715184535122100000013",
            "description": "AWS health event",
            "event_bus_name": "default",
            "event_pattern": "{\"detail-type\":[\"AWS Health Event\"],\"source\":[\"aws.health\"]}",
            "force_destroy": false,
            "id": "Karpenter-HealthEvent-20240715184535122100000013",
            "is_enabled": true,
            "name": "Karpenter-HealthEvent-20240715184535122100000013",
            "name_prefix": "Karpenter-HealthEvent-",
            "role_arn": "",
            "schedule_expression": "",
            "state": "ENABLED",
            "tags": {
              "ClusterName": "eks-blueprint",
              "Environment": "sandbox",
              "Terraform": "true"
            },
            "tags_all": {
              "ClusterName": "eks-blueprint",
              "Environment": "sandbox",
              "Terraform": "true"
            }
          },
          "sensitive_attributes": [],
          "private": "eyJzY2hlbWFfdmVyc2lvbiI6IjEifQ==",
          "dependencies": [
            "module.eks_cluster.aws_cloudwatch_log_group.this",
            "module.eks_cluster.aws_eks_access_entry.this",
            "module.eks_cluster.aws_eks_access_policy_association.this",
            "module.eks_cluster.aws_eks_cluster.this",
            "module.eks_cluster.aws_iam_policy.cni_ipv6_policy",
            "module.eks_cluster.aws_iam_role.this",
            "module.eks_cluster.aws_iam_role_policy_attachment.this",
            "module.eks_cluster.aws_security_group.cluster",
            "module.eks_cluster.aws_security_group.node",
            "module.eks_cluster.aws_security_group_rule.cluster",
            "module.eks_cluster.aws_security_group_rule.node",
            "module.eks_cluster.data.aws_caller_identity.current",
            "module.eks_cluster.data.aws_iam_policy_document.assume_role_policy",
            "module.eks_cluster.data.aws_iam_policy_document.cni_ipv6_policy",
            "module.eks_cluster.data.aws_iam_session_context.current",
            "module.eks_cluster.data.aws_partition.current",
            "module.eks_cluster.module.kms.aws_kms_external_key.this",
            "module.eks_cluster.module.kms.aws_kms_key.this",
            "module.eks_cluster.module.kms.aws_kms_replica_external_key.this",
            "module.eks_cluster.module.kms.aws_kms_replica_key.this",
            "module.eks_cluster.module.kms.data.aws_caller_identity.current",
            "module.eks_cluster.module.kms.data.aws_iam_policy_document.this",
            "module.eks_cluster.module.kms.data.aws_partition.current",
            "module.vpc.aws_subnet.private",
            "module.vpc.aws_subnet.public",
            "module.vpc.aws_vpc.this",
            "module.vpc.aws_vpc_ipv4_cidr_block_association.this"
          ]
        },
        {
          "index_key": "instance_rebalance",
          "schema_version": 1,
          "attributes": {
            "arn": "arn:aws:events:us-east-1:389029577690:rule/Karpenter-InstanceRebalance-20240715184535123000000015",
            "description": "EC2 instance rebalance recommendation",
            "event_bus_name": "default",
            "event_pattern": "{\"detail-type\":[\"EC2 Instance Rebalance Recommendation\"],\"source\":[\"aws.ec2\"]}",
            "force_destroy": false,
            "id": "Karpenter-InstanceRebalance-20240715184535123000000015",
            "is_enabled": true,
            "name": "Karpenter-InstanceRebalance-20240715184535123000000015",
            "name_prefix": "Karpenter-InstanceRebalance-",
            "role_arn": "",
            "schedule_expression": "",
            "state": "ENABLED",
            "tags": {
              "ClusterName": "eks-blueprint",
              "Environment": "sandbox",
              "Terraform": "true"
            },
            "tags_all": {
              "ClusterName": "eks-blueprint",
              "Environment": "sandbox",
              "Terraform": "true"
            }
          },
          "sensitive_attributes": [],
          "private": "eyJzY2hlbWFfdmVyc2lvbiI6IjEifQ==",
          "dependencies": [
            "module.eks_cluster.aws_cloudwatch_log_group.this",
            "module.eks_cluster.aws_eks_access_entry.this",
            "module.eks_cluster.aws_eks_access_policy_association.this",
            "module.eks_cluster.aws_eks_cluster.this",
            "module.eks_cluster.aws_iam_policy.cni_ipv6_policy",
            "module.eks_cluster.aws_iam_role.this",
            "module.eks_cluster.aws_iam_role_policy_attachment.this",
            "module.eks_cluster.aws_security_group.cluster",
            "module.eks_cluster.aws_security_group.node",
            "module.eks_cluster.aws_security_group_rule.cluster",
            "module.eks_cluster.aws_security_group_rule.node",
            "module.eks_cluster.data.aws_caller_identity.current",
            "module.eks_cluster.data.aws_iam_policy_document.assume_role_policy",
            "module.eks_cluster.data.aws_iam_policy_document.cni_ipv6_policy",
            "module.eks_cluster.data.aws_iam_session_context.current",
            "module.eks_cluster.data.aws_partition.current",
            "module.eks_cluster.module.kms.aws_kms_external_key.this",
            "module.eks_cluster.module.kms.aws_kms_key.this",
            "module.eks_cluster.module.kms.aws_kms_replica_external_key.this",
            "module.eks_cluster.module.kms.aws_kms_replica_key.this",
            "module.eks_cluster.module.kms.data.aws_caller_identity.current",
            "module.eks_cluster.module.kms.data.aws_iam_policy_document.this",
            "module.eks_cluster.module.kms.data.aws_partition.current",
            "module.vpc.aws_subnet.private",
            "module.vpc.aws_subnet.public",
            "module.vpc.aws_vpc.this",
            "module.vpc.aws_vpc_ipv4_cidr_block_association.this"
          ]
        },
        {
          "index_key": "instance_state_change",
          "schema_version": 1,
          "attributes": {
            "arn": "arn:aws:events:us-east-1:389029577690:rule/Karpenter-InstanceStateChange-20240715184535123000000016",
            "description": "EC2 instance state-change notification",
            "event_bus_name": "default",
            "event_pattern": "{\"detail-type\":[\"EC2 Instance State-change Notification\"],\"source\":[\"aws.ec2\"]}",
            "force_destroy": false,
            "id": "Karpenter-InstanceStateChange-20240715184535123000000016",
            "is_enabled": true,
            "name": "Karpenter-InstanceStateChange-20240715184535123000000016",
            "name_prefix": "Karpenter-InstanceStateChange-",
            "role_arn": "",
            "schedule_expression": "",
            "state": "ENABLED",
            "tags": {
              "ClusterName": "eks-blueprint",
              "Environment": "sandbox",
              "Terraform": "true"
            },
            "tags_all": {
              "ClusterName": "eks-blueprint",
              "Environment": "sandbox",
              "Terraform": "true"
            }
          },
          "sensitive_attributes": [],
          "private": "eyJzY2hlbWFfdmVyc2lvbiI6IjEifQ==",
          "dependencies": [
            "module.eks_cluster.aws_cloudwatch_log_group.this",
            "module.eks_cluster.aws_eks_access_entry.this",
            "module.eks_cluster.aws_eks_access_policy_association.this",
            "module.eks_cluster.aws_eks_cluster.this",
            "module.eks_cluster.aws_iam_policy.cni_ipv6_policy",
            "module.eks_cluster.aws_iam_role.this",
            "module.eks_cluster.aws_iam_role_policy_attachment.this",
            "module.eks_cluster.aws_security_group.cluster",
            "module.eks_cluster.aws_security_group.node",
            "module.eks_cluster.aws_security_group_rule.cluster",
            "module.eks_cluster.aws_security_group_rule.node",
            "module.eks_cluster.data.aws_caller_identity.current",
            "module.eks_cluster.data.aws_iam_policy_document.assume_role_policy",
            "module.eks_cluster.data.aws_iam_policy_document.cni_ipv6_policy",
            "module.eks_cluster.data.aws_iam_session_context.current",
            "module.eks_cluster.data.aws_partition.current",
            "module.eks_cluster.module.kms.aws_kms_external_key.this",
            "module.eks_cluster.module.kms.aws_kms_key.this",
            "module.eks_cluster.module.kms.aws_kms_replica_external_key.this",
            "module.eks_cluster.module.kms.aws_kms_replica_key.this",
            "module.eks_cluster.module.kms.data.aws_caller_identity.current",
            "module.eks_cluster.module.kms.data.aws_iam_policy_document.this",
            "module.eks_cluster.module.kms.data.aws_partition.current",
            "module.vpc.aws_subnet.private",
            "module.vpc.aws_subnet.public",
            "module.vpc.aws_vpc.this",
            "module.vpc.aws_vpc_ipv4_cidr_block_association.this"
          ]
        },
        {
          "index_key": "spot_interupt",
          "schema_version": 1,
          "attributes": {
            "arn": "arn:aws:events:us-east-1:389029577690:rule/Karpenter-SpotInterrupt-20240715184535125800000017",
            "description": "EC2 spot instance interruption warning",
            "event_bus_name": "default",
            "event_pattern": "{\"detail-type\":[\"EC2 Spot Instance Interruption Warning\"],\"source\":[\"aws.ec2\"]}",
            "force_destroy": false,
            "id": "Karpenter-SpotInterrupt-20240715184535125800000017",
            "is_enabled": true,
            "name": "Karpenter-SpotInterrupt-20240715184535125800000017",
            "name_prefix": "Karpenter-SpotInterrupt-",
            "role_arn": "",
            "schedule_expression": "",
            "state": "ENABLED",
            "tags": {
              "ClusterName": "eks-blueprint",
              "Environment": "sandbox",
              "Terraform": "true"
            },
            "tags_all": {
              "ClusterName": "eks-blueprint",
              "Environment": "sandbox",
              "Terraform": "true"
            }
          },
          "sensitive_attributes": [],
          "private": "eyJzY2hlbWFfdmVyc2lvbiI6IjEifQ==",
          "dependencies": [
            "module.eks_cluster.aws_cloudwatch_log_group.this",
            "module.eks_cluster.aws_eks_access_entry.this",
            "module.eks_cluster.aws_eks_access_policy_association.this",
            "module.eks_cluster.aws_eks_cluster.this",
            "module.eks_cluster.aws_iam_policy.cni_ipv6_policy",
            "module.eks_cluster.aws_iam_role.this",
            "module.eks_cluster.aws_iam_role_policy_attachment.this",
            "module.eks_cluster.aws_security_group.cluster",
            "module.eks_cluster.aws_security_group.node",
            "module.eks_cluster.aws_security_group_rule.cluster",
            "module.eks_cluster.aws_security_group_rule.node",
            "module.eks_cluster.data.aws_caller_identity.current",
            "module.eks_cluster.data.aws_iam_policy_document.assume_role_policy",
            "module.eks_cluster.data.aws_iam_policy_document.cni_ipv6_policy",
            "module.eks_cluster.data.aws_iam_session_context.current",
            "module.eks_cluster.data.aws_partition.current",
            "module.eks_cluster.module.kms.aws_kms_external_key.this",
            "module.eks_cluster.module.kms.aws_kms_key.this",
            "module.eks_cluster.module.kms.aws_kms_replica_external_key.this",
            "module.eks_cluster.module.kms.aws_kms_replica_key.this",
            "module.eks_cluster.module.kms.data.aws_caller_identity.current",
            "module.eks_cluster.module.kms.data.aws_iam_policy_document.this",
            "module.eks_cluster.module.kms.data.aws_partition.current",
            "module.vpc.aws_subnet.private",
            "module.vpc.aws_subnet.public",
            "module.vpc.aws_vpc.this",
            "module.vpc.aws_vpc_ipv4_cidr_block_association.this"
          ]
        }
      ]
    },
    {
      "module": "module.eks_blueprints_addons",
      "mode": "managed",
      "type": "aws_cloudwatch_event_target",
      "name": "karpenter",
      "provider": "provider[\"registry.terraform.io/hashicorp/aws\"]",
      "instances": [
        {
          "index_key": "health_event",
          "schema_version": 1,
          "attributes": {
            "arn": "arn:aws:sqs:us-east-1:389029577690:karpenter-eks-blueprint",
            "batch_target": [],
            "dead_letter_config": [],
            "ecs_target": [],
            "event_bus_name": "default",
            "force_destroy": false,
            "http_target": [],
            "id": "Karpenter-HealthEvent-20240715184535122100000013-KarpenterQueueTarget",
            "input": "",
            "input_path": "",
            "input_transformer": [],
            "kinesis_target": [],
            "redshift_target": [],
            "retry_policy": [],
            "role_arn": "",
            "rule": "Karpenter-HealthEvent-20240715184535122100000013",
            "run_command_targets": [],
            "sagemaker_pipeline_target": [],
            "sqs_target": [],
            "target_id": "KarpenterQueueTarget"
          },
          "sensitive_attributes": [],
          "private": "eyJzY2hlbWFfdmVyc2lvbiI6IjEifQ==",
          "dependencies": [
            "module.eks_blueprints_addons.aws_cloudwatch_event_rule.karpenter",
            "module.eks_blueprints_addons.module.karpenter_sqs.aws_sqs_queue.this",
            "module.eks_cluster.aws_cloudwatch_log_group.this",
            "module.eks_cluster.aws_eks_access_entry.this",
            "module.eks_cluster.aws_eks_access_policy_association.this",
            "module.eks_cluster.aws_eks_cluster.this",
            "module.eks_cluster.aws_iam_policy.cni_ipv6_policy",
            "module.eks_cluster.aws_iam_role.this",
            "module.eks_cluster.aws_iam_role_policy_attachment.this",
            "module.eks_cluster.aws_security_group.cluster",
            "module.eks_cluster.aws_security_group.node",
            "module.eks_cluster.aws_security_group_rule.cluster",
            "module.eks_cluster.aws_security_group_rule.node",
            "module.eks_cluster.data.aws_caller_identity.current",
            "module.eks_cluster.data.aws_iam_policy_document.assume_role_policy",
            "module.eks_cluster.data.aws_iam_policy_document.cni_ipv6_policy",
            "module.eks_cluster.data.aws_iam_session_context.current",
            "module.eks_cluster.data.aws_partition.current",
            "module.eks_cluster.module.kms.aws_kms_external_key.this",
            "module.eks_cluster.module.kms.aws_kms_key.this",
            "module.eks_cluster.module.kms.aws_kms_replica_external_key.this",
            "module.eks_cluster.module.kms.aws_kms_replica_key.this",
            "module.eks_cluster.module.kms.data.aws_caller_identity.current",
            "module.eks_cluster.module.kms.data.aws_iam_policy_document.this",
            "module.eks_cluster.module.kms.data.aws_partition.current",
            "module.vpc.aws_subnet.private",
            "module.vpc.aws_subnet.public",
            "module.vpc.aws_vpc.this",
            "module.vpc.aws_vpc_ipv4_cidr_block_association.this"
          ]
        },
        {
          "index_key": "instance_rebalance",
          "schema_version": 1,
          "attributes": {
            "arn": "arn:aws:sqs:us-east-1:389029577690:karpenter-eks-blueprint",
            "batch_target": [],
            "dead_letter_config": [],
            "ecs_target": [],
            "event_bus_name": "default",
            "force_destroy": false,
            "http_target": [],
            "id": "Karpenter-InstanceRebalance-20240715184535123000000015-KarpenterQueueTarget",
            "input": "",
            "input_path": "",
            "input_transformer": [],
            "kinesis_target": [],
            "redshift_target": [],
            "retry_policy": [],
            "role_arn": "",
            "rule": "Karpenter-InstanceRebalance-20240715184535123000000015",
            "run_command_targets": [],
            "sagemaker_pipeline_target": [],
            "sqs_target": [],
            "target_id": "KarpenterQueueTarget"
          },
          "sensitive_attributes": [],
          "private": "eyJzY2hlbWFfdmVyc2lvbiI6IjEifQ==",
          "dependencies": [
            "module.eks_blueprints_addons.aws_cloudwatch_event_rule.karpenter",
            "module.eks_blueprints_addons.module.karpenter_sqs.aws_sqs_queue.this",
            "module.eks_cluster.aws_cloudwatch_log_group.this",
            "module.eks_cluster.aws_eks_access_entry.this",
            "module.eks_cluster.aws_eks_access_policy_association.this",
            "module.eks_cluster.aws_eks_cluster.this",
            "module.eks_cluster.aws_iam_policy.cni_ipv6_policy",
            "module.eks_cluster.aws_iam_role.this",
            "module.eks_cluster.aws_iam_role_policy_attachment.this",
            "module.eks_cluster.aws_security_group.cluster",
            "module.eks_cluster.aws_security_group.node",
            "module.eks_cluster.aws_security_group_rule.cluster",
            "module.eks_cluster.aws_security_group_rule.node",
            "module.eks_cluster.data.aws_caller_identity.current",
            "module.eks_cluster.data.aws_iam_policy_document.assume_role_policy",
            "module.eks_cluster.data.aws_iam_policy_document.cni_ipv6_policy",
            "module.eks_cluster.data.aws_iam_session_context.current",
            "module.eks_cluster.data.aws_partition.current",
            "module.eks_cluster.module.kms.aws_kms_external_key.this",
            "module.eks_cluster.module.kms.aws_kms_key.this",
            "module.eks_cluster.module.kms.aws_kms_replica_external_key.this",
            "module.eks_cluster.module.kms.aws_kms_replica_key.this",
            "module.eks_cluster.module.kms.data.aws_caller_identity.current",
            "module.eks_cluster.module.kms.data.aws_iam_policy_document.this",
            "module.eks_cluster.module.kms.data.aws_partition.current",
            "module.vpc.aws_subnet.private",
            "module.vpc.aws_subnet.public",
            "module.vpc.aws_vpc.this",
            "module.vpc.aws_vpc_ipv4_cidr_block_association.this"
          ]
        },
        {
          "index_key": "instance_state_change",
          "schema_version": 1,
          "attributes": {
            "arn": "arn:aws:sqs:us-east-1:389029577690:karpenter-eks-blueprint",
            "batch_target": [],
            "dead_letter_config": [],
            "ecs_target": [],
            "event_bus_name": "default",
            "force_destroy": false,
            "http_target": [],
            "id": "Karpenter-InstanceStateChange-20240715184535123000000016-KarpenterQueueTarget",
            "input": "",
            "input_path": "",
            "input_transformer": [],
            "kinesis_target": [],
            "redshift_target": [],
            "retry_policy": [],
            "role_arn": "",
            "rule": "Karpenter-InstanceStateChange-20240715184535123000000016",
            "run_command_targets": [],
            "sagemaker_pipeline_target": [],
            "sqs_target": [],
            "target_id": "KarpenterQueueTarget"
          },
          "sensitive_attributes": [],
          "private": "eyJzY2hlbWFfdmVyc2lvbiI6IjEifQ==",
          "dependencies": [
            "module.eks_blueprints_addons.aws_cloudwatch_event_rule.karpenter",
            "module.eks_blueprints_addons.module.karpenter_sqs.aws_sqs_queue.this",
            "module.eks_cluster.aws_cloudwatch_log_group.this",
            "module.eks_cluster.aws_eks_access_entry.this",
            "module.eks_cluster.aws_eks_access_policy_association.this",
            "module.eks_cluster.aws_eks_cluster.this",
            "module.eks_cluster.aws_iam_policy.cni_ipv6_policy",
            "module.eks_cluster.aws_iam_role.this",
            "module.eks_cluster.aws_iam_role_policy_attachment.this",
            "module.eks_cluster.aws_security_group.cluster",
            "module.eks_cluster.aws_security_group.node",
            "module.eks_cluster.aws_security_group_rule.cluster",
            "module.eks_cluster.aws_security_group_rule.node",
            "module.eks_cluster.data.aws_caller_identity.current",
            "module.eks_cluster.data.aws_iam_policy_document.assume_role_policy",
            "module.eks_cluster.data.aws_iam_policy_document.cni_ipv6_policy",
            "module.eks_cluster.data.aws_iam_session_context.current",
            "module.eks_cluster.data.aws_partition.current",
            "module.eks_cluster.module.kms.aws_kms_external_key.this",
            "module.eks_cluster.module.kms.aws_kms_key.this",
            "module.eks_cluster.module.kms.aws_kms_replica_external_key.this",
            "module.eks_cluster.module.kms.aws_kms_replica_key.this",
            "module.eks_cluster.module.kms.data.aws_caller_identity.current",
            "module.eks_cluster.module.kms.data.aws_iam_policy_document.this",
            "module.eks_cluster.module.kms.data.aws_partition.current",
            "module.vpc.aws_subnet.private",
            "module.vpc.aws_subnet.public",
            "module.vpc.aws_vpc.this",
            "module.vpc.aws_vpc_ipv4_cidr_block_association.this"
          ]
        },
        {
          "index_key": "spot_interupt",
          "schema_version": 1,
          "attributes": {
            "arn": "arn:aws:sqs:us-east-1:389029577690:karpenter-eks-blueprint",
            "batch_target": [],
            "dead_letter_config": [],
            "ecs_target": [],
            "event_bus_name": "default",
            "force_destroy": false,
            "http_target": [],
            "id": "Karpenter-SpotInterrupt-20240715184535125800000017-KarpenterQueueTarget",
            "input": "",
            "input_path": "",
            "input_transformer": [],
            "kinesis_target": [],
            "redshift_target": [],
            "retry_policy": [],
            "role_arn": "",
            "rule": "Karpenter-SpotInterrupt-20240715184535125800000017",
            "run_command_targets": [],
            "sagemaker_pipeline_target": [],
            "sqs_target": [],
            "target_id": "KarpenterQueueTarget"
          },
          "sensitive_attributes": [],
          "private": "eyJzY2hlbWFfdmVyc2lvbiI6IjEifQ==",
          "dependencies": [
            "module.eks_blueprints_addons.aws_cloudwatch_event_rule.karpenter",
            "module.eks_blueprints_addons.module.karpenter_sqs.aws_sqs_queue.this",
            "module.eks_cluster.aws_cloudwatch_log_group.this",
            "module.eks_cluster.aws_eks_access_entry.this",
            "module.eks_cluster.aws_eks_access_policy_association.this",
            "module.eks_cluster.aws_eks_cluster.this",
            "module.eks_cluster.aws_iam_policy.cni_ipv6_policy",
            "module.eks_cluster.aws_iam_role.this",
            "module.eks_cluster.aws_iam_role_policy_attachment.this",
            "module.eks_cluster.aws_security_group.cluster",
            "module.eks_cluster.aws_security_group.node",
            "module.eks_cluster.aws_security_group_rule.cluster",
            "module.eks_cluster.aws_security_group_rule.node",
            "module.eks_cluster.data.aws_caller_identity.current",
            "module.eks_cluster.data.aws_iam_policy_document.assume_role_policy",
            "module.eks_cluster.data.aws_iam_policy_document.cni_ipv6_policy",
            "module.eks_cluster.data.aws_iam_session_context.current",
            "module.eks_cluster.data.aws_partition.current",
            "module.eks_cluster.module.kms.aws_kms_external_key.this",
            "module.eks_cluster.module.kms.aws_kms_key.this",
            "module.eks_cluster.module.kms.aws_kms_replica_external_key.this",
            "module.eks_cluster.module.kms.aws_kms_replica_key.this",
            "module.eks_cluster.module.kms.data.aws_caller_identity.current",
            "module.eks_cluster.module.kms.data.aws_iam_policy_document.this",
            "module.eks_cluster.module.kms.data.aws_partition.current",
            "module.vpc.aws_subnet.private",
            "module.vpc.aws_subnet.public",
            "module.vpc.aws_vpc.this",
            "module.vpc.aws_vpc_ipv4_cidr_block_association.this"
          ]
        }
      ]
    },
    {
      "module": "module.eks_blueprints_addons",
      "mode": "managed",
      "type": "aws_cloudwatch_log_group",
      "name": "aws_for_fluentbit",
      "provider": "provider[\"registry.terraform.io/hashicorp/aws\"]",
      "instances": [
        {
          "index_key": 0,
          "schema_version": 0,
          "attributes": {
            "arn": "arn:aws:logs:us-east-1:389029577690:log-group:/aws/eks/eks-blueprint/aws-fluentbit-logs-20240715184535121300000012",
            "id": "/aws/eks/eks-blueprint/aws-fluentbit-logs-20240715184535121300000012",
            "kms_key_id": "",
            "log_group_class": "STANDARD",
            "name": "/aws/eks/eks-blueprint/aws-fluentbit-logs-20240715184535121300000012",
            "name_prefix": "/aws/eks/eks-blueprint/aws-fluentbit-logs-",
            "retention_in_days": 90,
            "skip_destroy": false,
            "tags": {
              "Environment": "sandbox",
              "Terraform": "true"
            },
            "tags_all": {
              "Environment": "sandbox",
              "Terraform": "true"
            }
          },
          "sensitive_attributes": [],
          "private": "bnVsbA==",
          "dependencies": [
            "module.eks_cluster.aws_cloudwatch_log_group.this",
            "module.eks_cluster.aws_eks_access_entry.this",
            "module.eks_cluster.aws_eks_access_policy_association.this",
            "module.eks_cluster.aws_eks_cluster.this",
            "module.eks_cluster.aws_iam_policy.cni_ipv6_policy",
            "module.eks_cluster.aws_iam_role.this",
            "module.eks_cluster.aws_iam_role_policy_attachment.this",
            "module.eks_cluster.aws_security_group.cluster",
            "module.eks_cluster.aws_security_group.node",
            "module.eks_cluster.aws_security_group_rule.cluster",
            "module.eks_cluster.aws_security_group_rule.node",
            "module.eks_cluster.data.aws_caller_identity.current",
            "module.eks_cluster.data.aws_iam_policy_document.assume_role_policy",
            "module.eks_cluster.data.aws_iam_policy_document.cni_ipv6_policy",
            "module.eks_cluster.data.aws_iam_session_context.current",
            "module.eks_cluster.data.aws_partition.current",
            "module.eks_cluster.module.kms.aws_kms_external_key.this",
            "module.eks_cluster.module.kms.aws_kms_key.this",
            "module.eks_cluster.module.kms.aws_kms_replica_external_key.this",
            "module.eks_cluster.module.kms.aws_kms_replica_key.this",
            "module.eks_cluster.module.kms.data.aws_caller_identity.current",
            "module.eks_cluster.module.kms.data.aws_iam_policy_document.this",
            "module.eks_cluster.module.kms.data.aws_partition.current",
            "module.vpc.aws_subnet.private",
            "module.vpc.aws_subnet.public",
            "module.vpc.aws_vpc.this",
            "module.vpc.aws_vpc_ipv4_cidr_block_association.this"
          ]
        }
      ]
    },
    {
      "module": "module.eks_blueprints_addons",
      "mode": "managed",
      "type": "aws_cloudwatch_log_group",
      "name": "fargate_fluentbit",
      "provider": "provider[\"registry.terraform.io/hashicorp/aws\"]",
      "instances": [
        {
          "index_key": 0,
          "schema_version": 0,
          "attributes": {
            "arn": "arn:aws:logs:us-east-1:389029577690:log-group:/eks-blueprint/fargate-fluentbit-logs20240715184535122600000014",
            "id": "/eks-blueprint/fargate-fluentbit-logs20240715184535122600000014",
            "kms_key_id": "",
            "log_group_class": "STANDARD",
            "name": "/eks-blueprint/fargate-fluentbit-logs20240715184535122600000014",
            "name_prefix": "/eks-blueprint/fargate-fluentbit-logs",
            "retention_in_days": 90,
            "skip_destroy": false,
            "tags": {
              "Environment": "sandbox",
              "Terraform": "true"
            },
            "tags_all": {
              "Environment": "sandbox",
              "Terraform": "true"
            }
          },
          "sensitive_attributes": [],
          "private": "bnVsbA==",
          "dependencies": [
            "module.eks_cluster.aws_cloudwatch_log_group.this",
            "module.eks_cluster.aws_eks_access_entry.this",
            "module.eks_cluster.aws_eks_access_policy_association.this",
            "module.eks_cluster.aws_eks_cluster.this",
            "module.eks_cluster.aws_iam_policy.cni_ipv6_policy",
            "module.eks_cluster.aws_iam_role.this",
            "module.eks_cluster.aws_iam_role_policy_attachment.this",
            "module.eks_cluster.aws_security_group.cluster",
            "module.eks_cluster.aws_security_group.node",
            "module.eks_cluster.aws_security_group_rule.cluster",
            "module.eks_cluster.aws_security_group_rule.node",
            "module.eks_cluster.data.aws_caller_identity.current",
            "module.eks_cluster.data.aws_iam_policy_document.assume_role_policy",
            "module.eks_cluster.data.aws_iam_policy_document.cni_ipv6_policy",
            "module.eks_cluster.data.aws_iam_session_context.current",
            "module.eks_cluster.data.aws_partition.current",
            "module.eks_cluster.module.kms.aws_kms_external_key.this",
            "module.eks_cluster.module.kms.aws_kms_key.this",
            "module.eks_cluster.module.kms.aws_kms_replica_external_key.this",
            "module.eks_cluster.module.kms.aws_kms_replica_key.this",
            "module.eks_cluster.module.kms.data.aws_caller_identity.current",
            "module.eks_cluster.module.kms.data.aws_iam_policy_document.this",
            "module.eks_cluster.module.kms.data.aws_partition.current",
            "module.vpc.aws_subnet.private",
            "module.vpc.aws_subnet.public",
            "module.vpc.aws_vpc.this",
            "module.vpc.aws_vpc_ipv4_cidr_block_association.this"
          ]
        }
      ]
    },
    {
      "module": "module.eks_blueprints_addons",
      "mode": "managed",
      "type": "aws_iam_instance_profile",
      "name": "karpenter",
      "provider": "provider[\"registry.terraform.io/hashicorp/aws\"]",
      "instances": [
        {
          "index_key": 0,
          "schema_version": 0,
          "attributes": {
            "arn": "arn:aws:iam::389029577690:instance-profile/karpenter-eks-blueprint-20240715184536401300000019",
            "create_date": "2024-07-15T18:45:36Z",
            "id": "karpenter-eks-blueprint-20240715184536401300000019",
            "name": "karpenter-eks-blueprint-20240715184536401300000019",
            "name_prefix": "karpenter-eks-blueprint-",
            "path": "/",
            "role": "karpenter-eks-blueprint-20240715184535129200000018",
            "tags": {
              "Environment": "sandbox",
              "Terraform": "true"
            },
            "tags_all": {
              "Environment": "sandbox",
              "Terraform": "true"
            },
            "unique_id": "AIPAVVE7YIPNLCZSGYP6D"
          },
          "sensitive_attributes": [],
          "private": "bnVsbA==",
          "dependencies": [
            "module.eks_blueprints_addons.aws_iam_role.karpenter",
            "module.eks_blueprints_addons.data.aws_iam_policy_document.karpenter_assume_role",
            "module.eks_cluster.aws_cloudwatch_log_group.this",
            "module.eks_cluster.aws_eks_access_entry.this",
            "module.eks_cluster.aws_eks_access_policy_association.this",
            "module.eks_cluster.aws_eks_cluster.this",
            "module.eks_cluster.aws_iam_policy.cni_ipv6_policy",
            "module.eks_cluster.aws_iam_role.this",
            "module.eks_cluster.aws_iam_role_policy_attachment.this",
            "module.eks_cluster.aws_security_group.cluster",
            "module.eks_cluster.aws_security_group.node",
            "module.eks_cluster.aws_security_group_rule.cluster",
            "module.eks_cluster.aws_security_group_rule.node",
            "module.eks_cluster.data.aws_caller_identity.current",
            "module.eks_cluster.data.aws_iam_policy_document.assume_role_policy",
            "module.eks_cluster.data.aws_iam_policy_document.cni_ipv6_policy",
            "module.eks_cluster.data.aws_iam_session_context.current",
            "module.eks_cluster.data.aws_partition.current",
            "module.eks_cluster.module.kms.aws_kms_external_key.this",
            "module.eks_cluster.module.kms.aws_kms_key.this",
            "module.eks_cluster.module.kms.aws_kms_replica_external_key.this",
            "module.eks_cluster.module.kms.aws_kms_replica_key.this",
            "module.eks_cluster.module.kms.data.aws_caller_identity.current",
            "module.eks_cluster.module.kms.data.aws_iam_policy_document.this",
            "module.eks_cluster.module.kms.data.aws_partition.current",
            "module.vpc.aws_subnet.private",
            "module.vpc.aws_subnet.public",
            "module.vpc.aws_vpc.this",
            "module.vpc.aws_vpc_ipv4_cidr_block_association.this"
          ]
        }
      ]
    },
    {
      "module": "module.eks_blueprints_addons",
      "mode": "managed",
      "type": "aws_iam_policy",
      "name": "fargate_fluentbit",
      "provider": "provider[\"registry.terraform.io/hashicorp/aws\"]",
      "instances": [
        {
          "index_key": 0,
          "schema_version": 0,
          "attributes": {
            "arn": "arn:aws:iam::389029577690:policy/eks-blueprint-fargate-fluentbit-logs-2024071518453744120000001e",
            "attachment_count": 0,
            "description": "",
            "id": "arn:aws:iam::389029577690:policy/eks-blueprint-fargate-fluentbit-logs-2024071518453744120000001e",
            "name": "eks-blueprint-fargate-fluentbit-logs-2024071518453744120000001e",
            "name_prefix": "eks-blueprint-fargate-fluentbit-logs-",
            "path": "/",
            "policy": "{\"Statement\":[{\"Action\":[\"logs:PutLogEvents\",\"logs:DescribeLogStreams\",\"logs:CreateLogStream\",\"logs:CreateLogGroup\"],\"Effect\":\"Allow\",\"Resource\":[\"arn:aws:logs:us-east-1:389029577690:log-group:/eks-blueprint/fargate-fluentbit-logs20240715184535122600000014:logstream:*\",\"arn:aws:logs:us-east-1:389029577690:log-group:/eks-blueprint/fargate-fluentbit-logs20240715184535122600000014:*\"],\"Sid\":\"PutLogEvents\"}],\"Version\":\"2012-10-17\"}",
            "policy_id": "ANPAVVE7YIPNLB3M6A3PA",
            "tags": {},
            "tags_all": {}
          },
          "sensitive_attributes": [],
          "private": "bnVsbA==",
          "dependencies": [
            "module.eks_blueprints_addons.aws_cloudwatch_log_group.fargate_fluentbit",
            "module.eks_blueprints_addons.data.aws_iam_policy_document.fargate_fluentbit",
            "module.eks_cluster.aws_cloudwatch_log_group.this",
            "module.eks_cluster.aws_eks_access_entry.this",
            "module.eks_cluster.aws_eks_access_policy_association.this",
            "module.eks_cluster.aws_eks_cluster.this",
            "module.eks_cluster.aws_iam_policy.cni_ipv6_policy",
            "module.eks_cluster.aws_iam_role.this",
            "module.eks_cluster.aws_iam_role_policy_attachment.this",
            "module.eks_cluster.aws_security_group.cluster",
            "module.eks_cluster.aws_security_group.node",
            "module.eks_cluster.aws_security_group_rule.cluster",
            "module.eks_cluster.aws_security_group_rule.node",
            "module.eks_cluster.data.aws_caller_identity.current",
            "module.eks_cluster.data.aws_iam_policy_document.assume_role_policy",
            "module.eks_cluster.data.aws_iam_policy_document.cni_ipv6_policy",
            "module.eks_cluster.data.aws_iam_session_context.current",
            "module.eks_cluster.data.aws_partition.current",
            "module.eks_cluster.module.kms.aws_kms_external_key.this",
            "module.eks_cluster.module.kms.aws_kms_key.this",
            "module.eks_cluster.module.kms.aws_kms_replica_external_key.this",
            "module.eks_cluster.module.kms.aws_kms_replica_key.this",
            "module.eks_cluster.module.kms.data.aws_caller_identity.current",
            "module.eks_cluster.module.kms.data.aws_iam_policy_document.this",
            "module.eks_cluster.module.kms.data.aws_partition.current",
            "module.vpc.aws_subnet.private",
            "module.vpc.aws_subnet.public",
            "module.vpc.aws_vpc.this",
            "module.vpc.aws_vpc_ipv4_cidr_block_association.this"
          ]
        }
      ]
    },
    {
      "module": "module.eks_blueprints_addons",
      "mode": "managed",
      "type": "aws_iam_role",
      "name": "karpenter",
      "provider": "provider[\"registry.terraform.io/hashicorp/aws\"]",
      "instances": [
        {
          "index_key": 0,
          "schema_version": 0,
          "attributes": {
            "arn": "arn:aws:iam::389029577690:role/karpenter-eks-blueprint-20240715184535129200000018",
            "assume_role_policy": "{\"Statement\":[{\"Action\":\"sts:AssumeRole\",\"Effect\":\"Allow\",\"Principal\":{\"Service\":\"ec2.amazonaws.com\"},\"Sid\":\"KarpenterNodeAssumeRole\"}],\"Version\":\"2012-10-17\"}",
            "create_date": "2024-07-15T18:45:35Z",
            "description": "Karpenter EC2 node IAM role",
            "force_detach_policies": true,
            "id": "karpenter-eks-blueprint-20240715184535129200000018",
            "inline_policy": [],
            "managed_policy_arns": [
              "arn:aws:iam::aws:policy/AmazonEC2ContainerRegistryReadOnly",
              "arn:aws:iam::aws:policy/AmazonEKSWorkerNodePolicy",
              "arn:aws:iam::aws:policy/AmazonEKS_CNI_Policy"
            ],
            "max_session_duration": 3600,
            "name": "karpenter-eks-blueprint-20240715184535129200000018",
            "name_prefix": "karpenter-eks-blueprint-",
            "path": "/",
            "permissions_boundary": "",
            "tags": {
              "Environment": "sandbox",
              "Terraform": "true"
            },
            "tags_all": {
              "Environment": "sandbox",
              "Terraform": "true"
            },
            "unique_id": "AROAVVE7YIPNOHIPES3WH"
          },
          "sensitive_attributes": [],
          "private": "bnVsbA==",
          "dependencies": [
            "module.eks_blueprints_addons.data.aws_iam_policy_document.karpenter_assume_role",
            "module.eks_cluster.aws_cloudwatch_log_group.this",
            "module.eks_cluster.aws_eks_access_entry.this",
            "module.eks_cluster.aws_eks_access_policy_association.this",
            "module.eks_cluster.aws_eks_cluster.this",
            "module.eks_cluster.aws_iam_policy.cni_ipv6_policy",
            "module.eks_cluster.aws_iam_role.this",
            "module.eks_cluster.aws_iam_role_policy_attachment.this",
            "module.eks_cluster.aws_security_group.cluster",
            "module.eks_cluster.aws_security_group.node",
            "module.eks_cluster.aws_security_group_rule.cluster",
            "module.eks_cluster.aws_security_group_rule.node",
            "module.eks_cluster.data.aws_caller_identity.current",
            "module.eks_cluster.data.aws_iam_policy_document.assume_role_policy",
            "module.eks_cluster.data.aws_iam_policy_document.cni_ipv6_policy",
            "module.eks_cluster.data.aws_iam_session_context.current",
            "module.eks_cluster.data.aws_partition.current",
            "module.eks_cluster.module.kms.aws_kms_external_key.this",
            "module.eks_cluster.module.kms.aws_kms_key.this",
            "module.eks_cluster.module.kms.aws_kms_replica_external_key.this",
            "module.eks_cluster.module.kms.aws_kms_replica_key.this",
            "module.eks_cluster.module.kms.data.aws_caller_identity.current",
            "module.eks_cluster.module.kms.data.aws_iam_policy_document.this",
            "module.eks_cluster.module.kms.data.aws_partition.current",
            "module.vpc.aws_subnet.private",
            "module.vpc.aws_subnet.public",
            "module.vpc.aws_vpc.this",
            "module.vpc.aws_vpc_ipv4_cidr_block_association.this"
          ]
        }
      ]
    },
    {
      "module": "module.eks_blueprints_addons",
      "mode": "managed",
      "type": "aws_iam_role_policy_attachment",
      "name": "karpenter",
      "provider": "provider[\"registry.terraform.io/hashicorp/aws\"]",
      "instances": [
        {
          "index_key": "AmazonEC2ContainerRegistryReadOnly",
          "schema_version": 0,
          "attributes": {
            "id": "karpenter-eks-blueprint-20240715184535129200000018-2024071518453713460000001d",
            "policy_arn": "arn:aws:iam::aws:policy/AmazonEC2ContainerRegistryReadOnly",
            "role": "karpenter-eks-blueprint-20240715184535129200000018"
          },
          "sensitive_attributes": [],
          "private": "bnVsbA==",
          "dependencies": [
            "module.eks_blueprints_addons.aws_iam_role.karpenter",
            "module.eks_blueprints_addons.data.aws_iam_policy_document.karpenter_assume_role",
            "module.eks_blueprints_addons.data.aws_partition.current",
            "module.eks_cluster.aws_cloudwatch_log_group.this",
            "module.eks_cluster.aws_eks_access_entry.this",
            "module.eks_cluster.aws_eks_access_policy_association.this",
            "module.eks_cluster.aws_eks_cluster.this",
            "module.eks_cluster.aws_iam_policy.cni_ipv6_policy",
            "module.eks_cluster.aws_iam_role.this",
            "module.eks_cluster.aws_iam_role_policy_attachment.this",
            "module.eks_cluster.aws_security_group.cluster",
            "module.eks_cluster.aws_security_group.node",
            "module.eks_cluster.aws_security_group_rule.cluster",
            "module.eks_cluster.aws_security_group_rule.node",
            "module.eks_cluster.data.aws_caller_identity.current",
            "module.eks_cluster.data.aws_iam_policy_document.assume_role_policy",
            "module.eks_cluster.data.aws_iam_policy_document.cni_ipv6_policy",
            "module.eks_cluster.data.aws_iam_session_context.current",
            "module.eks_cluster.data.aws_partition.current",
            "module.eks_cluster.module.kms.aws_kms_external_key.this",
            "module.eks_cluster.module.kms.aws_kms_key.this",
            "module.eks_cluster.module.kms.aws_kms_replica_external_key.this",
            "module.eks_cluster.module.kms.aws_kms_replica_key.this",
            "module.eks_cluster.module.kms.data.aws_caller_identity.current",
            "module.eks_cluster.module.kms.data.aws_iam_policy_document.this",
            "module.eks_cluster.module.kms.data.aws_partition.current",
            "module.vpc.aws_subnet.private",
            "module.vpc.aws_subnet.public",
            "module.vpc.aws_vpc.this",
            "module.vpc.aws_vpc_ipv4_cidr_block_association.this"
          ]
        },
        {
          "index_key": "AmazonEKSWorkerNodePolicy",
          "schema_version": 0,
          "attributes": {
            "id": "karpenter-eks-blueprint-20240715184535129200000018-2024071518453668810000001b",
            "policy_arn": "arn:aws:iam::aws:policy/AmazonEKSWorkerNodePolicy",
            "role": "karpenter-eks-blueprint-20240715184535129200000018"
          },
          "sensitive_attributes": [],
          "private": "bnVsbA==",
          "dependencies": [
            "module.eks_blueprints_addons.aws_iam_role.karpenter",
            "module.eks_blueprints_addons.data.aws_iam_policy_document.karpenter_assume_role",
            "module.eks_blueprints_addons.data.aws_partition.current",
            "module.eks_cluster.aws_cloudwatch_log_group.this",
            "module.eks_cluster.aws_eks_access_entry.this",
            "module.eks_cluster.aws_eks_access_policy_association.this",
            "module.eks_cluster.aws_eks_cluster.this",
            "module.eks_cluster.aws_iam_policy.cni_ipv6_policy",
            "module.eks_cluster.aws_iam_role.this",
            "module.eks_cluster.aws_iam_role_policy_attachment.this",
            "module.eks_cluster.aws_security_group.cluster",
            "module.eks_cluster.aws_security_group.node",
            "module.eks_cluster.aws_security_group_rule.cluster",
            "module.eks_cluster.aws_security_group_rule.node",
            "module.eks_cluster.data.aws_caller_identity.current",
            "module.eks_cluster.data.aws_iam_policy_document.assume_role_policy",
            "module.eks_cluster.data.aws_iam_policy_document.cni_ipv6_policy",
            "module.eks_cluster.data.aws_iam_session_context.current",
            "module.eks_cluster.data.aws_partition.current",
            "module.eks_cluster.module.kms.aws_kms_external_key.this",
            "module.eks_cluster.module.kms.aws_kms_key.this",
            "module.eks_cluster.module.kms.aws_kms_replica_external_key.this",
            "module.eks_cluster.module.kms.aws_kms_replica_key.this",
            "module.eks_cluster.module.kms.data.aws_caller_identity.current",
            "module.eks_cluster.module.kms.data.aws_iam_policy_document.this",
            "module.eks_cluster.module.kms.data.aws_partition.current",
            "module.vpc.aws_subnet.private",
            "module.vpc.aws_subnet.public",
            "module.vpc.aws_vpc.this",
            "module.vpc.aws_vpc_ipv4_cidr_block_association.this"
          ]
        },
        {
          "index_key": "AmazonEKS_CNI_Policy",
          "schema_version": 0,
          "attributes": {
            "id": "karpenter-eks-blueprint-20240715184535129200000018-2024071518453663860000001a",
            "policy_arn": "arn:aws:iam::aws:policy/AmazonEKS_CNI_Policy",
            "role": "karpenter-eks-blueprint-20240715184535129200000018"
          },
          "sensitive_attributes": [],
          "private": "bnVsbA==",
          "dependencies": [
            "module.eks_blueprints_addons.aws_iam_role.karpenter",
            "module.eks_blueprints_addons.data.aws_iam_policy_document.karpenter_assume_role",
            "module.eks_blueprints_addons.data.aws_partition.current",
            "module.eks_cluster.aws_cloudwatch_log_group.this",
            "module.eks_cluster.aws_eks_access_entry.this",
            "module.eks_cluster.aws_eks_access_policy_association.this",
            "module.eks_cluster.aws_eks_cluster.this",
            "module.eks_cluster.aws_iam_policy.cni_ipv6_policy",
            "module.eks_cluster.aws_iam_role.this",
            "module.eks_cluster.aws_iam_role_policy_attachment.this",
            "module.eks_cluster.aws_security_group.cluster",
            "module.eks_cluster.aws_security_group.node",
            "module.eks_cluster.aws_security_group_rule.cluster",
            "module.eks_cluster.aws_security_group_rule.node",
            "module.eks_cluster.data.aws_caller_identity.current",
            "module.eks_cluster.data.aws_iam_policy_document.assume_role_policy",
            "module.eks_cluster.data.aws_iam_policy_document.cni_ipv6_policy",
            "module.eks_cluster.data.aws_iam_session_context.current",
            "module.eks_cluster.data.aws_partition.current",
            "module.eks_cluster.module.kms.aws_kms_external_key.this",
            "module.eks_cluster.module.kms.aws_kms_key.this",
            "module.eks_cluster.module.kms.aws_kms_replica_external_key.this",
            "module.eks_cluster.module.kms.aws_kms_replica_key.this",
            "module.eks_cluster.module.kms.data.aws_caller_identity.current",
            "module.eks_cluster.module.kms.data.aws_iam_policy_document.this",
            "module.eks_cluster.module.kms.data.aws_partition.current",
            "module.vpc.aws_subnet.private",
            "module.vpc.aws_subnet.public",
            "module.vpc.aws_vpc.this",
            "module.vpc.aws_vpc_ipv4_cidr_block_association.this"
          ]
        }
      ]
    },
    {
      "module": "module.eks_blueprints_addons",
      "mode": "managed",
      "type": "kubernetes_config_map_v1",
      "name": "aws_logging",
      "provider": "provider[\"registry.terraform.io/hashicorp/kubernetes\"]",
      "instances": [
        {
          "index_key": 0,
          "schema_version": 0,
          "attributes": {
            "binary_data": {},
            "data": {
              "filters.conf": "[FILTER]\r\n  Name parser\r\n  Match *\r\n  Key_Name log\r\n  Parser regex\r\n  Preserve_Key True\r\n  Reserve_Data True\r\n",
              "flb_log_cw": "false",
              "output.conf": "[OUTPUT]\r\n  Name cloudwatch_logs\r\n  Match *\r\n  region us-east-1\r\n  log_group_name /eks-blueprint/fargate-fluentbit-logs20240715184535122600000014\r\n  log_stream_prefix fargate-logs-\r\n  auto_create_group true\r\n",
              "parsers.conf": "[PARSER]\r\n  Name regex\r\n  Format regex\r\n  Regex ^(?\u003ctime\u003e[^ ]+) (?\u003cstream\u003e[^ ]+) (?\u003clogtag\u003e[^ ]+) (?\u003cmessage\u003e.+)$\r\n  Time_Key time\r\n  Time_Format %Y-%m-%dT%H:%M:%S.%L%z\r\n  Time_Keep On\r\n  Decode_Field_As json message\r\n"
            },
            "id": "aws-observability/aws-logging",
            "immutable": false,
            "metadata": [
              {
                "annotations": {},
                "generate_name": "",
                "generation": 0,
                "labels": {},
                "name": "aws-logging",
                "namespace": "aws-observability",
                "resource_version": "1121",
                "uid": "a3e47aca-38a4-4ea9-9f38-00762c4e871b"
              }
            ]
          },
          "sensitive_attributes": [],
          "private": "bnVsbA==",
          "dependencies": [
            "module.eks_blueprints_addons.aws_cloudwatch_log_group.fargate_fluentbit",
            "module.eks_blueprints_addons.data.aws_region.current",
            "module.eks_blueprints_addons.kubernetes_namespace_v1.aws_observability",
            "module.eks_cluster.aws_cloudwatch_log_group.this",
            "module.eks_cluster.aws_eks_access_entry.this",
            "module.eks_cluster.aws_eks_access_policy_association.this",
            "module.eks_cluster.aws_eks_cluster.this",
            "module.eks_cluster.aws_iam_policy.cni_ipv6_policy",
            "module.eks_cluster.aws_iam_role.this",
            "module.eks_cluster.aws_iam_role_policy_attachment.this",
            "module.eks_cluster.aws_security_group.cluster",
            "module.eks_cluster.aws_security_group.node",
            "module.eks_cluster.aws_security_group_rule.cluster",
            "module.eks_cluster.aws_security_group_rule.node",
            "module.eks_cluster.data.aws_caller_identity.current",
            "module.eks_cluster.data.aws_iam_policy_document.assume_role_policy",
            "module.eks_cluster.data.aws_iam_policy_document.cni_ipv6_policy",
            "module.eks_cluster.data.aws_iam_session_context.current",
            "module.eks_cluster.data.aws_partition.current",
            "module.eks_cluster.module.kms.aws_kms_external_key.this",
            "module.eks_cluster.module.kms.aws_kms_key.this",
            "module.eks_cluster.module.kms.aws_kms_replica_external_key.this",
            "module.eks_cluster.module.kms.aws_kms_replica_key.this",
            "module.eks_cluster.module.kms.data.aws_caller_identity.current",
            "module.eks_cluster.module.kms.data.aws_iam_policy_document.this",
            "module.eks_cluster.module.kms.data.aws_partition.current",
            "module.vpc.aws_subnet.private",
            "module.vpc.aws_subnet.public",
            "module.vpc.aws_vpc.this",
            "module.vpc.aws_vpc_ipv4_cidr_block_association.this"
          ]
        }
      ]
    },
    {
      "module": "module.eks_blueprints_addons",
      "mode": "managed",
      "type": "kubernetes_namespace_v1",
      "name": "aws_observability",
      "provider": "provider[\"registry.terraform.io/hashicorp/kubernetes\"]",
      "instances": [
        {
          "index_key": 0,
          "schema_version": 0,
          "attributes": {
            "id": "aws-observability",
            "metadata": [
              {
                "annotations": {},
                "generate_name": "",
                "generation": 0,
                "labels": {
                  "aws-observability": "enabled"
                },
                "name": "aws-observability",
                "resource_version": "1110",
                "uid": "00263bab-5b86-450a-8cb7-322d334405b0"
              }
            ],
            "timeouts": null,
            "wait_for_default_service_account": false
          },
          "sensitive_attributes": [],
          "private": "eyJlMmJmYjczMC1lY2FhLTExZTYtOGY4OC0zNDM2M2JjN2M0YzAiOnsiZGVsZXRlIjozMDAwMDAwMDAwMDB9fQ==",
          "dependencies": [
            "module.eks_cluster.aws_cloudwatch_log_group.this",
            "module.eks_cluster.aws_eks_access_entry.this",
            "module.eks_cluster.aws_eks_access_policy_association.this",
            "module.eks_cluster.aws_eks_cluster.this",
            "module.eks_cluster.aws_iam_policy.cni_ipv6_policy",
            "module.eks_cluster.aws_iam_role.this",
            "module.eks_cluster.aws_iam_role_policy_attachment.this",
            "module.eks_cluster.aws_security_group.cluster",
            "module.eks_cluster.aws_security_group.node",
            "module.eks_cluster.aws_security_group_rule.cluster",
            "module.eks_cluster.aws_security_group_rule.node",
            "module.eks_cluster.data.aws_caller_identity.current",
            "module.eks_cluster.data.aws_iam_policy_document.assume_role_policy",
            "module.eks_cluster.data.aws_iam_policy_document.cni_ipv6_policy",
            "module.eks_cluster.data.aws_iam_session_context.current",
            "module.eks_cluster.data.aws_partition.current",
            "module.eks_cluster.module.kms.aws_kms_external_key.this",
            "module.eks_cluster.module.kms.aws_kms_key.this",
            "module.eks_cluster.module.kms.aws_kms_replica_external_key.this",
            "module.eks_cluster.module.kms.aws_kms_replica_key.this",
            "module.eks_cluster.module.kms.data.aws_caller_identity.current",
            "module.eks_cluster.module.kms.data.aws_iam_policy_document.this",
            "module.eks_cluster.module.kms.data.aws_partition.current",
            "module.vpc.aws_subnet.private",
            "module.vpc.aws_subnet.public",
            "module.vpc.aws_vpc.this",
            "module.vpc.aws_vpc_ipv4_cidr_block_association.this"
          ]
        }
      ]
    },
    {
      "module": "module.eks_blueprints_addons",
      "mode": "managed",
      "type": "time_sleep",
      "name": "this",
      "provider": "provider[\"registry.terraform.io/hashicorp/time\"]",
      "instances": [
        {
          "schema_version": 0,
          "attributes": {
            "create_duration": "30s",
            "destroy_duration": null,
            "id": "2024-07-15T18:46:05Z",
            "triggers": {
              "cluster_endpoint": "https://256E944920A43EA505E681939492415B.gr7.us-east-1.eks.amazonaws.com",
              "cluster_name": "eks-blueprint",
              "custom": "",
              "oidc_provider_arn": "arn:aws:iam::389029577690:oidc-provider/oidc.eks.us-east-1.amazonaws.com/id/256E944920A43EA505E681939492415B"
            }
          },
          "sensitive_attributes": [],
          "dependencies": [
            "module.eks_cluster.aws_cloudwatch_log_group.this",
            "module.eks_cluster.aws_eks_access_entry.this",
            "module.eks_cluster.aws_eks_access_policy_association.this",
            "module.eks_cluster.aws_eks_cluster.this",
            "module.eks_cluster.aws_iam_openid_connect_provider.oidc_provider",
            "module.eks_cluster.aws_iam_policy.cni_ipv6_policy",
            "module.eks_cluster.aws_iam_role.this",
            "module.eks_cluster.aws_iam_role_policy_attachment.this",
            "module.eks_cluster.aws_security_group.cluster",
            "module.eks_cluster.aws_security_group.node",
            "module.eks_cluster.aws_security_group_rule.cluster",
            "module.eks_cluster.aws_security_group_rule.node",
            "module.eks_cluster.data.aws_caller_identity.current",
            "module.eks_cluster.data.aws_iam_policy_document.assume_role_policy",
            "module.eks_cluster.data.aws_iam_policy_document.cni_ipv6_policy",
            "module.eks_cluster.data.aws_iam_session_context.current",
            "module.eks_cluster.data.aws_partition.current",
            "module.eks_cluster.data.tls_certificate.this",
            "module.eks_cluster.module.kms.aws_kms_external_key.this",
            "module.eks_cluster.module.kms.aws_kms_key.this",
            "module.eks_cluster.module.kms.aws_kms_replica_external_key.this",
            "module.eks_cluster.module.kms.aws_kms_replica_key.this",
            "module.eks_cluster.module.kms.data.aws_caller_identity.current",
            "module.eks_cluster.module.kms.data.aws_iam_policy_document.this",
            "module.eks_cluster.module.kms.data.aws_partition.current",
            "module.vpc.aws_subnet.private",
            "module.vpc.aws_subnet.public",
            "module.vpc.aws_vpc.this",
            "module.vpc.aws_vpc_ipv4_cidr_block_association.this"
          ]
        }
      ]
    },
    {
      "module": "module.eks_blueprints_addons.module.aws_cloudwatch_metrics",
      "mode": "data",
      "type": "aws_caller_identity",
      "name": "current",
      "provider": "provider[\"registry.terraform.io/hashicorp/aws\"]",
      "instances": [
        {
          "index_key": 0,
          "schema_version": 0,
          "attributes": {
            "account_id": "389029577690",
            "arn": "arn:aws:iam::389029577690:user/Marketing",
            "id": "389029577690",
            "user_id": "AIDAVVE7YIPNMUTPSACL4"
          },
          "sensitive_attributes": []
        }
      ]
    },
    {
      "module": "module.eks_blueprints_addons.module.aws_cloudwatch_metrics",
      "mode": "data",
      "type": "aws_iam_policy_document",
      "name": "assume",
      "provider": "provider[\"registry.terraform.io/hashicorp/aws\"]",
      "instances": [
        {
          "index_key": 0,
          "schema_version": 0,
          "attributes": {
            "id": "2019782643",
            "json": "{\n  \"Version\": \"2012-10-17\",\n  \"Statement\": [\n    {\n      \"Effect\": \"Allow\",\n      \"Action\": \"sts:AssumeRoleWithWebIdentity\",\n      \"Principal\": {\n        \"Federated\": \"arn:aws:iam::389029577690:oidc-provider/oidc.eks.us-east-1.amazonaws.com/id/256E944920A43EA505E681939492415B\"\n      },\n      \"Condition\": {\n        \"StringEquals\": {\n          \"oidc.eks.us-east-1.amazonaws.com/id/256E944920A43EA505E681939492415B:aud\": \"sts.amazonaws.com\",\n          \"oidc.eks.us-east-1.amazonaws.com/id/256E944920A43EA505E681939492415B:sub\": \"system:serviceaccount:amazon-cloudwatch:aws-cloudwatch-metrics\"\n        }\n      }\n    }\n  ]\n}",
            "minified_json": "{\"Version\":\"2012-10-17\",\"Statement\":[{\"Effect\":\"Allow\",\"Action\":\"sts:AssumeRoleWithWebIdentity\",\"Principal\":{\"Federated\":\"arn:aws:iam::389029577690:oidc-provider/oidc.eks.us-east-1.amazonaws.com/id/256E944920A43EA505E681939492415B\"},\"Condition\":{\"StringEquals\":{\"oidc.eks.us-east-1.amazonaws.com/id/256E944920A43EA505E681939492415B:aud\":\"sts.amazonaws.com\",\"oidc.eks.us-east-1.amazonaws.com/id/256E944920A43EA505E681939492415B:sub\":\"system:serviceaccount:amazon-cloudwatch:aws-cloudwatch-metrics\"}}}]}",
            "override_json": null,
            "override_policy_documents": null,
            "policy_id": null,
            "source_json": null,
            "source_policy_documents": null,
            "statement": [
              {
                "actions": [
                  "sts:AssumeRoleWithWebIdentity"
                ],
                "condition": [
                  {
                    "test": "StringEquals",
                    "values": [
                      "sts.amazonaws.com"
                    ],
                    "variable": "oidc.eks.us-east-1.amazonaws.com/id/256E944920A43EA505E681939492415B:aud"
                  },
                  {
                    "test": "StringEquals",
                    "values": [
                      "system:serviceaccount:amazon-cloudwatch:aws-cloudwatch-metrics"
                    ],
                    "variable": "oidc.eks.us-east-1.amazonaws.com/id/256E944920A43EA505E681939492415B:sub"
                  }
                ],
                "effect": "Allow",
                "not_actions": [],
                "not_principals": [],
                "not_resources": [],
                "principals": [
                  {
                    "identifiers": [
                      "arn:aws:iam::389029577690:oidc-provider/oidc.eks.us-east-1.amazonaws.com/id/256E944920A43EA505E681939492415B"
                    ],
                    "type": "Federated"
                  }
                ],
                "resources": [],
                "sid": ""
              }
            ],
            "version": "2012-10-17"
          },
          "sensitive_attributes": []
        }
      ]
    },
    {
      "module": "module.eks_blueprints_addons.module.aws_cloudwatch_metrics",
      "mode": "data",
      "type": "aws_partition",
      "name": "current",
      "provider": "provider[\"registry.terraform.io/hashicorp/aws\"]",
      "instances": [
        {
          "index_key": 0,
          "schema_version": 0,
          "attributes": {
            "dns_suffix": "amazonaws.com",
            "id": "aws",
            "partition": "aws",
            "reverse_dns_prefix": "com.amazonaws"
          },
          "sensitive_attributes": []
        }
      ]
    },
    {
      "module": "module.eks_blueprints_addons.module.aws_cloudwatch_metrics",
      "mode": "managed",
      "type": "aws_iam_role",
      "name": "this",
      "provider": "provider[\"registry.terraform.io/hashicorp/aws\"]",
      "instances": [
        {
          "index_key": 0,
          "schema_version": 0,
          "attributes": {
            "arn": "arn:aws:iam::389029577690:role/aws-cloudwatch-metrics-2024071518460545030000002b",
            "assume_role_policy": "{\"Statement\":[{\"Action\":\"sts:AssumeRoleWithWebIdentity\",\"Condition\":{\"StringEquals\":{\"oidc.eks.us-east-1.amazonaws.com/id/256E944920A43EA505E681939492415B:aud\":\"sts.amazonaws.com\",\"oidc.eks.us-east-1.amazonaws.com/id/256E944920A43EA505E681939492415B:sub\":\"system:serviceaccount:amazon-cloudwatch:aws-cloudwatch-metrics\"}},\"Effect\":\"Allow\",\"Principal\":{\"Federated\":\"arn:aws:iam::389029577690:oidc-provider/oidc.eks.us-east-1.amazonaws.com/id/256E944920A43EA505E681939492415B\"}}],\"Version\":\"2012-10-17\"}",
            "create_date": "2024-07-15T18:46:05Z",
            "description": "IRSA for aws-cloudwatch-metrics project",
            "force_detach_policies": true,
            "id": "aws-cloudwatch-metrics-2024071518460545030000002b",
            "inline_policy": [],
            "managed_policy_arns": [
              "arn:aws:iam::aws:policy/CloudWatchAgentServerPolicy"
            ],
            "max_session_duration": 3600,
            "name": "aws-cloudwatch-metrics-2024071518460545030000002b",
            "name_prefix": "aws-cloudwatch-metrics-",
            "path": "/",
            "permissions_boundary": "",
            "tags": {
              "Environment": "sandbox",
              "Terraform": "true"
            },
            "tags_all": {
              "Environment": "sandbox",
              "Terraform": "true"
            },
            "unique_id": "AROAVVE7YIPNGPWZKZVJB"
          },
          "sensitive_attributes": [],
          "private": "bnVsbA==",
          "dependencies": [
            "module.eks_blueprints_addons.module.aws_cloudwatch_metrics.data.aws_caller_identity.current",
            "module.eks_blueprints_addons.module.aws_cloudwatch_metrics.data.aws_iam_policy_document.assume",
            "module.eks_blueprints_addons.module.aws_cloudwatch_metrics.data.aws_partition.current",
            "module.eks_blueprints_addons.time_sleep.this",
            "module.eks_cluster.aws_cloudwatch_log_group.this",
            "module.eks_cluster.aws_eks_access_entry.this",
            "module.eks_cluster.aws_eks_access_policy_association.this",
            "module.eks_cluster.aws_eks_cluster.this",
            "module.eks_cluster.aws_iam_openid_connect_provider.oidc_provider",
            "module.eks_cluster.aws_iam_policy.cni_ipv6_policy",
            "module.eks_cluster.aws_iam_role.this",
            "module.eks_cluster.aws_iam_role_policy_attachment.this",
            "module.eks_cluster.aws_security_group.cluster",
            "module.eks_cluster.aws_security_group.node",
            "module.eks_cluster.aws_security_group_rule.cluster",
            "module.eks_cluster.aws_security_group_rule.node",
            "module.eks_cluster.data.aws_caller_identity.current",
            "module.eks_cluster.data.aws_iam_policy_document.assume_role_policy",
            "module.eks_cluster.data.aws_iam_policy_document.cni_ipv6_policy",
            "module.eks_cluster.data.aws_iam_session_context.current",
            "module.eks_cluster.data.aws_partition.current",
            "module.eks_cluster.data.tls_certificate.this",
            "module.eks_cluster.module.kms.aws_kms_external_key.this",
            "module.eks_cluster.module.kms.aws_kms_key.this",
            "module.eks_cluster.module.kms.aws_kms_replica_external_key.this",
            "module.eks_cluster.module.kms.aws_kms_replica_key.this",
            "module.eks_cluster.module.kms.data.aws_caller_identity.current",
            "module.eks_cluster.module.kms.data.aws_iam_policy_document.this",
            "module.eks_cluster.module.kms.data.aws_partition.current",
            "module.vpc.aws_subnet.private",
            "module.vpc.aws_subnet.public",
            "module.vpc.aws_vpc.this",
            "module.vpc.aws_vpc_ipv4_cidr_block_association.this"
          ]
        }
      ]
    },
    {
      "module": "module.eks_blueprints_addons.module.aws_cloudwatch_metrics",
      "mode": "managed",
      "type": "aws_iam_role_policy_attachment",
      "name": "additional",
      "provider": "provider[\"registry.terraform.io/hashicorp/aws\"]",
      "instances": [
        {
          "index_key": "CloudWatchAgentServerPolicy",
          "schema_version": 0,
          "attributes": {
            "id": "aws-cloudwatch-metrics-2024071518460545030000002b-20240715184606547700000030",
            "policy_arn": "arn:aws:iam::aws:policy/CloudWatchAgentServerPolicy",
            "role": "aws-cloudwatch-metrics-2024071518460545030000002b"
          },
          "sensitive_attributes": [],
          "private": "bnVsbA==",
          "dependencies": [
            "module.eks_blueprints_addons.data.aws_partition.current",
            "module.eks_blueprints_addons.module.aws_cloudwatch_metrics.aws_iam_role.this",
            "module.eks_blueprints_addons.module.aws_cloudwatch_metrics.data.aws_caller_identity.current",
            "module.eks_blueprints_addons.module.aws_cloudwatch_metrics.data.aws_iam_policy_document.assume",
            "module.eks_blueprints_addons.module.aws_cloudwatch_metrics.data.aws_partition.current",
            "module.eks_blueprints_addons.time_sleep.this",
            "module.eks_cluster.aws_cloudwatch_log_group.this",
            "module.eks_cluster.aws_eks_access_entry.this",
            "module.eks_cluster.aws_eks_access_policy_association.this",
            "module.eks_cluster.aws_eks_cluster.this",
            "module.eks_cluster.aws_iam_openid_connect_provider.oidc_provider",
            "module.eks_cluster.aws_iam_policy.cni_ipv6_policy",
            "module.eks_cluster.aws_iam_role.this",
            "module.eks_cluster.aws_iam_role_policy_attachment.this",
            "module.eks_cluster.aws_security_group.cluster",
            "module.eks_cluster.aws_security_group.node",
            "module.eks_cluster.aws_security_group_rule.cluster",
            "module.eks_cluster.aws_security_group_rule.node",
            "module.eks_cluster.data.aws_caller_identity.current",
            "module.eks_cluster.data.aws_iam_policy_document.assume_role_policy",
            "module.eks_cluster.data.aws_iam_policy_document.cni_ipv6_policy",
            "module.eks_cluster.data.aws_iam_session_context.current",
            "module.eks_cluster.data.aws_partition.current",
            "module.eks_cluster.data.tls_certificate.this",
            "module.eks_cluster.module.kms.aws_kms_external_key.this",
            "module.eks_cluster.module.kms.aws_kms_key.this",
            "module.eks_cluster.module.kms.aws_kms_replica_external_key.this",
            "module.eks_cluster.module.kms.aws_kms_replica_key.this",
            "module.eks_cluster.module.kms.data.aws_caller_identity.current",
            "module.eks_cluster.module.kms.data.aws_iam_policy_document.this",
            "module.eks_cluster.module.kms.data.aws_partition.current",
            "module.vpc.aws_subnet.private",
            "module.vpc.aws_subnet.public",
            "module.vpc.aws_vpc.this",
            "module.vpc.aws_vpc_ipv4_cidr_block_association.this"
          ]
        }
      ]
    },
    {
      "module": "module.eks_blueprints_addons.module.aws_cloudwatch_metrics",
      "mode": "managed",
      "type": "helm_release",
      "name": "this",
      "provider": "provider[\"registry.terraform.io/hashicorp/helm\"]",
      "instances": [
        {
          "index_key": 0,
          "schema_version": 1,
          "attributes": {
            "atomic": false,
            "chart": "aws-cloudwatch-metrics",
            "cleanup_on_fail": false,
            "create_namespace": true,
            "dependency_update": false,
            "description": "A Helm chart to deploy aws-cloudwatch-metrics project",
            "devel": null,
            "disable_crd_hooks": false,
            "disable_openapi_validation": false,
            "disable_webhooks": false,
            "force_update": false,
            "id": "aws-cloudwatch-metrics",
            "keyring": null,
            "lint": false,
            "manifest": null,
            "max_history": 0,
            "metadata": [
              {
                "app_version": "1.300032.2b361",
                "chart": "aws-cloudwatch-metrics",
                "first_deployed": 1721069177,
                "last_deployed": 1721069177,
                "name": "aws-cloudwatch-metrics",
                "namespace": "amazon-cloudwatch",
                "notes": "aws-cloudwatch-metrics has been installed or updated. To check the status of pods, run:\n\nkubectl get pods -l app.kubernetes.io/name: aws-cloudwatch-metrics\n",
                "revision": 1,
                "values": "{\"clusterName\":\"eks-blueprint\",\"serviceAccount\":{\"annotations\":{\"eks.amazonaws.com/role-arn\":\"arn:aws:iam::389029577690:role/aws-cloudwatch-metrics-2024071518460545030000002b\"},\"name\":\"aws-cloudwatch-metrics\"}}",
                "version": "0.0.10"
              }
            ],
            "name": "aws-cloudwatch-metrics",
            "namespace": "amazon-cloudwatch",
            "pass_credentials": false,
            "postrender": [],
            "recreate_pods": false,
            "render_subchart_notes": true,
            "replace": false,
            "repository": "https://aws.github.io/eks-charts",
            "repository_ca_file": null,
            "repository_cert_file": null,
            "repository_key_file": null,
            "repository_password": null,
            "repository_username": null,
            "reset_values": false,
            "reuse_values": false,
            "set": [
              {
                "name": "clusterName",
                "type": "",
                "value": "eks-blueprint"
              },
              {
                "name": "serviceAccount.annotations.eks\\.amazonaws\\.com/role-arn",
                "type": "",
                "value": "arn:aws:iam::389029577690:role/aws-cloudwatch-metrics-2024071518460545030000002b"
              },
              {
                "name": "serviceAccount.name",
                "type": "",
                "value": "aws-cloudwatch-metrics"
              }
            ],
            "set_list": [],
            "set_sensitive": [],
            "skip_crds": false,
            "status": "deployed",
            "timeout": 300,
            "values": [],
            "verify": false,
            "version": "0.0.10",
            "wait": false,
            "wait_for_jobs": false
          },
          "sensitive_attributes": [],
          "private": "eyJzY2hlbWFfdmVyc2lvbiI6IjEifQ==",
          "dependencies": [
            "module.eks_blueprints_addons.module.aws_cloudwatch_metrics.aws_iam_role.this",
            "module.eks_blueprints_addons.module.aws_cloudwatch_metrics.data.aws_caller_identity.current",
            "module.eks_blueprints_addons.module.aws_cloudwatch_metrics.data.aws_iam_policy_document.assume",
            "module.eks_blueprints_addons.module.aws_cloudwatch_metrics.data.aws_partition.current",
            "module.eks_blueprints_addons.time_sleep.this",
            "module.eks_cluster.aws_cloudwatch_log_group.this",
            "module.eks_cluster.aws_eks_access_entry.this",
            "module.eks_cluster.aws_eks_access_policy_association.this",
            "module.eks_cluster.aws_eks_cluster.this",
            "module.eks_cluster.aws_iam_openid_connect_provider.oidc_provider",
            "module.eks_cluster.aws_iam_policy.cni_ipv6_policy",
            "module.eks_cluster.aws_iam_role.this",
            "module.eks_cluster.aws_iam_role_policy_attachment.this",
            "module.eks_cluster.aws_security_group.cluster",
            "module.eks_cluster.aws_security_group.node",
            "module.eks_cluster.aws_security_group_rule.cluster",
            "module.eks_cluster.aws_security_group_rule.node",
            "module.eks_cluster.data.aws_caller_identity.current",
            "module.eks_cluster.data.aws_iam_policy_document.assume_role_policy",
            "module.eks_cluster.data.aws_iam_policy_document.cni_ipv6_policy",
            "module.eks_cluster.data.aws_iam_session_context.current",
            "module.eks_cluster.data.aws_partition.current",
            "module.eks_cluster.data.tls_certificate.this",
            "module.eks_cluster.module.kms.aws_kms_external_key.this",
            "module.eks_cluster.module.kms.aws_kms_key.this",
            "module.eks_cluster.module.kms.aws_kms_replica_external_key.this",
            "module.eks_cluster.module.kms.aws_kms_replica_key.this",
            "module.eks_cluster.module.kms.data.aws_caller_identity.current",
            "module.eks_cluster.module.kms.data.aws_iam_policy_document.this",
            "module.eks_cluster.module.kms.data.aws_partition.current",
            "module.vpc.aws_subnet.private",
            "module.vpc.aws_subnet.public",
            "module.vpc.aws_vpc.this",
            "module.vpc.aws_vpc_ipv4_cidr_block_association.this"
          ]
        }
      ]
    },
    {
      "module": "module.eks_blueprints_addons.module.aws_efs_csi_driver",
      "mode": "data",
      "type": "aws_caller_identity",
      "name": "current",
      "provider": "provider[\"registry.terraform.io/hashicorp/aws\"]",
      "instances": [
        {
          "index_key": 0,
          "schema_version": 0,
          "attributes": {
            "account_id": "389029577690",
            "arn": "arn:aws:iam::389029577690:user/Marketing",
            "id": "389029577690",
            "user_id": "AIDAVVE7YIPNMUTPSACL4"
          },
          "sensitive_attributes": []
        }
      ]
    },
    {
      "module": "module.eks_blueprints_addons.module.aws_efs_csi_driver",
      "mode": "data",
      "type": "aws_iam_policy_document",
      "name": "assume",
      "provider": "provider[\"registry.terraform.io/hashicorp/aws\"]",
      "instances": [
        {
          "index_key": 0,
          "schema_version": 0,
          "attributes": {
            "id": "3106162520",
            "json": "{\n  \"Version\": \"2012-10-17\",\n  \"Statement\": [\n    {\n      \"Effect\": \"Allow\",\n      \"Action\": \"sts:AssumeRoleWithWebIdentity\",\n      \"Principal\": {\n        \"Federated\": \"arn:aws:iam::389029577690:oidc-provider/oidc.eks.us-east-1.amazonaws.com/id/256E944920A43EA505E681939492415B\"\n      },\n      \"Condition\": {\n        \"StringEquals\": {\n          \"oidc.eks.us-east-1.amazonaws.com/id/256E944920A43EA505E681939492415B:aud\": \"sts.amazonaws.com\",\n          \"oidc.eks.us-east-1.amazonaws.com/id/256E944920A43EA505E681939492415B:sub\": \"system:serviceaccount:kube-system:efs-csi-controller-sa\"\n        }\n      }\n    },\n    {\n      \"Effect\": \"Allow\",\n      \"Action\": \"sts:AssumeRoleWithWebIdentity\",\n      \"Principal\": {\n        \"Federated\": \"arn:aws:iam::389029577690:oidc-provider/oidc.eks.us-east-1.amazonaws.com/id/256E944920A43EA505E681939492415B\"\n      },\n      \"Condition\": {\n        \"StringEquals\": {\n          \"oidc.eks.us-east-1.amazonaws.com/id/256E944920A43EA505E681939492415B:aud\": \"sts.amazonaws.com\",\n          \"oidc.eks.us-east-1.amazonaws.com/id/256E944920A43EA505E681939492415B:sub\": \"system:serviceaccount:kube-system:efs-csi-node-sa\"\n        }\n      }\n    }\n  ]\n}",
            "minified_json": "{\"Version\":\"2012-10-17\",\"Statement\":[{\"Effect\":\"Allow\",\"Action\":\"sts:AssumeRoleWithWebIdentity\",\"Principal\":{\"Federated\":\"arn:aws:iam::389029577690:oidc-provider/oidc.eks.us-east-1.amazonaws.com/id/256E944920A43EA505E681939492415B\"},\"Condition\":{\"StringEquals\":{\"oidc.eks.us-east-1.amazonaws.com/id/256E944920A43EA505E681939492415B:aud\":\"sts.amazonaws.com\",\"oidc.eks.us-east-1.amazonaws.com/id/256E944920A43EA505E681939492415B:sub\":\"system:serviceaccount:kube-system:efs-csi-controller-sa\"}}},{\"Effect\":\"Allow\",\"Action\":\"sts:AssumeRoleWithWebIdentity\",\"Principal\":{\"Federated\":\"arn:aws:iam::389029577690:oidc-provider/oidc.eks.us-east-1.amazonaws.com/id/256E944920A43EA505E681939492415B\"},\"Condition\":{\"StringEquals\":{\"oidc.eks.us-east-1.amazonaws.com/id/256E944920A43EA505E681939492415B:aud\":\"sts.amazonaws.com\",\"oidc.eks.us-east-1.amazonaws.com/id/256E944920A43EA505E681939492415B:sub\":\"system:serviceaccount:kube-system:efs-csi-node-sa\"}}}]}",
            "override_json": null,
            "override_policy_documents": null,
            "policy_id": null,
            "source_json": null,
            "source_policy_documents": null,
            "statement": [
              {
                "actions": [
                  "sts:AssumeRoleWithWebIdentity"
                ],
                "condition": [
                  {
                    "test": "StringEquals",
                    "values": [
                      "sts.amazonaws.com"
                    ],
                    "variable": "oidc.eks.us-east-1.amazonaws.com/id/256E944920A43EA505E681939492415B:aud"
                  },
                  {
                    "test": "StringEquals",
                    "values": [
                      "system:serviceaccount:kube-system:efs-csi-controller-sa"
                    ],
                    "variable": "oidc.eks.us-east-1.amazonaws.com/id/256E944920A43EA505E681939492415B:sub"
                  }
                ],
                "effect": "Allow",
                "not_actions": [],
                "not_principals": [],
                "not_resources": [],
                "principals": [
                  {
                    "identifiers": [
                      "arn:aws:iam::389029577690:oidc-provider/oidc.eks.us-east-1.amazonaws.com/id/256E944920A43EA505E681939492415B"
                    ],
                    "type": "Federated"
                  }
                ],
                "resources": [],
                "sid": ""
              },
              {
                "actions": [
                  "sts:AssumeRoleWithWebIdentity"
                ],
                "condition": [
                  {
                    "test": "StringEquals",
                    "values": [
                      "sts.amazonaws.com"
                    ],
                    "variable": "oidc.eks.us-east-1.amazonaws.com/id/256E944920A43EA505E681939492415B:aud"
                  },
                  {
                    "test": "StringEquals",
                    "values": [
                      "system:serviceaccount:kube-system:efs-csi-node-sa"
                    ],
                    "variable": "oidc.eks.us-east-1.amazonaws.com/id/256E944920A43EA505E681939492415B:sub"
                  }
                ],
                "effect": "Allow",
                "not_actions": [],
                "not_principals": [],
                "not_resources": [],
                "principals": [
                  {
                    "identifiers": [
                      "arn:aws:iam::389029577690:oidc-provider/oidc.eks.us-east-1.amazonaws.com/id/256E944920A43EA505E681939492415B"
                    ],
                    "type": "Federated"
                  }
                ],
                "resources": [],
                "sid": ""
              }
            ],
            "version": "2012-10-17"
          },
          "sensitive_attributes": []
        }
      ]
    },
    {
      "module": "module.eks_blueprints_addons.module.aws_efs_csi_driver",
      "mode": "data",
      "type": "aws_iam_policy_document",
      "name": "this",
      "provider": "provider[\"registry.terraform.io/hashicorp/aws\"]",
      "instances": [
        {
          "index_key": 0,
          "schema_version": 0,
          "attributes": {
            "id": "2276663132",
            "json": "{\n  \"Version\": \"2012-10-17\",\n  \"Statement\": [\n    {\n      \"Sid\": \"AllowDescribeAvailabilityZones\",\n      \"Effect\": \"Allow\",\n      \"Action\": \"ec2:DescribeAvailabilityZones\",\n      \"Resource\": \"*\"\n    },\n    {\n      \"Sid\": \"AllowDescribeFileSystems\",\n      \"Effect\": \"Allow\",\n      \"Action\": [\n        \"elasticfilesystem:DescribeMountTargets\",\n        \"elasticfilesystem:DescribeFileSystems\",\n        \"elasticfilesystem:DescribeAccessPoints\"\n      ],\n      \"Resource\": [\n        \"arn:aws:elasticfilesystem:us-east-1:389029577690:file-system/*\",\n        \"arn:aws:elasticfilesystem:us-east-1:389029577690:access-point/*\"\n      ]\n    },\n    {\n      \"Effect\": \"Allow\",\n      \"Action\": [\n        \"elasticfilesystem:TagResource\",\n        \"elasticfilesystem:CreateAccessPoint\"\n      ],\n      \"Resource\": \"arn:aws:elasticfilesystem:us-east-1:389029577690:file-system/*\",\n      \"Condition\": {\n        \"StringLike\": {\n          \"aws:RequestTag/efs.csi.aws.com/cluster\": \"true\"\n        }\n      }\n    },\n    {\n      \"Sid\": \"AllowDeleteAccessPoint\",\n      \"Effect\": \"Allow\",\n      \"Action\": \"elasticfilesystem:DeleteAccessPoint\",\n      \"Resource\": \"arn:aws:elasticfilesystem:us-east-1:389029577690:access-point/*\",\n      \"Condition\": {\n        \"StringLike\": {\n          \"aws:ResourceTag/efs.csi.aws.com/cluster\": \"true\"\n        }\n      }\n    },\n    {\n      \"Sid\": \"ClientReadWrite\",\n      \"Effect\": \"Allow\",\n      \"Action\": [\n        \"elasticfilesystem:ClientWrite\",\n        \"elasticfilesystem:ClientRootAccess\",\n        \"elasticfilesystem:ClientMount\"\n      ],\n      \"Resource\": \"arn:aws:elasticfilesystem:us-east-1:389029577690:file-system/*\",\n      \"Condition\": {\n        \"Bool\": {\n          \"elasticfilesystem:AccessedViaMountTarget\": \"true\"\n        }\n      }\n    }\n  ]\n}",
            "minified_json": "{\"Version\":\"2012-10-17\",\"Statement\":[{\"Sid\":\"AllowDescribeAvailabilityZones\",\"Effect\":\"Allow\",\"Action\":\"ec2:DescribeAvailabilityZones\",\"Resource\":\"*\"},{\"Sid\":\"AllowDescribeFileSystems\",\"Effect\":\"Allow\",\"Action\":[\"elasticfilesystem:DescribeMountTargets\",\"elasticfilesystem:DescribeFileSystems\",\"elasticfilesystem:DescribeAccessPoints\"],\"Resource\":[\"arn:aws:elasticfilesystem:us-east-1:389029577690:file-system/*\",\"arn:aws:elasticfilesystem:us-east-1:389029577690:access-point/*\"]},{\"Effect\":\"Allow\",\"Action\":[\"elasticfilesystem:TagResource\",\"elasticfilesystem:CreateAccessPoint\"],\"Resource\":\"arn:aws:elasticfilesystem:us-east-1:389029577690:file-system/*\",\"Condition\":{\"StringLike\":{\"aws:RequestTag/efs.csi.aws.com/cluster\":\"true\"}}},{\"Sid\":\"AllowDeleteAccessPoint\",\"Effect\":\"Allow\",\"Action\":\"elasticfilesystem:DeleteAccessPoint\",\"Resource\":\"arn:aws:elasticfilesystem:us-east-1:389029577690:access-point/*\",\"Condition\":{\"StringLike\":{\"aws:ResourceTag/efs.csi.aws.com/cluster\":\"true\"}}},{\"Sid\":\"ClientReadWrite\",\"Effect\":\"Allow\",\"Action\":[\"elasticfilesystem:ClientWrite\",\"elasticfilesystem:ClientRootAccess\",\"elasticfilesystem:ClientMount\"],\"Resource\":\"arn:aws:elasticfilesystem:us-east-1:389029577690:file-system/*\",\"Condition\":{\"Bool\":{\"elasticfilesystem:AccessedViaMountTarget\":\"true\"}}}]}",
            "override_json": null,
            "override_policy_documents": null,
            "policy_id": null,
            "source_json": null,
            "source_policy_documents": [
              "{\n  \"Version\": \"2012-10-17\",\n  \"Statement\": [\n    {\n      \"Sid\": \"AllowDescribeAvailabilityZones\",\n      \"Effect\": \"Allow\",\n      \"Action\": \"ec2:DescribeAvailabilityZones\",\n      \"Resource\": \"*\"\n    },\n    {\n      \"Sid\": \"AllowDescribeFileSystems\",\n      \"Effect\": \"Allow\",\n      \"Action\": [\n        \"elasticfilesystem:DescribeMountTargets\",\n        \"elasticfilesystem:DescribeFileSystems\",\n        \"elasticfilesystem:DescribeAccessPoints\"\n      ],\n      \"Resource\": [\n        \"arn:aws:elasticfilesystem:us-east-1:389029577690:file-system/*\",\n        \"arn:aws:elasticfilesystem:us-east-1:389029577690:access-point/*\"\n      ]\n    },\n    {\n      \"Effect\": \"Allow\",\n      \"Action\": [\n        \"elasticfilesystem:TagResource\",\n        \"elasticfilesystem:CreateAccessPoint\"\n      ],\n      \"Resource\": \"arn:aws:elasticfilesystem:us-east-1:389029577690:file-system/*\",\n      \"Condition\": {\n        \"StringLike\": {\n          \"aws:RequestTag/efs.csi.aws.com/cluster\": \"true\"\n        }\n      }\n    },\n    {\n      \"Sid\": \"AllowDeleteAccessPoint\",\n      \"Effect\": \"Allow\",\n      \"Action\": \"elasticfilesystem:DeleteAccessPoint\",\n      \"Resource\": \"arn:aws:elasticfilesystem:us-east-1:389029577690:access-point/*\",\n      \"Condition\": {\n        \"StringLike\": {\n          \"aws:ResourceTag/efs.csi.aws.com/cluster\": \"true\"\n        }\n      }\n    },\n    {\n      \"Sid\": \"ClientReadWrite\",\n      \"Effect\": \"Allow\",\n      \"Action\": [\n        \"elasticfilesystem:ClientWrite\",\n        \"elasticfilesystem:ClientRootAccess\",\n        \"elasticfilesystem:ClientMount\"\n      ],\n      \"Resource\": \"arn:aws:elasticfilesystem:us-east-1:389029577690:file-system/*\",\n      \"Condition\": {\n        \"Bool\": {\n          \"elasticfilesystem:AccessedViaMountTarget\": \"true\"\n        }\n      }\n    }\n  ]\n}"
            ],
            "statement": null,
            "version": "2012-10-17"
          },
          "sensitive_attributes": []
        }
      ]
    },
    {
      "module": "module.eks_blueprints_addons.module.aws_efs_csi_driver",
      "mode": "data",
      "type": "aws_partition",
      "name": "current",
      "provider": "provider[\"registry.terraform.io/hashicorp/aws\"]",
      "instances": [
        {
          "index_key": 0,
          "schema_version": 0,
          "attributes": {
            "dns_suffix": "amazonaws.com",
            "id": "aws",
            "partition": "aws",
            "reverse_dns_prefix": "com.amazonaws"
          },
          "sensitive_attributes": []
        }
      ]
    },
    {
      "module": "module.eks_blueprints_addons.module.aws_efs_csi_driver",
      "mode": "managed",
      "type": "aws_iam_policy",
      "name": "this",
      "provider": "provider[\"registry.terraform.io/hashicorp/aws\"]",
      "instances": [
        {
          "index_key": 0,
          "schema_version": 0,
          "attributes": {
            "arn": "arn:aws:iam::389029577690:policy/aws-efs-csi-driver-20240715183437803800000003",
            "attachment_count": 1,
            "description": "IAM Policy for AWS EFS CSI Driver",
            "id": "arn:aws:iam::389029577690:policy/aws-efs-csi-driver-20240715183437803800000003",
            "name": "aws-efs-csi-driver-20240715183437803800000003",
            "name_prefix": "aws-efs-csi-driver-",
            "path": "/",
            "policy": "{\"Statement\":[{\"Action\":\"ec2:DescribeAvailabilityZones\",\"Effect\":\"Allow\",\"Resource\":\"*\",\"Sid\":\"AllowDescribeAvailabilityZones\"},{\"Action\":[\"elasticfilesystem:DescribeMountTargets\",\"elasticfilesystem:DescribeFileSystems\",\"elasticfilesystem:DescribeAccessPoints\"],\"Effect\":\"Allow\",\"Resource\":[\"arn:aws:elasticfilesystem:us-east-1:389029577690:file-system/*\",\"arn:aws:elasticfilesystem:us-east-1:389029577690:access-point/*\"],\"Sid\":\"AllowDescribeFileSystems\"},{\"Action\":[\"elasticfilesystem:TagResource\",\"elasticfilesystem:CreateAccessPoint\"],\"Condition\":{\"StringLike\":{\"aws:RequestTag/efs.csi.aws.com/cluster\":\"true\"}},\"Effect\":\"Allow\",\"Resource\":\"arn:aws:elasticfilesystem:us-east-1:389029577690:file-system/*\"},{\"Action\":\"elasticfilesystem:DeleteAccessPoint\",\"Condition\":{\"StringLike\":{\"aws:ResourceTag/efs.csi.aws.com/cluster\":\"true\"}},\"Effect\":\"Allow\",\"Resource\":\"arn:aws:elasticfilesystem:us-east-1:389029577690:access-point/*\",\"Sid\":\"AllowDeleteAccessPoint\"},{\"Action\":[\"elasticfilesystem:ClientWrite\",\"elasticfilesystem:ClientRootAccess\",\"elasticfilesystem:ClientMount\"],\"Condition\":{\"Bool\":{\"elasticfilesystem:AccessedViaMountTarget\":\"true\"}},\"Effect\":\"Allow\",\"Resource\":\"arn:aws:elasticfilesystem:us-east-1:389029577690:file-system/*\",\"Sid\":\"ClientReadWrite\"}],\"Version\":\"2012-10-17\"}",
            "policy_id": "ANPAVVE7YIPNLF2UOWPNF",
            "tags": {
              "Environment": "sandbox",
              "Terraform": "true"
            },
            "tags_all": {
              "Environment": "sandbox",
              "Terraform": "true"
            }
          },
          "sensitive_attributes": [],
          "private": "bnVsbA==",
          "dependencies": [
            "module.eks_blueprints_addons.data.aws_caller_identity.current",
            "module.eks_blueprints_addons.data.aws_iam_policy_document.aws_efs_csi_driver",
            "module.eks_blueprints_addons.data.aws_partition.current",
            "module.eks_blueprints_addons.data.aws_region.current",
            "module.eks_blueprints_addons.module.aws_efs_csi_driver.data.aws_iam_policy_document.this"
          ]
        }
      ]
    },
    {
      "module": "module.eks_blueprints_addons.module.aws_efs_csi_driver",
      "mode": "managed",
      "type": "aws_iam_role",
      "name": "this",
      "provider": "provider[\"registry.terraform.io/hashicorp/aws\"]",
      "instances": [
        {
          "index_key": 0,
          "schema_version": 0,
          "attributes": {
            "arn": "arn:aws:iam::389029577690:role/aws-efs-csi-driver-2024071518460545150000002f",
            "assume_role_policy": "{\"Statement\":[{\"Action\":\"sts:AssumeRoleWithWebIdentity\",\"Condition\":{\"StringEquals\":{\"oidc.eks.us-east-1.amazonaws.com/id/256E944920A43EA505E681939492415B:aud\":\"sts.amazonaws.com\",\"oidc.eks.us-east-1.amazonaws.com/id/256E944920A43EA505E681939492415B:sub\":\"system:serviceaccount:kube-system:efs-csi-controller-sa\"}},\"Effect\":\"Allow\",\"Principal\":{\"Federated\":\"arn:aws:iam::389029577690:oidc-provider/oidc.eks.us-east-1.amazonaws.com/id/256E944920A43EA505E681939492415B\"}},{\"Action\":\"sts:AssumeRoleWithWebIdentity\",\"Condition\":{\"StringEquals\":{\"oidc.eks.us-east-1.amazonaws.com/id/256E944920A43EA505E681939492415B:aud\":\"sts.amazonaws.com\",\"oidc.eks.us-east-1.amazonaws.com/id/256E944920A43EA505E681939492415B:sub\":\"system:serviceaccount:kube-system:efs-csi-node-sa\"}},\"Effect\":\"Allow\",\"Principal\":{\"Federated\":\"arn:aws:iam::389029577690:oidc-provider/oidc.eks.us-east-1.amazonaws.com/id/256E944920A43EA505E681939492415B\"}}],\"Version\":\"2012-10-17\"}",
            "create_date": "2024-07-15T18:46:05Z",
            "description": "IRSA for aws-efs-csi-driver project",
            "force_detach_policies": true,
            "id": "aws-efs-csi-driver-2024071518460545150000002f",
            "inline_policy": [],
            "managed_policy_arns": [
              "arn:aws:iam::389029577690:policy/aws-efs-csi-driver-20240715183437803800000003"
            ],
            "max_session_duration": 3600,
            "name": "aws-efs-csi-driver-2024071518460545150000002f",
            "name_prefix": "aws-efs-csi-driver-",
            "path": "/",
            "permissions_boundary": "",
            "tags": {
              "Environment": "sandbox",
              "Terraform": "true"
            },
            "tags_all": {
              "Environment": "sandbox",
              "Terraform": "true"
            },
            "unique_id": "AROAVVE7YIPNGZ57QMAHA"
          },
          "sensitive_attributes": [],
          "private": "bnVsbA==",
          "dependencies": [
            "module.eks_blueprints_addons.module.aws_efs_csi_driver.data.aws_caller_identity.current",
            "module.eks_blueprints_addons.module.aws_efs_csi_driver.data.aws_iam_policy_document.assume",
            "module.eks_blueprints_addons.module.aws_efs_csi_driver.data.aws_partition.current",
            "module.eks_blueprints_addons.time_sleep.this",
            "module.eks_cluster.aws_cloudwatch_log_group.this",
            "module.eks_cluster.aws_eks_access_entry.this",
            "module.eks_cluster.aws_eks_access_policy_association.this",
            "module.eks_cluster.aws_eks_cluster.this",
            "module.eks_cluster.aws_iam_openid_connect_provider.oidc_provider",
            "module.eks_cluster.aws_iam_policy.cni_ipv6_policy",
            "module.eks_cluster.aws_iam_role.this",
            "module.eks_cluster.aws_iam_role_policy_attachment.this",
            "module.eks_cluster.aws_security_group.cluster",
            "module.eks_cluster.aws_security_group.node",
            "module.eks_cluster.aws_security_group_rule.cluster",
            "module.eks_cluster.aws_security_group_rule.node",
            "module.eks_cluster.data.aws_caller_identity.current",
            "module.eks_cluster.data.aws_iam_policy_document.assume_role_policy",
            "module.eks_cluster.data.aws_iam_policy_document.cni_ipv6_policy",
            "module.eks_cluster.data.aws_iam_session_context.current",
            "module.eks_cluster.data.aws_partition.current",
            "module.eks_cluster.data.tls_certificate.this",
            "module.eks_cluster.module.kms.aws_kms_external_key.this",
            "module.eks_cluster.module.kms.aws_kms_key.this",
            "module.eks_cluster.module.kms.aws_kms_replica_external_key.this",
            "module.eks_cluster.module.kms.aws_kms_replica_key.this",
            "module.eks_cluster.module.kms.data.aws_caller_identity.current",
            "module.eks_cluster.module.kms.data.aws_iam_policy_document.this",
            "module.eks_cluster.module.kms.data.aws_partition.current",
            "module.vpc.aws_subnet.private",
            "module.vpc.aws_subnet.public",
            "module.vpc.aws_vpc.this",
            "module.vpc.aws_vpc_ipv4_cidr_block_association.this"
          ]
        }
      ]
    },
    {
      "module": "module.eks_blueprints_addons.module.aws_efs_csi_driver",
      "mode": "managed",
      "type": "aws_iam_role_policy_attachment",
      "name": "this",
      "provider": "provider[\"registry.terraform.io/hashicorp/aws\"]",
      "instances": [
        {
          "index_key": 0,
          "schema_version": 0,
          "attributes": {
            "id": "aws-efs-csi-driver-2024071518460545150000002f-20240715184621351900000034",
            "policy_arn": "arn:aws:iam::389029577690:policy/aws-efs-csi-driver-20240715183437803800000003",
            "role": "aws-efs-csi-driver-2024071518460545150000002f"
          },
          "sensitive_attributes": [],
          "private": "bnVsbA==",
          "dependencies": [
            "module.eks_blueprints_addons.data.aws_caller_identity.current",
            "module.eks_blueprints_addons.data.aws_iam_policy_document.aws_efs_csi_driver",
            "module.eks_blueprints_addons.data.aws_partition.current",
            "module.eks_blueprints_addons.data.aws_region.current",
            "module.eks_blueprints_addons.module.aws_efs_csi_driver.aws_iam_policy.this",
            "module.eks_blueprints_addons.module.aws_efs_csi_driver.aws_iam_role.this",
            "module.eks_blueprints_addons.module.aws_efs_csi_driver.data.aws_caller_identity.current",
            "module.eks_blueprints_addons.module.aws_efs_csi_driver.data.aws_iam_policy_document.assume",
            "module.eks_blueprints_addons.module.aws_efs_csi_driver.data.aws_iam_policy_document.this",
            "module.eks_blueprints_addons.module.aws_efs_csi_driver.data.aws_partition.current",
            "module.eks_blueprints_addons.time_sleep.this",
            "module.eks_cluster.aws_cloudwatch_log_group.this",
            "module.eks_cluster.aws_eks_access_entry.this",
            "module.eks_cluster.aws_eks_access_policy_association.this",
            "module.eks_cluster.aws_eks_cluster.this",
            "module.eks_cluster.aws_iam_openid_connect_provider.oidc_provider",
            "module.eks_cluster.aws_iam_policy.cni_ipv6_policy",
            "module.eks_cluster.aws_iam_role.this",
            "module.eks_cluster.aws_iam_role_policy_attachment.this",
            "module.eks_cluster.aws_security_group.cluster",
            "module.eks_cluster.aws_security_group.node",
            "module.eks_cluster.aws_security_group_rule.cluster",
            "module.eks_cluster.aws_security_group_rule.node",
            "module.eks_cluster.data.aws_caller_identity.current",
            "module.eks_cluster.data.aws_iam_policy_document.assume_role_policy",
            "module.eks_cluster.data.aws_iam_policy_document.cni_ipv6_policy",
            "module.eks_cluster.data.aws_iam_session_context.current",
            "module.eks_cluster.data.aws_partition.current",
            "module.eks_cluster.data.tls_certificate.this",
            "module.eks_cluster.module.kms.aws_kms_external_key.this",
            "module.eks_cluster.module.kms.aws_kms_key.this",
            "module.eks_cluster.module.kms.aws_kms_replica_external_key.this",
            "module.eks_cluster.module.kms.aws_kms_replica_key.this",
            "module.eks_cluster.module.kms.data.aws_caller_identity.current",
            "module.eks_cluster.module.kms.data.aws_iam_policy_document.this",
            "module.eks_cluster.module.kms.data.aws_partition.current",
            "module.vpc.aws_subnet.private",
            "module.vpc.aws_subnet.public",
            "module.vpc.aws_vpc.this",
            "module.vpc.aws_vpc_ipv4_cidr_block_association.this"
          ]
        }
      ]
    },
    {
      "module": "module.eks_blueprints_addons.module.aws_efs_csi_driver",
      "mode": "managed",
      "type": "helm_release",
      "name": "this",
      "provider": "provider[\"registry.terraform.io/hashicorp/helm\"]",
      "instances": [
        {
          "index_key": 0,
          "schema_version": 1,
          "attributes": {
            "atomic": false,
            "chart": "aws-efs-csi-driver",
            "cleanup_on_fail": false,
            "create_namespace": false,
            "dependency_update": false,
            "description": "A Helm chart to deploy aws-efs-csi-driver",
            "devel": null,
            "disable_crd_hooks": false,
            "disable_openapi_validation": false,
            "disable_webhooks": false,
            "force_update": false,
            "id": "aws-efs-csi-driver",
            "keyring": null,
            "lint": false,
            "manifest": null,
            "max_history": 0,
            "metadata": [
              {
                "app_version": "1.7.6",
                "chart": "aws-efs-csi-driver",
                "first_deployed": 1721069184,
                "last_deployed": 1721069184,
                "name": "aws-efs-csi-driver",
                "namespace": "kube-system",
                "notes": "To verify that aws-efs-csi-driver has started, run:\n\n    kubectl get pod -n kube-system -l \"app.kubernetes.io/name=aws-efs-csi-driver,app.kubernetes.io/instance=aws-efs-csi-driver\"\n",
                "revision": 1,
                "values": "{\"controller\":{\"serviceAccount\":{\"annotations\":{\"eks.amazonaws.com/role-arn\":\"arn:aws:iam::389029577690:role/aws-efs-csi-driver-2024071518460545150000002f\"},\"name\":\"efs-csi-controller-sa\"}},\"node\":{\"serviceAccount\":{\"annotations\":{\"eks.amazonaws.com/role-arn\":\"arn:aws:iam::389029577690:role/aws-efs-csi-driver-2024071518460545150000002f\"},\"name\":\"efs-csi-node-sa\"}}}",
                "version": "2.5.6"
              }
            ],
            "name": "aws-efs-csi-driver",
            "namespace": "kube-system",
            "pass_credentials": false,
            "postrender": [],
            "recreate_pods": false,
            "render_subchart_notes": true,
            "replace": false,
            "repository": "https://kubernetes-sigs.github.io/aws-efs-csi-driver/",
            "repository_ca_file": null,
            "repository_cert_file": null,
            "repository_key_file": null,
            "repository_password": null,
            "repository_username": null,
            "reset_values": false,
            "reuse_values": false,
            "set": [
              {
                "name": "controller.serviceAccount.annotations.eks\\.amazonaws\\.com/role-arn",
                "type": "",
                "value": "arn:aws:iam::389029577690:role/aws-efs-csi-driver-2024071518460545150000002f"
              },
              {
                "name": "controller.serviceAccount.name",
                "type": "",
                "value": "efs-csi-controller-sa"
              },
              {
                "name": "node.serviceAccount.annotations.eks\\.amazonaws\\.com/role-arn",
                "type": "",
                "value": "arn:aws:iam::389029577690:role/aws-efs-csi-driver-2024071518460545150000002f"
              },
              {
                "name": "node.serviceAccount.name",
                "type": "",
                "value": "efs-csi-node-sa"
              }
            ],
            "set_list": [],
            "set_sensitive": [],
            "skip_crds": false,
            "status": "deployed",
            "timeout": 300,
            "values": [],
            "verify": false,
            "version": "2.5.6",
            "wait": false,
            "wait_for_jobs": false
          },
          "sensitive_attributes": [],
          "private": "eyJzY2hlbWFfdmVyc2lvbiI6IjEifQ==",
          "dependencies": [
            "module.eks_blueprints_addons.module.aws_efs_csi_driver.aws_iam_role.this",
            "module.eks_blueprints_addons.module.aws_efs_csi_driver.data.aws_caller_identity.current",
            "module.eks_blueprints_addons.module.aws_efs_csi_driver.data.aws_iam_policy_document.assume",
            "module.eks_blueprints_addons.module.aws_efs_csi_driver.data.aws_partition.current",
            "module.eks_blueprints_addons.time_sleep.this",
            "module.eks_cluster.aws_cloudwatch_log_group.this",
            "module.eks_cluster.aws_eks_access_entry.this",
            "module.eks_cluster.aws_eks_access_policy_association.this",
            "module.eks_cluster.aws_eks_cluster.this",
            "module.eks_cluster.aws_iam_openid_connect_provider.oidc_provider",
            "module.eks_cluster.aws_iam_policy.cni_ipv6_policy",
            "module.eks_cluster.aws_iam_role.this",
            "module.eks_cluster.aws_iam_role_policy_attachment.this",
            "module.eks_cluster.aws_security_group.cluster",
            "module.eks_cluster.aws_security_group.node",
            "module.eks_cluster.aws_security_group_rule.cluster",
            "module.eks_cluster.aws_security_group_rule.node",
            "module.eks_cluster.data.aws_caller_identity.current",
            "module.eks_cluster.data.aws_iam_policy_document.assume_role_policy",
            "module.eks_cluster.data.aws_iam_policy_document.cni_ipv6_policy",
            "module.eks_cluster.data.aws_iam_session_context.current",
            "module.eks_cluster.data.aws_partition.current",
            "module.eks_cluster.data.tls_certificate.this",
            "module.eks_cluster.module.kms.aws_kms_external_key.this",
            "module.eks_cluster.module.kms.aws_kms_key.this",
            "module.eks_cluster.module.kms.aws_kms_replica_external_key.this",
            "module.eks_cluster.module.kms.aws_kms_replica_key.this",
            "module.eks_cluster.module.kms.data.aws_caller_identity.current",
            "module.eks_cluster.module.kms.data.aws_iam_policy_document.this",
            "module.eks_cluster.module.kms.data.aws_partition.current",
            "module.vpc.aws_subnet.private",
            "module.vpc.aws_subnet.public",
            "module.vpc.aws_vpc.this",
            "module.vpc.aws_vpc_ipv4_cidr_block_association.this"
          ]
        }
      ]
    },
    {
      "module": "module.eks_blueprints_addons.module.aws_for_fluentbit",
      "mode": "data",
      "type": "aws_caller_identity",
      "name": "current",
      "provider": "provider[\"registry.terraform.io/hashicorp/aws\"]",
      "instances": [
        {
          "index_key": 0,
          "schema_version": 0,
          "attributes": {
            "account_id": "389029577690",
            "arn": "arn:aws:iam::389029577690:user/Marketing",
            "id": "389029577690",
            "user_id": "AIDAVVE7YIPNMUTPSACL4"
          },
          "sensitive_attributes": []
        }
      ]
    },
    {
      "module": "module.eks_blueprints_addons.module.aws_for_fluentbit",
      "mode": "data",
      "type": "aws_iam_policy_document",
      "name": "assume",
      "provider": "provider[\"registry.terraform.io/hashicorp/aws\"]",
      "instances": [
        {
          "index_key": 0,
          "schema_version": 0,
          "attributes": {
            "id": "2766439816",
            "json": "{\n  \"Version\": \"2012-10-17\",\n  \"Statement\": [\n    {\n      \"Effect\": \"Allow\",\n      \"Action\": \"sts:AssumeRoleWithWebIdentity\",\n      \"Principal\": {\n        \"Federated\": \"arn:aws:iam::389029577690:oidc-provider/oidc.eks.us-east-1.amazonaws.com/id/256E944920A43EA505E681939492415B\"\n      },\n      \"Condition\": {\n        \"StringEquals\": {\n          \"oidc.eks.us-east-1.amazonaws.com/id/256E944920A43EA505E681939492415B:aud\": \"sts.amazonaws.com\",\n          \"oidc.eks.us-east-1.amazonaws.com/id/256E944920A43EA505E681939492415B:sub\": \"system:serviceaccount:kube-system:aws-for-fluent-bit-sa\"\n        }\n      }\n    }\n  ]\n}",
            "minified_json": "{\"Version\":\"2012-10-17\",\"Statement\":[{\"Effect\":\"Allow\",\"Action\":\"sts:AssumeRoleWithWebIdentity\",\"Principal\":{\"Federated\":\"arn:aws:iam::389029577690:oidc-provider/oidc.eks.us-east-1.amazonaws.com/id/256E944920A43EA505E681939492415B\"},\"Condition\":{\"StringEquals\":{\"oidc.eks.us-east-1.amazonaws.com/id/256E944920A43EA505E681939492415B:aud\":\"sts.amazonaws.com\",\"oidc.eks.us-east-1.amazonaws.com/id/256E944920A43EA505E681939492415B:sub\":\"system:serviceaccount:kube-system:aws-for-fluent-bit-sa\"}}}]}",
            "override_json": null,
            "override_policy_documents": null,
            "policy_id": null,
            "source_json": null,
            "source_policy_documents": null,
            "statement": [
              {
                "actions": [
                  "sts:AssumeRoleWithWebIdentity"
                ],
                "condition": [
                  {
                    "test": "StringEquals",
                    "values": [
                      "sts.amazonaws.com"
                    ],
                    "variable": "oidc.eks.us-east-1.amazonaws.com/id/256E944920A43EA505E681939492415B:aud"
                  },
                  {
                    "test": "StringEquals",
                    "values": [
                      "system:serviceaccount:kube-system:aws-for-fluent-bit-sa"
                    ],
                    "variable": "oidc.eks.us-east-1.amazonaws.com/id/256E944920A43EA505E681939492415B:sub"
                  }
                ],
                "effect": "Allow",
                "not_actions": [],
                "not_principals": [],
                "not_resources": [],
                "principals": [
                  {
                    "identifiers": [
                      "arn:aws:iam::389029577690:oidc-provider/oidc.eks.us-east-1.amazonaws.com/id/256E944920A43EA505E681939492415B"
                    ],
                    "type": "Federated"
                  }
                ],
                "resources": [],
                "sid": ""
              }
            ],
            "version": "2012-10-17"
          },
          "sensitive_attributes": []
        }
      ]
    },
    {
      "module": "module.eks_blueprints_addons.module.aws_for_fluentbit",
      "mode": "data",
      "type": "aws_iam_policy_document",
      "name": "this",
      "provider": "provider[\"registry.terraform.io/hashicorp/aws\"]",
      "instances": [
        {
          "index_key": 0,
          "schema_version": 0,
          "attributes": {
            "id": "1964958894",
            "json": "{\n  \"Version\": \"2012-10-17\",\n  \"Statement\": [\n    {\n      \"Sid\": \"PutLogEvents\",\n      \"Effect\": \"Allow\",\n      \"Action\": \"logs:PutLogEvents\",\n      \"Resource\": \"arn:aws:logs:us-east-1:389029577690:log-group:*:log-stream:*\"\n    },\n    {\n      \"Sid\": \"CreateCWLogs\",\n      \"Effect\": \"Allow\",\n      \"Action\": [\n        \"logs:PutRetentionPolicy\",\n        \"logs:DescribeLogStreams\",\n        \"logs:DescribeLogGroups\",\n        \"logs:CreateLogStream\",\n        \"logs:CreateLogGroup\"\n      ],\n      \"Resource\": \"arn:aws:logs:us-east-1:389029577690:log-group:*:*\"\n    }\n  ]\n}",
            "minified_json": "{\"Version\":\"2012-10-17\",\"Statement\":[{\"Sid\":\"PutLogEvents\",\"Effect\":\"Allow\",\"Action\":\"logs:PutLogEvents\",\"Resource\":\"arn:aws:logs:us-east-1:389029577690:log-group:*:log-stream:*\"},{\"Sid\":\"CreateCWLogs\",\"Effect\":\"Allow\",\"Action\":[\"logs:PutRetentionPolicy\",\"logs:DescribeLogStreams\",\"logs:DescribeLogGroups\",\"logs:CreateLogStream\",\"logs:CreateLogGroup\"],\"Resource\":\"arn:aws:logs:us-east-1:389029577690:log-group:*:*\"}]}",
            "override_json": null,
            "override_policy_documents": null,
            "policy_id": null,
            "source_json": null,
            "source_policy_documents": [
              "{\n  \"Version\": \"2012-10-17\",\n  \"Statement\": [\n    {\n      \"Sid\": \"PutLogEvents\",\n      \"Effect\": \"Allow\",\n      \"Action\": \"logs:PutLogEvents\",\n      \"Resource\": \"arn:aws:logs:us-east-1:389029577690:log-group:*:log-stream:*\"\n    },\n    {\n      \"Sid\": \"CreateCWLogs\",\n      \"Effect\": \"Allow\",\n      \"Action\": [\n        \"logs:PutRetentionPolicy\",\n        \"logs:DescribeLogStreams\",\n        \"logs:DescribeLogGroups\",\n        \"logs:CreateLogStream\",\n        \"logs:CreateLogGroup\"\n      ],\n      \"Resource\": \"arn:aws:logs:us-east-1:389029577690:log-group:*:*\"\n    }\n  ]\n}"
            ],
            "statement": null,
            "version": "2012-10-17"
          },
          "sensitive_attributes": []
        }
      ]
    },
    {
      "module": "module.eks_blueprints_addons.module.aws_for_fluentbit",
      "mode": "data",
      "type": "aws_partition",
      "name": "current",
      "provider": "provider[\"registry.terraform.io/hashicorp/aws\"]",
      "instances": [
        {
          "index_key": 0,
          "schema_version": 0,
          "attributes": {
            "dns_suffix": "amazonaws.com",
            "id": "aws",
            "partition": "aws",
            "reverse_dns_prefix": "com.amazonaws"
          },
          "sensitive_attributes": []
        }
      ]
    },
    {
      "module": "module.eks_blueprints_addons.module.aws_for_fluentbit",
      "mode": "managed",
      "type": "aws_iam_policy",
      "name": "this",
      "provider": "provider[\"registry.terraform.io/hashicorp/aws\"]",
      "instances": [
        {
          "index_key": 0,
          "schema_version": 0,
          "attributes": {
            "arn": "arn:aws:iam::389029577690:policy/aws-for-fluent-bit-20240715183437799000000001",
            "attachment_count": 1,
            "description": "IAM Policy for AWS Fluentbit",
            "id": "arn:aws:iam::389029577690:policy/aws-for-fluent-bit-20240715183437799000000001",
            "name": "aws-for-fluent-bit-20240715183437799000000001",
            "name_prefix": "aws-for-fluent-bit-",
            "path": "/",
            "policy": "{\"Statement\":[{\"Action\":\"logs:PutLogEvents\",\"Effect\":\"Allow\",\"Resource\":\"arn:aws:logs:us-east-1:389029577690:log-group:*:log-stream:*\",\"Sid\":\"PutLogEvents\"},{\"Action\":[\"logs:PutRetentionPolicy\",\"logs:DescribeLogStreams\",\"logs:DescribeLogGroups\",\"logs:CreateLogStream\",\"logs:CreateLogGroup\"],\"Effect\":\"Allow\",\"Resource\":\"arn:aws:logs:us-east-1:389029577690:log-group:*:*\",\"Sid\":\"CreateCWLogs\"}],\"Version\":\"2012-10-17\"}",
            "policy_id": "ANPAVVE7YIPNDVLY2CQ6X",
            "tags": {
              "Environment": "sandbox",
              "Terraform": "true"
            },
            "tags_all": {
              "Environment": "sandbox",
              "Terraform": "true"
            }
          },
          "sensitive_attributes": [],
          "private": "bnVsbA==",
          "dependencies": [
            "module.eks_blueprints_addons.data.aws_caller_identity.current",
            "module.eks_blueprints_addons.data.aws_iam_policy_document.aws_for_fluentbit",
            "module.eks_blueprints_addons.data.aws_partition.current",
            "module.eks_blueprints_addons.data.aws_region.current",
            "module.eks_blueprints_addons.module.aws_for_fluentbit.data.aws_iam_policy_document.this"
          ]
        }
      ]
    },
    {
      "module": "module.eks_blueprints_addons.module.aws_for_fluentbit",
      "mode": "managed",
      "type": "aws_iam_role",
      "name": "this",
      "provider": "provider[\"registry.terraform.io/hashicorp/aws\"]",
      "instances": [
        {
          "index_key": 0,
          "schema_version": 0,
          "attributes": {
            "arn": "arn:aws:iam::389029577690:role/aws-for-fluent-bit-2024071518460545030000002c",
            "assume_role_policy": "{\"Statement\":[{\"Action\":\"sts:AssumeRoleWithWebIdentity\",\"Condition\":{\"StringEquals\":{\"oidc.eks.us-east-1.amazonaws.com/id/256E944920A43EA505E681939492415B:aud\":\"sts.amazonaws.com\",\"oidc.eks.us-east-1.amazonaws.com/id/256E944920A43EA505E681939492415B:sub\":\"system:serviceaccount:kube-system:aws-for-fluent-bit-sa\"}},\"Effect\":\"Allow\",\"Principal\":{\"Federated\":\"arn:aws:iam::389029577690:oidc-provider/oidc.eks.us-east-1.amazonaws.com/id/256E944920A43EA505E681939492415B\"}}],\"Version\":\"2012-10-17\"}",
            "create_date": "2024-07-15T18:46:05Z",
            "description": "IRSA for aws-for-fluent-bit",
            "force_detach_policies": true,
            "id": "aws-for-fluent-bit-2024071518460545030000002c",
            "inline_policy": [],
            "managed_policy_arns": [
              "arn:aws:iam::389029577690:policy/aws-for-fluent-bit-20240715183437799000000001"
            ],
            "max_session_duration": 3600,
            "name": "aws-for-fluent-bit-2024071518460545030000002c",
            "name_prefix": "aws-for-fluent-bit-",
            "path": "/",
            "permissions_boundary": "",
            "tags": {
              "Environment": "sandbox",
              "Terraform": "true"
            },
            "tags_all": {
              "Environment": "sandbox",
              "Terraform": "true"
            },
            "unique_id": "AROAVVE7YIPNPZ3R7XNMH"
          },
          "sensitive_attributes": [],
          "private": "bnVsbA==",
          "dependencies": [
            "module.eks_blueprints_addons.module.aws_for_fluentbit.data.aws_caller_identity.current",
            "module.eks_blueprints_addons.module.aws_for_fluentbit.data.aws_iam_policy_document.assume",
            "module.eks_blueprints_addons.module.aws_for_fluentbit.data.aws_partition.current",
            "module.eks_blueprints_addons.time_sleep.this",
            "module.eks_cluster.aws_cloudwatch_log_group.this",
            "module.eks_cluster.aws_eks_access_entry.this",
            "module.eks_cluster.aws_eks_access_policy_association.this",
            "module.eks_cluster.aws_eks_cluster.this",
            "module.eks_cluster.aws_iam_openid_connect_provider.oidc_provider",
            "module.eks_cluster.aws_iam_policy.cni_ipv6_policy",
            "module.eks_cluster.aws_iam_role.this",
            "module.eks_cluster.aws_iam_role_policy_attachment.this",
            "module.eks_cluster.aws_security_group.cluster",
            "module.eks_cluster.aws_security_group.node",
            "module.eks_cluster.aws_security_group_rule.cluster",
            "module.eks_cluster.aws_security_group_rule.node",
            "module.eks_cluster.data.aws_caller_identity.current",
            "module.eks_cluster.data.aws_iam_policy_document.assume_role_policy",
            "module.eks_cluster.data.aws_iam_policy_document.cni_ipv6_policy",
            "module.eks_cluster.data.aws_iam_session_context.current",
            "module.eks_cluster.data.aws_partition.current",
            "module.eks_cluster.data.tls_certificate.this",
            "module.eks_cluster.module.kms.aws_kms_external_key.this",
            "module.eks_cluster.module.kms.aws_kms_key.this",
            "module.eks_cluster.module.kms.aws_kms_replica_external_key.this",
            "module.eks_cluster.module.kms.aws_kms_replica_key.this",
            "module.eks_cluster.module.kms.data.aws_caller_identity.current",
            "module.eks_cluster.module.kms.data.aws_iam_policy_document.this",
            "module.eks_cluster.module.kms.data.aws_partition.current",
            "module.vpc.aws_subnet.private",
            "module.vpc.aws_subnet.public",
            "module.vpc.aws_vpc.this",
            "module.vpc.aws_vpc_ipv4_cidr_block_association.this"
          ]
        }
      ]
    },
    {
      "module": "module.eks_blueprints_addons.module.aws_for_fluentbit",
      "mode": "managed",
      "type": "aws_iam_role_policy_attachment",
      "name": "this",
      "provider": "provider[\"registry.terraform.io/hashicorp/aws\"]",
      "instances": [
        {
          "index_key": 0,
          "schema_version": 0,
          "attributes": {
            "id": "aws-for-fluent-bit-2024071518460545030000002c-20240715184606629900000032",
            "policy_arn": "arn:aws:iam::389029577690:policy/aws-for-fluent-bit-20240715183437799000000001",
            "role": "aws-for-fluent-bit-2024071518460545030000002c"
          },
          "sensitive_attributes": [],
          "private": "bnVsbA==",
          "dependencies": [
            "module.eks_blueprints_addons.data.aws_caller_identity.current",
            "module.eks_blueprints_addons.data.aws_iam_policy_document.aws_for_fluentbit",
            "module.eks_blueprints_addons.data.aws_partition.current",
            "module.eks_blueprints_addons.data.aws_region.current",
            "module.eks_blueprints_addons.module.aws_for_fluentbit.aws_iam_policy.this",
            "module.eks_blueprints_addons.module.aws_for_fluentbit.aws_iam_role.this",
            "module.eks_blueprints_addons.module.aws_for_fluentbit.data.aws_caller_identity.current",
            "module.eks_blueprints_addons.module.aws_for_fluentbit.data.aws_iam_policy_document.assume",
            "module.eks_blueprints_addons.module.aws_for_fluentbit.data.aws_iam_policy_document.this",
            "module.eks_blueprints_addons.module.aws_for_fluentbit.data.aws_partition.current",
            "module.eks_blueprints_addons.time_sleep.this",
            "module.eks_cluster.aws_cloudwatch_log_group.this",
            "module.eks_cluster.aws_eks_access_entry.this",
            "module.eks_cluster.aws_eks_access_policy_association.this",
            "module.eks_cluster.aws_eks_cluster.this",
            "module.eks_cluster.aws_iam_openid_connect_provider.oidc_provider",
            "module.eks_cluster.aws_iam_policy.cni_ipv6_policy",
            "module.eks_cluster.aws_iam_role.this",
            "module.eks_cluster.aws_iam_role_policy_attachment.this",
            "module.eks_cluster.aws_security_group.cluster",
            "module.eks_cluster.aws_security_group.node",
            "module.eks_cluster.aws_security_group_rule.cluster",
            "module.eks_cluster.aws_security_group_rule.node",
            "module.eks_cluster.data.aws_caller_identity.current",
            "module.eks_cluster.data.aws_iam_policy_document.assume_role_policy",
            "module.eks_cluster.data.aws_iam_policy_document.cni_ipv6_policy",
            "module.eks_cluster.data.aws_iam_session_context.current",
            "module.eks_cluster.data.aws_partition.current",
            "module.eks_cluster.data.tls_certificate.this",
            "module.eks_cluster.module.kms.aws_kms_external_key.this",
            "module.eks_cluster.module.kms.aws_kms_key.this",
            "module.eks_cluster.module.kms.aws_kms_replica_external_key.this",
            "module.eks_cluster.module.kms.aws_kms_replica_key.this",
            "module.eks_cluster.module.kms.data.aws_caller_identity.current",
            "module.eks_cluster.module.kms.data.aws_iam_policy_document.this",
            "module.eks_cluster.module.kms.data.aws_partition.current",
            "module.vpc.aws_subnet.private",
            "module.vpc.aws_subnet.public",
            "module.vpc.aws_vpc.this",
            "module.vpc.aws_vpc_ipv4_cidr_block_association.this"
          ]
        }
      ]
    },
    {
      "module": "module.eks_blueprints_addons.module.aws_for_fluentbit",
      "mode": "managed",
      "type": "helm_release",
      "name": "this",
      "provider": "provider[\"registry.terraform.io/hashicorp/helm\"]",
      "instances": [
        {
          "index_key": 0,
          "schema_version": 1,
          "attributes": {
            "atomic": false,
            "chart": "aws-for-fluent-bit",
            "cleanup_on_fail": false,
            "create_namespace": false,
            "dependency_update": false,
            "description": "A Helm chart to install the Fluent-bit Driver",
            "devel": null,
            "disable_crd_hooks": false,
            "disable_openapi_validation": false,
            "disable_webhooks": false,
            "force_update": false,
            "id": "aws-for-fluent-bit",
            "keyring": null,
            "lint": false,
            "manifest": null,
            "max_history": 0,
            "metadata": [
              {
                "app_version": "2.31.12.20231011",
                "chart": "aws-for-fluent-bit",
                "first_deployed": 1721069180,
                "last_deployed": 1721069180,
                "name": "aws-for-fluent-bit",
                "namespace": "kube-system",
                "notes": "aws-for-fluent-bit has been installed or updated. To check the status of pods, run:\n\nkubectl get pods -n kube-system\n",
                "revision": 1,
                "values": "{\"cloudWatch\":{\"region\":\"us-east-1\"},\"cloudWatchLogs\":{\"autoCreateGroup\":false,\"logGroupName\":\"/aws/eks/eks-blueprint/aws-fluentbit-logs\",\"logGroupTemplate\":\"\",\"region\":\"us-east-1\"},\"serviceAccount\":{\"annotations\":{\"eks.amazonaws.com/role-arn\":\"arn:aws:iam::389029577690:role/aws-for-fluent-bit-2024071518460545030000002c\"},\"name\":\"aws-for-fluent-bit-sa\"}}",
                "version": "0.1.32"
              }
            ],
            "name": "aws-for-fluent-bit",
            "namespace": "kube-system",
            "pass_credentials": false,
            "postrender": [],
            "recreate_pods": false,
            "render_subchart_notes": true,
            "replace": false,
            "repository": "https://aws.github.io/eks-charts",
            "repository_ca_file": null,
            "repository_cert_file": null,
            "repository_key_file": null,
            "repository_password": null,
            "repository_username": null,
            "reset_values": false,
            "reuse_values": false,
            "set": [
              {
                "name": "cloudWatch.region",
                "type": "",
                "value": "us-east-1"
              },
              {
                "name": "cloudWatchLogs.autoCreateGroup",
                "type": "",
                "value": "false"
              },
              {
                "name": "cloudWatchLogs.logGroupName",
                "type": "",
                "value": "/aws/eks/eks-blueprint/aws-fluentbit-logs"
              },
              {
                "name": "cloudWatchLogs.logGroupTemplate",
                "type": "",
                "value": ""
              },
              {
                "name": "cloudWatchLogs.region",
                "type": "",
                "value": "us-east-1"
              },
              {
                "name": "serviceAccount.annotations.eks\\.amazonaws\\.com/role-arn",
                "type": "",
                "value": "arn:aws:iam::389029577690:role/aws-for-fluent-bit-2024071518460545030000002c"
              },
              {
                "name": "serviceAccount.name",
                "type": "",
                "value": "aws-for-fluent-bit-sa"
              }
            ],
            "set_list": [],
            "set_sensitive": [],
            "skip_crds": false,
            "status": "deployed",
            "timeout": 300,
            "values": [],
            "verify": false,
            "version": "0.1.32",
            "wait": false,
            "wait_for_jobs": false
          },
          "sensitive_attributes": [],
          "private": "eyJzY2hlbWFfdmVyc2lvbiI6IjEifQ==",
          "dependencies": [
            "module.eks_blueprints_addons.data.aws_region.current",
            "module.eks_blueprints_addons.module.aws_for_fluentbit.aws_iam_role.this",
            "module.eks_blueprints_addons.module.aws_for_fluentbit.data.aws_caller_identity.current",
            "module.eks_blueprints_addons.module.aws_for_fluentbit.data.aws_iam_policy_document.assume",
            "module.eks_blueprints_addons.module.aws_for_fluentbit.data.aws_partition.current",
            "module.eks_blueprints_addons.time_sleep.this",
            "module.eks_cluster.aws_cloudwatch_log_group.this",
            "module.eks_cluster.aws_eks_access_entry.this",
            "module.eks_cluster.aws_eks_access_policy_association.this",
            "module.eks_cluster.aws_eks_cluster.this",
            "module.eks_cluster.aws_iam_openid_connect_provider.oidc_provider",
            "module.eks_cluster.aws_iam_policy.cni_ipv6_policy",
            "module.eks_cluster.aws_iam_role.this",
            "module.eks_cluster.aws_iam_role_policy_attachment.this",
            "module.eks_cluster.aws_security_group.cluster",
            "module.eks_cluster.aws_security_group.node",
            "module.eks_cluster.aws_security_group_rule.cluster",
            "module.eks_cluster.aws_security_group_rule.node",
            "module.eks_cluster.data.aws_caller_identity.current",
            "module.eks_cluster.data.aws_iam_policy_document.assume_role_policy",
            "module.eks_cluster.data.aws_iam_policy_document.cni_ipv6_policy",
            "module.eks_cluster.data.aws_iam_session_context.current",
            "module.eks_cluster.data.aws_partition.current",
            "module.eks_cluster.data.tls_certificate.this",
            "module.eks_cluster.module.kms.aws_kms_external_key.this",
            "module.eks_cluster.module.kms.aws_kms_key.this",
            "module.eks_cluster.module.kms.aws_kms_replica_external_key.this",
            "module.eks_cluster.module.kms.aws_kms_replica_key.this",
            "module.eks_cluster.module.kms.data.aws_caller_identity.current",
            "module.eks_cluster.module.kms.data.aws_iam_policy_document.this",
            "module.eks_cluster.module.kms.data.aws_partition.current",
            "module.vpc.aws_subnet.private",
            "module.vpc.aws_subnet.public",
            "module.vpc.aws_vpc.this",
            "module.vpc.aws_vpc_ipv4_cidr_block_association.this"
          ]
        }
      ]
    },
    {
      "module": "module.eks_blueprints_addons.module.aws_load_balancer_controller",
      "mode": "data",
      "type": "aws_caller_identity",
      "name": "current",
      "provider": "provider[\"registry.terraform.io/hashicorp/aws\"]",
      "instances": [
        {
          "index_key": 0,
          "schema_version": 0,
          "attributes": {
            "account_id": "389029577690",
            "arn": "arn:aws:iam::389029577690:user/Marketing",
            "id": "389029577690",
            "user_id": "AIDAVVE7YIPNMUTPSACL4"
          },
          "sensitive_attributes": []
        }
      ]
    },
    {
      "module": "module.eks_blueprints_addons.module.aws_load_balancer_controller",
      "mode": "data",
      "type": "aws_iam_policy_document",
      "name": "assume",
      "provider": "provider[\"registry.terraform.io/hashicorp/aws\"]",
      "instances": [
        {
          "index_key": 0,
          "schema_version": 0,
          "attributes": {
            "id": "518696918",
            "json": "{\n  \"Version\": \"2012-10-17\",\n  \"Statement\": [\n    {\n      \"Effect\": \"Allow\",\n      \"Action\": \"sts:AssumeRoleWithWebIdentity\",\n      \"Principal\": {\n        \"Federated\": \"arn:aws:iam::389029577690:oidc-provider/oidc.eks.us-east-1.amazonaws.com/id/256E944920A43EA505E681939492415B\"\n      },\n      \"Condition\": {\n        \"StringEquals\": {\n          \"oidc.eks.us-east-1.amazonaws.com/id/256E944920A43EA505E681939492415B:aud\": \"sts.amazonaws.com\",\n          \"oidc.eks.us-east-1.amazonaws.com/id/256E944920A43EA505E681939492415B:sub\": \"system:serviceaccount:kube-system:aws-load-balancer-controller-sa\"\n        }\n      }\n    }\n  ]\n}",
            "minified_json": "{\"Version\":\"2012-10-17\",\"Statement\":[{\"Effect\":\"Allow\",\"Action\":\"sts:AssumeRoleWithWebIdentity\",\"Principal\":{\"Federated\":\"arn:aws:iam::389029577690:oidc-provider/oidc.eks.us-east-1.amazonaws.com/id/256E944920A43EA505E681939492415B\"},\"Condition\":{\"StringEquals\":{\"oidc.eks.us-east-1.amazonaws.com/id/256E944920A43EA505E681939492415B:aud\":\"sts.amazonaws.com\",\"oidc.eks.us-east-1.amazonaws.com/id/256E944920A43EA505E681939492415B:sub\":\"system:serviceaccount:kube-system:aws-load-balancer-controller-sa\"}}}]}",
            "override_json": null,
            "override_policy_documents": null,
            "policy_id": null,
            "source_json": null,
            "source_policy_documents": null,
            "statement": [
              {
                "actions": [
                  "sts:AssumeRoleWithWebIdentity"
                ],
                "condition": [
                  {
                    "test": "StringEquals",
                    "values": [
                      "sts.amazonaws.com"
                    ],
                    "variable": "oidc.eks.us-east-1.amazonaws.com/id/256E944920A43EA505E681939492415B:aud"
                  },
                  {
                    "test": "StringEquals",
                    "values": [
                      "system:serviceaccount:kube-system:aws-load-balancer-controller-sa"
                    ],
                    "variable": "oidc.eks.us-east-1.amazonaws.com/id/256E944920A43EA505E681939492415B:sub"
                  }
                ],
                "effect": "Allow",
                "not_actions": [],
                "not_principals": [],
                "not_resources": [],
                "principals": [
                  {
                    "identifiers": [
                      "arn:aws:iam::389029577690:oidc-provider/oidc.eks.us-east-1.amazonaws.com/id/256E944920A43EA505E681939492415B"
                    ],
                    "type": "Federated"
                  }
                ],
                "resources": [],
                "sid": ""
              }
            ],
            "version": "2012-10-17"
          },
          "sensitive_attributes": []
        }
      ]
    },
    {
      "module": "module.eks_blueprints_addons.module.aws_load_balancer_controller",
      "mode": "data",
      "type": "aws_iam_policy_document",
      "name": "this",
      "provider": "provider[\"registry.terraform.io/hashicorp/aws\"]",
      "instances": [
        {
          "index_key": 0,
          "schema_version": 0,
          "attributes": {
            "id": "3712473960",
            "json": "{\n  \"Version\": \"2012-10-17\",\n  \"Statement\": [\n    {\n      \"Effect\": \"Allow\",\n      \"Action\": \"iam:CreateServiceLinkedRole\",\n      \"Resource\": \"*\",\n      \"Condition\": {\n        \"StringEquals\": {\n          \"iam:AWSServiceName\": \"elasticloadbalancing.amazonaws.com\"\n        }\n      }\n    },\n    {\n      \"Effect\": \"Allow\",\n      \"Action\": [\n        \"elasticloadbalancing:DescribeTrustStores\",\n        \"elasticloadbalancing:DescribeTargetHealth\",\n        \"elasticloadbalancing:DescribeTargetGroups\",\n        \"elasticloadbalancing:DescribeTargetGroupAttributes\",\n        \"elasticloadbalancing:DescribeTags\",\n        \"elasticloadbalancing:DescribeSSLPolicies\",\n        \"elasticloadbalancing:DescribeRules\",\n        \"elasticloadbalancing:DescribeLoadBalancers\",\n        \"elasticloadbalancing:DescribeLoadBalancerAttributes\",\n        \"elasticloadbalancing:DescribeListeners\",\n        \"elasticloadbalancing:DescribeListenerCertificates\",\n        \"ec2:GetCoipPoolUsage\",\n        \"ec2:DescribeVpcs\",\n        \"ec2:DescribeVpcPeeringConnections\",\n        \"ec2:DescribeTags\",\n        \"ec2:DescribeSubnets\",\n        \"ec2:DescribeSecurityGroups\",\n        \"ec2:DescribeNetworkInterfaces\",\n        \"ec2:DescribeInternetGateways\",\n        \"ec2:DescribeInstances\",\n        \"ec2:DescribeCoipPools\",\n        \"ec2:DescribeAvailabilityZones\",\n        \"ec2:DescribeAddresses\",\n        \"ec2:DescribeAccountAttributes\"\n      ],\n      \"Resource\": \"*\"\n    },\n    {\n      \"Effect\": \"Allow\",\n      \"Action\": [\n        \"wafv2:GetWebACLForResource\",\n        \"wafv2:GetWebACL\",\n        \"wafv2:DisassociateWebACL\",\n        \"wafv2:AssociateWebACL\",\n        \"waf-regional:GetWebACLForResource\",\n        \"waf-regional:GetWebACL\",\n        \"waf-regional:DisassociateWebACL\",\n        \"waf-regional:AssociateWebACL\",\n        \"shield:GetSubscriptionState\",\n        \"shield:DescribeProtection\",\n        \"shield:DeleteProtection\",\n        \"shield:CreateProtection\",\n        \"iam:ListServerCertificates\",\n        \"iam:GetServerCertificate\",\n        \"cognito-idp:DescribeUserPoolClient\",\n        \"acm:ListCertificates\",\n        \"acm:DescribeCertificate\"\n      ],\n      \"Resource\": \"*\"\n    },\n    {\n      \"Effect\": \"Allow\",\n      \"Action\": [\n        \"ec2:RevokeSecurityGroupIngress\",\n        \"ec2:AuthorizeSecurityGroupIngress\"\n      ],\n      \"Resource\": \"*\"\n    },\n    {\n      \"Effect\": \"Allow\",\n      \"Action\": \"ec2:CreateSecurityGroup\",\n      \"Resource\": \"*\"\n    },\n    {\n      \"Effect\": \"Allow\",\n      \"Action\": \"ec2:CreateTags\",\n      \"Resource\": \"arn:aws:ec2:*:*:security-group/*\",\n      \"Condition\": {\n        \"Null\": {\n          \"aws:RequestTag/elbv2.k8s.aws/cluster\": \"false\"\n        },\n        \"StringEquals\": {\n          \"ec2:CreateAction\": \"CreateSecurityGroup\"\n        }\n      }\n    },\n    {\n      \"Effect\": \"Allow\",\n      \"Action\": [\n        \"ec2:DeleteTags\",\n        \"ec2:CreateTags\"\n      ],\n      \"Resource\": \"arn:aws:ec2:*:*:security-group/*\",\n      \"Condition\": {\n        \"Null\": {\n          \"aws:RequestTag/elbv2.k8s.aws/cluster\": \"true\",\n          \"aws:ResourceTag/elbv2.k8s.aws/cluster\": \"false\"\n        }\n      }\n    },\n    {\n      \"Effect\": \"Allow\",\n      \"Action\": [\n        \"ec2:RevokeSecurityGroupIngress\",\n        \"ec2:DeleteSecurityGroup\",\n        \"ec2:AuthorizeSecurityGroupIngress\"\n      ],\n      \"Resource\": \"*\",\n      \"Condition\": {\n        \"Null\": {\n          \"aws:ResourceTag/elbv2.k8s.aws/cluster\": \"false\"\n        }\n      }\n    },\n    {\n      \"Effect\": \"Allow\",\n      \"Action\": [\n        \"elasticloadbalancing:CreateTargetGroup\",\n        \"elasticloadbalancing:CreateLoadBalancer\"\n      ],\n      \"Resource\": \"*\",\n      \"Condition\": {\n        \"Null\": {\n          \"aws:RequestTag/elbv2.k8s.aws/cluster\": \"false\"\n        }\n      }\n    },\n    {\n      \"Effect\": \"Allow\",\n      \"Action\": [\n        \"elasticloadbalancing:DeleteRule\",\n        \"elasticloadbalancing:DeleteListener\",\n        \"elasticloadbalancing:CreateRule\",\n        \"elasticloadbalancing:CreateListener\"\n      ],\n      \"Resource\": \"*\"\n    },\n    {\n      \"Effect\": \"Allow\",\n      \"Action\": [\n        \"elasticloadbalancing:RemoveTags\",\n        \"elasticloadbalancing:AddTags\"\n      ],\n      \"Resource\": [\n        \"arn:aws:elasticloadbalancing:*:*:targetgroup/*/*\",\n        \"arn:aws:elasticloadbalancing:*:*:loadbalancer/net/*/*\",\n        \"arn:aws:elasticloadbalancing:*:*:loadbalancer/app/*/*\"\n      ],\n      \"Condition\": {\n        \"Null\": {\n          \"aws:RequestTag/elbv2.k8s.aws/cluster\": \"true\",\n          \"aws:ResourceTag/elbv2.k8s.aws/cluster\": \"false\"\n        }\n      }\n    },\n    {\n      \"Effect\": \"Allow\",\n      \"Action\": [\n        \"elasticloadbalancing:RemoveTags\",\n        \"elasticloadbalancing:AddTags\"\n      ],\n      \"Resource\": [\n        \"arn:aws:elasticloadbalancing:*:*:listener/net/*/*/*\",\n        \"arn:aws:elasticloadbalancing:*:*:listener/app/*/*/*\",\n        \"arn:aws:elasticloadbalancing:*:*:listener-rule/net/*/*/*\",\n        \"arn:aws:elasticloadbalancing:*:*:listener-rule/app/*/*/*\"\n      ]\n    },\n    {\n      \"Effect\": \"Allow\",\n      \"Action\": [\n        \"elasticloadbalancing:SetSubnets\",\n        \"elasticloadbalancing:SetSecurityGroups\",\n        \"elasticloadbalancing:SetIpAddressType\",\n        \"elasticloadbalancing:ModifyTargetGroupAttributes\",\n        \"elasticloadbalancing:ModifyTargetGroup\",\n        \"elasticloadbalancing:ModifyLoadBalancerAttributes\",\n        \"elasticloadbalancing:DeleteTargetGroup\",\n        \"elasticloadbalancing:DeleteLoadBalancer\"\n      ],\n      \"Resource\": \"*\",\n      \"Condition\": {\n        \"Null\": {\n          \"aws:ResourceTag/elbv2.k8s.aws/cluster\": \"false\"\n        }\n      }\n    },\n    {\n      \"Effect\": \"Allow\",\n      \"Action\": \"elasticloadbalancing:AddTags\",\n      \"Resource\": [\n        \"arn:aws:elasticloadbalancing:*:*:targetgroup/*/*\",\n        \"arn:aws:elasticloadbalancing:*:*:loadbalancer/net/*/*\",\n        \"arn:aws:elasticloadbalancing:*:*:loadbalancer/app/*/*\"\n      ],\n      \"Condition\": {\n        \"Null\": {\n          \"aws:RequestTag/elbv2.k8s.aws/cluster\": \"false\"\n        },\n        \"StringEquals\": {\n          \"elasticloadbalancing:CreateAction\": [\n            \"CreateTargetGroup\",\n            \"CreateLoadBalancer\"\n          ]\n        }\n      }\n    },\n    {\n      \"Effect\": \"Allow\",\n      \"Action\": [\n        \"elasticloadbalancing:RegisterTargets\",\n        \"elasticloadbalancing:DeregisterTargets\"\n      ],\n      \"Resource\": \"arn:aws:elasticloadbalancing:*:*:targetgroup/*/*\"\n    },\n    {\n      \"Effect\": \"Allow\",\n      \"Action\": [\n        \"elasticloadbalancing:SetWebAcl\",\n        \"elasticloadbalancing:RemoveListenerCertificates\",\n        \"elasticloadbalancing:ModifyRule\",\n        \"elasticloadbalancing:ModifyListener\",\n        \"elasticloadbalancing:AddListenerCertificates\"\n      ],\n      \"Resource\": \"*\"\n    }\n  ]\n}",
            "minified_json": "{\"Version\":\"2012-10-17\",\"Statement\":[{\"Effect\":\"Allow\",\"Action\":\"iam:CreateServiceLinkedRole\",\"Resource\":\"*\",\"Condition\":{\"StringEquals\":{\"iam:AWSServiceName\":\"elasticloadbalancing.amazonaws.com\"}}},{\"Effect\":\"Allow\",\"Action\":[\"elasticloadbalancing:DescribeTrustStores\",\"elasticloadbalancing:DescribeTargetHealth\",\"elasticloadbalancing:DescribeTargetGroups\",\"elasticloadbalancing:DescribeTargetGroupAttributes\",\"elasticloadbalancing:DescribeTags\",\"elasticloadbalancing:DescribeSSLPolicies\",\"elasticloadbalancing:DescribeRules\",\"elasticloadbalancing:DescribeLoadBalancers\",\"elasticloadbalancing:DescribeLoadBalancerAttributes\",\"elasticloadbalancing:DescribeListeners\",\"elasticloadbalancing:DescribeListenerCertificates\",\"ec2:GetCoipPoolUsage\",\"ec2:DescribeVpcs\",\"ec2:DescribeVpcPeeringConnections\",\"ec2:DescribeTags\",\"ec2:DescribeSubnets\",\"ec2:DescribeSecurityGroups\",\"ec2:DescribeNetworkInterfaces\",\"ec2:DescribeInternetGateways\",\"ec2:DescribeInstances\",\"ec2:DescribeCoipPools\",\"ec2:DescribeAvailabilityZones\",\"ec2:DescribeAddresses\",\"ec2:DescribeAccountAttributes\"],\"Resource\":\"*\"},{\"Effect\":\"Allow\",\"Action\":[\"wafv2:GetWebACLForResource\",\"wafv2:GetWebACL\",\"wafv2:DisassociateWebACL\",\"wafv2:AssociateWebACL\",\"waf-regional:GetWebACLForResource\",\"waf-regional:GetWebACL\",\"waf-regional:DisassociateWebACL\",\"waf-regional:AssociateWebACL\",\"shield:GetSubscriptionState\",\"shield:DescribeProtection\",\"shield:DeleteProtection\",\"shield:CreateProtection\",\"iam:ListServerCertificates\",\"iam:GetServerCertificate\",\"cognito-idp:DescribeUserPoolClient\",\"acm:ListCertificates\",\"acm:DescribeCertificate\"],\"Resource\":\"*\"},{\"Effect\":\"Allow\",\"Action\":[\"ec2:RevokeSecurityGroupIngress\",\"ec2:AuthorizeSecurityGroupIngress\"],\"Resource\":\"*\"},{\"Effect\":\"Allow\",\"Action\":\"ec2:CreateSecurityGroup\",\"Resource\":\"*\"},{\"Effect\":\"Allow\",\"Action\":\"ec2:CreateTags\",\"Resource\":\"arn:aws:ec2:*:*:security-group/*\",\"Condition\":{\"Null\":{\"aws:RequestTag/elbv2.k8s.aws/cluster\":\"false\"},\"StringEquals\":{\"ec2:CreateAction\":\"CreateSecurityGroup\"}}},{\"Effect\":\"Allow\",\"Action\":[\"ec2:DeleteTags\",\"ec2:CreateTags\"],\"Resource\":\"arn:aws:ec2:*:*:security-group/*\",\"Condition\":{\"Null\":{\"aws:RequestTag/elbv2.k8s.aws/cluster\":\"true\",\"aws:ResourceTag/elbv2.k8s.aws/cluster\":\"false\"}}},{\"Effect\":\"Allow\",\"Action\":[\"ec2:RevokeSecurityGroupIngress\",\"ec2:DeleteSecurityGroup\",\"ec2:AuthorizeSecurityGroupIngress\"],\"Resource\":\"*\",\"Condition\":{\"Null\":{\"aws:ResourceTag/elbv2.k8s.aws/cluster\":\"false\"}}},{\"Effect\":\"Allow\",\"Action\":[\"elasticloadbalancing:CreateTargetGroup\",\"elasticloadbalancing:CreateLoadBalancer\"],\"Resource\":\"*\",\"Condition\":{\"Null\":{\"aws:RequestTag/elbv2.k8s.aws/cluster\":\"false\"}}},{\"Effect\":\"Allow\",\"Action\":[\"elasticloadbalancing:DeleteRule\",\"elasticloadbalancing:DeleteListener\",\"elasticloadbalancing:CreateRule\",\"elasticloadbalancing:CreateListener\"],\"Resource\":\"*\"},{\"Effect\":\"Allow\",\"Action\":[\"elasticloadbalancing:RemoveTags\",\"elasticloadbalancing:AddTags\"],\"Resource\":[\"arn:aws:elasticloadbalancing:*:*:targetgroup/*/*\",\"arn:aws:elasticloadbalancing:*:*:loadbalancer/net/*/*\",\"arn:aws:elasticloadbalancing:*:*:loadbalancer/app/*/*\"],\"Condition\":{\"Null\":{\"aws:RequestTag/elbv2.k8s.aws/cluster\":\"true\",\"aws:ResourceTag/elbv2.k8s.aws/cluster\":\"false\"}}},{\"Effect\":\"Allow\",\"Action\":[\"elasticloadbalancing:RemoveTags\",\"elasticloadbalancing:AddTags\"],\"Resource\":[\"arn:aws:elasticloadbalancing:*:*:listener/net/*/*/*\",\"arn:aws:elasticloadbalancing:*:*:listener/app/*/*/*\",\"arn:aws:elasticloadbalancing:*:*:listener-rule/net/*/*/*\",\"arn:aws:elasticloadbalancing:*:*:listener-rule/app/*/*/*\"]},{\"Effect\":\"Allow\",\"Action\":[\"elasticloadbalancing:SetSubnets\",\"elasticloadbalancing:SetSecurityGroups\",\"elasticloadbalancing:SetIpAddressType\",\"elasticloadbalancing:ModifyTargetGroupAttributes\",\"elasticloadbalancing:ModifyTargetGroup\",\"elasticloadbalancing:ModifyLoadBalancerAttributes\",\"elasticloadbalancing:DeleteTargetGroup\",\"elasticloadbalancing:DeleteLoadBalancer\"],\"Resource\":\"*\",\"Condition\":{\"Null\":{\"aws:ResourceTag/elbv2.k8s.aws/cluster\":\"false\"}}},{\"Effect\":\"Allow\",\"Action\":\"elasticloadbalancing:AddTags\",\"Resource\":[\"arn:aws:elasticloadbalancing:*:*:targetgroup/*/*\",\"arn:aws:elasticloadbalancing:*:*:loadbalancer/net/*/*\",\"arn:aws:elasticloadbalancing:*:*:loadbalancer/app/*/*\"],\"Condition\":{\"Null\":{\"aws:RequestTag/elbv2.k8s.aws/cluster\":\"false\"},\"StringEquals\":{\"elasticloadbalancing:CreateAction\":[\"CreateTargetGroup\",\"CreateLoadBalancer\"]}}},{\"Effect\":\"Allow\",\"Action\":[\"elasticloadbalancing:RegisterTargets\",\"elasticloadbalancing:DeregisterTargets\"],\"Resource\":\"arn:aws:elasticloadbalancing:*:*:targetgroup/*/*\"},{\"Effect\":\"Allow\",\"Action\":[\"elasticloadbalancing:SetWebAcl\",\"elasticloadbalancing:RemoveListenerCertificates\",\"elasticloadbalancing:ModifyRule\",\"elasticloadbalancing:ModifyListener\",\"elasticloadbalancing:AddListenerCertificates\"],\"Resource\":\"*\"}]}",
            "override_json": null,
            "override_policy_documents": null,
            "policy_id": null,
            "source_json": null,
            "source_policy_documents": [
              "{\n  \"Version\": \"2012-10-17\",\n  \"Statement\": [\n    {\n      \"Effect\": \"Allow\",\n      \"Action\": \"iam:CreateServiceLinkedRole\",\n      \"Resource\": \"*\",\n      \"Condition\": {\n        \"StringEquals\": {\n          \"iam:AWSServiceName\": \"elasticloadbalancing.amazonaws.com\"\n        }\n      }\n    },\n    {\n      \"Effect\": \"Allow\",\n      \"Action\": [\n        \"elasticloadbalancing:DescribeTrustStores\",\n        \"elasticloadbalancing:DescribeTargetHealth\",\n        \"elasticloadbalancing:DescribeTargetGroups\",\n        \"elasticloadbalancing:DescribeTargetGroupAttributes\",\n        \"elasticloadbalancing:DescribeTags\",\n        \"elasticloadbalancing:DescribeSSLPolicies\",\n        \"elasticloadbalancing:DescribeRules\",\n        \"elasticloadbalancing:DescribeLoadBalancers\",\n        \"elasticloadbalancing:DescribeLoadBalancerAttributes\",\n        \"elasticloadbalancing:DescribeListeners\",\n        \"elasticloadbalancing:DescribeListenerCertificates\",\n        \"ec2:GetCoipPoolUsage\",\n        \"ec2:DescribeVpcs\",\n        \"ec2:DescribeVpcPeeringConnections\",\n        \"ec2:DescribeTags\",\n        \"ec2:DescribeSubnets\",\n        \"ec2:DescribeSecurityGroups\",\n        \"ec2:DescribeNetworkInterfaces\",\n        \"ec2:DescribeInternetGateways\",\n        \"ec2:DescribeInstances\",\n        \"ec2:DescribeCoipPools\",\n        \"ec2:DescribeAvailabilityZones\",\n        \"ec2:DescribeAddresses\",\n        \"ec2:DescribeAccountAttributes\"\n      ],\n      \"Resource\": \"*\"\n    },\n    {\n      \"Effect\": \"Allow\",\n      \"Action\": [\n        \"wafv2:GetWebACLForResource\",\n        \"wafv2:GetWebACL\",\n        \"wafv2:DisassociateWebACL\",\n        \"wafv2:AssociateWebACL\",\n        \"waf-regional:GetWebACLForResource\",\n        \"waf-regional:GetWebACL\",\n        \"waf-regional:DisassociateWebACL\",\n        \"waf-regional:AssociateWebACL\",\n        \"shield:GetSubscriptionState\",\n        \"shield:DescribeProtection\",\n        \"shield:DeleteProtection\",\n        \"shield:CreateProtection\",\n        \"iam:ListServerCertificates\",\n        \"iam:GetServerCertificate\",\n        \"cognito-idp:DescribeUserPoolClient\",\n        \"acm:ListCertificates\",\n        \"acm:DescribeCertificate\"\n      ],\n      \"Resource\": \"*\"\n    },\n    {\n      \"Effect\": \"Allow\",\n      \"Action\": [\n        \"ec2:RevokeSecurityGroupIngress\",\n        \"ec2:AuthorizeSecurityGroupIngress\"\n      ],\n      \"Resource\": \"*\"\n    },\n    {\n      \"Effect\": \"Allow\",\n      \"Action\": \"ec2:CreateSecurityGroup\",\n      \"Resource\": \"*\"\n    },\n    {\n      \"Effect\": \"Allow\",\n      \"Action\": \"ec2:CreateTags\",\n      \"Resource\": \"arn:aws:ec2:*:*:security-group/*\",\n      \"Condition\": {\n        \"Null\": {\n          \"aws:RequestTag/elbv2.k8s.aws/cluster\": \"false\"\n        },\n        \"StringEquals\": {\n          \"ec2:CreateAction\": \"CreateSecurityGroup\"\n        }\n      }\n    },\n    {\n      \"Effect\": \"Allow\",\n      \"Action\": [\n        \"ec2:DeleteTags\",\n        \"ec2:CreateTags\"\n      ],\n      \"Resource\": \"arn:aws:ec2:*:*:security-group/*\",\n      \"Condition\": {\n        \"Null\": {\n          \"aws:RequestTag/elbv2.k8s.aws/cluster\": \"true\",\n          \"aws:ResourceTag/elbv2.k8s.aws/cluster\": \"false\"\n        }\n      }\n    },\n    {\n      \"Effect\": \"Allow\",\n      \"Action\": [\n        \"ec2:RevokeSecurityGroupIngress\",\n        \"ec2:DeleteSecurityGroup\",\n        \"ec2:AuthorizeSecurityGroupIngress\"\n      ],\n      \"Resource\": \"*\",\n      \"Condition\": {\n        \"Null\": {\n          \"aws:ResourceTag/elbv2.k8s.aws/cluster\": \"false\"\n        }\n      }\n    },\n    {\n      \"Effect\": \"Allow\",\n      \"Action\": [\n        \"elasticloadbalancing:CreateTargetGroup\",\n        \"elasticloadbalancing:CreateLoadBalancer\"\n      ],\n      \"Resource\": \"*\",\n      \"Condition\": {\n        \"Null\": {\n          \"aws:RequestTag/elbv2.k8s.aws/cluster\": \"false\"\n        }\n      }\n    },\n    {\n      \"Effect\": \"Allow\",\n      \"Action\": [\n        \"elasticloadbalancing:DeleteRule\",\n        \"elasticloadbalancing:DeleteListener\",\n        \"elasticloadbalancing:CreateRule\",\n        \"elasticloadbalancing:CreateListener\"\n      ],\n      \"Resource\": \"*\"\n    },\n    {\n      \"Effect\": \"Allow\",\n      \"Action\": [\n        \"elasticloadbalancing:RemoveTags\",\n        \"elasticloadbalancing:AddTags\"\n      ],\n      \"Resource\": [\n        \"arn:aws:elasticloadbalancing:*:*:targetgroup/*/*\",\n        \"arn:aws:elasticloadbalancing:*:*:loadbalancer/net/*/*\",\n        \"arn:aws:elasticloadbalancing:*:*:loadbalancer/app/*/*\"\n      ],\n      \"Condition\": {\n        \"Null\": {\n          \"aws:RequestTag/elbv2.k8s.aws/cluster\": \"true\",\n          \"aws:ResourceTag/elbv2.k8s.aws/cluster\": \"false\"\n        }\n      }\n    },\n    {\n      \"Effect\": \"Allow\",\n      \"Action\": [\n        \"elasticloadbalancing:RemoveTags\",\n        \"elasticloadbalancing:AddTags\"\n      ],\n      \"Resource\": [\n        \"arn:aws:elasticloadbalancing:*:*:listener/net/*/*/*\",\n        \"arn:aws:elasticloadbalancing:*:*:listener/app/*/*/*\",\n        \"arn:aws:elasticloadbalancing:*:*:listener-rule/net/*/*/*\",\n        \"arn:aws:elasticloadbalancing:*:*:listener-rule/app/*/*/*\"\n      ]\n    },\n    {\n      \"Effect\": \"Allow\",\n      \"Action\": [\n        \"elasticloadbalancing:SetSubnets\",\n        \"elasticloadbalancing:SetSecurityGroups\",\n        \"elasticloadbalancing:SetIpAddressType\",\n        \"elasticloadbalancing:ModifyTargetGroupAttributes\",\n        \"elasticloadbalancing:ModifyTargetGroup\",\n        \"elasticloadbalancing:ModifyLoadBalancerAttributes\",\n        \"elasticloadbalancing:DeleteTargetGroup\",\n        \"elasticloadbalancing:DeleteLoadBalancer\"\n      ],\n      \"Resource\": \"*\",\n      \"Condition\": {\n        \"Null\": {\n          \"aws:ResourceTag/elbv2.k8s.aws/cluster\": \"false\"\n        }\n      }\n    },\n    {\n      \"Effect\": \"Allow\",\n      \"Action\": \"elasticloadbalancing:AddTags\",\n      \"Resource\": [\n        \"arn:aws:elasticloadbalancing:*:*:targetgroup/*/*\",\n        \"arn:aws:elasticloadbalancing:*:*:loadbalancer/net/*/*\",\n        \"arn:aws:elasticloadbalancing:*:*:loadbalancer/app/*/*\"\n      ],\n      \"Condition\": {\n        \"Null\": {\n          \"aws:RequestTag/elbv2.k8s.aws/cluster\": \"false\"\n        },\n        \"StringEquals\": {\n          \"elasticloadbalancing:CreateAction\": [\n            \"CreateTargetGroup\",\n            \"CreateLoadBalancer\"\n          ]\n        }\n      }\n    },\n    {\n      \"Effect\": \"Allow\",\n      \"Action\": [\n        \"elasticloadbalancing:RegisterTargets\",\n        \"elasticloadbalancing:DeregisterTargets\"\n      ],\n      \"Resource\": \"arn:aws:elasticloadbalancing:*:*:targetgroup/*/*\"\n    },\n    {\n      \"Effect\": \"Allow\",\n      \"Action\": [\n        \"elasticloadbalancing:SetWebAcl\",\n        \"elasticloadbalancing:RemoveListenerCertificates\",\n        \"elasticloadbalancing:ModifyRule\",\n        \"elasticloadbalancing:ModifyListener\",\n        \"elasticloadbalancing:AddListenerCertificates\"\n      ],\n      \"Resource\": \"*\"\n    }\n  ]\n}"
            ],
            "statement": null,
            "version": "2012-10-17"
          },
          "sensitive_attributes": []
        }
      ]
    },
    {
      "module": "module.eks_blueprints_addons.module.aws_load_balancer_controller",
      "mode": "data",
      "type": "aws_partition",
      "name": "current",
      "provider": "provider[\"registry.terraform.io/hashicorp/aws\"]",
      "instances": [
        {
          "index_key": 0,
          "schema_version": 0,
          "attributes": {
            "dns_suffix": "amazonaws.com",
            "id": "aws",
            "partition": "aws",
            "reverse_dns_prefix": "com.amazonaws"
          },
          "sensitive_attributes": []
        }
      ]
    },
    {
      "module": "module.eks_blueprints_addons.module.aws_load_balancer_controller",
      "mode": "managed",
      "type": "aws_iam_policy",
      "name": "this",
      "provider": "provider[\"registry.terraform.io/hashicorp/aws\"]",
      "instances": [
        {
          "index_key": 0,
          "schema_version": 0,
          "attributes": {
            "arn": "arn:aws:iam::389029577690:policy/alb-controller-20240715183437799000000002",
            "attachment_count": 1,
            "description": "IAM Policy for AWS Load Balancer Controller",
            "id": "arn:aws:iam::389029577690:policy/alb-controller-20240715183437799000000002",
            "name": "alb-controller-20240715183437799000000002",
            "name_prefix": "alb-controller-",
            "path": "/",
            "policy": "{\"Statement\":[{\"Action\":\"iam:CreateServiceLinkedRole\",\"Condition\":{\"StringEquals\":{\"iam:AWSServiceName\":\"elasticloadbalancing.amazonaws.com\"}},\"Effect\":\"Allow\",\"Resource\":\"*\"},{\"Action\":[\"elasticloadbalancing:DescribeTrustStores\",\"elasticloadbalancing:DescribeTargetHealth\",\"elasticloadbalancing:DescribeTargetGroups\",\"elasticloadbalancing:DescribeTargetGroupAttributes\",\"elasticloadbalancing:DescribeTags\",\"elasticloadbalancing:DescribeSSLPolicies\",\"elasticloadbalancing:DescribeRules\",\"elasticloadbalancing:DescribeLoadBalancers\",\"elasticloadbalancing:DescribeLoadBalancerAttributes\",\"elasticloadbalancing:DescribeListeners\",\"elasticloadbalancing:DescribeListenerCertificates\",\"ec2:GetCoipPoolUsage\",\"ec2:DescribeVpcs\",\"ec2:DescribeVpcPeeringConnections\",\"ec2:DescribeTags\",\"ec2:DescribeSubnets\",\"ec2:DescribeSecurityGroups\",\"ec2:DescribeNetworkInterfaces\",\"ec2:DescribeInternetGateways\",\"ec2:DescribeInstances\",\"ec2:DescribeCoipPools\",\"ec2:DescribeAvailabilityZones\",\"ec2:DescribeAddresses\",\"ec2:DescribeAccountAttributes\"],\"Effect\":\"Allow\",\"Resource\":\"*\"},{\"Action\":[\"wafv2:GetWebACLForResource\",\"wafv2:GetWebACL\",\"wafv2:DisassociateWebACL\",\"wafv2:AssociateWebACL\",\"waf-regional:GetWebACLForResource\",\"waf-regional:GetWebACL\",\"waf-regional:DisassociateWebACL\",\"waf-regional:AssociateWebACL\",\"shield:GetSubscriptionState\",\"shield:DescribeProtection\",\"shield:DeleteProtection\",\"shield:CreateProtection\",\"iam:ListServerCertificates\",\"iam:GetServerCertificate\",\"cognito-idp:DescribeUserPoolClient\",\"acm:ListCertificates\",\"acm:DescribeCertificate\"],\"Effect\":\"Allow\",\"Resource\":\"*\"},{\"Action\":[\"ec2:RevokeSecurityGroupIngress\",\"ec2:AuthorizeSecurityGroupIngress\"],\"Effect\":\"Allow\",\"Resource\":\"*\"},{\"Action\":\"ec2:CreateSecurityGroup\",\"Effect\":\"Allow\",\"Resource\":\"*\"},{\"Action\":\"ec2:CreateTags\",\"Condition\":{\"Null\":{\"aws:RequestTag/elbv2.k8s.aws/cluster\":\"false\"},\"StringEquals\":{\"ec2:CreateAction\":\"CreateSecurityGroup\"}},\"Effect\":\"Allow\",\"Resource\":\"arn:aws:ec2:*:*:security-group/*\"},{\"Action\":[\"ec2:DeleteTags\",\"ec2:CreateTags\"],\"Condition\":{\"Null\":{\"aws:RequestTag/elbv2.k8s.aws/cluster\":\"true\",\"aws:ResourceTag/elbv2.k8s.aws/cluster\":\"false\"}},\"Effect\":\"Allow\",\"Resource\":\"arn:aws:ec2:*:*:security-group/*\"},{\"Action\":[\"ec2:RevokeSecurityGroupIngress\",\"ec2:DeleteSecurityGroup\",\"ec2:AuthorizeSecurityGroupIngress\"],\"Condition\":{\"Null\":{\"aws:ResourceTag/elbv2.k8s.aws/cluster\":\"false\"}},\"Effect\":\"Allow\",\"Resource\":\"*\"},{\"Action\":[\"elasticloadbalancing:CreateTargetGroup\",\"elasticloadbalancing:CreateLoadBalancer\"],\"Condition\":{\"Null\":{\"aws:RequestTag/elbv2.k8s.aws/cluster\":\"false\"}},\"Effect\":\"Allow\",\"Resource\":\"*\"},{\"Action\":[\"elasticloadbalancing:DeleteRule\",\"elasticloadbalancing:DeleteListener\",\"elasticloadbalancing:CreateRule\",\"elasticloadbalancing:CreateListener\"],\"Effect\":\"Allow\",\"Resource\":\"*\"},{\"Action\":[\"elasticloadbalancing:RemoveTags\",\"elasticloadbalancing:AddTags\"],\"Condition\":{\"Null\":{\"aws:RequestTag/elbv2.k8s.aws/cluster\":\"true\",\"aws:ResourceTag/elbv2.k8s.aws/cluster\":\"false\"}},\"Effect\":\"Allow\",\"Resource\":[\"arn:aws:elasticloadbalancing:*:*:targetgroup/*/*\",\"arn:aws:elasticloadbalancing:*:*:loadbalancer/net/*/*\",\"arn:aws:elasticloadbalancing:*:*:loadbalancer/app/*/*\"]},{\"Action\":[\"elasticloadbalancing:RemoveTags\",\"elasticloadbalancing:AddTags\"],\"Effect\":\"Allow\",\"Resource\":[\"arn:aws:elasticloadbalancing:*:*:listener/net/*/*/*\",\"arn:aws:elasticloadbalancing:*:*:listener/app/*/*/*\",\"arn:aws:elasticloadbalancing:*:*:listener-rule/net/*/*/*\",\"arn:aws:elasticloadbalancing:*:*:listener-rule/app/*/*/*\"]},{\"Action\":[\"elasticloadbalancing:SetSubnets\",\"elasticloadbalancing:SetSecurityGroups\",\"elasticloadbalancing:SetIpAddressType\",\"elasticloadbalancing:ModifyTargetGroupAttributes\",\"elasticloadbalancing:ModifyTargetGroup\",\"elasticloadbalancing:ModifyLoadBalancerAttributes\",\"elasticloadbalancing:DeleteTargetGroup\",\"elasticloadbalancing:DeleteLoadBalancer\"],\"Condition\":{\"Null\":{\"aws:ResourceTag/elbv2.k8s.aws/cluster\":\"false\"}},\"Effect\":\"Allow\",\"Resource\":\"*\"},{\"Action\":\"elasticloadbalancing:AddTags\",\"Condition\":{\"Null\":{\"aws:RequestTag/elbv2.k8s.aws/cluster\":\"false\"},\"StringEquals\":{\"elasticloadbalancing:CreateAction\":[\"CreateTargetGroup\",\"CreateLoadBalancer\"]}},\"Effect\":\"Allow\",\"Resource\":[\"arn:aws:elasticloadbalancing:*:*:targetgroup/*/*\",\"arn:aws:elasticloadbalancing:*:*:loadbalancer/net/*/*\",\"arn:aws:elasticloadbalancing:*:*:loadbalancer/app/*/*\"]},{\"Action\":[\"elasticloadbalancing:RegisterTargets\",\"elasticloadbalancing:DeregisterTargets\"],\"Effect\":\"Allow\",\"Resource\":\"arn:aws:elasticloadbalancing:*:*:targetgroup/*/*\"},{\"Action\":[\"elasticloadbalancing:SetWebAcl\",\"elasticloadbalancing:RemoveListenerCertificates\",\"elasticloadbalancing:ModifyRule\",\"elasticloadbalancing:ModifyListener\",\"elasticloadbalancing:AddListenerCertificates\"],\"Effect\":\"Allow\",\"Resource\":\"*\"}],\"Version\":\"2012-10-17\"}",
            "policy_id": "ANPAVVE7YIPNI67VGF33X",
            "tags": {
              "Environment": "sandbox",
              "Terraform": "true"
            },
            "tags_all": {
              "Environment": "sandbox",
              "Terraform": "true"
            }
          },
          "sensitive_attributes": [],
          "private": "bnVsbA==",
          "dependencies": [
            "module.eks_blueprints_addons.data.aws_iam_policy_document.aws_load_balancer_controller",
            "module.eks_blueprints_addons.data.aws_partition.current",
            "module.eks_blueprints_addons.module.aws_load_balancer_controller.data.aws_iam_policy_document.this"
          ]
        }
      ]
    },
    {
      "module": "module.eks_blueprints_addons.module.aws_load_balancer_controller",
      "mode": "managed",
      "type": "aws_iam_role",
      "name": "this",
      "provider": "provider[\"registry.terraform.io/hashicorp/aws\"]",
      "instances": [
        {
          "index_key": 0,
          "schema_version": 0,
          "attributes": {
            "arn": "arn:aws:iam::389029577690:role/alb-controller-2024071518460545140000002e",
            "assume_role_policy": "{\"Statement\":[{\"Action\":\"sts:AssumeRoleWithWebIdentity\",\"Condition\":{\"StringEquals\":{\"oidc.eks.us-east-1.amazonaws.com/id/256E944920A43EA505E681939492415B:aud\":\"sts.amazonaws.com\",\"oidc.eks.us-east-1.amazonaws.com/id/256E944920A43EA505E681939492415B:sub\":\"system:serviceaccount:kube-system:aws-load-balancer-controller-sa\"}},\"Effect\":\"Allow\",\"Principal\":{\"Federated\":\"arn:aws:iam::389029577690:oidc-provider/oidc.eks.us-east-1.amazonaws.com/id/256E944920A43EA505E681939492415B\"}}],\"Version\":\"2012-10-17\"}",
            "create_date": "2024-07-15T18:46:05Z",
            "description": "IRSA for aws-load-balancer-controller project",
            "force_detach_policies": true,
            "id": "alb-controller-2024071518460545140000002e",
            "inline_policy": [],
            "managed_policy_arns": [
              "arn:aws:iam::389029577690:policy/alb-controller-20240715183437799000000002"
            ],
            "max_session_duration": 3600,
            "name": "alb-controller-2024071518460545140000002e",
            "name_prefix": "alb-controller-",
            "path": "/",
            "permissions_boundary": "",
            "tags": {
              "Environment": "sandbox",
              "Terraform": "true"
            },
            "tags_all": {
              "Environment": "sandbox",
              "Terraform": "true"
            },
            "unique_id": "AROAVVE7YIPNBL7OD5CHB"
          },
          "sensitive_attributes": [],
          "private": "bnVsbA==",
          "dependencies": [
            "module.eks_blueprints_addons.module.aws_load_balancer_controller.data.aws_caller_identity.current",
            "module.eks_blueprints_addons.module.aws_load_balancer_controller.data.aws_iam_policy_document.assume",
            "module.eks_blueprints_addons.module.aws_load_balancer_controller.data.aws_partition.current",
            "module.eks_blueprints_addons.time_sleep.this",
            "module.eks_cluster.aws_cloudwatch_log_group.this",
            "module.eks_cluster.aws_eks_access_entry.this",
            "module.eks_cluster.aws_eks_access_policy_association.this",
            "module.eks_cluster.aws_eks_cluster.this",
            "module.eks_cluster.aws_iam_openid_connect_provider.oidc_provider",
            "module.eks_cluster.aws_iam_policy.cni_ipv6_policy",
            "module.eks_cluster.aws_iam_role.this",
            "module.eks_cluster.aws_iam_role_policy_attachment.this",
            "module.eks_cluster.aws_security_group.cluster",
            "module.eks_cluster.aws_security_group.node",
            "module.eks_cluster.aws_security_group_rule.cluster",
            "module.eks_cluster.aws_security_group_rule.node",
            "module.eks_cluster.data.aws_caller_identity.current",
            "module.eks_cluster.data.aws_iam_policy_document.assume_role_policy",
            "module.eks_cluster.data.aws_iam_policy_document.cni_ipv6_policy",
            "module.eks_cluster.data.aws_iam_session_context.current",
            "module.eks_cluster.data.aws_partition.current",
            "module.eks_cluster.data.tls_certificate.this",
            "module.eks_cluster.module.kms.aws_kms_external_key.this",
            "module.eks_cluster.module.kms.aws_kms_key.this",
            "module.eks_cluster.module.kms.aws_kms_replica_external_key.this",
            "module.eks_cluster.module.kms.aws_kms_replica_key.this",
            "module.eks_cluster.module.kms.data.aws_caller_identity.current",
            "module.eks_cluster.module.kms.data.aws_iam_policy_document.this",
            "module.eks_cluster.module.kms.data.aws_partition.current",
            "module.vpc.aws_subnet.private",
            "module.vpc.aws_subnet.public",
            "module.vpc.aws_vpc.this",
            "module.vpc.aws_vpc_ipv4_cidr_block_association.this"
          ]
        }
      ]
    },
    {
      "module": "module.eks_blueprints_addons.module.aws_load_balancer_controller",
      "mode": "managed",
      "type": "aws_iam_role_policy_attachment",
      "name": "this",
      "provider": "provider[\"registry.terraform.io/hashicorp/aws\"]",
      "instances": [
        {
          "index_key": 0,
          "schema_version": 0,
          "attributes": {
            "id": "alb-controller-2024071518460545140000002e-20240715184606628200000031",
            "policy_arn": "arn:aws:iam::389029577690:policy/alb-controller-20240715183437799000000002",
            "role": "alb-controller-2024071518460545140000002e"
          },
          "sensitive_attributes": [],
          "private": "bnVsbA==",
          "dependencies": [
            "module.eks_blueprints_addons.data.aws_iam_policy_document.aws_load_balancer_controller",
            "module.eks_blueprints_addons.data.aws_partition.current",
            "module.eks_blueprints_addons.module.aws_load_balancer_controller.aws_iam_policy.this",
            "module.eks_blueprints_addons.module.aws_load_balancer_controller.aws_iam_role.this",
            "module.eks_blueprints_addons.module.aws_load_balancer_controller.data.aws_caller_identity.current",
            "module.eks_blueprints_addons.module.aws_load_balancer_controller.data.aws_iam_policy_document.assume",
            "module.eks_blueprints_addons.module.aws_load_balancer_controller.data.aws_iam_policy_document.this",
            "module.eks_blueprints_addons.module.aws_load_balancer_controller.data.aws_partition.current",
            "module.eks_blueprints_addons.time_sleep.this",
            "module.eks_cluster.aws_cloudwatch_log_group.this",
            "module.eks_cluster.aws_eks_access_entry.this",
            "module.eks_cluster.aws_eks_access_policy_association.this",
            "module.eks_cluster.aws_eks_cluster.this",
            "module.eks_cluster.aws_iam_openid_connect_provider.oidc_provider",
            "module.eks_cluster.aws_iam_policy.cni_ipv6_policy",
            "module.eks_cluster.aws_iam_role.this",
            "module.eks_cluster.aws_iam_role_policy_attachment.this",
            "module.eks_cluster.aws_security_group.cluster",
            "module.eks_cluster.aws_security_group.node",
            "module.eks_cluster.aws_security_group_rule.cluster",
            "module.eks_cluster.aws_security_group_rule.node",
            "module.eks_cluster.data.aws_caller_identity.current",
            "module.eks_cluster.data.aws_iam_policy_document.assume_role_policy",
            "module.eks_cluster.data.aws_iam_policy_document.cni_ipv6_policy",
            "module.eks_cluster.data.aws_iam_session_context.current",
            "module.eks_cluster.data.aws_partition.current",
            "module.eks_cluster.data.tls_certificate.this",
            "module.eks_cluster.module.kms.aws_kms_external_key.this",
            "module.eks_cluster.module.kms.aws_kms_key.this",
            "module.eks_cluster.module.kms.aws_kms_replica_external_key.this",
            "module.eks_cluster.module.kms.aws_kms_replica_key.this",
            "module.eks_cluster.module.kms.data.aws_caller_identity.current",
            "module.eks_cluster.module.kms.data.aws_iam_policy_document.this",
            "module.eks_cluster.module.kms.data.aws_partition.current",
            "module.vpc.aws_subnet.private",
            "module.vpc.aws_subnet.public",
            "module.vpc.aws_vpc.this",
            "module.vpc.aws_vpc_ipv4_cidr_block_association.this"
          ]
        }
      ]
    },
    {
      "module": "module.eks_blueprints_addons.module.aws_load_balancer_controller",
      "mode": "managed",
      "type": "helm_release",
      "name": "this",
      "provider": "provider[\"registry.terraform.io/hashicorp/helm\"]",
      "instances": [
        {
          "index_key": 0,
          "schema_version": 1,
          "attributes": {
            "atomic": false,
            "chart": "aws-load-balancer-controller",
            "cleanup_on_fail": false,
            "create_namespace": false,
            "dependency_update": false,
            "description": "A Helm chart to deploy aws-load-balancer-controller for ingress resources",
            "devel": null,
            "disable_crd_hooks": false,
            "disable_openapi_validation": false,
            "disable_webhooks": false,
            "force_update": false,
            "id": "aws-load-balancer-controller",
            "keyring": null,
            "lint": false,
            "manifest": null,
            "max_history": 0,
            "metadata": [
              {
                "app_version": "v2.7.1",
                "chart": "aws-load-balancer-controller",
                "first_deployed": 1721069183,
                "last_deployed": 1721069183,
                "name": "aws-load-balancer-controller",
                "namespace": "kube-system",
                "notes": "AWS Load Balancer controller installed!\n",
                "revision": 1,
                "values": "{\"clusterName\":\"eks-blueprint\",\"serviceAccount\":{\"annotations\":{\"eks.amazonaws.com/role-arn\":\"arn:aws:iam::389029577690:role/alb-controller-2024071518460545140000002e\"},\"name\":\"aws-load-balancer-controller-sa\"}}",
                "version": "1.7.1"
              }
            ],
            "name": "aws-load-balancer-controller",
            "namespace": "kube-system",
            "pass_credentials": false,
            "postrender": [],
            "recreate_pods": false,
            "render_subchart_notes": true,
            "replace": false,
            "repository": "https://aws.github.io/eks-charts",
            "repository_ca_file": null,
            "repository_cert_file": null,
            "repository_key_file": null,
            "repository_password": null,
            "repository_username": null,
            "reset_values": false,
            "reuse_values": false,
            "set": [
              {
                "name": "clusterName",
                "type": "",
                "value": "eks-blueprint"
              },
              {
                "name": "serviceAccount.annotations.eks\\.amazonaws\\.com/role-arn",
                "type": "",
                "value": "arn:aws:iam::389029577690:role/alb-controller-2024071518460545140000002e"
              },
              {
                "name": "serviceAccount.name",
                "type": "",
                "value": "aws-load-balancer-controller-sa"
              }
            ],
            "set_list": [],
            "set_sensitive": [],
            "skip_crds": false,
            "status": "deployed",
            "timeout": 300,
            "values": [],
            "verify": false,
            "version": "1.7.1",
            "wait": false,
            "wait_for_jobs": false
          },
          "sensitive_attributes": [],
          "private": "eyJzY2hlbWFfdmVyc2lvbiI6IjEifQ==",
          "dependencies": [
            "module.eks_blueprints_addons.module.aws_load_balancer_controller.aws_iam_role.this",
            "module.eks_blueprints_addons.module.aws_load_balancer_controller.data.aws_caller_identity.current",
            "module.eks_blueprints_addons.module.aws_load_balancer_controller.data.aws_iam_policy_document.assume",
            "module.eks_blueprints_addons.module.aws_load_balancer_controller.data.aws_partition.current",
            "module.eks_blueprints_addons.time_sleep.this",
            "module.eks_cluster.aws_cloudwatch_log_group.this",
            "module.eks_cluster.aws_eks_access_entry.this",
            "module.eks_cluster.aws_eks_access_policy_association.this",
            "module.eks_cluster.aws_eks_cluster.this",
            "module.eks_cluster.aws_iam_openid_connect_provider.oidc_provider",
            "module.eks_cluster.aws_iam_policy.cni_ipv6_policy",
            "module.eks_cluster.aws_iam_role.this",
            "module.eks_cluster.aws_iam_role_policy_attachment.this",
            "module.eks_cluster.aws_security_group.cluster",
            "module.eks_cluster.aws_security_group.node",
            "module.eks_cluster.aws_security_group_rule.cluster",
            "module.eks_cluster.aws_security_group_rule.node",
            "module.eks_cluster.data.aws_caller_identity.current",
            "module.eks_cluster.data.aws_iam_policy_document.assume_role_policy",
            "module.eks_cluster.data.aws_iam_policy_document.cni_ipv6_policy",
            "module.eks_cluster.data.aws_iam_session_context.current",
            "module.eks_cluster.data.aws_partition.current",
            "module.eks_cluster.data.tls_certificate.this",
            "module.eks_cluster.module.kms.aws_kms_external_key.this",
            "module.eks_cluster.module.kms.aws_kms_key.this",
            "module.eks_cluster.module.kms.aws_kms_replica_external_key.this",
            "module.eks_cluster.module.kms.aws_kms_replica_key.this",
            "module.eks_cluster.module.kms.data.aws_caller_identity.current",
            "module.eks_cluster.module.kms.data.aws_iam_policy_document.this",
            "module.eks_cluster.module.kms.data.aws_partition.current",
            "module.vpc.aws_subnet.private",
            "module.vpc.aws_subnet.public",
            "module.vpc.aws_vpc.this",
            "module.vpc.aws_vpc_ipv4_cidr_block_association.this"
          ]
        }
      ]
    },
    {
      "module": "module.eks_blueprints_addons.module.external_dns",
      "mode": "managed",
      "type": "helm_release",
      "name": "this",
      "provider": "provider[\"registry.terraform.io/hashicorp/helm\"]",
      "instances": [
        {
          "index_key": 0,
          "schema_version": 1,
          "attributes": {
            "atomic": false,
            "chart": "external-dns",
            "cleanup_on_fail": false,
            "create_namespace": true,
            "dependency_update": false,
            "description": "A Helm chart to deploy external-dns",
            "devel": null,
            "disable_crd_hooks": false,
            "disable_openapi_validation": false,
            "disable_webhooks": false,
            "force_update": false,
            "id": "external-dns",
            "keyring": null,
            "lint": false,
            "manifest": null,
            "max_history": 0,
            "metadata": [
              {
                "app_version": "0.14.0",
                "chart": "external-dns",
                "first_deployed": 1721069175,
                "last_deployed": 1721069175,
                "name": "external-dns",
                "namespace": "external-dns",
                "notes": "***********************************************************************\n* External DNS                                                        *\n***********************************************************************\n  Chart version: 1.14.3\n  App version:   0.14.0\n  Image tag:     registry.k8s.io/external-dns/external-dns:v0.14.0\n***********************************************************************\n",
                "revision": 1,
                "values": "{\"provider\":\"aws\",\"serviceAccount\":{\"name\":\"external-dns-sa\"}}",
                "version": "1.14.3"
              }
            ],
            "name": "external-dns",
            "namespace": "external-dns",
            "pass_credentials": false,
            "postrender": [],
            "recreate_pods": false,
            "render_subchart_notes": true,
            "replace": false,
            "repository": "https://kubernetes-sigs.github.io/external-dns/",
            "repository_ca_file": null,
            "repository_cert_file": null,
            "repository_key_file": null,
            "repository_password": null,
            "repository_username": null,
            "reset_values": false,
            "reuse_values": false,
            "set": [
              {
                "name": "serviceAccount.name",
                "type": "",
                "value": "external-dns-sa"
              }
            ],
            "set_list": [],
            "set_sensitive": [],
            "skip_crds": false,
            "status": "deployed",
            "timeout": 300,
            "values": [
              "provider: aws"
            ],
            "verify": false,
            "version": "1.14.3",
            "wait": false,
            "wait_for_jobs": false
          },
          "sensitive_attributes": [],
          "private": "eyJzY2hlbWFfdmVyc2lvbiI6IjEifQ==",
          "dependencies": [
            "module.eks_blueprints_addons.module.external_dns.aws_iam_role.this",
            "module.eks_blueprints_addons.module.external_dns.data.aws_caller_identity.current",
            "module.eks_blueprints_addons.module.external_dns.data.aws_iam_policy_document.assume",
            "module.eks_blueprints_addons.module.external_dns.data.aws_partition.current",
            "module.eks_blueprints_addons.time_sleep.this",
            "module.eks_cluster.aws_cloudwatch_log_group.this",
            "module.eks_cluster.aws_eks_access_entry.this",
            "module.eks_cluster.aws_eks_access_policy_association.this",
            "module.eks_cluster.aws_eks_cluster.this",
            "module.eks_cluster.aws_iam_openid_connect_provider.oidc_provider",
            "module.eks_cluster.aws_iam_policy.cni_ipv6_policy",
            "module.eks_cluster.aws_iam_role.this",
            "module.eks_cluster.aws_iam_role_policy_attachment.this",
            "module.eks_cluster.aws_security_group.cluster",
            "module.eks_cluster.aws_security_group.node",
            "module.eks_cluster.aws_security_group_rule.cluster",
            "module.eks_cluster.aws_security_group_rule.node",
            "module.eks_cluster.data.aws_caller_identity.current",
            "module.eks_cluster.data.aws_iam_policy_document.assume_role_policy",
            "module.eks_cluster.data.aws_iam_policy_document.cni_ipv6_policy",
            "module.eks_cluster.data.aws_iam_session_context.current",
            "module.eks_cluster.data.aws_partition.current",
            "module.eks_cluster.data.tls_certificate.this",
            "module.eks_cluster.module.kms.aws_kms_external_key.this",
            "module.eks_cluster.module.kms.aws_kms_key.this",
            "module.eks_cluster.module.kms.aws_kms_replica_external_key.this",
            "module.eks_cluster.module.kms.aws_kms_replica_key.this",
            "module.eks_cluster.module.kms.data.aws_caller_identity.current",
            "module.eks_cluster.module.kms.data.aws_iam_policy_document.this",
            "module.eks_cluster.module.kms.data.aws_partition.current",
            "module.vpc.aws_subnet.private",
            "module.vpc.aws_subnet.public",
            "module.vpc.aws_vpc.this",
            "module.vpc.aws_vpc_ipv4_cidr_block_association.this"
          ]
        }
      ]
    },
    {
      "module": "module.eks_blueprints_addons.module.karpenter",
      "mode": "data",
      "type": "aws_caller_identity",
      "name": "current",
      "provider": "provider[\"registry.terraform.io/hashicorp/aws\"]",
      "instances": [
        {
          "index_key": 0,
          "schema_version": 0,
          "attributes": {
            "account_id": "389029577690",
            "arn": "arn:aws:iam::389029577690:user/Marketing",
            "id": "389029577690",
            "user_id": "AIDAVVE7YIPNMUTPSACL4"
          },
          "sensitive_attributes": []
        }
      ]
    },
    {
      "module": "module.eks_blueprints_addons.module.karpenter",
      "mode": "data",
      "type": "aws_iam_policy_document",
      "name": "assume",
      "provider": "provider[\"registry.terraform.io/hashicorp/aws\"]",
      "instances": [
        {
          "index_key": 0,
          "schema_version": 0,
          "attributes": {
            "id": "379279919",
            "json": "{\n  \"Version\": \"2012-10-17\",\n  \"Statement\": [\n    {\n      \"Effect\": \"Allow\",\n      \"Action\": \"sts:AssumeRoleWithWebIdentity\",\n      \"Principal\": {\n        \"Federated\": \"arn:aws:iam::389029577690:oidc-provider/oidc.eks.us-east-1.amazonaws.com/id/256E944920A43EA505E681939492415B\"\n      },\n      \"Condition\": {\n        \"StringEquals\": {\n          \"oidc.eks.us-east-1.amazonaws.com/id/256E944920A43EA505E681939492415B:aud\": \"sts.amazonaws.com\",\n          \"oidc.eks.us-east-1.amazonaws.com/id/256E944920A43EA505E681939492415B:sub\": \"system:serviceaccount:karpenter:karpenter\"\n        }\n      }\n    }\n  ]\n}",
            "minified_json": "{\"Version\":\"2012-10-17\",\"Statement\":[{\"Effect\":\"Allow\",\"Action\":\"sts:AssumeRoleWithWebIdentity\",\"Principal\":{\"Federated\":\"arn:aws:iam::389029577690:oidc-provider/oidc.eks.us-east-1.amazonaws.com/id/256E944920A43EA505E681939492415B\"},\"Condition\":{\"StringEquals\":{\"oidc.eks.us-east-1.amazonaws.com/id/256E944920A43EA505E681939492415B:aud\":\"sts.amazonaws.com\",\"oidc.eks.us-east-1.amazonaws.com/id/256E944920A43EA505E681939492415B:sub\":\"system:serviceaccount:karpenter:karpenter\"}}}]}",
            "override_json": null,
            "override_policy_documents": null,
            "policy_id": null,
            "source_json": null,
            "source_policy_documents": null,
            "statement": [
              {
                "actions": [
                  "sts:AssumeRoleWithWebIdentity"
                ],
                "condition": [
                  {
                    "test": "StringEquals",
                    "values": [
                      "sts.amazonaws.com"
                    ],
                    "variable": "oidc.eks.us-east-1.amazonaws.com/id/256E944920A43EA505E681939492415B:aud"
                  },
                  {
                    "test": "StringEquals",
                    "values": [
                      "system:serviceaccount:karpenter:karpenter"
                    ],
                    "variable": "oidc.eks.us-east-1.amazonaws.com/id/256E944920A43EA505E681939492415B:sub"
                  }
                ],
                "effect": "Allow",
                "not_actions": [],
                "not_principals": [],
                "not_resources": [],
                "principals": [
                  {
                    "identifiers": [
                      "arn:aws:iam::389029577690:oidc-provider/oidc.eks.us-east-1.amazonaws.com/id/256E944920A43EA505E681939492415B"
                    ],
                    "type": "Federated"
                  }
                ],
                "resources": [],
                "sid": ""
              }
            ],
            "version": "2012-10-17"
          },
          "sensitive_attributes": []
        }
      ]
    },
    {
      "module": "module.eks_blueprints_addons.module.karpenter",
      "mode": "data",
      "type": "aws_iam_policy_document",
      "name": "this",
      "provider": "provider[\"registry.terraform.io/hashicorp/aws\"]",
      "instances": [
        {
          "index_key": 0,
          "schema_version": 0,
          "attributes": {
            "id": "2444077446",
            "json": "{\n  \"Version\": \"2012-10-17\",\n  \"Statement\": [\n    {\n      \"Effect\": \"Allow\",\n      \"Action\": [\n        \"ec2:DescribeSubnets\",\n        \"ec2:DescribeSpotPriceHistory\",\n        \"ec2:DescribeSecurityGroups\",\n        \"ec2:DescribeLaunchTemplates\",\n        \"ec2:DescribeInstances\",\n        \"ec2:DescribeInstanceTypes\",\n        \"ec2:DescribeInstanceTypeOfferings\",\n        \"ec2:DescribeImages\",\n        \"ec2:DescribeAvailabilityZones\"\n      ],\n      \"Resource\": \"*\"\n    },\n    {\n      \"Effect\": \"Allow\",\n      \"Action\": [\n        \"ec2:RunInstances\",\n        \"ec2:DeleteLaunchTemplate\",\n        \"ec2:CreateTags\",\n        \"ec2:CreateLaunchTemplate\",\n        \"ec2:CreateFleet\"\n      ],\n      \"Resource\": [\n        \"arn:aws:ec2:us-east-1::image/*\",\n        \"arn:aws:ec2:us-east-1:389029577690:*\"\n      ]\n    },\n    {\n      \"Effect\": \"Allow\",\n      \"Action\": \"iam:PassRole\",\n      \"Resource\": \"arn:aws:iam::389029577690:role/karpenter-eks-blueprint-20240715184535129200000018\"\n    },\n    {\n      \"Effect\": \"Allow\",\n      \"Action\": \"pricing:GetProducts\",\n      \"Resource\": \"*\"\n    },\n    {\n      \"Effect\": \"Allow\",\n      \"Action\": \"ssm:GetParameter\",\n      \"Resource\": \"arn:aws:ssm:us-east-1::parameter/aws/service/*\"\n    },\n    {\n      \"Effect\": \"Allow\",\n      \"Action\": \"eks:DescribeCluster\",\n      \"Resource\": \"arn:aws:eks:*:389029577690:cluster/eks-blueprint\"\n    },\n    {\n      \"Effect\": \"Allow\",\n      \"Action\": \"ec2:TerminateInstances\",\n      \"Resource\": \"arn:aws:ec2:us-east-1:389029577690:instance/*\",\n      \"Condition\": {\n        \"StringLike\": {\n          \"ec2:ResourceTag/kubernetes.io/cluster/eks-blueprint\": \"*\"\n        }\n      }\n    },\n    {\n      \"Effect\": \"Allow\",\n      \"Action\": [\n        \"sqs:ReceiveMessage\",\n        \"sqs:GetQueueUrl\",\n        \"sqs:GetQueueAttributes\",\n        \"sqs:DeleteMessage\"\n      ],\n      \"Resource\": \"arn:aws:sqs:us-east-1:389029577690:karpenter-eks-blueprint\"\n    },\n    {\n      \"Effect\": \"Allow\",\n      \"Action\": [\n        \"iam:TagInstanceProfile\",\n        \"iam:RemoveRoleFromInstanceProfile\",\n        \"iam:GetInstanceProfile\",\n        \"iam:DeleteInstanceProfile\",\n        \"iam:CreateInstanceProfile\",\n        \"iam:AddRoleToInstanceProfile\"\n      ],\n      \"Resource\": \"*\"\n    }\n  ]\n}",
            "minified_json": "{\"Version\":\"2012-10-17\",\"Statement\":[{\"Effect\":\"Allow\",\"Action\":[\"ec2:DescribeSubnets\",\"ec2:DescribeSpotPriceHistory\",\"ec2:DescribeSecurityGroups\",\"ec2:DescribeLaunchTemplates\",\"ec2:DescribeInstances\",\"ec2:DescribeInstanceTypes\",\"ec2:DescribeInstanceTypeOfferings\",\"ec2:DescribeImages\",\"ec2:DescribeAvailabilityZones\"],\"Resource\":\"*\"},{\"Effect\":\"Allow\",\"Action\":[\"ec2:RunInstances\",\"ec2:DeleteLaunchTemplate\",\"ec2:CreateTags\",\"ec2:CreateLaunchTemplate\",\"ec2:CreateFleet\"],\"Resource\":[\"arn:aws:ec2:us-east-1::image/*\",\"arn:aws:ec2:us-east-1:389029577690:*\"]},{\"Effect\":\"Allow\",\"Action\":\"iam:PassRole\",\"Resource\":\"arn:aws:iam::389029577690:role/karpenter-eks-blueprint-20240715184535129200000018\"},{\"Effect\":\"Allow\",\"Action\":\"pricing:GetProducts\",\"Resource\":\"*\"},{\"Effect\":\"Allow\",\"Action\":\"ssm:GetParameter\",\"Resource\":\"arn:aws:ssm:us-east-1::parameter/aws/service/*\"},{\"Effect\":\"Allow\",\"Action\":\"eks:DescribeCluster\",\"Resource\":\"arn:aws:eks:*:389029577690:cluster/eks-blueprint\"},{\"Effect\":\"Allow\",\"Action\":\"ec2:TerminateInstances\",\"Resource\":\"arn:aws:ec2:us-east-1:389029577690:instance/*\",\"Condition\":{\"StringLike\":{\"ec2:ResourceTag/kubernetes.io/cluster/eks-blueprint\":\"*\"}}},{\"Effect\":\"Allow\",\"Action\":[\"sqs:ReceiveMessage\",\"sqs:GetQueueUrl\",\"sqs:GetQueueAttributes\",\"sqs:DeleteMessage\"],\"Resource\":\"arn:aws:sqs:us-east-1:389029577690:karpenter-eks-blueprint\"},{\"Effect\":\"Allow\",\"Action\":[\"iam:TagInstanceProfile\",\"iam:RemoveRoleFromInstanceProfile\",\"iam:GetInstanceProfile\",\"iam:DeleteInstanceProfile\",\"iam:CreateInstanceProfile\",\"iam:AddRoleToInstanceProfile\"],\"Resource\":\"*\"}]}",
            "override_json": null,
            "override_policy_documents": null,
            "policy_id": null,
            "source_json": null,
            "source_policy_documents": [
              "{\n  \"Version\": \"2012-10-17\",\n  \"Statement\": [\n    {\n      \"Effect\": \"Allow\",\n      \"Action\": [\n        \"ec2:DescribeSubnets\",\n        \"ec2:DescribeSpotPriceHistory\",\n        \"ec2:DescribeSecurityGroups\",\n        \"ec2:DescribeLaunchTemplates\",\n        \"ec2:DescribeInstances\",\n        \"ec2:DescribeInstanceTypes\",\n        \"ec2:DescribeInstanceTypeOfferings\",\n        \"ec2:DescribeImages\",\n        \"ec2:DescribeAvailabilityZones\"\n      ],\n      \"Resource\": \"*\"\n    },\n    {\n      \"Effect\": \"Allow\",\n      \"Action\": [\n        \"ec2:RunInstances\",\n        \"ec2:DeleteLaunchTemplate\",\n        \"ec2:CreateTags\",\n        \"ec2:CreateLaunchTemplate\",\n        \"ec2:CreateFleet\"\n      ],\n      \"Resource\": [\n        \"arn:aws:ec2:us-east-1::image/*\",\n        \"arn:aws:ec2:us-east-1:389029577690:*\"\n      ]\n    },\n    {\n      \"Effect\": \"Allow\",\n      \"Action\": \"iam:PassRole\",\n      \"Resource\": \"arn:aws:iam::389029577690:role/karpenter-eks-blueprint-20240715184535129200000018\"\n    },\n    {\n      \"Effect\": \"Allow\",\n      \"Action\": \"pricing:GetProducts\",\n      \"Resource\": \"*\"\n    },\n    {\n      \"Effect\": \"Allow\",\n      \"Action\": \"ssm:GetParameter\",\n      \"Resource\": \"arn:aws:ssm:us-east-1::parameter/aws/service/*\"\n    },\n    {\n      \"Effect\": \"Allow\",\n      \"Action\": \"eks:DescribeCluster\",\n      \"Resource\": \"arn:aws:eks:*:389029577690:cluster/eks-blueprint\"\n    },\n    {\n      \"Effect\": \"Allow\",\n      \"Action\": \"ec2:TerminateInstances\",\n      \"Resource\": \"arn:aws:ec2:us-east-1:389029577690:instance/*\",\n      \"Condition\": {\n        \"StringLike\": {\n          \"ec2:ResourceTag/kubernetes.io/cluster/eks-blueprint\": \"*\"\n        }\n      }\n    },\n    {\n      \"Effect\": \"Allow\",\n      \"Action\": [\n        \"sqs:ReceiveMessage\",\n        \"sqs:GetQueueUrl\",\n        \"sqs:GetQueueAttributes\",\n        \"sqs:DeleteMessage\"\n      ],\n      \"Resource\": \"arn:aws:sqs:us-east-1:389029577690:karpenter-eks-blueprint\"\n    },\n    {\n      \"Effect\": \"Allow\",\n      \"Action\": [\n        \"iam:TagInstanceProfile\",\n        \"iam:RemoveRoleFromInstanceProfile\",\n        \"iam:GetInstanceProfile\",\n        \"iam:DeleteInstanceProfile\",\n        \"iam:CreateInstanceProfile\",\n        \"iam:AddRoleToInstanceProfile\"\n      ],\n      \"Resource\": \"*\"\n    }\n  ]\n}"
            ],
            "statement": null,
            "version": "2012-10-17"
          },
          "sensitive_attributes": []
        }
      ]
    },
    {
      "module": "module.eks_blueprints_addons.module.karpenter",
      "mode": "data",
      "type": "aws_partition",
      "name": "current",
      "provider": "provider[\"registry.terraform.io/hashicorp/aws\"]",
      "instances": [
        {
          "index_key": 0,
          "schema_version": 0,
          "attributes": {
            "dns_suffix": "amazonaws.com",
            "id": "aws",
            "partition": "aws",
            "reverse_dns_prefix": "com.amazonaws"
          },
          "sensitive_attributes": []
        }
      ]
    },
    {
      "module": "module.eks_blueprints_addons.module.karpenter",
      "mode": "managed",
      "type": "aws_iam_policy",
      "name": "this",
      "provider": "provider[\"registry.terraform.io/hashicorp/aws\"]",
      "instances": [
        {
          "index_key": 0,
          "schema_version": 0,
          "attributes": {
            "arn": "arn:aws:iam::389029577690:policy/karpenter-20240715184602235200000020",
            "attachment_count": 1,
            "description": "IAM Policy for karpenter",
            "id": "arn:aws:iam::389029577690:policy/karpenter-20240715184602235200000020",
            "name": "karpenter-20240715184602235200000020",
            "name_prefix": "karpenter-",
            "path": "/",
            "policy": "{\"Statement\":[{\"Action\":[\"ec2:DescribeSubnets\",\"ec2:DescribeSpotPriceHistory\",\"ec2:DescribeSecurityGroups\",\"ec2:DescribeLaunchTemplates\",\"ec2:DescribeInstances\",\"ec2:DescribeInstanceTypes\",\"ec2:DescribeInstanceTypeOfferings\",\"ec2:DescribeImages\",\"ec2:DescribeAvailabilityZones\"],\"Effect\":\"Allow\",\"Resource\":\"*\"},{\"Action\":[\"ec2:RunInstances\",\"ec2:DeleteLaunchTemplate\",\"ec2:CreateTags\",\"ec2:CreateLaunchTemplate\",\"ec2:CreateFleet\"],\"Effect\":\"Allow\",\"Resource\":[\"arn:aws:ec2:us-east-1::image/*\",\"arn:aws:ec2:us-east-1:389029577690:*\"]},{\"Action\":\"iam:PassRole\",\"Effect\":\"Allow\",\"Resource\":\"arn:aws:iam::389029577690:role/karpenter-eks-blueprint-20240715184535129200000018\"},{\"Action\":\"pricing:GetProducts\",\"Effect\":\"Allow\",\"Resource\":\"*\"},{\"Action\":\"ssm:GetParameter\",\"Effect\":\"Allow\",\"Resource\":\"arn:aws:ssm:us-east-1::parameter/aws/service/*\"},{\"Action\":\"eks:DescribeCluster\",\"Effect\":\"Allow\",\"Resource\":\"arn:aws:eks:*:389029577690:cluster/eks-blueprint\"},{\"Action\":\"ec2:TerminateInstances\",\"Condition\":{\"StringLike\":{\"ec2:ResourceTag/kubernetes.io/cluster/eks-blueprint\":\"*\"}},\"Effect\":\"Allow\",\"Resource\":\"arn:aws:ec2:us-east-1:389029577690:instance/*\"},{\"Action\":[\"sqs:ReceiveMessage\",\"sqs:GetQueueUrl\",\"sqs:GetQueueAttributes\",\"sqs:DeleteMessage\"],\"Effect\":\"Allow\",\"Resource\":\"arn:aws:sqs:us-east-1:389029577690:karpenter-eks-blueprint\"},{\"Action\":[\"iam:TagInstanceProfile\",\"iam:RemoveRoleFromInstanceProfile\",\"iam:GetInstanceProfile\",\"iam:DeleteInstanceProfile\",\"iam:CreateInstanceProfile\",\"iam:AddRoleToInstanceProfile\"],\"Effect\":\"Allow\",\"Resource\":\"*\"}],\"Version\":\"2012-10-17\"}",
            "policy_id": "ANPAVVE7YIPNFH5CFKY6W",
            "tags": {
              "Environment": "sandbox",
              "Terraform": "true"
            },
            "tags_all": {
              "Environment": "sandbox",
              "Terraform": "true"
            }
          },
          "sensitive_attributes": [],
          "private": "bnVsbA==",
          "dependencies": [
            "module.eks_blueprints_addons.aws_iam_role.karpenter",
            "module.eks_blueprints_addons.data.aws_caller_identity.current",
            "module.eks_blueprints_addons.data.aws_iam_policy_document.karpenter",
            "module.eks_blueprints_addons.data.aws_iam_policy_document.karpenter_assume_role",
            "module.eks_blueprints_addons.data.aws_partition.current",
            "module.eks_blueprints_addons.data.aws_region.current",
            "module.eks_blueprints_addons.module.karpenter.data.aws_iam_policy_document.this",
            "module.eks_blueprints_addons.module.karpenter_sqs.aws_sqs_queue.this",
            "module.eks_cluster.aws_cloudwatch_log_group.this",
            "module.eks_cluster.aws_eks_access_entry.this",
            "module.eks_cluster.aws_eks_access_policy_association.this",
            "module.eks_cluster.aws_eks_cluster.this",
            "module.eks_cluster.aws_iam_policy.cni_ipv6_policy",
            "module.eks_cluster.aws_iam_role.this",
            "module.eks_cluster.aws_iam_role_policy_attachment.this",
            "module.eks_cluster.aws_security_group.cluster",
            "module.eks_cluster.aws_security_group.node",
            "module.eks_cluster.aws_security_group_rule.cluster",
            "module.eks_cluster.aws_security_group_rule.node",
            "module.eks_cluster.data.aws_caller_identity.current",
            "module.eks_cluster.data.aws_iam_policy_document.assume_role_policy",
            "module.eks_cluster.data.aws_iam_policy_document.cni_ipv6_policy",
            "module.eks_cluster.data.aws_iam_session_context.current",
            "module.eks_cluster.data.aws_partition.current",
            "module.eks_cluster.module.kms.aws_kms_external_key.this",
            "module.eks_cluster.module.kms.aws_kms_key.this",
            "module.eks_cluster.module.kms.aws_kms_replica_external_key.this",
            "module.eks_cluster.module.kms.aws_kms_replica_key.this",
            "module.eks_cluster.module.kms.data.aws_caller_identity.current",
            "module.eks_cluster.module.kms.data.aws_iam_policy_document.this",
            "module.eks_cluster.module.kms.data.aws_partition.current",
            "module.vpc.aws_subnet.private",
            "module.vpc.aws_subnet.public",
            "module.vpc.aws_vpc.this",
            "module.vpc.aws_vpc_ipv4_cidr_block_association.this"
          ]
        }
      ]
    },
    {
      "module": "module.eks_blueprints_addons.module.karpenter",
      "mode": "managed",
      "type": "aws_iam_role",
      "name": "this",
      "provider": "provider[\"registry.terraform.io/hashicorp/aws\"]",
      "instances": [
        {
          "index_key": 0,
          "schema_version": 0,
          "attributes": {
            "arn": "arn:aws:iam::389029577690:role/karpenter-2024071518460545080000002d",
            "assume_role_policy": "{\"Statement\":[{\"Action\":\"sts:AssumeRoleWithWebIdentity\",\"Condition\":{\"StringEquals\":{\"oidc.eks.us-east-1.amazonaws.com/id/256E944920A43EA505E681939492415B:aud\":\"sts.amazonaws.com\",\"oidc.eks.us-east-1.amazonaws.com/id/256E944920A43EA505E681939492415B:sub\":\"system:serviceaccount:karpenter:karpenter\"}},\"Effect\":\"Allow\",\"Principal\":{\"Federated\":\"arn:aws:iam::389029577690:oidc-provider/oidc.eks.us-east-1.amazonaws.com/id/256E944920A43EA505E681939492415B\"}}],\"Version\":\"2012-10-17\"}",
            "create_date": "2024-07-15T18:46:05Z",
            "description": "IRSA for Karpenter",
            "force_detach_policies": true,
            "id": "karpenter-2024071518460545080000002d",
            "inline_policy": [],
            "managed_policy_arns": [
              "arn:aws:iam::389029577690:policy/karpenter-20240715184602235200000020"
            ],
            "max_session_duration": 3600,
            "name": "karpenter-2024071518460545080000002d",
            "name_prefix": "karpenter-",
            "path": "/",
            "permissions_boundary": "",
            "tags": {
              "Environment": "sandbox",
              "Terraform": "true"
            },
            "tags_all": {
              "Environment": "sandbox",
              "Terraform": "true"
            },
            "unique_id": "AROAVVE7YIPND74DKR53X"
          },
          "sensitive_attributes": [],
          "private": "bnVsbA==",
          "dependencies": [
            "module.eks_blueprints_addons.module.karpenter.data.aws_caller_identity.current",
            "module.eks_blueprints_addons.module.karpenter.data.aws_iam_policy_document.assume",
            "module.eks_blueprints_addons.module.karpenter.data.aws_partition.current",
            "module.eks_blueprints_addons.time_sleep.this",
            "module.eks_cluster.aws_cloudwatch_log_group.this",
            "module.eks_cluster.aws_eks_access_entry.this",
            "module.eks_cluster.aws_eks_access_policy_association.this",
            "module.eks_cluster.aws_eks_cluster.this",
            "module.eks_cluster.aws_iam_openid_connect_provider.oidc_provider",
            "module.eks_cluster.aws_iam_policy.cni_ipv6_policy",
            "module.eks_cluster.aws_iam_role.this",
            "module.eks_cluster.aws_iam_role_policy_attachment.this",
            "module.eks_cluster.aws_security_group.cluster",
            "module.eks_cluster.aws_security_group.node",
            "module.eks_cluster.aws_security_group_rule.cluster",
            "module.eks_cluster.aws_security_group_rule.node",
            "module.eks_cluster.data.aws_caller_identity.current",
            "module.eks_cluster.data.aws_iam_policy_document.assume_role_policy",
            "module.eks_cluster.data.aws_iam_policy_document.cni_ipv6_policy",
            "module.eks_cluster.data.aws_iam_session_context.current",
            "module.eks_cluster.data.aws_partition.current",
            "module.eks_cluster.data.tls_certificate.this",
            "module.eks_cluster.module.kms.aws_kms_external_key.this",
            "module.eks_cluster.module.kms.aws_kms_key.this",
            "module.eks_cluster.module.kms.aws_kms_replica_external_key.this",
            "module.eks_cluster.module.kms.aws_kms_replica_key.this",
            "module.eks_cluster.module.kms.data.aws_caller_identity.current",
            "module.eks_cluster.module.kms.data.aws_iam_policy_document.this",
            "module.eks_cluster.module.kms.data.aws_partition.current",
            "module.vpc.aws_subnet.private",
            "module.vpc.aws_subnet.public",
            "module.vpc.aws_vpc.this",
            "module.vpc.aws_vpc_ipv4_cidr_block_association.this"
          ]
        }
      ]
    },
    {
      "module": "module.eks_blueprints_addons.module.karpenter",
      "mode": "managed",
      "type": "aws_iam_role_policy_attachment",
      "name": "this",
      "provider": "provider[\"registry.terraform.io/hashicorp/aws\"]",
      "instances": [
        {
          "index_key": 0,
          "schema_version": 0,
          "attributes": {
            "id": "karpenter-2024071518460545080000002d-20240715184607051100000033",
            "policy_arn": "arn:aws:iam::389029577690:policy/karpenter-20240715184602235200000020",
            "role": "karpenter-2024071518460545080000002d"
          },
          "sensitive_attributes": [],
          "private": "bnVsbA==",
          "dependencies": [
            "module.eks_blueprints_addons.aws_iam_role.karpenter",
            "module.eks_blueprints_addons.data.aws_caller_identity.current",
            "module.eks_blueprints_addons.data.aws_iam_policy_document.karpenter",
            "module.eks_blueprints_addons.data.aws_iam_policy_document.karpenter_assume_role",
            "module.eks_blueprints_addons.data.aws_partition.current",
            "module.eks_blueprints_addons.data.aws_region.current",
            "module.eks_blueprints_addons.module.karpenter.aws_iam_policy.this",
            "module.eks_blueprints_addons.module.karpenter.aws_iam_role.this",
            "module.eks_blueprints_addons.module.karpenter.data.aws_caller_identity.current",
            "module.eks_blueprints_addons.module.karpenter.data.aws_iam_policy_document.assume",
            "module.eks_blueprints_addons.module.karpenter.data.aws_iam_policy_document.this",
            "module.eks_blueprints_addons.module.karpenter.data.aws_partition.current",
            "module.eks_blueprints_addons.module.karpenter_sqs.aws_sqs_queue.this",
            "module.eks_blueprints_addons.time_sleep.this",
            "module.eks_cluster.aws_cloudwatch_log_group.this",
            "module.eks_cluster.aws_eks_access_entry.this",
            "module.eks_cluster.aws_eks_access_policy_association.this",
            "module.eks_cluster.aws_eks_cluster.this",
            "module.eks_cluster.aws_iam_openid_connect_provider.oidc_provider",
            "module.eks_cluster.aws_iam_policy.cni_ipv6_policy",
            "module.eks_cluster.aws_iam_role.this",
            "module.eks_cluster.aws_iam_role_policy_attachment.this",
            "module.eks_cluster.aws_security_group.cluster",
            "module.eks_cluster.aws_security_group.node",
            "module.eks_cluster.aws_security_group_rule.cluster",
            "module.eks_cluster.aws_security_group_rule.node",
            "module.eks_cluster.data.aws_caller_identity.current",
            "module.eks_cluster.data.aws_iam_policy_document.assume_role_policy",
            "module.eks_cluster.data.aws_iam_policy_document.cni_ipv6_policy",
            "module.eks_cluster.data.aws_iam_session_context.current",
            "module.eks_cluster.data.aws_partition.current",
            "module.eks_cluster.data.tls_certificate.this",
            "module.eks_cluster.module.kms.aws_kms_external_key.this",
            "module.eks_cluster.module.kms.aws_kms_key.this",
            "module.eks_cluster.module.kms.aws_kms_replica_external_key.this",
            "module.eks_cluster.module.kms.aws_kms_replica_key.this",
            "module.eks_cluster.module.kms.data.aws_caller_identity.current",
            "module.eks_cluster.module.kms.data.aws_iam_policy_document.this",
            "module.eks_cluster.module.kms.data.aws_partition.current",
            "module.vpc.aws_subnet.private",
            "module.vpc.aws_subnet.public",
            "module.vpc.aws_vpc.this",
            "module.vpc.aws_vpc_ipv4_cidr_block_association.this"
          ]
        }
      ]
    },
    {
      "module": "module.eks_blueprints_addons.module.karpenter",
      "mode": "managed",
      "type": "helm_release",
      "name": "this",
      "provider": "provider[\"registry.terraform.io/hashicorp/helm\"]",
      "instances": [
        {
          "index_key": 0,
          "schema_version": 1,
          "attributes": {
            "atomic": false,
            "chart": "karpenter",
            "cleanup_on_fail": false,
            "create_namespace": true,
            "dependency_update": false,
            "description": "A Helm chart to deploy Karpenter",
            "devel": null,
            "disable_crd_hooks": false,
            "disable_openapi_validation": false,
            "disable_webhooks": false,
            "force_update": false,
            "id": "karpenter",
            "keyring": null,
            "lint": false,
            "manifest": null,
            "max_history": 0,
            "metadata": [
              {
                "app_version": "0.35.0",
                "chart": "karpenter",
                "first_deployed": 1721069740,
                "last_deployed": 1721069740,
                "name": "karpenter",
                "namespace": "karpenter",
                "notes": "",
                "revision": 1,
                "values": "{\"serviceAccount\":{\"annotations\":{\"eks.amazonaws.com/role-arn\":\"arn:aws:iam::389029577690:role/karpenter-2024071518460545080000002d\"},\"name\":\"karpenter\"},\"settings\":{\"aws\":{\"clusterEndpoint\":\"https://256E944920A43EA505E681939492415B.gr7.us-east-1.eks.amazonaws.com\",\"clusterName\":\"eks-blueprint\",\"interruptionQueueName\":\"karpenter-eks-blueprint\"},\"clusterEndpoint\":\"https://256E944920A43EA505E681939492415B.gr7.us-east-1.eks.amazonaws.com\",\"clusterName\":\"eks-blueprint\",\"interruptionQueue\":\"karpenter-eks-blueprint\"}}",
                "version": "0.35.0"
              }
            ],
            "name": "karpenter",
            "namespace": "karpenter",
            "pass_credentials": false,
            "postrender": [],
            "recreate_pods": false,
            "render_subchart_notes": true,
            "replace": false,
            "repository": "oci://public.ecr.aws/karpenter",
            "repository_ca_file": null,
            "repository_cert_file": null,
            "repository_key_file": null,
            "repository_password": null,
            "repository_username": null,
            "reset_values": false,
            "reuse_values": false,
            "set": [
              {
                "name": "serviceAccount.annotations.eks\\.amazonaws\\.com/role-arn",
                "type": "",
                "value": "arn:aws:iam::389029577690:role/karpenter-2024071518460545080000002d"
              },
              {
                "name": "serviceAccount.name",
                "type": "",
                "value": "karpenter"
              },
              {
                "name": "settings.aws.clusterEndpoint",
                "type": "",
                "value": "https://256E944920A43EA505E681939492415B.gr7.us-east-1.eks.amazonaws.com"
              },
              {
                "name": "settings.aws.clusterName",
                "type": "",
                "value": "eks-blueprint"
              },
              {
                "name": "settings.aws.interruptionQueueName",
                "type": "",
                "value": "karpenter-eks-blueprint"
              },
              {
                "name": "settings.clusterEndpoint",
                "type": "",
                "value": "https://256E944920A43EA505E681939492415B.gr7.us-east-1.eks.amazonaws.com"
              },
              {
                "name": "settings.clusterName",
                "type": "",
                "value": "eks-blueprint"
              },
              {
                "name": "settings.interruptionQueue",
                "type": "",
                "value": "karpenter-eks-blueprint"
              }
            ],
            "set_list": [],
            "set_sensitive": [],
            "skip_crds": false,
            "status": "deployed",
            "timeout": 300,
            "values": [],
            "verify": false,
            "version": "0.35.0",
            "wait": false,
            "wait_for_jobs": false
          },
          "sensitive_attributes": [],
          "private": "eyJzY2hlbWFfdmVyc2lvbiI6IjEifQ==",
          "dependencies": [
            "module.eks_blueprints_addons.aws_iam_instance_profile.karpenter",
            "module.eks_blueprints_addons.aws_iam_role.karpenter",
            "module.eks_blueprints_addons.data.aws_iam_policy_document.karpenter_assume_role",
            "module.eks_blueprints_addons.module.karpenter.aws_iam_role.this",
            "module.eks_blueprints_addons.module.karpenter.data.aws_caller_identity.current",
            "module.eks_blueprints_addons.module.karpenter.data.aws_iam_policy_document.assume",
            "module.eks_blueprints_addons.module.karpenter.data.aws_partition.current",
            "module.eks_blueprints_addons.module.karpenter_sqs.aws_sqs_queue.this",
            "module.eks_blueprints_addons.time_sleep.this",
            "module.eks_cluster.aws_cloudwatch_log_group.this",
            "module.eks_cluster.aws_eks_access_entry.this",
            "module.eks_cluster.aws_eks_access_policy_association.this",
            "module.eks_cluster.aws_eks_cluster.this",
            "module.eks_cluster.aws_iam_openid_connect_provider.oidc_provider",
            "module.eks_cluster.aws_iam_policy.cni_ipv6_policy",
            "module.eks_cluster.aws_iam_role.this",
            "module.eks_cluster.aws_iam_role_policy_attachment.this",
            "module.eks_cluster.aws_security_group.cluster",
            "module.eks_cluster.aws_security_group.node",
            "module.eks_cluster.aws_security_group_rule.cluster",
            "module.eks_cluster.aws_security_group_rule.node",
            "module.eks_cluster.data.aws_caller_identity.current",
            "module.eks_cluster.data.aws_iam_policy_document.assume_role_policy",
            "module.eks_cluster.data.aws_iam_policy_document.cni_ipv6_policy",
            "module.eks_cluster.data.aws_iam_session_context.current",
            "module.eks_cluster.data.aws_partition.current",
            "module.eks_cluster.data.tls_certificate.this",
            "module.eks_cluster.module.kms.aws_kms_external_key.this",
            "module.eks_cluster.module.kms.aws_kms_key.this",
            "module.eks_cluster.module.kms.aws_kms_replica_external_key.this",
            "module.eks_cluster.module.kms.aws_kms_replica_key.this",
            "module.eks_cluster.module.kms.data.aws_caller_identity.current",
            "module.eks_cluster.module.kms.data.aws_iam_policy_document.this",
            "module.eks_cluster.module.kms.data.aws_partition.current",
            "module.vpc.aws_subnet.private",
            "module.vpc.aws_subnet.public",
            "module.vpc.aws_vpc.this",
            "module.vpc.aws_vpc_ipv4_cidr_block_association.this"
          ]
        }
      ]
    },
    {
      "module": "module.eks_blueprints_addons.module.karpenter_sqs",
      "mode": "data",
      "type": "aws_iam_policy_document",
      "name": "this",
      "provider": "provider[\"registry.terraform.io/hashicorp/aws\"]",
      "instances": [
        {
          "index_key": 0,
          "schema_version": 0,
          "attributes": {
            "id": "1046624899",
            "json": "{\n  \"Version\": \"2012-10-17\",\n  \"Statement\": [\n    {\n      \"Sid\": \"SendEventsToQueue\",\n      \"Effect\": \"Allow\",\n      \"Action\": \"sqs:SendMessage\",\n      \"Resource\": \"arn:aws:sqs:us-east-1:389029577690:karpenter-eks-blueprint\",\n      \"Principal\": {\n        \"Service\": [\n          \"sqs.amazonaws.com\",\n          \"events.amazonaws.com\"\n        ]\n      }\n    }\n  ]\n}",
            "minified_json": "{\"Version\":\"2012-10-17\",\"Statement\":[{\"Sid\":\"SendEventsToQueue\",\"Effect\":\"Allow\",\"Action\":\"sqs:SendMessage\",\"Resource\":\"arn:aws:sqs:us-east-1:389029577690:karpenter-eks-blueprint\",\"Principal\":{\"Service\":[\"sqs.amazonaws.com\",\"events.amazonaws.com\"]}}]}",
            "override_json": null,
            "override_policy_documents": null,
            "policy_id": null,
            "source_json": null,
            "source_policy_documents": null,
            "statement": [
              {
                "actions": [
                  "sqs:SendMessage"
                ],
                "condition": [],
                "effect": "Allow",
                "not_actions": [],
                "not_principals": [],
                "not_resources": [],
                "principals": [
                  {
                    "identifiers": [
                      "events.amazonaws.com",
                      "sqs.amazonaws.com"
                    ],
                    "type": "Service"
                  }
                ],
                "resources": [
                  "arn:aws:sqs:us-east-1:389029577690:karpenter-eks-blueprint"
                ],
                "sid": "SendEventsToQueue"
              }
            ],
            "version": "2012-10-17"
          },
          "sensitive_attributes": []
        }
      ]
    },
    {
      "module": "module.eks_blueprints_addons.module.karpenter_sqs",
      "mode": "managed",
      "type": "aws_sqs_queue",
      "name": "this",
      "provider": "provider[\"registry.terraform.io/hashicorp/aws\"]",
      "instances": [
        {
          "index_key": 0,
          "schema_version": 0,
          "attributes": {
            "arn": "arn:aws:sqs:us-east-1:389029577690:karpenter-eks-blueprint",
            "content_based_deduplication": false,
            "deduplication_scope": "",
            "delay_seconds": 0,
            "fifo_queue": false,
            "fifo_throughput_limit": "",
            "id": "https://sqs.us-east-1.amazonaws.com/389029577690/karpenter-eks-blueprint",
            "kms_data_key_reuse_period_seconds": 300,
            "kms_master_key_id": "",
            "max_message_size": 262144,
            "message_retention_seconds": 300,
            "name": "karpenter-eks-blueprint",
            "name_prefix": "",
            "policy": "{\"Statement\":[{\"Action\":\"sqs:SendMessage\",\"Effect\":\"Allow\",\"Principal\":{\"Service\":[\"sqs.amazonaws.com\",\"events.amazonaws.com\"]},\"Resource\":\"arn:aws:sqs:us-east-1:389029577690:karpenter-eks-blueprint\",\"Sid\":\"SendEventsToQueue\"}],\"Version\":\"2012-10-17\"}",
            "receive_wait_time_seconds": 0,
            "redrive_allow_policy": "",
            "redrive_policy": "",
            "sqs_managed_sse_enabled": true,
            "tags": {
              "Environment": "sandbox",
              "Terraform": "true"
            },
            "tags_all": {
              "Environment": "sandbox",
              "Terraform": "true"
            },
            "url": "https://sqs.us-east-1.amazonaws.com/389029577690/karpenter-eks-blueprint",
            "visibility_timeout_seconds": 30
          },
          "sensitive_attributes": [],
          "private": "bnVsbA==",
          "dependencies": [
            "module.eks_cluster.aws_cloudwatch_log_group.this",
            "module.eks_cluster.aws_eks_access_entry.this",
            "module.eks_cluster.aws_eks_access_policy_association.this",
            "module.eks_cluster.aws_eks_cluster.this",
            "module.eks_cluster.aws_iam_policy.cni_ipv6_policy",
            "module.eks_cluster.aws_iam_role.this",
            "module.eks_cluster.aws_iam_role_policy_attachment.this",
            "module.eks_cluster.aws_security_group.cluster",
            "module.eks_cluster.aws_security_group.node",
            "module.eks_cluster.aws_security_group_rule.cluster",
            "module.eks_cluster.aws_security_group_rule.node",
            "module.eks_cluster.data.aws_caller_identity.current",
            "module.eks_cluster.data.aws_iam_policy_document.assume_role_policy",
            "module.eks_cluster.data.aws_iam_policy_document.cni_ipv6_policy",
            "module.eks_cluster.data.aws_iam_session_context.current",
            "module.eks_cluster.data.aws_partition.current",
            "module.eks_cluster.module.kms.aws_kms_external_key.this",
            "module.eks_cluster.module.kms.aws_kms_key.this",
            "module.eks_cluster.module.kms.aws_kms_replica_external_key.this",
            "module.eks_cluster.module.kms.aws_kms_replica_key.this",
            "module.eks_cluster.module.kms.data.aws_caller_identity.current",
            "module.eks_cluster.module.kms.data.aws_iam_policy_document.this",
            "module.eks_cluster.module.kms.data.aws_partition.current",
            "module.vpc.aws_subnet.private",
            "module.vpc.aws_subnet.public",
            "module.vpc.aws_vpc.this",
            "module.vpc.aws_vpc_ipv4_cidr_block_association.this"
          ]
        }
      ]
    },
    {
      "module": "module.eks_blueprints_addons.module.karpenter_sqs",
      "mode": "managed",
      "type": "aws_sqs_queue_policy",
      "name": "this",
      "provider": "provider[\"registry.terraform.io/hashicorp/aws\"]",
      "instances": [
        {
          "index_key": 0,
          "schema_version": 1,
          "attributes": {
            "id": "https://sqs.us-east-1.amazonaws.com/389029577690/karpenter-eks-blueprint",
            "policy": "{\"Statement\":[{\"Action\":\"sqs:SendMessage\",\"Effect\":\"Allow\",\"Principal\":{\"Service\":[\"sqs.amazonaws.com\",\"events.amazonaws.com\"]},\"Resource\":\"arn:aws:sqs:us-east-1:389029577690:karpenter-eks-blueprint\",\"Sid\":\"SendEventsToQueue\"}],\"Version\":\"2012-10-17\"}",
            "queue_url": "https://sqs.us-east-1.amazonaws.com/389029577690/karpenter-eks-blueprint"
          },
          "sensitive_attributes": [],
          "private": "eyJzY2hlbWFfdmVyc2lvbiI6IjEifQ==",
          "dependencies": [
            "module.eks_blueprints_addons.module.karpenter_sqs.aws_sqs_queue.this",
            "module.eks_blueprints_addons.module.karpenter_sqs.data.aws_iam_policy_document.this",
            "module.eks_cluster.aws_cloudwatch_log_group.this",
            "module.eks_cluster.aws_eks_access_entry.this",
            "module.eks_cluster.aws_eks_access_policy_association.this",
            "module.eks_cluster.aws_eks_cluster.this",
            "module.eks_cluster.aws_iam_policy.cni_ipv6_policy",
            "module.eks_cluster.aws_iam_role.this",
            "module.eks_cluster.aws_iam_role_policy_attachment.this",
            "module.eks_cluster.aws_security_group.cluster",
            "module.eks_cluster.aws_security_group.node",
            "module.eks_cluster.aws_security_group_rule.cluster",
            "module.eks_cluster.aws_security_group_rule.node",
            "module.eks_cluster.data.aws_caller_identity.current",
            "module.eks_cluster.data.aws_iam_policy_document.assume_role_policy",
            "module.eks_cluster.data.aws_iam_policy_document.cni_ipv6_policy",
            "module.eks_cluster.data.aws_iam_session_context.current",
            "module.eks_cluster.data.aws_partition.current",
            "module.eks_cluster.module.kms.aws_kms_external_key.this",
            "module.eks_cluster.module.kms.aws_kms_key.this",
            "module.eks_cluster.module.kms.aws_kms_replica_external_key.this",
            "module.eks_cluster.module.kms.aws_kms_replica_key.this",
            "module.eks_cluster.module.kms.data.aws_caller_identity.current",
            "module.eks_cluster.module.kms.data.aws_iam_policy_document.this",
            "module.eks_cluster.module.kms.data.aws_partition.current",
            "module.vpc.aws_subnet.private",
            "module.vpc.aws_subnet.public",
            "module.vpc.aws_vpc.this",
            "module.vpc.aws_vpc_ipv4_cidr_block_association.this"
          ]
        }
      ]
    },
    {
      "module": "module.eks_blueprints_addons.module.metrics_server",
      "mode": "managed",
      "type": "helm_release",
      "name": "this",
      "provider": "provider[\"registry.terraform.io/hashicorp/helm\"]",
      "instances": [
        {
          "index_key": 0,
          "schema_version": 1,
          "attributes": {
            "atomic": false,
            "chart": "metrics-server",
            "cleanup_on_fail": false,
            "create_namespace": false,
            "dependency_update": false,
            "description": "A Helm chart to install the Metrics Server",
            "devel": null,
            "disable_crd_hooks": false,
            "disable_openapi_validation": false,
            "disable_webhooks": false,
            "force_update": false,
            "id": "metrics-server",
            "keyring": null,
            "lint": false,
            "manifest": null,
            "max_history": 0,
            "metadata": [
              {
                "app_version": "0.7.0",
                "chart": "metrics-server",
                "first_deployed": 1721069143,
                "last_deployed": 1721069143,
                "name": "metrics-server",
                "namespace": "kube-system",
                "notes": "***********************************************************************\n* Metrics Server                                                      *\n***********************************************************************\n  Chart version: 3.12.0\n  App version:   0.7.0\n  Image tag:     registry.k8s.io/metrics-server/metrics-server:v0.7.0\n***********************************************************************\n",
                "revision": 1,
                "values": "{}",
                "version": "3.12.0"
              }
            ],
            "name": "metrics-server",
            "namespace": "kube-system",
            "pass_credentials": false,
            "postrender": [],
            "recreate_pods": false,
            "render_subchart_notes": true,
            "replace": false,
            "repository": "https://kubernetes-sigs.github.io/metrics-server/",
            "repository_ca_file": null,
            "repository_cert_file": null,
            "repository_key_file": null,
            "repository_password": null,
            "repository_username": null,
            "reset_values": false,
            "reuse_values": false,
            "set": [],
            "set_list": [],
            "set_sensitive": [],
            "skip_crds": false,
            "status": "deployed",
            "timeout": 300,
            "values": [],
            "verify": false,
            "version": "3.12.0",
            "wait": false,
            "wait_for_jobs": false
          },
          "sensitive_attributes": [],
          "private": "eyJzY2hlbWFfdmVyc2lvbiI6IjEifQ==",
          "dependencies": [
            "module.eks_blueprints_addons.module.metrics_server.aws_iam_role.this",
            "module.eks_blueprints_addons.module.metrics_server.data.aws_caller_identity.current",
            "module.eks_blueprints_addons.module.metrics_server.data.aws_iam_policy_document.assume",
            "module.eks_blueprints_addons.module.metrics_server.data.aws_partition.current",
            "module.eks_cluster.aws_cloudwatch_log_group.this",
            "module.eks_cluster.aws_eks_access_entry.this",
            "module.eks_cluster.aws_eks_access_policy_association.this",
            "module.eks_cluster.aws_eks_cluster.this",
            "module.eks_cluster.aws_iam_policy.cni_ipv6_policy",
            "module.eks_cluster.aws_iam_role.this",
            "module.eks_cluster.aws_iam_role_policy_attachment.this",
            "module.eks_cluster.aws_security_group.cluster",
            "module.eks_cluster.aws_security_group.node",
            "module.eks_cluster.aws_security_group_rule.cluster",
            "module.eks_cluster.aws_security_group_rule.node",
            "module.eks_cluster.data.aws_caller_identity.current",
            "module.eks_cluster.data.aws_iam_policy_document.assume_role_policy",
            "module.eks_cluster.data.aws_iam_policy_document.cni_ipv6_policy",
            "module.eks_cluster.data.aws_iam_session_context.current",
            "module.eks_cluster.data.aws_partition.current",
            "module.eks_cluster.module.kms.aws_kms_external_key.this",
            "module.eks_cluster.module.kms.aws_kms_key.this",
            "module.eks_cluster.module.kms.aws_kms_replica_external_key.this",
            "module.eks_cluster.module.kms.aws_kms_replica_key.this",
            "module.eks_cluster.module.kms.data.aws_caller_identity.current",
            "module.eks_cluster.module.kms.data.aws_iam_policy_document.this",
            "module.eks_cluster.module.kms.data.aws_partition.current",
            "module.vpc.aws_subnet.private",
            "module.vpc.aws_subnet.public",
            "module.vpc.aws_vpc.this",
            "module.vpc.aws_vpc_ipv4_cidr_block_association.this"
          ]
        }
      ]
    },
    {
      "module": "module.eks_blueprints_platform_teams",
      "mode": "data",
      "type": "aws_iam_policy_document",
      "name": "admin",
      "provider": "provider[\"registry.terraform.io/hashicorp/aws\"]",
      "instances": [
        {
          "index_key": 0,
          "schema_version": 0,
          "attributes": {
            "id": "1722498500",
            "json": "{\n  \"Version\": \"2012-10-17\",\n  \"Statement\": [\n    {\n      \"Sid\": \"List\",\n      \"Effect\": \"Allow\",\n      \"Action\": [\n        \"eks:ListUpdates\",\n        \"eks:ListNodegroups\",\n        \"eks:ListFargateProfiles\",\n        \"eks:ListAddons\"\n      ],\n      \"Resource\": [\n        \"arn:aws:eks:us-east-1:389029577690:nodegroup/*/*/*\",\n        \"arn:aws:eks:us-east-1:389029577690:cluster/eks-blueprint\",\n        \"arn:aws:eks:us-east-1:389029577690:addon/*/*/*\"\n      ]\n    },\n    {\n      \"Sid\": \"ListDescribeAll\",\n      \"Effect\": \"Allow\",\n      \"Action\": [\n        \"eks:ListClusters\",\n        \"eks:DescribeAddonVersions\",\n        \"eks:DescribeAddonConfiguration\"\n      ],\n      \"Resource\": \"*\"\n    },\n    {\n      \"Sid\": \"Describe\",\n      \"Effect\": \"Allow\",\n      \"Action\": [\n        \"eks:ListTagsForResource\",\n        \"eks:DescribeUpdate\",\n        \"eks:DescribeNodegroup\",\n        \"eks:DescribeFargateProfile\",\n        \"eks:DescribeCluster\",\n        \"eks:DescribeAddon\",\n        \"eks:AccessKubernetesApi\"\n      ],\n      \"Resource\": [\n        \"arn:aws:eks:us-east-1:389029577690:nodegroup/*/*/*\",\n        \"arn:aws:eks:us-east-1:389029577690:fargateprofile/*/*/*\",\n        \"arn:aws:eks:us-east-1:389029577690:cluster/eks-blueprint\",\n        \"arn:aws:eks:us-east-1:389029577690:addon/*/*/*\"\n      ]\n    }\n  ]\n}",
            "minified_json": "{\"Version\":\"2012-10-17\",\"Statement\":[{\"Sid\":\"List\",\"Effect\":\"Allow\",\"Action\":[\"eks:ListUpdates\",\"eks:ListNodegroups\",\"eks:ListFargateProfiles\",\"eks:ListAddons\"],\"Resource\":[\"arn:aws:eks:us-east-1:389029577690:nodegroup/*/*/*\",\"arn:aws:eks:us-east-1:389029577690:cluster/eks-blueprint\",\"arn:aws:eks:us-east-1:389029577690:addon/*/*/*\"]},{\"Sid\":\"ListDescribeAll\",\"Effect\":\"Allow\",\"Action\":[\"eks:ListClusters\",\"eks:DescribeAddonVersions\",\"eks:DescribeAddonConfiguration\"],\"Resource\":\"*\"},{\"Sid\":\"Describe\",\"Effect\":\"Allow\",\"Action\":[\"eks:ListTagsForResource\",\"eks:DescribeUpdate\",\"eks:DescribeNodegroup\",\"eks:DescribeFargateProfile\",\"eks:DescribeCluster\",\"eks:DescribeAddon\",\"eks:AccessKubernetesApi\"],\"Resource\":[\"arn:aws:eks:us-east-1:389029577690:nodegroup/*/*/*\",\"arn:aws:eks:us-east-1:389029577690:fargateprofile/*/*/*\",\"arn:aws:eks:us-east-1:389029577690:cluster/eks-blueprint\",\"arn:aws:eks:us-east-1:389029577690:addon/*/*/*\"]}]}",
            "override_json": null,
            "override_policy_documents": null,
            "policy_id": null,
            "source_json": null,
            "source_policy_documents": null,
            "statement": [
              {
                "actions": [
                  "eks:ListAddons",
                  "eks:ListFargateProfiles",
                  "eks:ListNodegroups",
                  "eks:ListUpdates"
                ],
                "condition": [],
                "effect": "Allow",
                "not_actions": [],
                "not_principals": [],
                "not_resources": [],
                "principals": [],
                "resources": [
                  "arn:aws:eks:us-east-1:389029577690:addon/*/*/*",
                  "arn:aws:eks:us-east-1:389029577690:cluster/eks-blueprint",
                  "arn:aws:eks:us-east-1:389029577690:nodegroup/*/*/*"
                ],
                "sid": "List"
              },
              {
                "actions": [
                  "eks:DescribeAddonConfiguration",
                  "eks:DescribeAddonVersions",
                  "eks:ListClusters"
                ],
                "condition": [],
                "effect": "Allow",
                "not_actions": [],
                "not_principals": [],
                "not_resources": [],
                "principals": [],
                "resources": [
                  "*"
                ],
                "sid": "ListDescribeAll"
              },
              {
                "actions": [
                  "eks:AccessKubernetesApi",
                  "eks:DescribeAddon",
                  "eks:DescribeCluster",
                  "eks:DescribeFargateProfile",
                  "eks:DescribeNodegroup",
                  "eks:DescribeUpdate",
                  "eks:ListTagsForResource"
                ],
                "condition": [],
                "effect": "Allow",
                "not_actions": [],
                "not_principals": [],
                "not_resources": [],
                "principals": [],
                "resources": [
                  "arn:aws:eks:us-east-1:389029577690:addon/*/*/*",
                  "arn:aws:eks:us-east-1:389029577690:cluster/eks-blueprint",
                  "arn:aws:eks:us-east-1:389029577690:fargateprofile/*/*/*",
                  "arn:aws:eks:us-east-1:389029577690:nodegroup/*/*/*"
                ],
                "sid": "Describe"
              }
            ],
            "version": "2012-10-17"
          },
          "sensitive_attributes": []
        }
      ]
    },
    {
      "module": "module.eks_blueprints_platform_teams",
      "mode": "data",
      "type": "aws_iam_policy_document",
      "name": "this",
      "provider": "provider[\"registry.terraform.io/hashicorp/aws\"]",
      "instances": [
        {
          "index_key": 0,
          "schema_version": 0,
          "attributes": {
            "id": "853516722",
            "json": "{\n  \"Version\": \"2012-10-17\",\n  \"Statement\": [\n    {\n      \"Sid\": \"AssumeRole\",\n      \"Effect\": \"Allow\",\n      \"Action\": \"sts:AssumeRole\",\n      \"Principal\": {\n        \"AWS\": \"arn:aws:iam::389029577690:user/Marketing\"\n      }\n    }\n  ]\n}",
            "minified_json": "{\"Version\":\"2012-10-17\",\"Statement\":[{\"Sid\":\"AssumeRole\",\"Effect\":\"Allow\",\"Action\":\"sts:AssumeRole\",\"Principal\":{\"AWS\":\"arn:aws:iam::389029577690:user/Marketing\"}}]}",
            "override_json": null,
            "override_policy_documents": null,
            "policy_id": null,
            "source_json": null,
            "source_policy_documents": null,
            "statement": [
              {
                "actions": [
                  "sts:AssumeRole"
                ],
                "condition": [],
                "effect": "Allow",
                "not_actions": [],
                "not_principals": [],
                "not_resources": [],
                "principals": [
                  {
                    "identifiers": [
                      "arn:aws:iam::389029577690:user/Marketing"
                    ],
                    "type": "AWS"
                  }
                ],
                "resources": [],
                "sid": "AssumeRole"
              }
            ],
            "version": "2012-10-17"
          },
          "sensitive_attributes": []
        }
      ]
    },
    {
      "module": "module.eks_blueprints_platform_teams",
      "mode": "managed",
      "type": "aws_iam_policy",
      "name": "admin",
      "provider": "provider[\"registry.terraform.io/hashicorp/aws\"]",
      "instances": [
        {
          "index_key": 0,
          "schema_version": 0,
          "attributes": {
            "arn": "arn:aws:iam::389029577690:policy/admin-team-2024071518453693000000001c",
            "attachment_count": 1,
            "description": "",
            "id": "arn:aws:iam::389029577690:policy/admin-team-2024071518453693000000001c",
            "name": "admin-team-2024071518453693000000001c",
            "name_prefix": "admin-team-",
            "path": "/",
            "policy": "{\"Statement\":[{\"Action\":[\"eks:ListUpdates\",\"eks:ListNodegroups\",\"eks:ListFargateProfiles\",\"eks:ListAddons\"],\"Effect\":\"Allow\",\"Resource\":[\"arn:aws:eks:us-east-1:389029577690:nodegroup/*/*/*\",\"arn:aws:eks:us-east-1:389029577690:cluster/eks-blueprint\",\"arn:aws:eks:us-east-1:389029577690:addon/*/*/*\"],\"Sid\":\"List\"},{\"Action\":[\"eks:ListClusters\",\"eks:DescribeAddonVersions\",\"eks:DescribeAddonConfiguration\"],\"Effect\":\"Allow\",\"Resource\":\"*\",\"Sid\":\"ListDescribeAll\"},{\"Action\":[\"eks:ListTagsForResource\",\"eks:DescribeUpdate\",\"eks:DescribeNodegroup\",\"eks:DescribeFargateProfile\",\"eks:DescribeCluster\",\"eks:DescribeAddon\",\"eks:AccessKubernetesApi\"],\"Effect\":\"Allow\",\"Resource\":[\"arn:aws:eks:us-east-1:389029577690:nodegroup/*/*/*\",\"arn:aws:eks:us-east-1:389029577690:fargateprofile/*/*/*\",\"arn:aws:eks:us-east-1:389029577690:cluster/eks-blueprint\",\"arn:aws:eks:us-east-1:389029577690:addon/*/*/*\"],\"Sid\":\"Describe\"}],\"Version\":\"2012-10-17\"}",
            "policy_id": "ANPAVVE7YIPNN3MAQB32S",
            "tags": {},
            "tags_all": {}
          },
          "sensitive_attributes": [],
          "private": "bnVsbA==",
          "dependencies": [
            "module.eks_blueprints_platform_teams.data.aws_iam_policy_document.admin",
            "module.eks_cluster.aws_cloudwatch_log_group.this",
            "module.eks_cluster.aws_eks_access_entry.this",
            "module.eks_cluster.aws_eks_access_policy_association.this",
            "module.eks_cluster.aws_eks_cluster.this",
            "module.eks_cluster.aws_iam_policy.cni_ipv6_policy",
            "module.eks_cluster.aws_iam_role.this",
            "module.eks_cluster.aws_iam_role_policy_attachment.this",
            "module.eks_cluster.aws_security_group.cluster",
            "module.eks_cluster.aws_security_group.node",
            "module.eks_cluster.aws_security_group_rule.cluster",
            "module.eks_cluster.aws_security_group_rule.node",
            "module.eks_cluster.data.aws_caller_identity.current",
            "module.eks_cluster.data.aws_iam_policy_document.assume_role_policy",
            "module.eks_cluster.data.aws_iam_policy_document.cni_ipv6_policy",
            "module.eks_cluster.data.aws_iam_session_context.current",
            "module.eks_cluster.data.aws_partition.current",
            "module.eks_cluster.module.kms.aws_kms_external_key.this",
            "module.eks_cluster.module.kms.aws_kms_key.this",
            "module.eks_cluster.module.kms.aws_kms_replica_external_key.this",
            "module.eks_cluster.module.kms.aws_kms_replica_key.this",
            "module.eks_cluster.module.kms.data.aws_caller_identity.current",
            "module.eks_cluster.module.kms.data.aws_iam_policy_document.this",
            "module.eks_cluster.module.kms.data.aws_partition.current",
            "module.vpc.aws_subnet.private",
            "module.vpc.aws_subnet.public",
            "module.vpc.aws_vpc.this",
            "module.vpc.aws_vpc_ipv4_cidr_block_association.this"
          ]
        }
      ]
    },
    {
      "module": "module.eks_blueprints_platform_teams",
      "mode": "managed",
      "type": "aws_iam_role",
      "name": "this",
      "provider": "provider[\"registry.terraform.io/hashicorp/aws\"]",
      "instances": [
        {
          "index_key": 0,
          "schema_version": 0,
          "attributes": {
            "arn": "arn:aws:iam::389029577690:role/admin-team-20240715184533664300000010",
            "assume_role_policy": "{\"Statement\":[{\"Action\":\"sts:AssumeRole\",\"Effect\":\"Allow\",\"Principal\":{\"AWS\":\"arn:aws:iam::389029577690:user/Marketing\"},\"Sid\":\"AssumeRole\"}],\"Version\":\"2012-10-17\"}",
            "create_date": "2024-07-15T18:45:33Z",
            "description": "",
            "force_detach_policies": true,
            "id": "admin-team-20240715184533664300000010",
            "inline_policy": [],
            "managed_policy_arns": [
              "arn:aws:iam::389029577690:policy/admin-team-2024071518453693000000001c"
            ],
            "max_session_duration": 3600,
            "name": "admin-team-20240715184533664300000010",
            "name_prefix": "admin-team-",
            "path": "/",
            "permissions_boundary": "",
            "tags": {},
            "tags_all": {},
            "unique_id": "AROAVVE7YIPNKJCMSX3RG"
          },
          "sensitive_attributes": [],
          "private": "bnVsbA==",
          "dependencies": [
            "data.aws_caller_identity.current",
            "module.eks_blueprints_platform_teams.data.aws_iam_policy_document.this",
            "module.eks_cluster.aws_cloudwatch_log_group.this",
            "module.eks_cluster.aws_eks_cluster.this",
            "module.eks_cluster.aws_iam_openid_connect_provider.oidc_provider",
            "module.eks_cluster.aws_iam_policy.cni_ipv6_policy",
            "module.eks_cluster.aws_iam_role.this",
            "module.eks_cluster.aws_iam_role_policy_attachment.this",
            "module.eks_cluster.aws_security_group.cluster",
            "module.eks_cluster.aws_security_group.node",
            "module.eks_cluster.aws_security_group_rule.cluster",
            "module.eks_cluster.aws_security_group_rule.node",
            "module.eks_cluster.data.aws_caller_identity.current",
            "module.eks_cluster.data.aws_iam_policy_document.assume_role_policy",
            "module.eks_cluster.data.aws_iam_policy_document.cni_ipv6_policy",
            "module.eks_cluster.data.aws_iam_session_context.current",
            "module.eks_cluster.data.aws_partition.current",
            "module.eks_cluster.data.tls_certificate.this",
            "module.eks_cluster.module.kms.aws_kms_external_key.this",
            "module.eks_cluster.module.kms.aws_kms_key.this",
            "module.eks_cluster.module.kms.aws_kms_replica_external_key.this",
            "module.eks_cluster.module.kms.aws_kms_replica_key.this",
            "module.eks_cluster.module.kms.data.aws_caller_identity.current",
            "module.eks_cluster.module.kms.data.aws_iam_policy_document.this",
            "module.eks_cluster.module.kms.data.aws_partition.current",
            "module.vpc.aws_subnet.private",
            "module.vpc.aws_subnet.public",
            "module.vpc.aws_vpc.this",
            "module.vpc.aws_vpc_ipv4_cidr_block_association.this"
          ]
        }
      ]
    },
    {
      "module": "module.eks_blueprints_platform_teams",
      "mode": "managed",
      "type": "aws_iam_role_policy_attachment",
      "name": "admin",
      "provider": "provider[\"registry.terraform.io/hashicorp/aws\"]",
      "instances": [
        {
          "index_key": 0,
          "schema_version": 0,
          "attributes": {
            "id": "admin-team-20240715184533664300000010-2024071518453777040000001f",
            "policy_arn": "arn:aws:iam::389029577690:policy/admin-team-2024071518453693000000001c",
            "role": "admin-team-20240715184533664300000010"
          },
          "sensitive_attributes": [],
          "private": "bnVsbA==",
          "dependencies": [
            "data.aws_caller_identity.current",
            "module.eks_blueprints_platform_teams.aws_iam_policy.admin",
            "module.eks_blueprints_platform_teams.aws_iam_role.this",
            "module.eks_blueprints_platform_teams.data.aws_iam_policy_document.admin",
            "module.eks_blueprints_platform_teams.data.aws_iam_policy_document.this",
            "module.eks_cluster.aws_cloudwatch_log_group.this",
            "module.eks_cluster.aws_eks_access_entry.this",
            "module.eks_cluster.aws_eks_access_policy_association.this",
            "module.eks_cluster.aws_eks_cluster.this",
            "module.eks_cluster.aws_iam_openid_connect_provider.oidc_provider",
            "module.eks_cluster.aws_iam_policy.cni_ipv6_policy",
            "module.eks_cluster.aws_iam_role.this",
            "module.eks_cluster.aws_iam_role_policy_attachment.this",
            "module.eks_cluster.aws_security_group.cluster",
            "module.eks_cluster.aws_security_group.node",
            "module.eks_cluster.aws_security_group_rule.cluster",
            "module.eks_cluster.aws_security_group_rule.node",
            "module.eks_cluster.data.aws_caller_identity.current",
            "module.eks_cluster.data.aws_iam_policy_document.assume_role_policy",
            "module.eks_cluster.data.aws_iam_policy_document.cni_ipv6_policy",
            "module.eks_cluster.data.aws_iam_session_context.current",
            "module.eks_cluster.data.aws_partition.current",
            "module.eks_cluster.data.tls_certificate.this",
            "module.eks_cluster.module.kms.aws_kms_external_key.this",
            "module.eks_cluster.module.kms.aws_kms_key.this",
            "module.eks_cluster.module.kms.aws_kms_replica_external_key.this",
            "module.eks_cluster.module.kms.aws_kms_replica_key.this",
            "module.eks_cluster.module.kms.data.aws_caller_identity.current",
            "module.eks_cluster.module.kms.data.aws_iam_policy_document.this",
            "module.eks_cluster.module.kms.data.aws_partition.current",
            "module.vpc.aws_subnet.private",
            "module.vpc.aws_subnet.public",
            "module.vpc.aws_vpc.this",
            "module.vpc.aws_vpc_ipv4_cidr_block_association.this"
          ]
        }
      ]
    },
    {
      "module": "module.eks_cluster",
      "mode": "data",
      "type": "aws_caller_identity",
      "name": "current",
      "provider": "provider[\"registry.terraform.io/hashicorp/aws\"]",
      "instances": [
        {
          "schema_version": 0,
          "attributes": {
            "account_id": "389029577690",
            "arn": "arn:aws:iam::389029577690:user/Marketing",
            "id": "389029577690",
            "user_id": "AIDAVVE7YIPNMUTPSACL4"
          },
          "sensitive_attributes": []
        }
      ]
    },
    {
      "module": "module.eks_cluster",
      "mode": "data",
      "type": "aws_eks_addon_version",
      "name": "this",
      "provider": "provider[\"registry.terraform.io/hashicorp/aws\"]",
      "instances": [
        {
          "index_key": "aws-ebs-csi-driver",
          "schema_version": 0,
          "attributes": {
            "addon_name": "aws-ebs-csi-driver",
            "id": "aws-ebs-csi-driver",
            "kubernetes_version": "1.29",
            "most_recent": true,
            "version": "v1.32.0-eksbuild.1"
          },
          "sensitive_attributes": []
        },
        {
          "index_key": "coredns",
          "schema_version": 0,
          "attributes": {
            "addon_name": "coredns",
            "id": "coredns",
            "kubernetes_version": "1.29",
            "most_recent": true,
            "version": "v1.11.1-eksbuild.9"
          },
          "sensitive_attributes": []
        },
        {
          "index_key": "kube-proxy",
          "schema_version": 0,
          "attributes": {
            "addon_name": "kube-proxy",
            "id": "kube-proxy",
            "kubernetes_version": "1.29",
            "most_recent": true,
            "version": "v1.29.3-eksbuild.5"
          },
          "sensitive_attributes": []
        },
        {
          "index_key": "vpc-cni",
          "schema_version": 0,
          "attributes": {
            "addon_name": "vpc-cni",
            "id": "vpc-cni",
            "kubernetes_version": "1.29",
            "most_recent": true,
            "version": "v1.18.2-eksbuild.1"
          },
          "sensitive_attributes": []
        }
      ]
    },
    {
      "module": "module.eks_cluster",
      "mode": "data",
      "type": "aws_iam_policy_document",
      "name": "assume_role_policy",
      "provider": "provider[\"registry.terraform.io/hashicorp/aws\"]",
      "instances": [
        {
          "index_key": 0,
          "schema_version": 0,
          "attributes": {
            "id": "2764486067",
            "json": "{\n  \"Version\": \"2012-10-17\",\n  \"Statement\": [\n    {\n      \"Sid\": \"EKSClusterAssumeRole\",\n      \"Effect\": \"Allow\",\n      \"Action\": \"sts:AssumeRole\",\n      \"Principal\": {\n        \"Service\": \"eks.amazonaws.com\"\n      }\n    }\n  ]\n}",
            "minified_json": "{\"Version\":\"2012-10-17\",\"Statement\":[{\"Sid\":\"EKSClusterAssumeRole\",\"Effect\":\"Allow\",\"Action\":\"sts:AssumeRole\",\"Principal\":{\"Service\":\"eks.amazonaws.com\"}}]}",
            "override_json": null,
            "override_policy_documents": null,
            "policy_id": null,
            "source_json": null,
            "source_policy_documents": null,
            "statement": [
              {
                "actions": [
                  "sts:AssumeRole"
                ],
                "condition": [],
                "effect": "Allow",
                "not_actions": [],
                "not_principals": [],
                "not_resources": [],
                "principals": [
                  {
                    "identifiers": [
                      "eks.amazonaws.com"
                    ],
                    "type": "Service"
                  }
                ],
                "resources": [],
                "sid": "EKSClusterAssumeRole"
              }
            ],
            "version": "2012-10-17"
          },
          "sensitive_attributes": []
        }
      ]
    },
    {
      "module": "module.eks_cluster",
      "mode": "data",
      "type": "aws_iam_session_context",
      "name": "current",
      "provider": "provider[\"registry.terraform.io/hashicorp/aws\"]",
      "instances": [
        {
          "schema_version": 0,
          "attributes": {
            "arn": "arn:aws:iam::389029577690:user/Marketing",
            "id": "arn:aws:iam::389029577690:user/Marketing",
            "issuer_arn": "arn:aws:iam::389029577690:user/Marketing",
            "issuer_id": "",
            "issuer_name": "",
            "session_name": ""
          },
          "sensitive_attributes": []
        }
      ]
    },
    {
      "module": "module.eks_cluster",
      "mode": "data",
      "type": "aws_partition",
      "name": "current",
      "provider": "provider[\"registry.terraform.io/hashicorp/aws\"]",
      "instances": [
        {
          "schema_version": 0,
          "attributes": {
            "dns_suffix": "amazonaws.com",
            "id": "aws",
            "partition": "aws",
            "reverse_dns_prefix": "com.amazonaws"
          },
          "sensitive_attributes": []
        }
      ]
    },
    {
      "module": "module.eks_cluster",
      "mode": "data",
      "type": "tls_certificate",
      "name": "this",
      "provider": "provider[\"registry.terraform.io/hashicorp/tls\"]",
      "instances": [
        {
          "index_key": 0,
          "schema_version": 0,
          "attributes": {
            "certificates": [
              {
                "cert_pem": "-----BEGIN CERTIFICATE-----\nMIIEdTCCA12gAwIBAgIJAKcOSkw0grd/MA0GCSqGSIb3DQEBCwUAMGgxCzAJBgNV\nBAYTAlVTMSUwIwYDVQQKExxTdGFyZmllbGQgVGVjaG5vbG9naWVzLCBJbmMuMTIw\nMAYDVQQLEylTdGFyZmllbGQgQ2xhc3MgMiBDZXJ0aWZpY2F0aW9uIEF1dGhvcml0\neTAeFw0wOTA5MDIwMDAwMDBaFw0zNDA2MjgxNzM5MTZaMIGYMQswCQYDVQQGEwJV\nUzEQMA4GA1UECBMHQXJpem9uYTETMBEGA1UEBxMKU2NvdHRzZGFsZTElMCMGA1UE\nChMcU3RhcmZpZWxkIFRlY2hub2xvZ2llcywgSW5jLjE7MDkGA1UEAxMyU3RhcmZp\nZWxkIFNlcnZpY2VzIFJvb3QgQ2VydGlmaWNhdGUgQXV0aG9yaXR5IC0gRzIwggEi\nMA0GCSqGSIb3DQEBAQUAA4IBDwAwggEKAoIBAQDVDDrEKvlO4vW+GZdfjohTsR8/\ny8+fIBNtKTrID30892t2OGPZNmCom15cAICyL1l/9of5JUOG52kbUpqQ4XHj2C0N\nTm/2yEnZtvMaVq4rtnQU68/7JuMauh2WLmo7WJSJR1b/JaCTcFOD2oR0FMNnngRo\nOt+OQFodSk7PQ5E751bWAHDLUu57fa4657wx+UX2wmDPE1kCK4DMNEffud6QZW0C\nzyyRpqbn3oUYSXxmTqM6bam17jQuug0DuDPfR+uxa40l2ZvOgdFFRjKWcIfeAg5J\nQ4W2bHO7ZOphQazJ1FTfhy/HIrImzJ9ZVGif/L4qL8RVHHVAYBeFAlU5i38FAgMB\nAAGjgfAwge0wDwYDVR0TAQH/BAUwAwEB/zAOBgNVHQ8BAf8EBAMCAYYwHQYDVR0O\nBBYEFJxfAN+qAdcwKziIorhtSpzyEZGDMB8GA1UdIwQYMBaAFL9ft9HO3R+G9FtV\nrNzXEMIOqYjnME8GCCsGAQUFBwEBBEMwQTAcBggrBgEFBQcwAYYQaHR0cDovL28u\nc3MyLnVzLzAhBggrBgEFBQcwAoYVaHR0cDovL3guc3MyLnVzL3guY2VyMCYGA1Ud\nHwQfMB0wG6AZoBeGFWh0dHA6Ly9zLnNzMi51cy9yLmNybDARBgNVHSAECjAIMAYG\nBFUdIAAwDQYJKoZIhvcNAQELBQADggEBACMd44pXyn3pF3lM8R5V/cxTbj5HD9/G\nVfKyBDbtgB9TxF00KGu+x1X8Z+rLP3+QsjPNG1gQggL4+C/1E2DUBc7xgQjB3ad1\nl08YuW3e95ORCLp+QCztweq7dp4zBncdDQh/U90bZKuCJ/Fp1U1ervShw3WnWEQt\n8jxwmKy6abaVd38PMV4s/KCHOkdp8Hlf9BRUpJVeEXgSYCfOn8J3/yNTd126/+pZ\n59vPr5KW7ySaNRB6nJHGDn2Z9j8Z3/VyVOEVqQdZe4O/Ui5GjLIAZHYcSNPYeehu\nVsyuLAOQ1xk4meTKCRlb/weWsKh/NEnfVqn3sF/tM+2MR7cwA130A4w=\n-----END CERTIFICATE-----\n",
                "is_ca": true,
                "issuer": "OU=Starfield Class 2 Certification Authority,O=Starfield Technologies\\, Inc.,C=US",
                "not_after": "2034-06-28T17:39:16Z",
                "not_before": "2009-09-02T00:00:00Z",
                "public_key_algorithm": "RSA",
                "serial_number": "12037640545166866303",
                "sha1_fingerprint": "9e99a48a9960b14926bb7f3b02e22da2b0ab7280",
                "signature_algorithm": "SHA256-RSA",
                "subject": "CN=Starfield Services Root Certificate Authority - G2,O=Starfield Technologies\\, Inc.,L=Scottsdale,ST=Arizona,C=US",
                "version": 3
              },
              {
                "cert_pem": "-----BEGIN CERTIFICATE-----\nMIIEkjCCA3qgAwIBAgITBn+USionzfP6wq4rAfkI7rnExjANBgkqhkiG9w0BAQsF\nADCBmDELMAkGA1UEBhMCVVMxEDAOBgNVBAgTB0FyaXpvbmExEzARBgNVBAcTClNj\nb3R0c2RhbGUxJTAjBgNVBAoTHFN0YXJmaWVsZCBUZWNobm9sb2dpZXMsIEluYy4x\nOzA5BgNVBAMTMlN0YXJmaWVsZCBTZXJ2aWNlcyBSb290IENlcnRpZmljYXRlIEF1\ndGhvcml0eSAtIEcyMB4XDTE1MDUyNTEyMDAwMFoXDTM3MTIzMTAxMDAwMFowOTEL\nMAkGA1UEBhMCVVMxDzANBgNVBAoTBkFtYXpvbjEZMBcGA1UEAxMQQW1hem9uIFJv\nb3QgQ0EgMTCCASIwDQYJKoZIhvcNAQEBBQADggEPADCCAQoCggEBALJ4gHHKeNXj\nca9HgFB0fW7Y14h29Jlo91ghYPl0hAEvrAIthtOgQ3pOsqTQNroBvo3bSMgHFzZM\n9O6II8c+6zf1tRn4SWiw3te5djgdYZ6k/oI2peVKVuRF4fn9tBb6dNqcmzU5L/qw\nIFAGbHrQgLKm+a/sRxmPUDgH3KKHOVj4utWp+UhnMJbulHheb4mjUcAwhmahRWa6\nVOujw5H5SNz/0egwLX0tdHA114gk957EWW67c4cX8jJGKLhD+rcdqsq08p8kDi1L\n93FcXmn/6pUCyziKrlA4b9v7LWIbxcceVOF34GfID5yHI9Y/QCB/IIDEgEw+OyQm\njgSubJrIqg0CAwEAAaOCATEwggEtMA8GA1UdEwEB/wQFMAMBAf8wDgYDVR0PAQH/\nBAQDAgGGMB0GA1UdDgQWBBSEGMyFNOy8DJSULghZnMeyEE4KCDAfBgNVHSMEGDAW\ngBScXwDfqgHXMCs4iKK4bUqc8hGRgzB4BggrBgEFBQcBAQRsMGowLgYIKwYBBQUH\nMAGGImh0dHA6Ly9vY3NwLnJvb3RnMi5hbWF6b250cnVzdC5jb20wOAYIKwYBBQUH\nMAKGLGh0dHA6Ly9jcnQucm9vdGcyLmFtYXpvbnRydXN0LmNvbS9yb290ZzIuY2Vy\nMD0GA1UdHwQ2MDQwMqAwoC6GLGh0dHA6Ly9jcmwucm9vdGcyLmFtYXpvbnRydXN0\nLmNvbS9yb290ZzIuY3JsMBEGA1UdIAQKMAgwBgYEVR0gADANBgkqhkiG9w0BAQsF\nAAOCAQEAYjdCXLwQtT6LLOkMm2xF4gcAevnFWAu5CIw+7bMlPLVvUOTNNWqnkzSW\nMiGpSESrnO09tKpzbeR/FoCJbM8oAxiDR3mjEH4wW6w7sGDgd9QIpuEdfF7Au/ma\neyKdpwAJfqxGF4PcnCZXmTA5YpaP7dreqsXMGz7KQ2hsVxa81Q4gLv7/wmpdLqBK\nbRRYh5TmOTFffHPLkIhqhBGWJ6bt2YFGpn6jcgAKUj6DiAdjd4lpFw85hdKrCEVN\n0FE6/V1dN2RMfjCyVSRCnTawXZwXgWHxyvkQAiSr6w10kY17RSlQOYiypok1JR4U\nakcjMS9cmvqtmg5iUaQqqcT5NJ0hGA==\n-----END CERTIFICATE-----\n",
                "is_ca": true,
                "issuer": "CN=Starfield Services Root Certificate Authority - G2,O=Starfield Technologies\\, Inc.,L=Scottsdale,ST=Arizona,C=US",
                "not_after": "2037-12-31T01:00:00Z",
                "not_before": "2015-05-25T12:00:00Z",
                "public_key_algorithm": "RSA",
                "serial_number": "144918191876577076464031512351042010504348870",
                "sha1_fingerprint": "06b25927c42a721631c1efd9431e648fa62e1e39",
                "signature_algorithm": "SHA256-RSA",
                "subject": "CN=Amazon Root CA 1,O=Amazon,C=US",
                "version": 3
              },
              {
                "cert_pem": "-----BEGIN CERTIFICATE-----\nMIIEXjCCA0agAwIBAgITB3MSSkvL1E7HtTvq8ZSELToPoTANBgkqhkiG9w0BAQsF\nADA5MQswCQYDVQQGEwJVUzEPMA0GA1UEChMGQW1hem9uMRkwFwYDVQQDExBBbWF6\nb24gUm9vdCBDQSAxMB4XDTIyMDgyMzIyMjUzMFoXDTMwMDgyMzIyMjUzMFowPDEL\nMAkGA1UEBhMCVVMxDzANBgNVBAoTBkFtYXpvbjEcMBoGA1UEAxMTQW1hem9uIFJT\nQSAyMDQ4IE0wMjCCASIwDQYJKoZIhvcNAQEBBQADggEPADCCAQoCggEBALtDGMZa\nqHneKei1by6+pUPPLljTB143Si6VpEWPc6mSkFhZb/6qrkZyoHlQLbDYnI2D7hD0\nsdzEqfnuAjIsuXQLG3A8TvX6V3oFNBFVe8NlLJHvBseKY88saLwufxkZVwk74g4n\nWlNMXzla9Y5F3wwRHwMVH443xGz6UtGSZSqQ94eFx5X7Tlqt8whi8qCaKdZ5rNak\n+r9nUThOeClqFd4oXych//Rc7Y0eX1KNWHYSI1Nk31mYgiK3JvH063g+K9tHA63Z\neTgKgndlh+WI+zv7i44HepRZjA1FYwYZ9Vv/9UkC5Yz8/yU65fgjaE+wVHM4e/Yy\nC2osrPWE7gJ+dXMCAwEAAaOCAVowggFWMBIGA1UdEwEB/wQIMAYBAf8CAQAwDgYD\nVR0PAQH/BAQDAgGGMB0GA1UdJQQWMBQGCCsGAQUFBwMBBggrBgEFBQcDAjAdBgNV\nHQ4EFgQUwDFSzVpQw4J8dHHOy+mc+XrrguIwHwYDVR0jBBgwFoAUhBjMhTTsvAyU\nlC4IWZzHshBOCggwewYIKwYBBQUHAQEEbzBtMC8GCCsGAQUFBzABhiNodHRwOi8v\nb2NzcC5yb290Y2ExLmFtYXpvbnRydXN0LmNvbTA6BggrBgEFBQcwAoYuaHR0cDov\nL2NydC5yb290Y2ExLmFtYXpvbnRydXN0LmNvbS9yb290Y2ExLmNlcjA/BgNVHR8E\nODA2MDSgMqAwhi5odHRwOi8vY3JsLnJvb3RjYTEuYW1hem9udHJ1c3QuY29tL3Jv\nb3RjYTEuY3JsMBMGA1UdIAQMMAowCAYGZ4EMAQIBMA0GCSqGSIb3DQEBCwUAA4IB\nAQAtTi6Fs0Azfi+iwm7jrz+CSxHH+uHl7Law3MQSXVtR8RV53PtR6r/6gNpqlzdo\nZq4FKbADi1v9Bun8RY8D51uedRfjsbeodizeBB8nXmeyD33Ep7VATj4ozcd31YFV\nfgRhvTSxNrrTlNpWkUk0m3BMPv8sg381HhA6uEYokE5q9uws/3YkKqRiEz3TsaWm\nJqIRZhMbgAfp7O7FUwFIb7UIspogZSKxPIWJpxiPo3TcBambbVtQOcNRWz5qCQdD\nslI2yayq0n2TXoHyNCLEH8rpsJRVILFsg0jc7BaFrMnF462+ajSehgj12IidNeRN\n4zl+EoNaWdpnWndvSpAEkq2P\n-----END CERTIFICATE-----\n",
                "is_ca": true,
                "issuer": "CN=Amazon Root CA 1,O=Amazon,C=US",
                "not_after": "2030-08-23T22:25:30Z",
                "not_before": "2022-08-23T22:25:30Z",
                "public_key_algorithm": "RSA",
                "serial_number": "166129353110899469622597955040406457904926625",
                "sha1_fingerprint": "414a2060b738c635cc7fc243e052615592830c53",
                "signature_algorithm": "SHA256-RSA",
                "subject": "CN=Amazon RSA 2048 M02,O=Amazon,C=US",
                "version": 3
              },
              {
                "cert_pem": "-----BEGIN CERTIFICATE-----\nMIIF5TCCBM2gAwIBAgIQCJL9XGbawpZ6IsGGvDqdyDANBgkqhkiG9w0BAQsFADA8\nMQswCQYDVQQGEwJVUzEPMA0GA1UEChMGQW1hem9uMRwwGgYDVQQDExNBbWF6b24g\nUlNBIDIwNDggTTAyMB4XDTI0MDMyODAwMDAwMFoXDTI1MDQyNjIzNTk1OVowKDEm\nMCQGA1UEAwwdKi5la3MudXMtZWFzdC0xLmFtYXpvbmF3cy5jb20wggEiMA0GCSqG\nSIb3DQEBAQUAA4IBDwAwggEKAoIBAQC4iVpgxjgOmMKdC2tYTHa9yzuuLdYCjpC6\nxN1VgI71uTiSxUGf6R3N/Rdk5vjz2COu3fsVgMh6cCpqrPlxU/5uP0/DFfQGdVxB\nbZ4vYRC9jIbgyKmwqOEJMD/9B3iGHz3KpBpnXDcuulqWsCtuuqxjnMLL4h1UdOeA\nPNwhOyQxKMHl+LfrCZeCuehKch+XM/8lhdKgYyLp8o1Nm7IsNG1aN6iNoZ6rxEyU\nVw6fV+pZDaIrxkYf7unQrAfUWR122pXGzWRtv5VGZLjrci8ev4ZpgGViIzb2LOqT\nFm8gde6aURlAm4uMDFzmZ/iOqEV+52vO9Z0E6Yo5M3dJZqQo7uUpAgMBAAGjggL1\nMIIC8TAfBgNVHSMEGDAWgBTAMVLNWlDDgnx0cc7L6Zz5euuC4jAdBgNVHQ4EFgQU\nhG1ZDKa76htLZVXP+E3P3GnYHjEwKAYDVR0RBCEwH4IdKi5la3MudXMtZWFzdC0x\nLmFtYXpvbmF3cy5jb20wEwYDVR0gBAwwCjAIBgZngQwBAgEwDgYDVR0PAQH/BAQD\nAgWgMB0GA1UdJQQWMBQGCCsGAQUFBwMBBggrBgEFBQcDAjA7BgNVHR8ENDAyMDCg\nLqAshipodHRwOi8vY3JsLnIybTAyLmFtYXpvbnRydXN0LmNvbS9yMm0wMi5jcmww\ndQYIKwYBBQUHAQEEaTBnMC0GCCsGAQUFBzABhiFodHRwOi8vb2NzcC5yMm0wMi5h\nbWF6b250cnVzdC5jb20wNgYIKwYBBQUHMAKGKmh0dHA6Ly9jcnQucjJtMDIuYW1h\nem9udHJ1c3QuY29tL3IybTAyLmNlcjAMBgNVHRMBAf8EAjAAMIIBfQYKKwYBBAHW\neQIEAgSCAW0EggFpAWcAdgDPEVbu1S58r/OHW9lpLpvpGnFnSrAX7KwB0lt3zsw7\nCAAAAY6HAoTcAAAEAwBHMEUCIHI392+k5Ds777nM4CwNr+xjjCr49CQ/vHIJDZJX\nokM7AiEA++VPDyyMLijPy0GR8ZBIvAcrYbjfJXTF3GkizeJLVJIAdgB9WR4S4Xgq\nexxhZ3xe/fjQh1wUoE6VnrkDL9kOjC55uAAAAY6HAoTeAAAEAwBHMEUCICBkhMaf\n9gdR3bCbLxXFbHNEXUh7t3P/SxaUKDcE6UmIAiEA25zZ9aBt/mrhDcMc155V8qnw\nadTEqttLdP4XMEmMsPAAdQDm0jFjQHeMwRBBBtdxuc7B0kD2loSG+7qHMh39HjeO\nUAAAAY6HAoTxAAAEAwBGMEQCIFFF4kpqcNgHFzRi2cnL4HbNApZlnlc+Re9IyYXi\nCldqAiBkZUgs12iu2uWGU97VUAICt2+zZkhjUV3i+O3kYh1yrTANBgkqhkiG9w0B\nAQsFAAOCAQEAWY5OxR7rWtYFS09xAYYIHlBF7wdUxQH60zi/IqAHZIRCFI1xHdsJ\n0BUv30lLyiGtVr4DheBo81/IErBRpXmSkdoDJA+5d/Jz3EFtbrVogjESALAgBfSG\nuJX0QLshjyTl9O2r00qkxIhbKmSPSl9JQVxqt2jTaB6pD3SjWX6U+l397Ns1L6pI\nb1418oVo7LeHwEeEx6APMIyjzlfcXdCHA6lVKeiNF8SH+QW+h6ZOpGXJIU6llBjg\nWAhscqrGRj1APpuKWGVkVCweAjIOcEuWV8Fqmfp1h9jmeUkG6SoBifrl41PvhK0o\nqQ3LlAF6Op6n7JLa2rlXkf6LienZDVlSuQ==\n-----END CERTIFICATE-----\n",
                "is_ca": false,
                "issuer": "CN=Amazon RSA 2048 M02,O=Amazon,C=US",
                "not_after": "2025-04-26T23:59:59Z",
                "not_before": "2024-03-28T00:00:00Z",
                "public_key_algorithm": "RSA",
                "serial_number": "11397038078078022747295509550808604104",
                "sha1_fingerprint": "9451ad2b53c7f41fab22886cc07d482085336561",
                "signature_algorithm": "SHA256-RSA",
                "subject": "CN=*.eks.us-east-1.amazonaws.com",
                "version": 3
              }
            ],
            "content": null,
            "id": "99d41e43229a4cdaf4141f3e8310e6d95c31dab9",
            "url": "https://oidc.eks.us-east-1.amazonaws.com/id/256E944920A43EA505E681939492415B",
            "verify_chain": true
          },
          "sensitive_attributes": []
        }
      ]
    },
    {
      "module": "module.eks_cluster",
      "mode": "managed",
      "type": "aws_cloudwatch_log_group",
      "name": "this",
      "provider": "provider[\"registry.terraform.io/hashicorp/aws\"]",
      "instances": [
        {
          "index_key": 0,
          "schema_version": 0,
          "attributes": {
            "arn": "arn:aws:logs:us-east-1:389029577690:log-group:/aws/eks/eks-blueprint/cluster",
            "id": "/aws/eks/eks-blueprint/cluster",
            "kms_key_id": "",
            "log_group_class": "STANDARD",
            "name": "/aws/eks/eks-blueprint/cluster",
            "name_prefix": "",
            "retention_in_days": 90,
            "skip_destroy": false,
            "tags": {
              "Environment": "sandbox",
              "Name": "/aws/eks/eks-blueprint/cluster",
              "Terraform": "true"
            },
            "tags_all": {
              "Environment": "sandbox",
              "Name": "/aws/eks/eks-blueprint/cluster",
              "Terraform": "true"
            }
          },
          "sensitive_attributes": [],
          "private": "bnVsbA==",
          "create_before_destroy": true
        }
      ]
    },
    {
      "module": "module.eks_cluster",
      "mode": "managed",
      "type": "aws_ec2_tag",
      "name": "cluster_primary_security_group",
      "provider": "provider[\"registry.terraform.io/hashicorp/aws\"]",
      "instances": [
        {
          "index_key": "Environment",
          "schema_version": 0,
          "attributes": {
            "id": "sg-0a96b2a13845f9f71,Environment",
            "key": "Environment",
            "resource_id": "sg-0a96b2a13845f9f71",
            "value": "sandbox"
          },
          "sensitive_attributes": [],
          "private": "bnVsbA==",
          "dependencies": [
            "module.eks_cluster.aws_cloudwatch_log_group.this",
            "module.eks_cluster.aws_eks_cluster.this",
            "module.eks_cluster.aws_iam_policy.cni_ipv6_policy",
            "module.eks_cluster.aws_iam_role.this",
            "module.eks_cluster.aws_iam_role_policy_attachment.this",
            "module.eks_cluster.aws_security_group.cluster",
            "module.eks_cluster.aws_security_group.node",
            "module.eks_cluster.aws_security_group_rule.cluster",
            "module.eks_cluster.aws_security_group_rule.node",
            "module.eks_cluster.data.aws_caller_identity.current",
            "module.eks_cluster.data.aws_iam_policy_document.assume_role_policy",
            "module.eks_cluster.data.aws_iam_policy_document.cni_ipv6_policy",
            "module.eks_cluster.data.aws_iam_session_context.current",
            "module.eks_cluster.data.aws_partition.current",
            "module.eks_cluster.module.kms.aws_kms_external_key.this",
            "module.eks_cluster.module.kms.aws_kms_key.this",
            "module.eks_cluster.module.kms.aws_kms_replica_external_key.this",
            "module.eks_cluster.module.kms.aws_kms_replica_key.this",
            "module.eks_cluster.module.kms.data.aws_caller_identity.current",
            "module.eks_cluster.module.kms.data.aws_iam_policy_document.this",
            "module.eks_cluster.module.kms.data.aws_partition.current",
            "module.vpc.aws_subnet.private",
            "module.vpc.aws_subnet.public",
            "module.vpc.aws_vpc.this",
            "module.vpc.aws_vpc_ipv4_cidr_block_association.this"
          ]
        },
        {
          "index_key": "Terraform",
          "schema_version": 0,
          "attributes": {
            "id": "sg-0a96b2a13845f9f71,Terraform",
            "key": "Terraform",
            "resource_id": "sg-0a96b2a13845f9f71",
            "value": "true"
          },
          "sensitive_attributes": [],
          "private": "bnVsbA==",
          "dependencies": [
            "module.eks_cluster.aws_cloudwatch_log_group.this",
            "module.eks_cluster.aws_eks_cluster.this",
            "module.eks_cluster.aws_iam_policy.cni_ipv6_policy",
            "module.eks_cluster.aws_iam_role.this",
            "module.eks_cluster.aws_iam_role_policy_attachment.this",
            "module.eks_cluster.aws_security_group.cluster",
            "module.eks_cluster.aws_security_group.node",
            "module.eks_cluster.aws_security_group_rule.cluster",
            "module.eks_cluster.aws_security_group_rule.node",
            "module.eks_cluster.data.aws_caller_identity.current",
            "module.eks_cluster.data.aws_iam_policy_document.assume_role_policy",
            "module.eks_cluster.data.aws_iam_policy_document.cni_ipv6_policy",
            "module.eks_cluster.data.aws_iam_session_context.current",
            "module.eks_cluster.data.aws_partition.current",
            "module.eks_cluster.module.kms.aws_kms_external_key.this",
            "module.eks_cluster.module.kms.aws_kms_key.this",
            "module.eks_cluster.module.kms.aws_kms_replica_external_key.this",
            "module.eks_cluster.module.kms.aws_kms_replica_key.this",
            "module.eks_cluster.module.kms.data.aws_caller_identity.current",
            "module.eks_cluster.module.kms.data.aws_iam_policy_document.this",
            "module.eks_cluster.module.kms.data.aws_partition.current",
            "module.vpc.aws_subnet.private",
            "module.vpc.aws_subnet.public",
            "module.vpc.aws_vpc.this",
            "module.vpc.aws_vpc_ipv4_cidr_block_association.this"
          ]
        }
      ]
    },
    {
      "module": "module.eks_cluster",
      "mode": "managed",
      "type": "aws_eks_access_entry",
      "name": "this",
      "provider": "provider[\"registry.terraform.io/hashicorp/aws\"]",
      "instances": [
        {
          "index_key": "cluster-admin1",
          "schema_version": 0,
          "attributes": {
            "access_entry_arn": "arn:aws:eks:us-east-1:389029577690:access-entry/eks-blueprint/user/389029577690/developer/9ac85bdb-6c73-01d5-c01c-7ada90de6f41",
            "cluster_name": "eks-blueprint",
            "created_at": "2024-07-15T18:45:32Z",
            "id": "eks-blueprint:arn:aws:iam::389029577690:user/developer",
            "kubernetes_groups": [
              "admins"
            ],
            "modified_at": "2024-07-15T18:45:32Z",
            "principal_arn": "arn:aws:iam::389029577690:user/developer",
            "tags": {
              "Environment": "sandbox",
              "Terraform": "true"
            },
            "tags_all": {
              "Environment": "sandbox",
              "Terraform": "true"
            },
            "timeouts": null,
            "type": "STANDARD",
            "user_name": "arn:aws:iam::389029577690:user/developer"
          },
          "sensitive_attributes": [],
          "private": "eyJlMmJmYjczMC1lY2FhLTExZTYtOGY4OC0zNDM2M2JjN2M0YzAiOnsiY3JlYXRlIjo2MDAwMDAwMDAwMDAsImRlbGV0ZSI6NjAwMDAwMDAwMDAwfX0=",
          "dependencies": [
            "module.eks_cluster.aws_cloudwatch_log_group.this",
            "module.eks_cluster.aws_eks_cluster.this",
            "module.eks_cluster.aws_iam_policy.cni_ipv6_policy",
            "module.eks_cluster.aws_iam_role.this",
            "module.eks_cluster.aws_iam_role_policy_attachment.this",
            "module.eks_cluster.aws_security_group.cluster",
            "module.eks_cluster.aws_security_group.node",
            "module.eks_cluster.aws_security_group_rule.cluster",
            "module.eks_cluster.aws_security_group_rule.node",
            "module.eks_cluster.data.aws_caller_identity.current",
            "module.eks_cluster.data.aws_iam_policy_document.assume_role_policy",
            "module.eks_cluster.data.aws_iam_policy_document.cni_ipv6_policy",
            "module.eks_cluster.data.aws_iam_session_context.current",
            "module.eks_cluster.data.aws_partition.current",
            "module.eks_cluster.module.kms.aws_kms_external_key.this",
            "module.eks_cluster.module.kms.aws_kms_key.this",
            "module.eks_cluster.module.kms.aws_kms_replica_external_key.this",
            "module.eks_cluster.module.kms.aws_kms_replica_key.this",
            "module.eks_cluster.module.kms.data.aws_caller_identity.current",
            "module.eks_cluster.module.kms.data.aws_iam_policy_document.this",
            "module.eks_cluster.module.kms.data.aws_partition.current",
            "module.vpc.aws_subnet.private",
            "module.vpc.aws_subnet.public",
            "module.vpc.aws_vpc.this",
            "module.vpc.aws_vpc_ipv4_cidr_block_association.this"
          ]
        },
        {
          "index_key": "cluster-admin2",
          "schema_version": 0,
          "attributes": {
            "access_entry_arn": "arn:aws:eks:us-east-1:389029577690:access-entry/eks-blueprint/user/389029577690/manager/68c85bdb-6c76-da76-36af-5db83f004db0",
            "cluster_name": "eks-blueprint",
            "created_at": "2024-07-15T18:45:32Z",
            "id": "eks-blueprint:arn:aws:iam::389029577690:user/manager",
            "kubernetes_groups": [
              "admin"
            ],
            "modified_at": "2024-07-15T18:45:32Z",
            "principal_arn": "arn:aws:iam::389029577690:user/manager",
            "tags": {
              "Environment": "sandbox",
              "Terraform": "true"
            },
            "tags_all": {
              "Environment": "sandbox",
              "Terraform": "true"
            },
            "timeouts": null,
            "type": "STANDARD",
            "user_name": "arn:aws:iam::389029577690:user/manager"
          },
          "sensitive_attributes": [],
          "private": "eyJlMmJmYjczMC1lY2FhLTExZTYtOGY4OC0zNDM2M2JjN2M0YzAiOnsiY3JlYXRlIjo2MDAwMDAwMDAwMDAsImRlbGV0ZSI6NjAwMDAwMDAwMDAwfX0=",
          "dependencies": [
            "module.eks_cluster.aws_cloudwatch_log_group.this",
            "module.eks_cluster.aws_eks_cluster.this",
            "module.eks_cluster.aws_iam_policy.cni_ipv6_policy",
            "module.eks_cluster.aws_iam_role.this",
            "module.eks_cluster.aws_iam_role_policy_attachment.this",
            "module.eks_cluster.aws_security_group.cluster",
            "module.eks_cluster.aws_security_group.node",
            "module.eks_cluster.aws_security_group_rule.cluster",
            "module.eks_cluster.aws_security_group_rule.node",
            "module.eks_cluster.data.aws_caller_identity.current",
            "module.eks_cluster.data.aws_iam_policy_document.assume_role_policy",
            "module.eks_cluster.data.aws_iam_policy_document.cni_ipv6_policy",
            "module.eks_cluster.data.aws_iam_session_context.current",
            "module.eks_cluster.data.aws_partition.current",
            "module.eks_cluster.module.kms.aws_kms_external_key.this",
            "module.eks_cluster.module.kms.aws_kms_key.this",
            "module.eks_cluster.module.kms.aws_kms_replica_external_key.this",
            "module.eks_cluster.module.kms.aws_kms_replica_key.this",
            "module.eks_cluster.module.kms.data.aws_caller_identity.current",
            "module.eks_cluster.module.kms.data.aws_iam_policy_document.this",
            "module.eks_cluster.module.kms.data.aws_partition.current",
            "module.vpc.aws_subnet.private",
            "module.vpc.aws_subnet.public",
            "module.vpc.aws_vpc.this",
            "module.vpc.aws_vpc_ipv4_cidr_block_association.this"
          ]
        },
        {
          "index_key": "cluster-admin3",
          "schema_version": 0,
          "attributes": {
            "access_entry_arn": "arn:aws:eks:us-east-1:389029577690:access-entry/eks-blueprint/user/389029577690/kingsley/f4c85bdb-6c75-e7e4-c19a-c50fe5035790",
            "cluster_name": "eks-blueprint",
            "created_at": "2024-07-15T18:45:32Z",
            "id": "eks-blueprint:arn:aws:iam::389029577690:user/kingsley",
            "kubernetes_groups": [
              "admin"
            ],
            "modified_at": "2024-07-15T18:45:32Z",
            "principal_arn": "arn:aws:iam::389029577690:user/kingsley",
            "tags": {
              "Environment": "sandbox",
              "Terraform": "true"
            },
            "tags_all": {
              "Environment": "sandbox",
              "Terraform": "true"
            },
            "timeouts": null,
            "type": "STANDARD",
            "user_name": "arn:aws:iam::389029577690:user/kingsley"
          },
          "sensitive_attributes": [],
          "private": "eyJlMmJmYjczMC1lY2FhLTExZTYtOGY4OC0zNDM2M2JjN2M0YzAiOnsiY3JlYXRlIjo2MDAwMDAwMDAwMDAsImRlbGV0ZSI6NjAwMDAwMDAwMDAwfX0=",
          "dependencies": [
            "module.eks_cluster.aws_cloudwatch_log_group.this",
            "module.eks_cluster.aws_eks_cluster.this",
            "module.eks_cluster.aws_iam_policy.cni_ipv6_policy",
            "module.eks_cluster.aws_iam_role.this",
            "module.eks_cluster.aws_iam_role_policy_attachment.this",
            "module.eks_cluster.aws_security_group.cluster",
            "module.eks_cluster.aws_security_group.node",
            "module.eks_cluster.aws_security_group_rule.cluster",
            "module.eks_cluster.aws_security_group_rule.node",
            "module.eks_cluster.data.aws_caller_identity.current",
            "module.eks_cluster.data.aws_iam_policy_document.assume_role_policy",
            "module.eks_cluster.data.aws_iam_policy_document.cni_ipv6_policy",
            "module.eks_cluster.data.aws_iam_session_context.current",
            "module.eks_cluster.data.aws_partition.current",
            "module.eks_cluster.module.kms.aws_kms_external_key.this",
            "module.eks_cluster.module.kms.aws_kms_key.this",
            "module.eks_cluster.module.kms.aws_kms_replica_external_key.this",
            "module.eks_cluster.module.kms.aws_kms_replica_key.this",
            "module.eks_cluster.module.kms.data.aws_caller_identity.current",
            "module.eks_cluster.module.kms.data.aws_iam_policy_document.this",
            "module.eks_cluster.module.kms.data.aws_partition.current",
            "module.vpc.aws_subnet.private",
            "module.vpc.aws_subnet.public",
            "module.vpc.aws_vpc.this",
            "module.vpc.aws_vpc_ipv4_cidr_block_association.this"
          ]
        },
        {
          "index_key": "cluster_creator",
          "schema_version": 0,
          "attributes": {
            "access_entry_arn": "arn:aws:eks:us-east-1:389029577690:access-entry/eks-blueprint/user/389029577690/Marketing/12c85bdb-6c74-d70c-f8ce-ad79a32d124a",
            "cluster_name": "eks-blueprint",
            "created_at": "2024-07-15T18:45:32Z",
            "id": "eks-blueprint:arn:aws:iam::389029577690:user/Marketing",
            "kubernetes_groups": [],
            "modified_at": "2024-07-15T18:45:32Z",
            "principal_arn": "arn:aws:iam::389029577690:user/Marketing",
            "tags": {
              "Environment": "sandbox",
              "Terraform": "true"
            },
            "tags_all": {
              "Environment": "sandbox",
              "Terraform": "true"
            },
            "timeouts": null,
            "type": "STANDARD",
            "user_name": "arn:aws:iam::389029577690:user/Marketing"
          },
          "sensitive_attributes": [],
          "private": "eyJlMmJmYjczMC1lY2FhLTExZTYtOGY4OC0zNDM2M2JjN2M0YzAiOnsiY3JlYXRlIjo2MDAwMDAwMDAwMDAsImRlbGV0ZSI6NjAwMDAwMDAwMDAwfX0=",
          "dependencies": [
            "module.eks_cluster.aws_cloudwatch_log_group.this",
            "module.eks_cluster.aws_eks_cluster.this",
            "module.eks_cluster.aws_iam_policy.cni_ipv6_policy",
            "module.eks_cluster.aws_iam_role.this",
            "module.eks_cluster.aws_iam_role_policy_attachment.this",
            "module.eks_cluster.aws_security_group.cluster",
            "module.eks_cluster.aws_security_group.node",
            "module.eks_cluster.aws_security_group_rule.cluster",
            "module.eks_cluster.aws_security_group_rule.node",
            "module.eks_cluster.data.aws_caller_identity.current",
            "module.eks_cluster.data.aws_iam_policy_document.assume_role_policy",
            "module.eks_cluster.data.aws_iam_policy_document.cni_ipv6_policy",
            "module.eks_cluster.data.aws_iam_session_context.current",
            "module.eks_cluster.data.aws_partition.current",
            "module.eks_cluster.module.kms.aws_kms_external_key.this",
            "module.eks_cluster.module.kms.aws_kms_key.this",
            "module.eks_cluster.module.kms.aws_kms_replica_external_key.this",
            "module.eks_cluster.module.kms.aws_kms_replica_key.this",
            "module.eks_cluster.module.kms.data.aws_caller_identity.current",
            "module.eks_cluster.module.kms.data.aws_iam_policy_document.this",
            "module.eks_cluster.module.kms.data.aws_partition.current",
            "module.vpc.aws_subnet.private",
            "module.vpc.aws_subnet.public",
            "module.vpc.aws_vpc.this",
            "module.vpc.aws_vpc_ipv4_cidr_block_association.this"
          ]
        }
      ]
    },
    {
      "module": "module.eks_cluster",
      "mode": "managed",
      "type": "aws_eks_access_policy_association",
      "name": "this",
      "provider": "provider[\"registry.terraform.io/hashicorp/aws\"]",
      "instances": [
        {
          "index_key": "cluster-admin1_cluster-admin",
          "schema_version": 0,
          "attributes": {
            "access_scope": [
              {
                "namespaces": [],
                "type": "cluster"
              }
            ],
            "associated_at": "2024-07-15 18:45:33.678 +0000 UTC",
            "cluster_name": "eks-blueprint",
            "id": "eks-blueprint#arn:aws:iam::389029577690:user/developer#arn:aws:eks::aws:cluster-access-policy/AmazonEKSClusterAdminPolicy",
            "modified_at": "2024-07-15 18:45:33.678 +0000 UTC",
            "policy_arn": "arn:aws:eks::aws:cluster-access-policy/AmazonEKSClusterAdminPolicy",
            "principal_arn": "arn:aws:iam::389029577690:user/developer",
            "timeouts": null
          },
          "sensitive_attributes": [],
          "private": "eyJlMmJmYjczMC1lY2FhLTExZTYtOGY4OC0zNDM2M2JjN2M0YzAiOnsiY3JlYXRlIjo2MDAwMDAwMDAwMDAsImRlbGV0ZSI6NjAwMDAwMDAwMDAwfX0=",
          "dependencies": [
            "module.eks_cluster.aws_cloudwatch_log_group.this",
            "module.eks_cluster.aws_eks_access_entry.this",
            "module.eks_cluster.aws_eks_cluster.this",
            "module.eks_cluster.aws_iam_policy.cni_ipv6_policy",
            "module.eks_cluster.aws_iam_role.this",
            "module.eks_cluster.aws_iam_role_policy_attachment.this",
            "module.eks_cluster.aws_security_group.cluster",
            "module.eks_cluster.aws_security_group.node",
            "module.eks_cluster.aws_security_group_rule.cluster",
            "module.eks_cluster.aws_security_group_rule.node",
            "module.eks_cluster.data.aws_caller_identity.current",
            "module.eks_cluster.data.aws_iam_policy_document.assume_role_policy",
            "module.eks_cluster.data.aws_iam_policy_document.cni_ipv6_policy",
            "module.eks_cluster.data.aws_iam_session_context.current",
            "module.eks_cluster.data.aws_partition.current",
            "module.eks_cluster.module.kms.aws_kms_external_key.this",
            "module.eks_cluster.module.kms.aws_kms_key.this",
            "module.eks_cluster.module.kms.aws_kms_replica_external_key.this",
            "module.eks_cluster.module.kms.aws_kms_replica_key.this",
            "module.eks_cluster.module.kms.data.aws_caller_identity.current",
            "module.eks_cluster.module.kms.data.aws_iam_policy_document.this",
            "module.eks_cluster.module.kms.data.aws_partition.current",
            "module.vpc.aws_subnet.private",
            "module.vpc.aws_subnet.public",
            "module.vpc.aws_vpc.this",
            "module.vpc.aws_vpc_ipv4_cidr_block_association.this"
          ]
        },
        {
          "index_key": "cluster-admin2_cluster-admin",
          "schema_version": 0,
          "attributes": {
            "access_scope": [
              {
                "namespaces": [],
                "type": "cluster"
              }
            ],
            "associated_at": "2024-07-15 18:45:33.962 +0000 UTC",
            "cluster_name": "eks-blueprint",
            "id": "eks-blueprint#arn:aws:iam::389029577690:user/manager#arn:aws:eks::aws:cluster-access-policy/AmazonEKSClusterAdminPolicy",
            "modified_at": "2024-07-15 18:45:33.962 +0000 UTC",
            "policy_arn": "arn:aws:eks::aws:cluster-access-policy/AmazonEKSClusterAdminPolicy",
            "principal_arn": "arn:aws:iam::389029577690:user/manager",
            "timeouts": null
          },
          "sensitive_attributes": [],
          "private": "eyJlMmJmYjczMC1lY2FhLTExZTYtOGY4OC0zNDM2M2JjN2M0YzAiOnsiY3JlYXRlIjo2MDAwMDAwMDAwMDAsImRlbGV0ZSI6NjAwMDAwMDAwMDAwfX0=",
          "dependencies": [
            "module.eks_cluster.aws_cloudwatch_log_group.this",
            "module.eks_cluster.aws_eks_access_entry.this",
            "module.eks_cluster.aws_eks_cluster.this",
            "module.eks_cluster.aws_iam_policy.cni_ipv6_policy",
            "module.eks_cluster.aws_iam_role.this",
            "module.eks_cluster.aws_iam_role_policy_attachment.this",
            "module.eks_cluster.aws_security_group.cluster",
            "module.eks_cluster.aws_security_group.node",
            "module.eks_cluster.aws_security_group_rule.cluster",
            "module.eks_cluster.aws_security_group_rule.node",
            "module.eks_cluster.data.aws_caller_identity.current",
            "module.eks_cluster.data.aws_iam_policy_document.assume_role_policy",
            "module.eks_cluster.data.aws_iam_policy_document.cni_ipv6_policy",
            "module.eks_cluster.data.aws_iam_session_context.current",
            "module.eks_cluster.data.aws_partition.current",
            "module.eks_cluster.module.kms.aws_kms_external_key.this",
            "module.eks_cluster.module.kms.aws_kms_key.this",
            "module.eks_cluster.module.kms.aws_kms_replica_external_key.this",
            "module.eks_cluster.module.kms.aws_kms_replica_key.this",
            "module.eks_cluster.module.kms.data.aws_caller_identity.current",
            "module.eks_cluster.module.kms.data.aws_iam_policy_document.this",
            "module.eks_cluster.module.kms.data.aws_partition.current",
            "module.vpc.aws_subnet.private",
            "module.vpc.aws_subnet.public",
            "module.vpc.aws_vpc.this",
            "module.vpc.aws_vpc_ipv4_cidr_block_association.this"
          ]
        },
        {
          "index_key": "cluster-admin3_cluster-admin",
          "schema_version": 0,
          "attributes": {
            "access_scope": [
              {
                "namespaces": [
                  "default",
                  "innov-namespace"
                ],
                "type": "namespace"
              }
            ],
            "associated_at": "2024-07-15 18:45:33.692 +0000 UTC",
            "cluster_name": "eks-blueprint",
            "id": "eks-blueprint#arn:aws:iam::389029577690:user/kingsley#arn:aws:eks::aws:cluster-access-policy/AmazonEKSClusterAdminPolicy",
            "modified_at": "2024-07-15 18:45:33.692 +0000 UTC",
            "policy_arn": "arn:aws:eks::aws:cluster-access-policy/AmazonEKSClusterAdminPolicy",
            "principal_arn": "arn:aws:iam::389029577690:user/kingsley",
            "timeouts": null
          },
          "sensitive_attributes": [],
          "private": "eyJlMmJmYjczMC1lY2FhLTExZTYtOGY4OC0zNDM2M2JjN2M0YzAiOnsiY3JlYXRlIjo2MDAwMDAwMDAwMDAsImRlbGV0ZSI6NjAwMDAwMDAwMDAwfX0=",
          "dependencies": [
            "module.eks_cluster.aws_cloudwatch_log_group.this",
            "module.eks_cluster.aws_eks_access_entry.this",
            "module.eks_cluster.aws_eks_cluster.this",
            "module.eks_cluster.aws_iam_policy.cni_ipv6_policy",
            "module.eks_cluster.aws_iam_role.this",
            "module.eks_cluster.aws_iam_role_policy_attachment.this",
            "module.eks_cluster.aws_security_group.cluster",
            "module.eks_cluster.aws_security_group.node",
            "module.eks_cluster.aws_security_group_rule.cluster",
            "module.eks_cluster.aws_security_group_rule.node",
            "module.eks_cluster.data.aws_caller_identity.current",
            "module.eks_cluster.data.aws_iam_policy_document.assume_role_policy",
            "module.eks_cluster.data.aws_iam_policy_document.cni_ipv6_policy",
            "module.eks_cluster.data.aws_iam_session_context.current",
            "module.eks_cluster.data.aws_partition.current",
            "module.eks_cluster.module.kms.aws_kms_external_key.this",
            "module.eks_cluster.module.kms.aws_kms_key.this",
            "module.eks_cluster.module.kms.aws_kms_replica_external_key.this",
            "module.eks_cluster.module.kms.aws_kms_replica_key.this",
            "module.eks_cluster.module.kms.data.aws_caller_identity.current",
            "module.eks_cluster.module.kms.data.aws_iam_policy_document.this",
            "module.eks_cluster.module.kms.data.aws_partition.current",
            "module.vpc.aws_subnet.private",
            "module.vpc.aws_subnet.public",
            "module.vpc.aws_vpc.this",
            "module.vpc.aws_vpc_ipv4_cidr_block_association.this"
          ]
        },
        {
          "index_key": "cluster_creator_admin",
          "schema_version": 0,
          "attributes": {
            "access_scope": [
              {
                "namespaces": [],
                "type": "cluster"
              }
            ],
            "associated_at": "2024-07-15 18:45:33.754 +0000 UTC",
            "cluster_name": "eks-blueprint",
            "id": "eks-blueprint#arn:aws:iam::389029577690:user/Marketing#arn:aws:eks::aws:cluster-access-policy/AmazonEKSClusterAdminPolicy",
            "modified_at": "2024-07-15 18:45:33.754 +0000 UTC",
            "policy_arn": "arn:aws:eks::aws:cluster-access-policy/AmazonEKSClusterAdminPolicy",
            "principal_arn": "arn:aws:iam::389029577690:user/Marketing",
            "timeouts": null
          },
          "sensitive_attributes": [],
          "private": "eyJlMmJmYjczMC1lY2FhLTExZTYtOGY4OC0zNDM2M2JjN2M0YzAiOnsiY3JlYXRlIjo2MDAwMDAwMDAwMDAsImRlbGV0ZSI6NjAwMDAwMDAwMDAwfX0=",
          "dependencies": [
            "module.eks_cluster.aws_cloudwatch_log_group.this",
            "module.eks_cluster.aws_eks_access_entry.this",
            "module.eks_cluster.aws_eks_cluster.this",
            "module.eks_cluster.aws_iam_policy.cni_ipv6_policy",
            "module.eks_cluster.aws_iam_role.this",
            "module.eks_cluster.aws_iam_role_policy_attachment.this",
            "module.eks_cluster.aws_security_group.cluster",
            "module.eks_cluster.aws_security_group.node",
            "module.eks_cluster.aws_security_group_rule.cluster",
            "module.eks_cluster.aws_security_group_rule.node",
            "module.eks_cluster.data.aws_caller_identity.current",
            "module.eks_cluster.data.aws_iam_policy_document.assume_role_policy",
            "module.eks_cluster.data.aws_iam_policy_document.cni_ipv6_policy",
            "module.eks_cluster.data.aws_iam_session_context.current",
            "module.eks_cluster.data.aws_partition.current",
            "module.eks_cluster.module.kms.aws_kms_external_key.this",
            "module.eks_cluster.module.kms.aws_kms_key.this",
            "module.eks_cluster.module.kms.aws_kms_replica_external_key.this",
            "module.eks_cluster.module.kms.aws_kms_replica_key.this",
            "module.eks_cluster.module.kms.data.aws_caller_identity.current",
            "module.eks_cluster.module.kms.data.aws_iam_policy_document.this",
            "module.eks_cluster.module.kms.data.aws_partition.current",
            "module.vpc.aws_subnet.private",
            "module.vpc.aws_subnet.public",
            "module.vpc.aws_vpc.this",
            "module.vpc.aws_vpc_ipv4_cidr_block_association.this"
          ]
        }
      ]
    },
    {
      "module": "module.eks_cluster",
      "mode": "managed",
      "type": "aws_eks_addon",
      "name": "this",
      "provider": "provider[\"registry.terraform.io/hashicorp/aws\"]",
      "instances": [
        {
          "index_key": "aws-ebs-csi-driver",
          "schema_version": 0,
          "attributes": {
            "addon_name": "aws-ebs-csi-driver",
            "addon_version": "v1.32.0-eksbuild.1",
            "arn": "arn:aws:eks:us-east-1:389029577690:addon/eks-blueprint/aws-ebs-csi-driver/58c85bdd-8eea-5a87-c1bc-d5625941fb8a",
            "cluster_name": "eks-blueprint",
            "configuration_values": "",
            "created_at": "2024-07-15T18:50:12Z",
            "id": "eks-blueprint:aws-ebs-csi-driver",
            "modified_at": "2024-07-15T18:51:00Z",
            "preserve": true,
            "resolve_conflicts": null,
            "resolve_conflicts_on_create": "OVERWRITE",
            "resolve_conflicts_on_update": "OVERWRITE",
            "service_account_role_arn": "",
            "tags": {
              "Environment": "sandbox",
              "Terraform": "true"
            },
            "tags_all": {
              "Environment": "sandbox",
              "Terraform": "true"
            },
            "timeouts": {
              "create": null,
              "delete": null,
              "update": null
            }
          },
          "sensitive_attributes": [],
          "private": "eyJlMmJmYjczMC1lY2FhLTExZTYtOGY4OC0zNDM2M2JjN2M0YzAiOnsiY3JlYXRlIjoxMjAwMDAwMDAwMDAwLCJkZWxldGUiOjI0MDAwMDAwMDAwMDAsInVwZGF0ZSI6MTIwMDAwMDAwMDAwMH19",
          "dependencies": [
            "module.eks_cluster.aws_cloudwatch_log_group.this",
            "module.eks_cluster.aws_eks_cluster.this",
            "module.eks_cluster.aws_iam_policy.cni_ipv6_policy",
            "module.eks_cluster.aws_iam_role.this",
            "module.eks_cluster.aws_iam_role_policy_attachment.this",
            "module.eks_cluster.aws_security_group.cluster",
            "module.eks_cluster.aws_security_group.node",
            "module.eks_cluster.aws_security_group_rule.cluster",
            "module.eks_cluster.aws_security_group_rule.node",
            "module.eks_cluster.data.aws_caller_identity.current",
            "module.eks_cluster.data.aws_eks_addon_version.this",
            "module.eks_cluster.data.aws_iam_policy_document.assume_role_policy",
            "module.eks_cluster.data.aws_iam_policy_document.cni_ipv6_policy",
            "module.eks_cluster.data.aws_iam_session_context.current",
            "module.eks_cluster.data.aws_partition.current",
            "module.eks_cluster.module.eks_managed_node_group.aws_autoscaling_schedule.this",
            "module.eks_cluster.module.eks_managed_node_group.aws_eks_node_group.this",
            "module.eks_cluster.module.eks_managed_node_group.aws_iam_role.this",
            "module.eks_cluster.module.eks_managed_node_group.aws_iam_role_policy.this",
            "module.eks_cluster.module.eks_managed_node_group.aws_iam_role_policy_attachment.additional",
            "module.eks_cluster.module.eks_managed_node_group.aws_iam_role_policy_attachment.this",
            "module.eks_cluster.module.eks_managed_node_group.aws_launch_template.this",
            "module.eks_cluster.module.eks_managed_node_group.aws_placement_group.this",
            "module.eks_cluster.module.eks_managed_node_group.data.aws_caller_identity.current",
            "module.eks_cluster.module.eks_managed_node_group.data.aws_ec2_instance_type.this",
            "module.eks_cluster.module.eks_managed_node_group.data.aws_ec2_instance_type_offerings.this",
            "module.eks_cluster.module.eks_managed_node_group.data.aws_iam_policy_document.assume_role_policy",
            "module.eks_cluster.module.eks_managed_node_group.data.aws_iam_policy_document.role",
            "module.eks_cluster.module.eks_managed_node_group.data.aws_partition.current",
            "module.eks_cluster.module.eks_managed_node_group.data.aws_ssm_parameter.ami",
            "module.eks_cluster.module.eks_managed_node_group.data.aws_subnets.efa",
            "module.eks_cluster.module.eks_managed_node_group.module.user_data.data.cloudinit_config.al2023_eks_managed_node_group",
            "module.eks_cluster.module.eks_managed_node_group.module.user_data.data.cloudinit_config.linux_eks_managed_node_group",
            "module.eks_cluster.module.eks_managed_node_group.module.user_data.null_resource.validate_cluster_service_cidr",
            "module.eks_cluster.module.fargate_profile.aws_eks_fargate_profile.this",
            "module.eks_cluster.module.fargate_profile.aws_iam_role.this",
            "module.eks_cluster.module.fargate_profile.aws_iam_role_policy.this",
            "module.eks_cluster.module.fargate_profile.aws_iam_role_policy_attachment.additional",
            "module.eks_cluster.module.fargate_profile.aws_iam_role_policy_attachment.this",
            "module.eks_cluster.module.fargate_profile.data.aws_caller_identity.current",
            "module.eks_cluster.module.fargate_profile.data.aws_iam_policy_document.assume_role_policy",
            "module.eks_cluster.module.fargate_profile.data.aws_iam_policy_document.role",
            "module.eks_cluster.module.fargate_profile.data.aws_partition.current",
            "module.eks_cluster.module.fargate_profile.data.aws_region.current",
            "module.eks_cluster.module.kms.aws_kms_external_key.this",
            "module.eks_cluster.module.kms.aws_kms_key.this",
            "module.eks_cluster.module.kms.aws_kms_replica_external_key.this",
            "module.eks_cluster.module.kms.aws_kms_replica_key.this",
            "module.eks_cluster.module.kms.data.aws_caller_identity.current",
            "module.eks_cluster.module.kms.data.aws_iam_policy_document.this",
            "module.eks_cluster.module.kms.data.aws_partition.current",
            "module.eks_cluster.module.self_managed_node_group.aws_autoscaling_group.this",
            "module.eks_cluster.module.self_managed_node_group.aws_autoscaling_schedule.this",
            "module.eks_cluster.module.self_managed_node_group.aws_eks_access_entry.this",
            "module.eks_cluster.module.self_managed_node_group.aws_iam_instance_profile.this",
            "module.eks_cluster.module.self_managed_node_group.aws_iam_role.this",
            "module.eks_cluster.module.self_managed_node_group.aws_iam_role_policy.this",
            "module.eks_cluster.module.self_managed_node_group.aws_iam_role_policy_attachment.additional",
            "module.eks_cluster.module.self_managed_node_group.aws_iam_role_policy_attachment.this",
            "module.eks_cluster.module.self_managed_node_group.aws_launch_template.this",
            "module.eks_cluster.module.self_managed_node_group.aws_placement_group.this",
            "module.eks_cluster.module.self_managed_node_group.data.aws_caller_identity.current",
            "module.eks_cluster.module.self_managed_node_group.data.aws_ec2_instance_type.this",
            "module.eks_cluster.module.self_managed_node_group.data.aws_ec2_instance_type_offerings.this",
            "module.eks_cluster.module.self_managed_node_group.data.aws_iam_policy_document.assume_role_policy",
            "module.eks_cluster.module.self_managed_node_group.data.aws_iam_policy_document.role",
            "module.eks_cluster.module.self_managed_node_group.data.aws_partition.current",
            "module.eks_cluster.module.self_managed_node_group.data.aws_ssm_parameter.ami",
            "module.eks_cluster.module.self_managed_node_group.data.aws_subnets.efa",
            "module.eks_cluster.module.self_managed_node_group.module.user_data.data.cloudinit_config.al2023_eks_managed_node_group",
            "module.eks_cluster.module.self_managed_node_group.module.user_data.data.cloudinit_config.linux_eks_managed_node_group",
            "module.eks_cluster.module.self_managed_node_group.module.user_data.null_resource.validate_cluster_service_cidr",
            "module.eks_cluster.time_sleep.this",
            "module.vpc.aws_subnet.private",
            "module.vpc.aws_subnet.public",
            "module.vpc.aws_vpc.this",
            "module.vpc.aws_vpc_ipv4_cidr_block_association.this"
          ]
        },
        {
          "index_key": "coredns",
          "schema_version": 0,
          "attributes": {
            "addon_name": "coredns",
            "addon_version": "v1.11.1-eksbuild.9",
            "arn": "arn:aws:eks:us-east-1:389029577690:addon/eks-blueprint/coredns/14c85bdd-8ee2-0556-2a9e-2e71bee3c255",
            "cluster_name": "eks-blueprint",
            "configuration_values": "",
            "created_at": "2024-07-15T18:50:12Z",
            "id": "eks-blueprint:coredns",
            "modified_at": "2024-07-15T18:50:25Z",
            "preserve": true,
            "resolve_conflicts": null,
            "resolve_conflicts_on_create": "OVERWRITE",
            "resolve_conflicts_on_update": "OVERWRITE",
            "service_account_role_arn": "",
            "tags": {
              "Environment": "sandbox",
              "Terraform": "true"
            },
            "tags_all": {
              "Environment": "sandbox",
              "Terraform": "true"
            },
            "timeouts": {
              "create": null,
              "delete": null,
              "update": null
            }
          },
          "sensitive_attributes": [],
          "private": "eyJlMmJmYjczMC1lY2FhLTExZTYtOGY4OC0zNDM2M2JjN2M0YzAiOnsiY3JlYXRlIjoxMjAwMDAwMDAwMDAwLCJkZWxldGUiOjI0MDAwMDAwMDAwMDAsInVwZGF0ZSI6MTIwMDAwMDAwMDAwMH19",
          "dependencies": [
            "module.eks_cluster.aws_cloudwatch_log_group.this",
            "module.eks_cluster.aws_eks_cluster.this",
            "module.eks_cluster.aws_iam_policy.cni_ipv6_policy",
            "module.eks_cluster.aws_iam_role.this",
            "module.eks_cluster.aws_iam_role_policy_attachment.this",
            "module.eks_cluster.aws_security_group.cluster",
            "module.eks_cluster.aws_security_group.node",
            "module.eks_cluster.aws_security_group_rule.cluster",
            "module.eks_cluster.aws_security_group_rule.node",
            "module.eks_cluster.data.aws_caller_identity.current",
            "module.eks_cluster.data.aws_eks_addon_version.this",
            "module.eks_cluster.data.aws_iam_policy_document.assume_role_policy",
            "module.eks_cluster.data.aws_iam_policy_document.cni_ipv6_policy",
            "module.eks_cluster.data.aws_iam_session_context.current",
            "module.eks_cluster.data.aws_partition.current",
            "module.eks_cluster.module.eks_managed_node_group.aws_autoscaling_schedule.this",
            "module.eks_cluster.module.eks_managed_node_group.aws_eks_node_group.this",
            "module.eks_cluster.module.eks_managed_node_group.aws_iam_role.this",
            "module.eks_cluster.module.eks_managed_node_group.aws_iam_role_policy.this",
            "module.eks_cluster.module.eks_managed_node_group.aws_iam_role_policy_attachment.additional",
            "module.eks_cluster.module.eks_managed_node_group.aws_iam_role_policy_attachment.this",
            "module.eks_cluster.module.eks_managed_node_group.aws_launch_template.this",
            "module.eks_cluster.module.eks_managed_node_group.aws_placement_group.this",
            "module.eks_cluster.module.eks_managed_node_group.data.aws_caller_identity.current",
            "module.eks_cluster.module.eks_managed_node_group.data.aws_ec2_instance_type.this",
            "module.eks_cluster.module.eks_managed_node_group.data.aws_ec2_instance_type_offerings.this",
            "module.eks_cluster.module.eks_managed_node_group.data.aws_iam_policy_document.assume_role_policy",
            "module.eks_cluster.module.eks_managed_node_group.data.aws_iam_policy_document.role",
            "module.eks_cluster.module.eks_managed_node_group.data.aws_partition.current",
            "module.eks_cluster.module.eks_managed_node_group.data.aws_ssm_parameter.ami",
            "module.eks_cluster.module.eks_managed_node_group.data.aws_subnets.efa",
            "module.eks_cluster.module.eks_managed_node_group.module.user_data.data.cloudinit_config.al2023_eks_managed_node_group",
            "module.eks_cluster.module.eks_managed_node_group.module.user_data.data.cloudinit_config.linux_eks_managed_node_group",
            "module.eks_cluster.module.eks_managed_node_group.module.user_data.null_resource.validate_cluster_service_cidr",
            "module.eks_cluster.module.fargate_profile.aws_eks_fargate_profile.this",
            "module.eks_cluster.module.fargate_profile.aws_iam_role.this",
            "module.eks_cluster.module.fargate_profile.aws_iam_role_policy.this",
            "module.eks_cluster.module.fargate_profile.aws_iam_role_policy_attachment.additional",
            "module.eks_cluster.module.fargate_profile.aws_iam_role_policy_attachment.this",
            "module.eks_cluster.module.fargate_profile.data.aws_caller_identity.current",
            "module.eks_cluster.module.fargate_profile.data.aws_iam_policy_document.assume_role_policy",
            "module.eks_cluster.module.fargate_profile.data.aws_iam_policy_document.role",
            "module.eks_cluster.module.fargate_profile.data.aws_partition.current",
            "module.eks_cluster.module.fargate_profile.data.aws_region.current",
            "module.eks_cluster.module.kms.aws_kms_external_key.this",
            "module.eks_cluster.module.kms.aws_kms_key.this",
            "module.eks_cluster.module.kms.aws_kms_replica_external_key.this",
            "module.eks_cluster.module.kms.aws_kms_replica_key.this",
            "module.eks_cluster.module.kms.data.aws_caller_identity.current",
            "module.eks_cluster.module.kms.data.aws_iam_policy_document.this",
            "module.eks_cluster.module.kms.data.aws_partition.current",
            "module.eks_cluster.module.self_managed_node_group.aws_autoscaling_group.this",
            "module.eks_cluster.module.self_managed_node_group.aws_autoscaling_schedule.this",
            "module.eks_cluster.module.self_managed_node_group.aws_eks_access_entry.this",
            "module.eks_cluster.module.self_managed_node_group.aws_iam_instance_profile.this",
            "module.eks_cluster.module.self_managed_node_group.aws_iam_role.this",
            "module.eks_cluster.module.self_managed_node_group.aws_iam_role_policy.this",
            "module.eks_cluster.module.self_managed_node_group.aws_iam_role_policy_attachment.additional",
            "module.eks_cluster.module.self_managed_node_group.aws_iam_role_policy_attachment.this",
            "module.eks_cluster.module.self_managed_node_group.aws_launch_template.this",
            "module.eks_cluster.module.self_managed_node_group.aws_placement_group.this",
            "module.eks_cluster.module.self_managed_node_group.data.aws_caller_identity.current",
            "module.eks_cluster.module.self_managed_node_group.data.aws_ec2_instance_type.this",
            "module.eks_cluster.module.self_managed_node_group.data.aws_ec2_instance_type_offerings.this",
            "module.eks_cluster.module.self_managed_node_group.data.aws_iam_policy_document.assume_role_policy",
            "module.eks_cluster.module.self_managed_node_group.data.aws_iam_policy_document.role",
            "module.eks_cluster.module.self_managed_node_group.data.aws_partition.current",
            "module.eks_cluster.module.self_managed_node_group.data.aws_ssm_parameter.ami",
            "module.eks_cluster.module.self_managed_node_group.data.aws_subnets.efa",
            "module.eks_cluster.module.self_managed_node_group.module.user_data.data.cloudinit_config.al2023_eks_managed_node_group",
            "module.eks_cluster.module.self_managed_node_group.module.user_data.data.cloudinit_config.linux_eks_managed_node_group",
            "module.eks_cluster.module.self_managed_node_group.module.user_data.null_resource.validate_cluster_service_cidr",
            "module.eks_cluster.time_sleep.this",
            "module.vpc.aws_subnet.private",
            "module.vpc.aws_subnet.public",
            "module.vpc.aws_vpc.this",
            "module.vpc.aws_vpc_ipv4_cidr_block_association.this"
          ]
        },
        {
          "index_key": "kube-proxy",
          "schema_version": 0,
          "attributes": {
            "addon_name": "kube-proxy",
            "addon_version": "v1.29.3-eksbuild.5",
            "arn": "arn:aws:eks:us-east-1:389029577690:addon/eks-blueprint/kube-proxy/10c85bdd-8ee1-f27e-df16-5105bac8957b",
            "cluster_name": "eks-blueprint",
            "configuration_values": "",
            "created_at": "2024-07-15T18:50:12Z",
            "id": "eks-blueprint:kube-proxy",
            "modified_at": "2024-07-15T18:50:49Z",
            "preserve": true,
            "resolve_conflicts": null,
            "resolve_conflicts_on_create": "OVERWRITE",
            "resolve_conflicts_on_update": "OVERWRITE",
            "service_account_role_arn": "",
            "tags": {
              "Environment": "sandbox",
              "Terraform": "true"
            },
            "tags_all": {
              "Environment": "sandbox",
              "Terraform": "true"
            },
            "timeouts": {
              "create": null,
              "delete": null,
              "update": null
            }
          },
          "sensitive_attributes": [],
          "private": "eyJlMmJmYjczMC1lY2FhLTExZTYtOGY4OC0zNDM2M2JjN2M0YzAiOnsiY3JlYXRlIjoxMjAwMDAwMDAwMDAwLCJkZWxldGUiOjI0MDAwMDAwMDAwMDAsInVwZGF0ZSI6MTIwMDAwMDAwMDAwMH19",
          "dependencies": [
            "module.eks_cluster.aws_cloudwatch_log_group.this",
            "module.eks_cluster.aws_eks_cluster.this",
            "module.eks_cluster.aws_iam_policy.cni_ipv6_policy",
            "module.eks_cluster.aws_iam_role.this",
            "module.eks_cluster.aws_iam_role_policy_attachment.this",
            "module.eks_cluster.aws_security_group.cluster",
            "module.eks_cluster.aws_security_group.node",
            "module.eks_cluster.aws_security_group_rule.cluster",
            "module.eks_cluster.aws_security_group_rule.node",
            "module.eks_cluster.data.aws_caller_identity.current",
            "module.eks_cluster.data.aws_eks_addon_version.this",
            "module.eks_cluster.data.aws_iam_policy_document.assume_role_policy",
            "module.eks_cluster.data.aws_iam_policy_document.cni_ipv6_policy",
            "module.eks_cluster.data.aws_iam_session_context.current",
            "module.eks_cluster.data.aws_partition.current",
            "module.eks_cluster.module.eks_managed_node_group.aws_autoscaling_schedule.this",
            "module.eks_cluster.module.eks_managed_node_group.aws_eks_node_group.this",
            "module.eks_cluster.module.eks_managed_node_group.aws_iam_role.this",
            "module.eks_cluster.module.eks_managed_node_group.aws_iam_role_policy.this",
            "module.eks_cluster.module.eks_managed_node_group.aws_iam_role_policy_attachment.additional",
            "module.eks_cluster.module.eks_managed_node_group.aws_iam_role_policy_attachment.this",
            "module.eks_cluster.module.eks_managed_node_group.aws_launch_template.this",
            "module.eks_cluster.module.eks_managed_node_group.aws_placement_group.this",
            "module.eks_cluster.module.eks_managed_node_group.data.aws_caller_identity.current",
            "module.eks_cluster.module.eks_managed_node_group.data.aws_ec2_instance_type.this",
            "module.eks_cluster.module.eks_managed_node_group.data.aws_ec2_instance_type_offerings.this",
            "module.eks_cluster.module.eks_managed_node_group.data.aws_iam_policy_document.assume_role_policy",
            "module.eks_cluster.module.eks_managed_node_group.data.aws_iam_policy_document.role",
            "module.eks_cluster.module.eks_managed_node_group.data.aws_partition.current",
            "module.eks_cluster.module.eks_managed_node_group.data.aws_ssm_parameter.ami",
            "module.eks_cluster.module.eks_managed_node_group.data.aws_subnets.efa",
            "module.eks_cluster.module.eks_managed_node_group.module.user_data.data.cloudinit_config.al2023_eks_managed_node_group",
            "module.eks_cluster.module.eks_managed_node_group.module.user_data.data.cloudinit_config.linux_eks_managed_node_group",
            "module.eks_cluster.module.eks_managed_node_group.module.user_data.null_resource.validate_cluster_service_cidr",
            "module.eks_cluster.module.fargate_profile.aws_eks_fargate_profile.this",
            "module.eks_cluster.module.fargate_profile.aws_iam_role.this",
            "module.eks_cluster.module.fargate_profile.aws_iam_role_policy.this",
            "module.eks_cluster.module.fargate_profile.aws_iam_role_policy_attachment.additional",
            "module.eks_cluster.module.fargate_profile.aws_iam_role_policy_attachment.this",
            "module.eks_cluster.module.fargate_profile.data.aws_caller_identity.current",
            "module.eks_cluster.module.fargate_profile.data.aws_iam_policy_document.assume_role_policy",
            "module.eks_cluster.module.fargate_profile.data.aws_iam_policy_document.role",
            "module.eks_cluster.module.fargate_profile.data.aws_partition.current",
            "module.eks_cluster.module.fargate_profile.data.aws_region.current",
            "module.eks_cluster.module.kms.aws_kms_external_key.this",
            "module.eks_cluster.module.kms.aws_kms_key.this",
            "module.eks_cluster.module.kms.aws_kms_replica_external_key.this",
            "module.eks_cluster.module.kms.aws_kms_replica_key.this",
            "module.eks_cluster.module.kms.data.aws_caller_identity.current",
            "module.eks_cluster.module.kms.data.aws_iam_policy_document.this",
            "module.eks_cluster.module.kms.data.aws_partition.current",
            "module.eks_cluster.module.self_managed_node_group.aws_autoscaling_group.this",
            "module.eks_cluster.module.self_managed_node_group.aws_autoscaling_schedule.this",
            "module.eks_cluster.module.self_managed_node_group.aws_eks_access_entry.this",
            "module.eks_cluster.module.self_managed_node_group.aws_iam_instance_profile.this",
            "module.eks_cluster.module.self_managed_node_group.aws_iam_role.this",
            "module.eks_cluster.module.self_managed_node_group.aws_iam_role_policy.this",
            "module.eks_cluster.module.self_managed_node_group.aws_iam_role_policy_attachment.additional",
            "module.eks_cluster.module.self_managed_node_group.aws_iam_role_policy_attachment.this",
            "module.eks_cluster.module.self_managed_node_group.aws_launch_template.this",
            "module.eks_cluster.module.self_managed_node_group.aws_placement_group.this",
            "module.eks_cluster.module.self_managed_node_group.data.aws_caller_identity.current",
            "module.eks_cluster.module.self_managed_node_group.data.aws_ec2_instance_type.this",
            "module.eks_cluster.module.self_managed_node_group.data.aws_ec2_instance_type_offerings.this",
            "module.eks_cluster.module.self_managed_node_group.data.aws_iam_policy_document.assume_role_policy",
            "module.eks_cluster.module.self_managed_node_group.data.aws_iam_policy_document.role",
            "module.eks_cluster.module.self_managed_node_group.data.aws_partition.current",
            "module.eks_cluster.module.self_managed_node_group.data.aws_ssm_parameter.ami",
            "module.eks_cluster.module.self_managed_node_group.data.aws_subnets.efa",
            "module.eks_cluster.module.self_managed_node_group.module.user_data.data.cloudinit_config.al2023_eks_managed_node_group",
            "module.eks_cluster.module.self_managed_node_group.module.user_data.data.cloudinit_config.linux_eks_managed_node_group",
            "module.eks_cluster.module.self_managed_node_group.module.user_data.null_resource.validate_cluster_service_cidr",
            "module.eks_cluster.time_sleep.this",
            "module.vpc.aws_subnet.private",
            "module.vpc.aws_subnet.public",
            "module.vpc.aws_vpc.this",
            "module.vpc.aws_vpc_ipv4_cidr_block_association.this"
          ]
        },
        {
          "index_key": "vpc-cni",
          "schema_version": 0,
          "attributes": {
            "addon_name": "vpc-cni",
            "addon_version": "v1.18.2-eksbuild.1",
            "arn": "arn:aws:eks:us-east-1:389029577690:addon/eks-blueprint/vpc-cni/7ec85bdd-8ee0-b3a6-6366-cca4174aafe3",
            "cluster_name": "eks-blueprint",
            "configuration_values": "",
            "created_at": "2024-07-15T18:50:12Z",
            "id": "eks-blueprint:vpc-cni",
            "modified_at": "2024-07-15T18:50:50Z",
            "preserve": true,
            "resolve_conflicts": null,
            "resolve_conflicts_on_create": "OVERWRITE",
            "resolve_conflicts_on_update": "OVERWRITE",
            "service_account_role_arn": "",
            "tags": {
              "Environment": "sandbox",
              "Terraform": "true"
            },
            "tags_all": {
              "Environment": "sandbox",
              "Terraform": "true"
            },
            "timeouts": {
              "create": null,
              "delete": null,
              "update": null
            }
          },
          "sensitive_attributes": [],
          "private": "eyJlMmJmYjczMC1lY2FhLTExZTYtOGY4OC0zNDM2M2JjN2M0YzAiOnsiY3JlYXRlIjoxMjAwMDAwMDAwMDAwLCJkZWxldGUiOjI0MDAwMDAwMDAwMDAsInVwZGF0ZSI6MTIwMDAwMDAwMDAwMH19",
          "dependencies": [
            "module.eks_cluster.aws_cloudwatch_log_group.this",
            "module.eks_cluster.aws_eks_cluster.this",
            "module.eks_cluster.aws_iam_policy.cni_ipv6_policy",
            "module.eks_cluster.aws_iam_role.this",
            "module.eks_cluster.aws_iam_role_policy_attachment.this",
            "module.eks_cluster.aws_security_group.cluster",
            "module.eks_cluster.aws_security_group.node",
            "module.eks_cluster.aws_security_group_rule.cluster",
            "module.eks_cluster.aws_security_group_rule.node",
            "module.eks_cluster.data.aws_caller_identity.current",
            "module.eks_cluster.data.aws_eks_addon_version.this",
            "module.eks_cluster.data.aws_iam_policy_document.assume_role_policy",
            "module.eks_cluster.data.aws_iam_policy_document.cni_ipv6_policy",
            "module.eks_cluster.data.aws_iam_session_context.current",
            "module.eks_cluster.data.aws_partition.current",
            "module.eks_cluster.module.eks_managed_node_group.aws_autoscaling_schedule.this",
            "module.eks_cluster.module.eks_managed_node_group.aws_eks_node_group.this",
            "module.eks_cluster.module.eks_managed_node_group.aws_iam_role.this",
            "module.eks_cluster.module.eks_managed_node_group.aws_iam_role_policy.this",
            "module.eks_cluster.module.eks_managed_node_group.aws_iam_role_policy_attachment.additional",
            "module.eks_cluster.module.eks_managed_node_group.aws_iam_role_policy_attachment.this",
            "module.eks_cluster.module.eks_managed_node_group.aws_launch_template.this",
            "module.eks_cluster.module.eks_managed_node_group.aws_placement_group.this",
            "module.eks_cluster.module.eks_managed_node_group.data.aws_caller_identity.current",
            "module.eks_cluster.module.eks_managed_node_group.data.aws_ec2_instance_type.this",
            "module.eks_cluster.module.eks_managed_node_group.data.aws_ec2_instance_type_offerings.this",
            "module.eks_cluster.module.eks_managed_node_group.data.aws_iam_policy_document.assume_role_policy",
            "module.eks_cluster.module.eks_managed_node_group.data.aws_iam_policy_document.role",
            "module.eks_cluster.module.eks_managed_node_group.data.aws_partition.current",
            "module.eks_cluster.module.eks_managed_node_group.data.aws_ssm_parameter.ami",
            "module.eks_cluster.module.eks_managed_node_group.data.aws_subnets.efa",
            "module.eks_cluster.module.eks_managed_node_group.module.user_data.data.cloudinit_config.al2023_eks_managed_node_group",
            "module.eks_cluster.module.eks_managed_node_group.module.user_data.data.cloudinit_config.linux_eks_managed_node_group",
            "module.eks_cluster.module.eks_managed_node_group.module.user_data.null_resource.validate_cluster_service_cidr",
            "module.eks_cluster.module.fargate_profile.aws_eks_fargate_profile.this",
            "module.eks_cluster.module.fargate_profile.aws_iam_role.this",
            "module.eks_cluster.module.fargate_profile.aws_iam_role_policy.this",
            "module.eks_cluster.module.fargate_profile.aws_iam_role_policy_attachment.additional",
            "module.eks_cluster.module.fargate_profile.aws_iam_role_policy_attachment.this",
            "module.eks_cluster.module.fargate_profile.data.aws_caller_identity.current",
            "module.eks_cluster.module.fargate_profile.data.aws_iam_policy_document.assume_role_policy",
            "module.eks_cluster.module.fargate_profile.data.aws_iam_policy_document.role",
            "module.eks_cluster.module.fargate_profile.data.aws_partition.current",
            "module.eks_cluster.module.fargate_profile.data.aws_region.current",
            "module.eks_cluster.module.kms.aws_kms_external_key.this",
            "module.eks_cluster.module.kms.aws_kms_key.this",
            "module.eks_cluster.module.kms.aws_kms_replica_external_key.this",
            "module.eks_cluster.module.kms.aws_kms_replica_key.this",
            "module.eks_cluster.module.kms.data.aws_caller_identity.current",
            "module.eks_cluster.module.kms.data.aws_iam_policy_document.this",
            "module.eks_cluster.module.kms.data.aws_partition.current",
            "module.eks_cluster.module.self_managed_node_group.aws_autoscaling_group.this",
            "module.eks_cluster.module.self_managed_node_group.aws_autoscaling_schedule.this",
            "module.eks_cluster.module.self_managed_node_group.aws_eks_access_entry.this",
            "module.eks_cluster.module.self_managed_node_group.aws_iam_instance_profile.this",
            "module.eks_cluster.module.self_managed_node_group.aws_iam_role.this",
            "module.eks_cluster.module.self_managed_node_group.aws_iam_role_policy.this",
            "module.eks_cluster.module.self_managed_node_group.aws_iam_role_policy_attachment.additional",
            "module.eks_cluster.module.self_managed_node_group.aws_iam_role_policy_attachment.this",
            "module.eks_cluster.module.self_managed_node_group.aws_launch_template.this",
            "module.eks_cluster.module.self_managed_node_group.aws_placement_group.this",
            "module.eks_cluster.module.self_managed_node_group.data.aws_caller_identity.current",
            "module.eks_cluster.module.self_managed_node_group.data.aws_ec2_instance_type.this",
            "module.eks_cluster.module.self_managed_node_group.data.aws_ec2_instance_type_offerings.this",
            "module.eks_cluster.module.self_managed_node_group.data.aws_iam_policy_document.assume_role_policy",
            "module.eks_cluster.module.self_managed_node_group.data.aws_iam_policy_document.role",
            "module.eks_cluster.module.self_managed_node_group.data.aws_partition.current",
            "module.eks_cluster.module.self_managed_node_group.data.aws_ssm_parameter.ami",
            "module.eks_cluster.module.self_managed_node_group.data.aws_subnets.efa",
            "module.eks_cluster.module.self_managed_node_group.module.user_data.data.cloudinit_config.al2023_eks_managed_node_group",
            "module.eks_cluster.module.self_managed_node_group.module.user_data.data.cloudinit_config.linux_eks_managed_node_group",
            "module.eks_cluster.module.self_managed_node_group.module.user_data.null_resource.validate_cluster_service_cidr",
            "module.eks_cluster.time_sleep.this",
            "module.vpc.aws_subnet.private",
            "module.vpc.aws_subnet.public",
            "module.vpc.aws_vpc.this",
            "module.vpc.aws_vpc_ipv4_cidr_block_association.this"
          ]
        }
      ]
    },
    {
      "module": "module.eks_cluster",
      "mode": "managed",
      "type": "aws_eks_cluster",
      "name": "this",
      "provider": "provider[\"registry.terraform.io/hashicorp/aws\"]",
      "instances": [
        {
          "index_key": 0,
          "schema_version": 1,
          "attributes": {
            "access_config": [
              {
                "authentication_mode": "API_AND_CONFIG_MAP",
                "bootstrap_cluster_creator_admin_permissions": false
              }
            ],
            "arn": "arn:aws:eks:us-east-1:389029577690:cluster/eks-blueprint",
            "bootstrap_self_managed_addons": true,
            "certificate_authority": [
              {
                "data": "LS0tLS1CRUdJTiBDRVJUSUZJQ0FURS0tLS0tCk1JSURCVENDQWUyZ0F3SUJBZ0lJZlNpSFdPTVFKWk13RFFZSktvWklodmNOQVFFTEJRQXdGVEVUTUJFR0ExVUUKQXhNS2EzVmlaWEp1WlhSbGN6QWVGdzB5TkRBM01UVXhPRE0xTUROYUZ3MHpOREEzTVRNeE9EUXdNRE5hTUJVeApFekFSQmdOVkJBTVRDbXQxWW1WeWJtVjBaWE13Z2dFaU1BMEdDU3FHU0liM0RRRUJBUVVBQTRJQkR3QXdnZ0VLCkFvSUJBUUREelNhUXg4Z2RqMUZRNXhUSFQ0YzdrNkEwNVcrQTJCTmJFVndoWUU1RWREMTBSQTJKanpac3B2RUEKQUkwK3JMbmdJNHFPZEFueU15Z3hucjhqbGVlTkVRdGN1bDgzajN6RWVUZXZNbjh4eTZFc2p5eUJqREIvSmdXNQpZckpUN3M2ZlN4djJXcTFCWXpCZ3NQRVJVQlNJdXRtK1R6YnJFdGVaVkRIMU1EM2RPRTNGWHBvd0RtN01VWDNQCldVd1hSSFg2cmYxMGtGRVJKY2tCV0ZzR1FjRC9abFZ4aFBLOUV6eGZnbFFLdjVTWkZxU2MwY3YvTkVSME42SnoKN0lUUW9YRHRzaW1WNXJJNjA2eUpVM0grUHUwOVVCblBjcW1WdXp0cTJ3NEJYQWx3QjhNY29oSzZjR0VHQ25oOQpDL1RtakpCa2lMbzM4SDFsdHZ5eUVnSVFYUHlyQWdNQkFBR2pXVEJYTUE0R0ExVWREd0VCL3dRRUF3SUNwREFQCkJnTlZIUk1CQWY4RUJUQURBUUgvTUIwR0ExVWREZ1FXQkJTL3FyWjVkMUMwT014NjBCKzZ5U2oxUXVNNTdqQVYKQmdOVkhSRUVEakFNZ2dwcmRXSmxjbTVsZEdWek1BMEdDU3FHU0liM0RRRUJDd1VBQTRJQkFRQU1JYUVxc2Ivagp3bWwvQzRPNkhTRDJWVlJTTzNvYWpaNFBzekFNc2NGaUF6SFE0OFl0SS9ubDVENUNvRUl5bGQvZ25FVk5rSXorCldhTUVzblVmUHNxQk9uMVF3eE9wM3NFSCt1VzBnZm1kQkNVVURpTFFGZkw0bDlpVXJFWHVJbERTV0REQzg2TEQKOW53U3NxRExtNHNhdUxJN2YyaVVaai9qbWFVMktScndqdGFKTmRKNzNrcDZMMGhpdW9rYmNHcnlmME5xalJyQQpaZEpHQk4zbGdhYnBKMVVWUW5vWDNoS2tieWNCdGprcUY3bEtjOVl4L3RRV2tnWmllMG9oYTN0TkdNMUtSUFpWClh1cFlKd0daR1liS2kyazlCWnlxZldWVTJFQjkrQTdzTXYzZm9YUk14cy9qZzlOVkFnamtsdk9hRjdZbEtTRnQKcWhPVWR3Rk4yN3pCCi0tLS0tRU5EIENFUlRJRklDQVRFLS0tLS0K"
              }
            ],
            "cluster_id": null,
            "created_at": "2024-07-15 18:35:08.696 +0000 UTC",
            "enabled_cluster_log_types": [
              "api",
              "audit",
              "authenticator",
              "controllerManager",
              "scheduler"
            ],
            "encryption_config": [
              {
                "provider": [
                  {
                    "key_arn": "arn:aws:kms:us-east-1:389029577690:key/e0c89278-298e-40f0-88dd-e8fa0a5e335c"
                  }
                ],
                "resources": [
                  "secrets"
                ]
              }
            ],
            "endpoint": "https://256E944920A43EA505E681939492415B.gr7.us-east-1.eks.amazonaws.com",
            "id": "eks-blueprint",
            "identity": [
              {
                "oidc": [
                  {
                    "issuer": "https://oidc.eks.us-east-1.amazonaws.com/id/256E944920A43EA505E681939492415B"
                  }
                ]
              }
            ],
            "kubernetes_network_config": [
              {
                "ip_family": "ipv4",
                "service_ipv4_cidr": "172.20.0.0/16",
                "service_ipv6_cidr": ""
              }
            ],
            "name": "eks-blueprint",
            "outpost_config": [],
            "platform_version": "eks.10",
            "role_arn": "arn:aws:iam::389029577690:role/eks-blueprint-cluster-role",
            "status": "ACTIVE",
            "tags": {
              "Environment": "sandbox",
              "Terraform": "true",
              "terraform-aws-modules": "eks"
            },
            "tags_all": {
              "Environment": "sandbox",
              "Terraform": "true",
              "terraform-aws-modules": "eks"
            },
            "timeouts": {
              "create": null,
              "delete": null,
              "update": null
            },
            "version": "1.29",
            "vpc_config": [
              {
                "cluster_security_group_id": "sg-0a96b2a13845f9f71",
                "endpoint_private_access": true,
                "endpoint_public_access": true,
                "public_access_cidrs": [
                  "0.0.0.0/0"
                ],
                "security_group_ids": [
                  "sg-0180b711f75e5c98f"
                ],
                "subnet_ids": [
                  "subnet-0186f245e115e35c2",
                  "subnet-0565fa08f9acb0a97",
                  "subnet-0c336be2f990830c9",
                  "subnet-0d2f17567e3cd6dc6"
                ],
                "vpc_id": "vpc-02e50f66fdfd6322f"
              }
            ]
          },
          "sensitive_attributes": [],
          "private": "eyJlMmJmYjczMC1lY2FhLTExZTYtOGY4OC0zNDM2M2JjN2M0YzAiOnsiY3JlYXRlIjoxODAwMDAwMDAwMDAwLCJkZWxldGUiOjkwMDAwMDAwMDAwMCwidXBkYXRlIjozNjAwMDAwMDAwMDAwfSwic2NoZW1hX3ZlcnNpb24iOiIxIn0=",
          "dependencies": [
            "module.eks_cluster.aws_cloudwatch_log_group.this",
            "module.eks_cluster.aws_iam_policy.cni_ipv6_policy",
            "module.eks_cluster.aws_iam_role.this",
            "module.eks_cluster.aws_iam_role_policy_attachment.this",
            "module.eks_cluster.aws_security_group.cluster",
            "module.eks_cluster.aws_security_group.node",
            "module.eks_cluster.aws_security_group_rule.cluster",
            "module.eks_cluster.aws_security_group_rule.node",
            "module.eks_cluster.data.aws_caller_identity.current",
            "module.eks_cluster.data.aws_iam_policy_document.assume_role_policy",
            "module.eks_cluster.data.aws_iam_policy_document.cni_ipv6_policy",
            "module.eks_cluster.data.aws_iam_session_context.current",
            "module.eks_cluster.data.aws_partition.current",
            "module.eks_cluster.module.kms.aws_kms_external_key.this",
            "module.eks_cluster.module.kms.aws_kms_key.this",
            "module.eks_cluster.module.kms.aws_kms_replica_external_key.this",
            "module.eks_cluster.module.kms.aws_kms_replica_key.this",
            "module.eks_cluster.module.kms.data.aws_caller_identity.current",
            "module.eks_cluster.module.kms.data.aws_iam_policy_document.this",
            "module.eks_cluster.module.kms.data.aws_partition.current",
            "module.vpc.aws_subnet.private",
            "module.vpc.aws_subnet.public",
            "module.vpc.aws_vpc.this",
            "module.vpc.aws_vpc_ipv4_cidr_block_association.this"
          ],
          "create_before_destroy": true
        }
      ]
    },
    {
      "module": "module.eks_cluster",
      "mode": "managed",
      "type": "aws_iam_openid_connect_provider",
      "name": "oidc_provider",
      "provider": "provider[\"registry.terraform.io/hashicorp/aws\"]",
      "instances": [
        {
          "index_key": 0,
          "schema_version": 0,
          "attributes": {
            "arn": "arn:aws:iam::389029577690:oidc-provider/oidc.eks.us-east-1.amazonaws.com/id/256E944920A43EA505E681939492415B",
            "client_id_list": [
              "sts.amazonaws.com"
            ],
            "id": "arn:aws:iam::389029577690:oidc-provider/oidc.eks.us-east-1.amazonaws.com/id/256E944920A43EA505E681939492415B",
            "tags": {
              "Environment": "sandbox",
              "Name": "eks-blueprint-eks-irsa",
              "Terraform": "true"
            },
            "tags_all": {
              "Environment": "sandbox",
              "Name": "eks-blueprint-eks-irsa",
              "Terraform": "true"
            },
            "thumbprint_list": [
              "9e99a48a9960b14926bb7f3b02e22da2b0ab7280"
            ],
            "url": "oidc.eks.us-east-1.amazonaws.com/id/256E944920A43EA505E681939492415B"
          },
          "sensitive_attributes": [],
          "private": "bnVsbA==",
          "dependencies": [
            "module.eks_cluster.aws_cloudwatch_log_group.this",
            "module.eks_cluster.aws_eks_cluster.this",
            "module.eks_cluster.aws_iam_policy.cni_ipv6_policy",
            "module.eks_cluster.aws_iam_role.this",
            "module.eks_cluster.aws_iam_role_policy_attachment.this",
            "module.eks_cluster.aws_security_group.cluster",
            "module.eks_cluster.aws_security_group.node",
            "module.eks_cluster.aws_security_group_rule.cluster",
            "module.eks_cluster.aws_security_group_rule.node",
            "module.eks_cluster.data.aws_caller_identity.current",
            "module.eks_cluster.data.aws_iam_policy_document.assume_role_policy",
            "module.eks_cluster.data.aws_iam_policy_document.cni_ipv6_policy",
            "module.eks_cluster.data.aws_iam_session_context.current",
            "module.eks_cluster.data.aws_partition.current",
            "module.eks_cluster.data.tls_certificate.this",
            "module.eks_cluster.module.kms.aws_kms_external_key.this",
            "module.eks_cluster.module.kms.aws_kms_key.this",
            "module.eks_cluster.module.kms.aws_kms_replica_external_key.this",
            "module.eks_cluster.module.kms.aws_kms_replica_key.this",
            "module.eks_cluster.module.kms.data.aws_caller_identity.current",
            "module.eks_cluster.module.kms.data.aws_iam_policy_document.this",
            "module.eks_cluster.module.kms.data.aws_partition.current",
            "module.vpc.aws_subnet.private",
            "module.vpc.aws_subnet.public",
            "module.vpc.aws_vpc.this",
            "module.vpc.aws_vpc_ipv4_cidr_block_association.this"
          ]
        }
      ]
    },
    {
      "module": "module.eks_cluster",
      "mode": "managed",
      "type": "aws_iam_policy",
      "name": "cluster_encryption",
      "provider": "provider[\"registry.terraform.io/hashicorp/aws\"]",
      "instances": [
        {
          "index_key": 0,
          "schema_version": 0,
          "attributes": {
            "arn": "arn:aws:iam::389029577690:policy/eks-blueprint-cluster-role-ClusterEncryption2024071518350326010000000e",
            "attachment_count": 1,
            "description": "Cluster encryption policy to allow cluster role to utilize CMK provided",
            "id": "arn:aws:iam::389029577690:policy/eks-blueprint-cluster-role-ClusterEncryption2024071518350326010000000e",
            "name": "eks-blueprint-cluster-role-ClusterEncryption2024071518350326010000000e",
            "name_prefix": "eks-blueprint-cluster-role-ClusterEncryption",
            "path": "/",
            "policy": "{\"Statement\":[{\"Action\":[\"kms:Encrypt\",\"kms:Decrypt\",\"kms:ListGrants\",\"kms:DescribeKey\"],\"Effect\":\"Allow\",\"Resource\":\"arn:aws:kms:us-east-1:389029577690:key/e0c89278-298e-40f0-88dd-e8fa0a5e335c\"}],\"Version\":\"2012-10-17\"}",
            "policy_id": "ANPAVVE7YIPNMEVM37CK3",
            "tags": {
              "Environment": "sandbox",
              "Terraform": "true"
            },
            "tags_all": {
              "Environment": "sandbox",
              "Terraform": "true"
            }
          },
          "sensitive_attributes": [],
          "private": "bnVsbA==",
          "dependencies": [
            "module.eks_cluster.aws_iam_role.this",
            "module.eks_cluster.data.aws_caller_identity.current",
            "module.eks_cluster.data.aws_iam_policy_document.assume_role_policy",
            "module.eks_cluster.data.aws_iam_session_context.current",
            "module.eks_cluster.module.kms.aws_kms_external_key.this",
            "module.eks_cluster.module.kms.aws_kms_key.this",
            "module.eks_cluster.module.kms.aws_kms_replica_external_key.this",
            "module.eks_cluster.module.kms.aws_kms_replica_key.this",
            "module.eks_cluster.module.kms.data.aws_caller_identity.current",
            "module.eks_cluster.module.kms.data.aws_iam_policy_document.this",
            "module.eks_cluster.module.kms.data.aws_partition.current"
          ]
        }
      ]
    },
    {
      "module": "module.eks_cluster",
      "mode": "managed",
      "type": "aws_iam_role",
      "name": "this",
      "provider": "provider[\"registry.terraform.io/hashicorp/aws\"]",
      "instances": [
        {
          "index_key": 0,
          "schema_version": 0,
          "attributes": {
            "arn": "arn:aws:iam::389029577690:role/eks-blueprint-cluster-role",
            "assume_role_policy": "{\"Statement\":[{\"Action\":\"sts:AssumeRole\",\"Effect\":\"Allow\",\"Principal\":{\"Service\":\"eks.amazonaws.com\"},\"Sid\":\"EKSClusterAssumeRole\"}],\"Version\":\"2012-10-17\"}",
            "create_date": "2024-07-15T18:34:38Z",
            "description": "",
            "force_detach_policies": true,
            "id": "eks-blueprint-cluster-role",
            "inline_policy": [
              {
                "name": "eks-blueprint-cluster-role",
                "policy": "{\"Version\":\"2012-10-17\",\"Statement\":[{\"Action\":[\"logs:CreateLogGroup\"],\"Effect\":\"Deny\",\"Resource\":\"*\"}]}"
              }
            ],
            "managed_policy_arns": [
              "arn:aws:iam::389029577690:policy/eks-blueprint-cluster-role-ClusterEncryption2024071518350326010000000e",
              "arn:aws:iam::aws:policy/AmazonEKSClusterPolicy",
              "arn:aws:iam::aws:policy/AmazonEKSVPCResourceController"
            ],
            "max_session_duration": 3600,
            "name": "eks-blueprint-cluster-role",
            "name_prefix": "",
            "path": "/",
            "permissions_boundary": "",
            "tags": {
              "Environment": "sandbox",
              "Terraform": "true"
            },
            "tags_all": {
              "Environment": "sandbox",
              "Terraform": "true"
            },
            "unique_id": "AROAVVE7YIPNA2EU7FWOX"
          },
          "sensitive_attributes": [],
          "private": "bnVsbA==",
          "dependencies": [
            "module.eks_cluster.data.aws_iam_policy_document.assume_role_policy"
          ],
          "create_before_destroy": true
        }
      ]
    },
    {
      "module": "module.eks_cluster",
      "mode": "managed",
      "type": "aws_iam_role_policy_attachment",
      "name": "cluster_encryption",
      "provider": "provider[\"registry.terraform.io/hashicorp/aws\"]",
      "instances": [
        {
          "index_key": 0,
          "schema_version": 0,
          "attributes": {
            "id": "eks-blueprint-cluster-role-2024071518350406660000000f",
            "policy_arn": "arn:aws:iam::389029577690:policy/eks-blueprint-cluster-role-ClusterEncryption2024071518350326010000000e",
            "role": "eks-blueprint-cluster-role"
          },
          "sensitive_attributes": [],
          "private": "bnVsbA==",
          "dependencies": [
            "module.eks_cluster.aws_iam_policy.cluster_encryption",
            "module.eks_cluster.aws_iam_role.this",
            "module.eks_cluster.data.aws_caller_identity.current",
            "module.eks_cluster.data.aws_iam_policy_document.assume_role_policy",
            "module.eks_cluster.data.aws_iam_session_context.current",
            "module.eks_cluster.module.kms.aws_kms_external_key.this",
            "module.eks_cluster.module.kms.aws_kms_key.this",
            "module.eks_cluster.module.kms.aws_kms_replica_external_key.this",
            "module.eks_cluster.module.kms.aws_kms_replica_key.this",
            "module.eks_cluster.module.kms.data.aws_caller_identity.current",
            "module.eks_cluster.module.kms.data.aws_iam_policy_document.this",
            "module.eks_cluster.module.kms.data.aws_partition.current"
          ]
        }
      ]
    },
    {
      "module": "module.eks_cluster",
      "mode": "managed",
      "type": "aws_iam_role_policy_attachment",
      "name": "this",
      "provider": "provider[\"registry.terraform.io/hashicorp/aws\"]",
      "instances": [
        {
          "index_key": "AmazonEKSClusterPolicy",
          "schema_version": 0,
          "attributes": {
            "id": "eks-blueprint-cluster-role-20240715183439669500000004",
            "policy_arn": "arn:aws:iam::aws:policy/AmazonEKSClusterPolicy",
            "role": "eks-blueprint-cluster-role"
          },
          "sensitive_attributes": [],
          "private": "bnVsbA==",
          "dependencies": [
            "module.eks_cluster.aws_iam_role.this",
            "module.eks_cluster.data.aws_iam_policy_document.assume_role_policy",
            "module.eks_cluster.data.aws_partition.current"
          ],
          "create_before_destroy": true
        },
        {
          "index_key": "AmazonEKSVPCResourceController",
          "schema_version": 0,
          "attributes": {
            "id": "eks-blueprint-cluster-role-20240715183439675000000005",
            "policy_arn": "arn:aws:iam::aws:policy/AmazonEKSVPCResourceController",
            "role": "eks-blueprint-cluster-role"
          },
          "sensitive_attributes": [],
          "private": "bnVsbA==",
          "dependencies": [
            "module.eks_cluster.aws_iam_role.this",
            "module.eks_cluster.data.aws_iam_policy_document.assume_role_policy",
            "module.eks_cluster.data.aws_partition.current"
          ],
          "create_before_destroy": true
        }
      ]
    },
    {
      "module": "module.eks_cluster",
      "mode": "managed",
      "type": "aws_security_group",
      "name": "cluster",
      "provider": "provider[\"registry.terraform.io/hashicorp/aws\"]",
      "instances": [
        {
          "index_key": 0,
          "schema_version": 1,
          "attributes": {
            "arn": "arn:aws:ec2:us-east-1:389029577690:security-group/sg-0180b711f75e5c98f",
            "description": "EKS cluster security group",
            "egress": [],
            "id": "sg-0180b711f75e5c98f",
            "ingress": [
              {
                "cidr_blocks": [],
                "description": "Node groups to cluster API",
                "from_port": 443,
                "ipv6_cidr_blocks": [],
                "prefix_list_ids": [],
                "protocol": "tcp",
                "security_groups": [
                  "sg-00040ffa6a2ed871c"
                ],
                "self": false,
                "to_port": 443
              }
            ],
            "name": "eks-blueprint-cluster-20240715183452823400000009",
            "name_prefix": "eks-blueprint-cluster-",
            "owner_id": "389029577690",
            "revoke_rules_on_delete": false,
            "tags": {
              "Environment": "sandbox",
              "Name": "eks-blueprint-cluster",
              "Terraform": "true"
            },
            "tags_all": {
              "Environment": "sandbox",
              "Name": "eks-blueprint-cluster",
              "Terraform": "true"
            },
            "timeouts": null,
            "vpc_id": "vpc-02e50f66fdfd6322f"
          },
          "sensitive_attributes": [],
          "private": "eyJlMmJmYjczMC1lY2FhLTExZTYtOGY4OC0zNDM2M2JjN2M0YzAiOnsiY3JlYXRlIjo2MDAwMDAwMDAwMDAsImRlbGV0ZSI6OTAwMDAwMDAwMDAwfSwic2NoZW1hX3ZlcnNpb24iOiIxIn0=",
          "dependencies": [
            "module.vpc.aws_vpc.this"
          ],
          "create_before_destroy": true
        }
      ]
    },
    {
      "module": "module.eks_cluster",
      "mode": "managed",
      "type": "aws_security_group",
      "name": "node",
      "provider": "provider[\"registry.terraform.io/hashicorp/aws\"]",
      "instances": [
        {
          "index_key": 0,
          "schema_version": 1,
          "attributes": {
            "arn": "arn:aws:ec2:us-east-1:389029577690:security-group/sg-00040ffa6a2ed871c",
            "description": "EKS node shared security group",
            "egress": [
              {
                "cidr_blocks": [
                  "0.0.0.0/0"
                ],
                "description": "Allow all egress",
                "from_port": 0,
                "ipv6_cidr_blocks": [],
                "prefix_list_ids": [],
                "protocol": "-1",
                "security_groups": [],
                "self": false,
                "to_port": 0
              }
            ],
            "id": "sg-00040ffa6a2ed871c",
            "ingress": [
              {
                "cidr_blocks": [],
                "description": "Cluster API to node 4443/tcp webhook",
                "from_port": 4443,
                "ipv6_cidr_blocks": [],
                "prefix_list_ids": [],
                "protocol": "tcp",
                "security_groups": [
                  "sg-0180b711f75e5c98f"
                ],
                "self": false,
                "to_port": 4443
              },
              {
                "cidr_blocks": [],
                "description": "Cluster API to node 6443/tcp webhook",
                "from_port": 6443,
                "ipv6_cidr_blocks": [],
                "prefix_list_ids": [],
                "protocol": "tcp",
                "security_groups": [
                  "sg-0180b711f75e5c98f"
                ],
                "self": false,
                "to_port": 6443
              },
              {
                "cidr_blocks": [],
                "description": "Cluster API to node 8443/tcp webhook",
                "from_port": 8443,
                "ipv6_cidr_blocks": [],
                "prefix_list_ids": [],
                "protocol": "tcp",
                "security_groups": [
                  "sg-0180b711f75e5c98f"
                ],
                "self": false,
                "to_port": 8443
              },
              {
                "cidr_blocks": [],
                "description": "Cluster API to node 9443/tcp webhook",
                "from_port": 9443,
                "ipv6_cidr_blocks": [],
                "prefix_list_ids": [],
                "protocol": "tcp",
                "security_groups": [
                  "sg-0180b711f75e5c98f"
                ],
                "self": false,
                "to_port": 9443
              },
              {
                "cidr_blocks": [],
                "description": "Cluster API to node groups",
                "from_port": 443,
                "ipv6_cidr_blocks": [],
                "prefix_list_ids": [],
                "protocol": "tcp",
                "security_groups": [
                  "sg-0180b711f75e5c98f"
                ],
                "self": false,
                "to_port": 443
              },
              {
                "cidr_blocks": [],
                "description": "Cluster API to node kubelets",
                "from_port": 10250,
                "ipv6_cidr_blocks": [],
                "prefix_list_ids": [],
                "protocol": "tcp",
                "security_groups": [
                  "sg-0180b711f75e5c98f"
                ],
                "self": false,
                "to_port": 10250
              },
              {
                "cidr_blocks": [],
                "description": "Node to node CoreDNS UDP",
                "from_port": 53,
                "ipv6_cidr_blocks": [],
                "prefix_list_ids": [],
                "protocol": "udp",
                "security_groups": [],
                "self": true,
                "to_port": 53
              },
              {
                "cidr_blocks": [],
                "description": "Node to node CoreDNS",
                "from_port": 53,
                "ipv6_cidr_blocks": [],
                "prefix_list_ids": [],
                "protocol": "tcp",
                "security_groups": [],
                "self": true,
                "to_port": 53
              },
              {
                "cidr_blocks": [],
                "description": "Node to node ingress on ephemeral ports",
                "from_port": 1025,
                "ipv6_cidr_blocks": [],
                "prefix_list_ids": [],
                "protocol": "tcp",
                "security_groups": [],
                "self": true,
                "to_port": 65535
              }
            ],
            "name": "eks-blueprint-node-20240715183452725800000008",
            "name_prefix": "eks-blueprint-node-",
            "owner_id": "389029577690",
            "revoke_rules_on_delete": false,
            "tags": {
              "Environment": "sandbox",
              "Name": "eks-blueprint-node",
              "Terraform": "true",
              "kubernetes.io/cluster/eks-blueprint": "owned"
            },
            "tags_all": {
              "Environment": "sandbox",
              "Name": "eks-blueprint-node",
              "Terraform": "true",
              "kubernetes.io/cluster/eks-blueprint": "owned"
            },
            "timeouts": null,
            "vpc_id": "vpc-02e50f66fdfd6322f"
          },
          "sensitive_attributes": [],
          "private": "eyJlMmJmYjczMC1lY2FhLTExZTYtOGY4OC0zNDM2M2JjN2M0YzAiOnsiY3JlYXRlIjo2MDAwMDAwMDAwMDAsImRlbGV0ZSI6OTAwMDAwMDAwMDAwfSwic2NoZW1hX3ZlcnNpb24iOiIxIn0=",
          "dependencies": [
            "module.vpc.aws_vpc.this"
          ],
          "create_before_destroy": true
        }
      ]
    },
    {
      "module": "module.eks_cluster",
      "mode": "managed",
      "type": "aws_security_group_rule",
      "name": "cluster",
      "provider": "provider[\"registry.terraform.io/hashicorp/aws\"]",
      "instances": [
        {
          "index_key": "ingress_nodes_443",
          "schema_version": 2,
          "attributes": {
            "cidr_blocks": null,
            "description": "Node groups to cluster API",
            "from_port": 443,
            "id": "sgrule-1625671896",
            "ipv6_cidr_blocks": null,
            "prefix_list_ids": null,
            "protocol": "tcp",
            "security_group_id": "sg-0180b711f75e5c98f",
            "security_group_rule_id": "sgr-0fbee1c45c291a604",
            "self": false,
            "source_security_group_id": "sg-00040ffa6a2ed871c",
            "timeouts": null,
            "to_port": 443,
            "type": "ingress"
          },
          "sensitive_attributes": [],
          "private": "eyJlMmJmYjczMC1lY2FhLTExZTYtOGY4OC0zNDM2M2JjN2M0YzAiOnsiY3JlYXRlIjozMDAwMDAwMDAwMDB9LCJzY2hlbWFfdmVyc2lvbiI6IjIifQ==",
          "dependencies": [
            "module.eks_cluster.aws_security_group.cluster",
            "module.eks_cluster.aws_security_group.node",
            "module.vpc.aws_vpc.this"
          ],
          "create_before_destroy": true
        }
      ]
    },
    {
      "module": "module.eks_cluster",
      "mode": "managed",
      "type": "aws_security_group_rule",
      "name": "node",
      "provider": "provider[\"registry.terraform.io/hashicorp/aws\"]",
      "instances": [
        {
          "index_key": "egress_all",
          "schema_version": 2,
          "attributes": {
            "cidr_blocks": [
              "0.0.0.0/0"
            ],
            "description": "Allow all egress",
            "from_port": 0,
            "id": "sgrule-3859132904",
            "ipv6_cidr_blocks": null,
            "prefix_list_ids": [],
            "protocol": "-1",
            "security_group_id": "sg-00040ffa6a2ed871c",
            "security_group_rule_id": "sgr-058b94d1a956e110c",
            "self": false,
            "source_security_group_id": null,
            "timeouts": null,
            "to_port": 0,
            "type": "egress"
          },
          "sensitive_attributes": [],
          "private": "eyJlMmJmYjczMC1lY2FhLTExZTYtOGY4OC0zNDM2M2JjN2M0YzAiOnsiY3JlYXRlIjozMDAwMDAwMDAwMDB9LCJzY2hlbWFfdmVyc2lvbiI6IjIifQ==",
          "dependencies": [
            "module.eks_cluster.aws_security_group.cluster",
            "module.eks_cluster.aws_security_group.node",
            "module.vpc.aws_vpc.this"
          ],
          "create_before_destroy": true
        },
        {
          "index_key": "ingress_cluster_443",
          "schema_version": 2,
          "attributes": {
            "cidr_blocks": null,
            "description": "Cluster API to node groups",
            "from_port": 443,
            "id": "sgrule-3041716107",
            "ipv6_cidr_blocks": null,
            "prefix_list_ids": [],
            "protocol": "tcp",
            "security_group_id": "sg-00040ffa6a2ed871c",
            "security_group_rule_id": "sgr-084203b45e40d6ffc",
            "self": false,
            "source_security_group_id": "sg-0180b711f75e5c98f",
            "timeouts": null,
            "to_port": 443,
            "type": "ingress"
          },
          "sensitive_attributes": [],
          "private": "eyJlMmJmYjczMC1lY2FhLTExZTYtOGY4OC0zNDM2M2JjN2M0YzAiOnsiY3JlYXRlIjozMDAwMDAwMDAwMDB9LCJzY2hlbWFfdmVyc2lvbiI6IjIifQ==",
          "dependencies": [
            "module.eks_cluster.aws_security_group.cluster",
            "module.eks_cluster.aws_security_group.node",
            "module.vpc.aws_vpc.this"
          ],
          "create_before_destroy": true
        },
        {
          "index_key": "ingress_cluster_4443_webhook",
          "schema_version": 2,
          "attributes": {
            "cidr_blocks": null,
            "description": "Cluster API to node 4443/tcp webhook",
            "from_port": 4443,
            "id": "sgrule-1167397231",
            "ipv6_cidr_blocks": null,
            "prefix_list_ids": [],
            "protocol": "tcp",
            "security_group_id": "sg-00040ffa6a2ed871c",
            "security_group_rule_id": "sgr-04139398f1a1abd7a",
            "self": false,
            "source_security_group_id": "sg-0180b711f75e5c98f",
            "timeouts": null,
            "to_port": 4443,
            "type": "ingress"
          },
          "sensitive_attributes": [],
          "private": "eyJlMmJmYjczMC1lY2FhLTExZTYtOGY4OC0zNDM2M2JjN2M0YzAiOnsiY3JlYXRlIjozMDAwMDAwMDAwMDB9LCJzY2hlbWFfdmVyc2lvbiI6IjIifQ==",
          "dependencies": [
            "module.eks_cluster.aws_security_group.cluster",
            "module.eks_cluster.aws_security_group.node",
            "module.vpc.aws_vpc.this"
          ],
          "create_before_destroy": true
        },
        {
          "index_key": "ingress_cluster_6443_webhook",
          "schema_version": 2,
          "attributes": {
            "cidr_blocks": null,
            "description": "Cluster API to node 6443/tcp webhook",
            "from_port": 6443,
            "id": "sgrule-2362930937",
            "ipv6_cidr_blocks": null,
            "prefix_list_ids": [],
            "protocol": "tcp",
            "security_group_id": "sg-00040ffa6a2ed871c",
            "security_group_rule_id": "sgr-0c9d43f07137d150c",
            "self": false,
            "source_security_group_id": "sg-0180b711f75e5c98f",
            "timeouts": null,
            "to_port": 6443,
            "type": "ingress"
          },
          "sensitive_attributes": [],
          "private": "eyJlMmJmYjczMC1lY2FhLTExZTYtOGY4OC0zNDM2M2JjN2M0YzAiOnsiY3JlYXRlIjozMDAwMDAwMDAwMDB9LCJzY2hlbWFfdmVyc2lvbiI6IjIifQ==",
          "dependencies": [
            "module.eks_cluster.aws_security_group.cluster",
            "module.eks_cluster.aws_security_group.node",
            "module.vpc.aws_vpc.this"
          ],
          "create_before_destroy": true
        },
        {
          "index_key": "ingress_cluster_8443_webhook",
          "schema_version": 2,
          "attributes": {
            "cidr_blocks": null,
            "description": "Cluster API to node 8443/tcp webhook",
            "from_port": 8443,
            "id": "sgrule-2676706008",
            "ipv6_cidr_blocks": null,
            "prefix_list_ids": [],
            "protocol": "tcp",
            "security_group_id": "sg-00040ffa6a2ed871c",
            "security_group_rule_id": "sgr-09b0fa9748ba0bb9a",
            "self": false,
            "source_security_group_id": "sg-0180b711f75e5c98f",
            "timeouts": null,
            "to_port": 8443,
            "type": "ingress"
          },
          "sensitive_attributes": [],
          "private": "eyJlMmJmYjczMC1lY2FhLTExZTYtOGY4OC0zNDM2M2JjN2M0YzAiOnsiY3JlYXRlIjozMDAwMDAwMDAwMDB9LCJzY2hlbWFfdmVyc2lvbiI6IjIifQ==",
          "dependencies": [
            "module.eks_cluster.aws_security_group.cluster",
            "module.eks_cluster.aws_security_group.node",
            "module.vpc.aws_vpc.this"
          ],
          "create_before_destroy": true
        },
        {
          "index_key": "ingress_cluster_9443_webhook",
          "schema_version": 2,
          "attributes": {
            "cidr_blocks": null,
            "description": "Cluster API to node 9443/tcp webhook",
            "from_port": 9443,
            "id": "sgrule-4213864723",
            "ipv6_cidr_blocks": null,
            "prefix_list_ids": [],
            "protocol": "tcp",
            "security_group_id": "sg-00040ffa6a2ed871c",
            "security_group_rule_id": "sgr-00a9c0cc07e8300fe",
            "self": false,
            "source_security_group_id": "sg-0180b711f75e5c98f",
            "timeouts": null,
            "to_port": 9443,
            "type": "ingress"
          },
          "sensitive_attributes": [],
          "private": "eyJlMmJmYjczMC1lY2FhLTExZTYtOGY4OC0zNDM2M2JjN2M0YzAiOnsiY3JlYXRlIjozMDAwMDAwMDAwMDB9LCJzY2hlbWFfdmVyc2lvbiI6IjIifQ==",
          "dependencies": [
            "module.eks_cluster.aws_security_group.cluster",
            "module.eks_cluster.aws_security_group.node",
            "module.vpc.aws_vpc.this"
          ],
          "create_before_destroy": true
        },
        {
          "index_key": "ingress_cluster_kubelet",
          "schema_version": 2,
          "attributes": {
            "cidr_blocks": null,
            "description": "Cluster API to node kubelets",
            "from_port": 10250,
            "id": "sgrule-2420070393",
            "ipv6_cidr_blocks": null,
            "prefix_list_ids": [],
            "protocol": "tcp",
            "security_group_id": "sg-00040ffa6a2ed871c",
            "security_group_rule_id": "sgr-0ab5e65ebefff1adc",
            "self": false,
            "source_security_group_id": "sg-0180b711f75e5c98f",
            "timeouts": null,
            "to_port": 10250,
            "type": "ingress"
          },
          "sensitive_attributes": [],
          "private": "eyJlMmJmYjczMC1lY2FhLTExZTYtOGY4OC0zNDM2M2JjN2M0YzAiOnsiY3JlYXRlIjozMDAwMDAwMDAwMDB9LCJzY2hlbWFfdmVyc2lvbiI6IjIifQ==",
          "dependencies": [
            "module.eks_cluster.aws_security_group.cluster",
            "module.eks_cluster.aws_security_group.node",
            "module.vpc.aws_vpc.this"
          ],
          "create_before_destroy": true
        },
        {
          "index_key": "ingress_nodes_ephemeral",
          "schema_version": 2,
          "attributes": {
            "cidr_blocks": null,
            "description": "Node to node ingress on ephemeral ports",
            "from_port": 1025,
            "id": "sgrule-2898396627",
            "ipv6_cidr_blocks": null,
            "prefix_list_ids": [],
            "protocol": "tcp",
            "security_group_id": "sg-00040ffa6a2ed871c",
            "security_group_rule_id": "sgr-098967632c5d827b1",
            "self": true,
            "source_security_group_id": null,
            "timeouts": null,
            "to_port": 65535,
            "type": "ingress"
          },
          "sensitive_attributes": [],
          "private": "eyJlMmJmYjczMC1lY2FhLTExZTYtOGY4OC0zNDM2M2JjN2M0YzAiOnsiY3JlYXRlIjozMDAwMDAwMDAwMDB9LCJzY2hlbWFfdmVyc2lvbiI6IjIifQ==",
          "dependencies": [
            "module.eks_cluster.aws_security_group.cluster",
            "module.eks_cluster.aws_security_group.node",
            "module.vpc.aws_vpc.this"
          ],
          "create_before_destroy": true
        },
        {
          "index_key": "ingress_self_coredns_tcp",
          "schema_version": 2,
          "attributes": {
            "cidr_blocks": null,
            "description": "Node to node CoreDNS",
            "from_port": 53,
            "id": "sgrule-423088032",
            "ipv6_cidr_blocks": null,
            "prefix_list_ids": [],
            "protocol": "tcp",
            "security_group_id": "sg-00040ffa6a2ed871c",
            "security_group_rule_id": "sgr-085de86c3186b9dd2",
            "self": true,
            "source_security_group_id": null,
            "timeouts": null,
            "to_port": 53,
            "type": "ingress"
          },
          "sensitive_attributes": [],
          "private": "eyJlMmJmYjczMC1lY2FhLTExZTYtOGY4OC0zNDM2M2JjN2M0YzAiOnsiY3JlYXRlIjozMDAwMDAwMDAwMDB9LCJzY2hlbWFfdmVyc2lvbiI6IjIifQ==",
          "dependencies": [
            "module.eks_cluster.aws_security_group.cluster",
            "module.eks_cluster.aws_security_group.node",
            "module.vpc.aws_vpc.this"
          ],
          "create_before_destroy": true
        },
        {
          "index_key": "ingress_self_coredns_udp",
          "schema_version": 2,
          "attributes": {
            "cidr_blocks": null,
            "description": "Node to node CoreDNS UDP",
            "from_port": 53,
            "id": "sgrule-3177737295",
            "ipv6_cidr_blocks": null,
            "prefix_list_ids": [],
            "protocol": "udp",
            "security_group_id": "sg-00040ffa6a2ed871c",
            "security_group_rule_id": "sgr-037ea20c825efeefb",
            "self": true,
            "source_security_group_id": null,
            "timeouts": null,
            "to_port": 53,
            "type": "ingress"
          },
          "sensitive_attributes": [],
          "private": "eyJlMmJmYjczMC1lY2FhLTExZTYtOGY4OC0zNDM2M2JjN2M0YzAiOnsiY3JlYXRlIjozMDAwMDAwMDAwMDB9LCJzY2hlbWFfdmVyc2lvbiI6IjIifQ==",
          "dependencies": [
            "module.eks_cluster.aws_security_group.cluster",
            "module.eks_cluster.aws_security_group.node",
            "module.vpc.aws_vpc.this"
          ],
          "create_before_destroy": true
        }
      ]
    },
    {
      "module": "module.eks_cluster",
      "mode": "managed",
      "type": "time_sleep",
      "name": "this",
      "provider": "provider[\"registry.terraform.io/hashicorp/time\"]",
      "instances": [
        {
          "index_key": 0,
          "schema_version": 0,
          "attributes": {
            "create_duration": "30s",
            "destroy_duration": null,
            "id": "2024-07-15T18:46:02Z",
            "triggers": {
              "cluster_certificate_authority_data": "LS0tLS1CRUdJTiBDRVJUSUZJQ0FURS0tLS0tCk1JSURCVENDQWUyZ0F3SUJBZ0lJZlNpSFdPTVFKWk13RFFZSktvWklodmNOQVFFTEJRQXdGVEVUTUJFR0ExVUUKQXhNS2EzVmlaWEp1WlhSbGN6QWVGdzB5TkRBM01UVXhPRE0xTUROYUZ3MHpOREEzTVRNeE9EUXdNRE5hTUJVeApFekFSQmdOVkJBTVRDbXQxWW1WeWJtVjBaWE13Z2dFaU1BMEdDU3FHU0liM0RRRUJBUVVBQTRJQkR3QXdnZ0VLCkFvSUJBUUREelNhUXg4Z2RqMUZRNXhUSFQ0YzdrNkEwNVcrQTJCTmJFVndoWUU1RWREMTBSQTJKanpac3B2RUEKQUkwK3JMbmdJNHFPZEFueU15Z3hucjhqbGVlTkVRdGN1bDgzajN6RWVUZXZNbjh4eTZFc2p5eUJqREIvSmdXNQpZckpUN3M2ZlN4djJXcTFCWXpCZ3NQRVJVQlNJdXRtK1R6YnJFdGVaVkRIMU1EM2RPRTNGWHBvd0RtN01VWDNQCldVd1hSSFg2cmYxMGtGRVJKY2tCV0ZzR1FjRC9abFZ4aFBLOUV6eGZnbFFLdjVTWkZxU2MwY3YvTkVSME42SnoKN0lUUW9YRHRzaW1WNXJJNjA2eUpVM0grUHUwOVVCblBjcW1WdXp0cTJ3NEJYQWx3QjhNY29oSzZjR0VHQ25oOQpDL1RtakpCa2lMbzM4SDFsdHZ5eUVnSVFYUHlyQWdNQkFBR2pXVEJYTUE0R0ExVWREd0VCL3dRRUF3SUNwREFQCkJnTlZIUk1CQWY4RUJUQURBUUgvTUIwR0ExVWREZ1FXQkJTL3FyWjVkMUMwT014NjBCKzZ5U2oxUXVNNTdqQVYKQmdOVkhSRUVEakFNZ2dwcmRXSmxjbTVsZEdWek1BMEdDU3FHU0liM0RRRUJDd1VBQTRJQkFRQU1JYUVxc2Ivagp3bWwvQzRPNkhTRDJWVlJTTzNvYWpaNFBzekFNc2NGaUF6SFE0OFl0SS9ubDVENUNvRUl5bGQvZ25FVk5rSXorCldhTUVzblVmUHNxQk9uMVF3eE9wM3NFSCt1VzBnZm1kQkNVVURpTFFGZkw0bDlpVXJFWHVJbERTV0REQzg2TEQKOW53U3NxRExtNHNhdUxJN2YyaVVaai9qbWFVMktScndqdGFKTmRKNzNrcDZMMGhpdW9rYmNHcnlmME5xalJyQQpaZEpHQk4zbGdhYnBKMVVWUW5vWDNoS2tieWNCdGprcUY3bEtjOVl4L3RRV2tnWmllMG9oYTN0TkdNMUtSUFpWClh1cFlKd0daR1liS2kyazlCWnlxZldWVTJFQjkrQTdzTXYzZm9YUk14cy9qZzlOVkFnamtsdk9hRjdZbEtTRnQKcWhPVWR3Rk4yN3pCCi0tLS0tRU5EIENFUlRJRklDQVRFLS0tLS0K",
              "cluster_endpoint": "https://256E944920A43EA505E681939492415B.gr7.us-east-1.eks.amazonaws.com",
              "cluster_name": "eks-blueprint",
              "cluster_service_cidr": "172.20.0.0/16",
              "cluster_version": "1.29"
            }
          },
          "sensitive_attributes": [],
          "dependencies": [
            "module.eks_cluster.aws_cloudwatch_log_group.this",
            "module.eks_cluster.aws_eks_cluster.this",
            "module.eks_cluster.aws_iam_policy.cni_ipv6_policy",
            "module.eks_cluster.aws_iam_role.this",
            "module.eks_cluster.aws_iam_role_policy_attachment.this",
            "module.eks_cluster.aws_security_group.cluster",
            "module.eks_cluster.aws_security_group.node",
            "module.eks_cluster.aws_security_group_rule.cluster",
            "module.eks_cluster.aws_security_group_rule.node",
            "module.eks_cluster.data.aws_caller_identity.current",
            "module.eks_cluster.data.aws_iam_policy_document.assume_role_policy",
            "module.eks_cluster.data.aws_iam_policy_document.cni_ipv6_policy",
            "module.eks_cluster.data.aws_iam_session_context.current",
            "module.eks_cluster.data.aws_partition.current",
            "module.eks_cluster.module.kms.aws_kms_external_key.this",
            "module.eks_cluster.module.kms.aws_kms_key.this",
            "module.eks_cluster.module.kms.aws_kms_replica_external_key.this",
            "module.eks_cluster.module.kms.aws_kms_replica_key.this",
            "module.eks_cluster.module.kms.data.aws_caller_identity.current",
            "module.eks_cluster.module.kms.data.aws_iam_policy_document.this",
            "module.eks_cluster.module.kms.data.aws_partition.current",
            "module.vpc.aws_subnet.private",
            "module.vpc.aws_subnet.public",
            "module.vpc.aws_vpc.this",
            "module.vpc.aws_vpc_ipv4_cidr_block_association.this"
          ],
          "create_before_destroy": true
        }
      ]
    },
    {
      "module": "module.eks_cluster.module.eks_managed_node_group[\"managed\"]",
      "mode": "data",
      "type": "aws_caller_identity",
      "name": "current",
      "provider": "provider[\"registry.terraform.io/hashicorp/aws\"]",
      "instances": [
        {
          "schema_version": 0,
          "attributes": {
            "account_id": "389029577690",
            "arn": "arn:aws:iam::389029577690:user/Marketing",
            "id": "389029577690",
            "user_id": "AIDAVVE7YIPNMUTPSACL4"
          },
          "sensitive_attributes": []
        }
      ]
    },
    {
      "module": "module.eks_cluster.module.eks_managed_node_group[\"managed\"]",
      "mode": "data",
      "type": "aws_iam_policy_document",
      "name": "assume_role_policy",
      "provider": "provider[\"registry.terraform.io/hashicorp/aws\"]",
      "instances": [
        {
          "index_key": 0,
          "schema_version": 0,
          "attributes": {
            "id": "2560088296",
            "json": "{\n  \"Version\": \"2012-10-17\",\n  \"Statement\": [\n    {\n      \"Sid\": \"EKSNodeAssumeRole\",\n      \"Effect\": \"Allow\",\n      \"Action\": \"sts:AssumeRole\",\n      \"Principal\": {\n        \"Service\": \"ec2.amazonaws.com\"\n      }\n    }\n  ]\n}",
            "minified_json": "{\"Version\":\"2012-10-17\",\"Statement\":[{\"Sid\":\"EKSNodeAssumeRole\",\"Effect\":\"Allow\",\"Action\":\"sts:AssumeRole\",\"Principal\":{\"Service\":\"ec2.amazonaws.com\"}}]}",
            "override_json": null,
            "override_policy_documents": null,
            "policy_id": null,
            "source_json": null,
            "source_policy_documents": null,
            "statement": [
              {
                "actions": [
                  "sts:AssumeRole"
                ],
                "condition": [],
                "effect": "Allow",
                "not_actions": [],
                "not_principals": [],
                "not_resources": [],
                "principals": [
                  {
                    "identifiers": [
                      "ec2.amazonaws.com"
                    ],
                    "type": "Service"
                  }
                ],
                "resources": [],
                "sid": "EKSNodeAssumeRole"
              }
            ],
            "version": "2012-10-17"
          },
          "sensitive_attributes": []
        }
      ]
    },
    {
      "module": "module.eks_cluster.module.eks_managed_node_group[\"managed\"]",
      "mode": "data",
      "type": "aws_partition",
      "name": "current",
      "provider": "provider[\"registry.terraform.io/hashicorp/aws\"]",
      "instances": [
        {
          "schema_version": 0,
          "attributes": {
            "dns_suffix": "amazonaws.com",
            "id": "aws",
            "partition": "aws",
            "reverse_dns_prefix": "com.amazonaws"
          },
          "sensitive_attributes": []
        }
      ]
    },
    {
      "module": "module.eks_cluster.module.eks_managed_node_group[\"managed\"]",
      "mode": "managed",
      "type": "aws_eks_node_group",
      "name": "this",
      "provider": "provider[\"registry.terraform.io/hashicorp/aws\"]",
      "instances": [
        {
          "index_key": 0,
          "schema_version": 0,
          "attributes": {
            "ami_type": "AL2_x86_64",
            "arn": "arn:aws:eks:us-east-1:389029577690:nodegroup/eks-blueprint/managed-20240715184602660500000023/6ec85bdb-a842-4e95-42e5-8ae412cc587d",
            "capacity_type": "ON_DEMAND",
            "cluster_name": "eks-blueprint",
            "disk_size": 20,
            "force_update_version": null,
            "id": "eks-blueprint:managed-20240715184602660500000023",
            "instance_types": [
              "t2.large"
            ],
            "labels": {},
            "launch_template": [],
            "node_group_name": "managed-20240715184602660500000023",
            "node_group_name_prefix": "managed-",
            "node_role_arn": "arn:aws:iam::389029577690:role/eks-blueprint-node-role",
            "release_version": "1.29.3-20240703",
            "remote_access": [],
            "resources": [
              {
                "autoscaling_groups": [
                  {
                    "name": "eks-managed-20240715184602660500000023-6ec85bdb-a842-4e95-42e5-8ae412cc587d"
                  }
                ],
                "remote_access_security_group_id": ""
              }
            ],
            "scaling_config": [
              {
                "desired_size": 2,
                "max_size": 5,
                "min_size": 2
              }
            ],
            "status": "ACTIVE",
            "subnet_ids": [
              "subnet-0c336be2f990830c9",
              "subnet-0d2f17567e3cd6dc6"
            ],
            "tags": {
              "Environment": "sandbox",
              "Name": "managed",
              "Terraform": "true"
            },
            "tags_all": {
              "Environment": "sandbox",
              "Name": "managed",
              "Terraform": "true"
            },
            "taint": [],
            "timeouts": {
              "create": null,
              "delete": null,
              "update": null
            },
            "update_config": [
              {
                "max_unavailable": 0,
                "max_unavailable_percentage": 33
              }
            ],
            "version": "1.29"
          },
          "sensitive_attributes": [],
          "private": "eyJlMmJmYjczMC1lY2FhLTExZTYtOGY4OC0zNDM2M2JjN2M0YzAiOnsiY3JlYXRlIjozNjAwMDAwMDAwMDAwLCJkZWxldGUiOjM2MDAwMDAwMDAwMDAsInVwZGF0ZSI6MzYwMDAwMDAwMDAwMH19",
          "dependencies": [
            "module.eks_cluster.aws_cloudwatch_log_group.this",
            "module.eks_cluster.aws_eks_cluster.this",
            "module.eks_cluster.aws_iam_policy.cni_ipv6_policy",
            "module.eks_cluster.aws_iam_role.this",
            "module.eks_cluster.aws_iam_role_policy_attachment.this",
            "module.eks_cluster.aws_security_group.cluster",
            "module.eks_cluster.aws_security_group.node",
            "module.eks_cluster.aws_security_group_rule.cluster",
            "module.eks_cluster.aws_security_group_rule.node",
            "module.eks_cluster.data.aws_caller_identity.current",
            "module.eks_cluster.data.aws_iam_policy_document.assume_role_policy",
            "module.eks_cluster.data.aws_iam_policy_document.cni_ipv6_policy",
            "module.eks_cluster.data.aws_iam_session_context.current",
            "module.eks_cluster.data.aws_partition.current",
            "module.eks_cluster.module.eks_managed_node_group.aws_iam_role.this",
            "module.eks_cluster.module.eks_managed_node_group.aws_iam_role_policy_attachment.additional",
            "module.eks_cluster.module.eks_managed_node_group.aws_iam_role_policy_attachment.this",
            "module.eks_cluster.module.eks_managed_node_group.aws_launch_template.this",
            "module.eks_cluster.module.eks_managed_node_group.aws_placement_group.this",
            "module.eks_cluster.module.eks_managed_node_group.data.aws_caller_identity.current",
            "module.eks_cluster.module.eks_managed_node_group.data.aws_ec2_instance_type.this",
            "module.eks_cluster.module.eks_managed_node_group.data.aws_ec2_instance_type_offerings.this",
            "module.eks_cluster.module.eks_managed_node_group.data.aws_iam_policy_document.assume_role_policy",
            "module.eks_cluster.module.eks_managed_node_group.data.aws_partition.current",
            "module.eks_cluster.module.eks_managed_node_group.data.aws_ssm_parameter.ami",
            "module.eks_cluster.module.eks_managed_node_group.data.aws_subnets.efa",
            "module.eks_cluster.module.eks_managed_node_group.module.user_data.data.cloudinit_config.al2023_eks_managed_node_group",
            "module.eks_cluster.module.eks_managed_node_group.module.user_data.data.cloudinit_config.linux_eks_managed_node_group",
            "module.eks_cluster.module.kms.aws_kms_external_key.this",
            "module.eks_cluster.module.kms.aws_kms_key.this",
            "module.eks_cluster.module.kms.aws_kms_replica_external_key.this",
            "module.eks_cluster.module.kms.aws_kms_replica_key.this",
            "module.eks_cluster.module.kms.data.aws_caller_identity.current",
            "module.eks_cluster.module.kms.data.aws_iam_policy_document.this",
            "module.eks_cluster.module.kms.data.aws_partition.current",
            "module.eks_cluster.time_sleep.this",
            "module.vpc.aws_subnet.private",
            "module.vpc.aws_subnet.public",
            "module.vpc.aws_vpc.this",
            "module.vpc.aws_vpc_ipv4_cidr_block_association.this"
          ],
          "create_before_destroy": true
        }
      ]
    },
    {
      "module": "module.eks_cluster.module.eks_managed_node_group[\"managed\"]",
      "mode": "managed",
      "type": "aws_iam_role",
      "name": "this",
      "provider": "provider[\"registry.terraform.io/hashicorp/aws\"]",
      "instances": [
        {
          "index_key": 0,
          "schema_version": 0,
          "attributes": {
            "arn": "arn:aws:iam::389029577690:role/eks-blueprint-node-role",
            "assume_role_policy": "{\"Statement\":[{\"Action\":\"sts:AssumeRole\",\"Effect\":\"Allow\",\"Principal\":{\"Service\":\"ec2.amazonaws.com\"},\"Sid\":\"EKSNodeAssumeRole\"}],\"Version\":\"2012-10-17\"}",
            "create_date": "2024-07-15T18:34:54Z",
            "description": "EKS managed node group IAM role",
            "force_detach_policies": true,
            "id": "eks-blueprint-node-role",
            "inline_policy": [],
            "managed_policy_arns": [
              "arn:aws:iam::aws:policy/AmazonEC2ContainerRegistryReadOnly",
              "arn:aws:iam::aws:policy/AmazonEKSWorkerNodePolicy",
              "arn:aws:iam::aws:policy/AmazonEKS_CNI_Policy"
            ],
            "max_session_duration": 3600,
            "name": "eks-blueprint-node-role",
            "name_prefix": "",
            "path": "/",
            "permissions_boundary": "",
            "tags": {
              "Environment": "sandbox",
              "Name": "managed",
              "Terraform": "true"
            },
            "tags_all": {
              "Environment": "sandbox",
              "Name": "managed",
              "Terraform": "true"
            },
            "unique_id": "AROAVVE7YIPNNDQJEJS2S"
          },
          "sensitive_attributes": [],
          "private": "bnVsbA==",
          "dependencies": [
            "module.eks_cluster.module.eks_managed_node_group.data.aws_iam_policy_document.assume_role_policy",
            "module.vpc.aws_subnet.private",
            "module.vpc.aws_subnet.public",
            "module.vpc.aws_vpc.this",
            "module.vpc.aws_vpc_ipv4_cidr_block_association.this"
          ],
          "create_before_destroy": true
        }
      ]
    },
    {
      "module": "module.eks_cluster.module.eks_managed_node_group[\"managed\"]",
      "mode": "managed",
      "type": "aws_iam_role_policy_attachment",
      "name": "this",
      "provider": "provider[\"registry.terraform.io/hashicorp/aws\"]",
      "instances": [
        {
          "index_key": "AmazonEC2ContainerRegistryReadOnly",
          "schema_version": 0,
          "attributes": {
            "id": "eks-blueprint-node-role-2024071518345533070000000c",
            "policy_arn": "arn:aws:iam::aws:policy/AmazonEC2ContainerRegistryReadOnly",
            "role": "eks-blueprint-node-role"
          },
          "sensitive_attributes": [],
          "private": "bnVsbA==",
          "dependencies": [
            "module.eks_cluster.module.eks_managed_node_group.aws_iam_role.this",
            "module.eks_cluster.module.eks_managed_node_group.data.aws_caller_identity.current",
            "module.eks_cluster.module.eks_managed_node_group.data.aws_iam_policy_document.assume_role_policy",
            "module.eks_cluster.module.eks_managed_node_group.data.aws_partition.current",
            "module.vpc.aws_subnet.private",
            "module.vpc.aws_subnet.public",
            "module.vpc.aws_vpc.this",
            "module.vpc.aws_vpc_ipv4_cidr_block_association.this"
          ],
          "create_before_destroy": true
        },
        {
          "index_key": "AmazonEKSWorkerNodePolicy",
          "schema_version": 0,
          "attributes": {
            "id": "eks-blueprint-node-role-2024071518345532810000000b",
            "policy_arn": "arn:aws:iam::aws:policy/AmazonEKSWorkerNodePolicy",
            "role": "eks-blueprint-node-role"
          },
          "sensitive_attributes": [],
          "private": "bnVsbA==",
          "dependencies": [
            "module.eks_cluster.module.eks_managed_node_group.aws_iam_role.this",
            "module.eks_cluster.module.eks_managed_node_group.data.aws_caller_identity.current",
            "module.eks_cluster.module.eks_managed_node_group.data.aws_iam_policy_document.assume_role_policy",
            "module.eks_cluster.module.eks_managed_node_group.data.aws_partition.current",
            "module.vpc.aws_subnet.private",
            "module.vpc.aws_subnet.public",
            "module.vpc.aws_vpc.this",
            "module.vpc.aws_vpc_ipv4_cidr_block_association.this"
          ],
          "create_before_destroy": true
        },
        {
          "index_key": "AmazonEKS_CNI_Policy",
          "schema_version": 0,
          "attributes": {
            "id": "eks-blueprint-node-role-2024071518345533290000000d",
            "policy_arn": "arn:aws:iam::aws:policy/AmazonEKS_CNI_Policy",
            "role": "eks-blueprint-node-role"
          },
          "sensitive_attributes": [],
          "private": "bnVsbA==",
          "dependencies": [
            "module.eks_cluster.module.eks_managed_node_group.aws_iam_role.this",
            "module.eks_cluster.module.eks_managed_node_group.data.aws_caller_identity.current",
            "module.eks_cluster.module.eks_managed_node_group.data.aws_iam_policy_document.assume_role_policy",
            "module.eks_cluster.module.eks_managed_node_group.data.aws_partition.current",
            "module.vpc.aws_subnet.private",
            "module.vpc.aws_subnet.public",
            "module.vpc.aws_vpc.this",
            "module.vpc.aws_vpc_ipv4_cidr_block_association.this"
          ],
          "create_before_destroy": true
        }
      ]
    },
    {
      "module": "module.eks_cluster.module.eks_managed_node_group[\"managed\"].module.user_data",
      "mode": "managed",
      "type": "null_resource",
      "name": "validate_cluster_service_cidr",
      "provider": "provider[\"registry.terraform.io/hashicorp/null\"]",
      "instances": [
        {
          "schema_version": 0,
          "attributes": {
            "id": "4536054076345343284",
            "triggers": null
          },
          "sensitive_attributes": [],
          "dependencies": [
            "module.eks_cluster.aws_cloudwatch_log_group.this",
            "module.eks_cluster.aws_eks_cluster.this",
            "module.eks_cluster.aws_iam_policy.cni_ipv6_policy",
            "module.eks_cluster.aws_iam_role.this",
            "module.eks_cluster.aws_iam_role_policy_attachment.this",
            "module.eks_cluster.aws_security_group.cluster",
            "module.eks_cluster.aws_security_group.node",
            "module.eks_cluster.aws_security_group_rule.cluster",
            "module.eks_cluster.aws_security_group_rule.node",
            "module.eks_cluster.data.aws_caller_identity.current",
            "module.eks_cluster.data.aws_iam_policy_document.assume_role_policy",
            "module.eks_cluster.data.aws_iam_policy_document.cni_ipv6_policy",
            "module.eks_cluster.data.aws_iam_session_context.current",
            "module.eks_cluster.data.aws_partition.current",
            "module.eks_cluster.module.kms.aws_kms_external_key.this",
            "module.eks_cluster.module.kms.aws_kms_key.this",
            "module.eks_cluster.module.kms.aws_kms_replica_external_key.this",
            "module.eks_cluster.module.kms.aws_kms_replica_key.this",
            "module.eks_cluster.module.kms.data.aws_caller_identity.current",
            "module.eks_cluster.module.kms.data.aws_iam_policy_document.this",
            "module.eks_cluster.module.kms.data.aws_partition.current",
            "module.eks_cluster.time_sleep.this",
            "module.vpc.aws_subnet.private",
            "module.vpc.aws_subnet.public",
            "module.vpc.aws_vpc.this",
            "module.vpc.aws_vpc_ipv4_cidr_block_association.this"
          ]
        }
      ]
    },
    {
      "module": "module.eks_cluster.module.fargate_profile[\"default\"]",
      "mode": "data",
      "type": "aws_caller_identity",
      "name": "current",
      "provider": "provider[\"registry.terraform.io/hashicorp/aws\"]",
      "instances": [
        {
          "schema_version": 0,
          "attributes": {
            "account_id": "389029577690",
            "arn": "arn:aws:iam::389029577690:user/Marketing",
            "id": "389029577690",
            "user_id": "AIDAVVE7YIPNMUTPSACL4"
          },
          "sensitive_attributes": []
        }
      ]
    },
    {
      "module": "module.eks_cluster.module.fargate_profile[\"default\"]",
      "mode": "data",
      "type": "aws_iam_policy_document",
      "name": "assume_role_policy",
      "provider": "provider[\"registry.terraform.io/hashicorp/aws\"]",
      "instances": [
        {
          "index_key": 0,
          "schema_version": 0,
          "attributes": {
            "id": "348162694",
            "json": "{\n  \"Version\": \"2012-10-17\",\n  \"Statement\": [\n    {\n      \"Effect\": \"Allow\",\n      \"Action\": \"sts:AssumeRole\",\n      \"Principal\": {\n        \"Service\": \"eks-fargate-pods.amazonaws.com\"\n      },\n      \"Condition\": {\n        \"ArnLike\": {\n          \"aws:SourceArn\": \"arn:aws:eks:us-east-1:389029577690:fargateprofile/eks-blueprint/*\"\n        }\n      }\n    }\n  ]\n}",
            "minified_json": "{\"Version\":\"2012-10-17\",\"Statement\":[{\"Effect\":\"Allow\",\"Action\":\"sts:AssumeRole\",\"Principal\":{\"Service\":\"eks-fargate-pods.amazonaws.com\"},\"Condition\":{\"ArnLike\":{\"aws:SourceArn\":\"arn:aws:eks:us-east-1:389029577690:fargateprofile/eks-blueprint/*\"}}}]}",
            "override_json": null,
            "override_policy_documents": null,
            "policy_id": null,
            "source_json": null,
            "source_policy_documents": null,
            "statement": [
              {
                "actions": [
                  "sts:AssumeRole"
                ],
                "condition": [
                  {
                    "test": "ArnLike",
                    "values": [
                      "arn:aws:eks:us-east-1:389029577690:fargateprofile/eks-blueprint/*"
                    ],
                    "variable": "aws:SourceArn"
                  }
                ],
                "effect": "Allow",
                "not_actions": [],
                "not_principals": [],
                "not_resources": [],
                "principals": [
                  {
                    "identifiers": [
                      "eks-fargate-pods.amazonaws.com"
                    ],
                    "type": "Service"
                  }
                ],
                "resources": [],
                "sid": ""
              }
            ],
            "version": "2012-10-17"
          },
          "sensitive_attributes": []
        }
      ]
    },
    {
      "module": "module.eks_cluster.module.fargate_profile[\"default\"]",
      "mode": "data",
      "type": "aws_partition",
      "name": "current",
      "provider": "provider[\"registry.terraform.io/hashicorp/aws\"]",
      "instances": [
        {
          "schema_version": 0,
          "attributes": {
            "dns_suffix": "amazonaws.com",
            "id": "aws",
            "partition": "aws",
            "reverse_dns_prefix": "com.amazonaws"
          },
          "sensitive_attributes": []
        }
      ]
    },
    {
      "module": "module.eks_cluster.module.fargate_profile[\"default\"]",
      "mode": "data",
      "type": "aws_region",
      "name": "current",
      "provider": "provider[\"registry.terraform.io/hashicorp/aws\"]",
      "instances": [
        {
          "schema_version": 0,
          "attributes": {
            "description": "US East (N. Virginia)",
            "endpoint": "ec2.us-east-1.amazonaws.com",
            "id": "us-east-1",
            "name": "us-east-1"
          },
          "sensitive_attributes": []
        }
      ]
    },
    {
      "module": "module.eks_cluster.module.fargate_profile[\"default\"]",
      "mode": "managed",
      "type": "aws_eks_fargate_profile",
      "name": "this",
      "provider": "provider[\"registry.terraform.io/hashicorp/aws\"]",
      "instances": [
        {
          "index_key": 0,
          "schema_version": 0,
          "attributes": {
            "arn": "arn:aws:eks:us-east-1:389029577690:fargateprofile/eks-blueprint/default/78c85bdb-bcfe-58a2-7e85-1d00c9b27e40",
            "cluster_name": "eks-blueprint",
            "fargate_profile_name": "default",
            "id": "eks-blueprint:default",
            "pod_execution_role_arn": "arn:aws:iam::389029577690:role/default-20240715184602506100000022",
            "selector": [
              {
                "labels": {},
                "namespace": "default"
              }
            ],
            "status": "ACTIVE",
            "subnet_ids": [
              "subnet-0c336be2f990830c9",
              "subnet-0d2f17567e3cd6dc6"
            ],
            "tags": {
              "Environment": "sandbox",
              "Terraform": "true"
            },
            "tags_all": {
              "Environment": "sandbox",
              "Terraform": "true"
            },
            "timeouts": {
              "create": null,
              "delete": null
            }
          },
          "sensitive_attributes": [],
          "private": "eyJlMmJmYjczMC1lY2FhLTExZTYtOGY4OC0zNDM2M2JjN2M0YzAiOnsiY3JlYXRlIjo2MDAwMDAwMDAwMDAsImRlbGV0ZSI6NjAwMDAwMDAwMDAwfX0=",
          "dependencies": [
            "module.eks_cluster.aws_cloudwatch_log_group.this",
            "module.eks_cluster.aws_eks_cluster.this",
            "module.eks_cluster.aws_iam_policy.cni_ipv6_policy",
            "module.eks_cluster.aws_iam_role.this",
            "module.eks_cluster.aws_iam_role_policy_attachment.this",
            "module.eks_cluster.aws_security_group.cluster",
            "module.eks_cluster.aws_security_group.node",
            "module.eks_cluster.aws_security_group_rule.cluster",
            "module.eks_cluster.aws_security_group_rule.node",
            "module.eks_cluster.data.aws_caller_identity.current",
            "module.eks_cluster.data.aws_iam_policy_document.assume_role_policy",
            "module.eks_cluster.data.aws_iam_policy_document.cni_ipv6_policy",
            "module.eks_cluster.data.aws_iam_session_context.current",
            "module.eks_cluster.data.aws_partition.current",
            "module.eks_cluster.module.fargate_profile.aws_iam_role.this",
            "module.eks_cluster.module.fargate_profile.data.aws_caller_identity.current",
            "module.eks_cluster.module.fargate_profile.data.aws_iam_policy_document.assume_role_policy",
            "module.eks_cluster.module.fargate_profile.data.aws_partition.current",
            "module.eks_cluster.module.fargate_profile.data.aws_region.current",
            "module.eks_cluster.module.kms.aws_kms_external_key.this",
            "module.eks_cluster.module.kms.aws_kms_key.this",
            "module.eks_cluster.module.kms.aws_kms_replica_external_key.this",
            "module.eks_cluster.module.kms.aws_kms_replica_key.this",
            "module.eks_cluster.module.kms.data.aws_caller_identity.current",
            "module.eks_cluster.module.kms.data.aws_iam_policy_document.this",
            "module.eks_cluster.module.kms.data.aws_partition.current",
            "module.eks_cluster.time_sleep.this",
            "module.vpc.aws_subnet.private",
            "module.vpc.aws_subnet.public",
            "module.vpc.aws_vpc.this",
            "module.vpc.aws_vpc_ipv4_cidr_block_association.this"
          ]
        }
      ]
    },
    {
      "module": "module.eks_cluster.module.fargate_profile[\"default\"]",
      "mode": "managed",
      "type": "aws_iam_role",
      "name": "this",
      "provider": "provider[\"registry.terraform.io/hashicorp/aws\"]",
      "instances": [
        {
          "index_key": 0,
          "schema_version": 0,
          "attributes": {
            "arn": "arn:aws:iam::389029577690:role/default-20240715184602506100000022",
            "assume_role_policy": "{\"Statement\":[{\"Action\":\"sts:AssumeRole\",\"Condition\":{\"ArnLike\":{\"aws:SourceArn\":\"arn:aws:eks:us-east-1:389029577690:fargateprofile/eks-blueprint/*\"}},\"Effect\":\"Allow\",\"Principal\":{\"Service\":\"eks-fargate-pods.amazonaws.com\"}}],\"Version\":\"2012-10-17\"}",
            "create_date": "2024-07-15T18:46:02Z",
            "description": "Fargate profile IAM role",
            "force_detach_policies": true,
            "id": "default-20240715184602506100000022",
            "inline_policy": [],
            "managed_policy_arns": [
              "arn:aws:iam::aws:policy/AmazonEKSFargatePodExecutionRolePolicy",
              "arn:aws:iam::aws:policy/AmazonEKS_CNI_Policy"
            ],
            "max_session_duration": 3600,
            "name": "default-20240715184602506100000022",
            "name_prefix": "default-",
            "path": "/",
            "permissions_boundary": "",
            "tags": {
              "Environment": "sandbox",
              "Terraform": "true"
            },
            "tags_all": {
              "Environment": "sandbox",
              "Terraform": "true"
            },
            "unique_id": "AROAVVE7YIPNCUB2PKXKE"
          },
          "sensitive_attributes": [],
          "private": "bnVsbA==",
          "dependencies": [
            "module.eks_cluster.aws_cloudwatch_log_group.this",
            "module.eks_cluster.aws_eks_cluster.this",
            "module.eks_cluster.aws_iam_policy.cni_ipv6_policy",
            "module.eks_cluster.aws_iam_role.this",
            "module.eks_cluster.aws_iam_role_policy_attachment.this",
            "module.eks_cluster.aws_security_group.cluster",
            "module.eks_cluster.aws_security_group.node",
            "module.eks_cluster.aws_security_group_rule.cluster",
            "module.eks_cluster.aws_security_group_rule.node",
            "module.eks_cluster.data.aws_caller_identity.current",
            "module.eks_cluster.data.aws_iam_policy_document.assume_role_policy",
            "module.eks_cluster.data.aws_iam_policy_document.cni_ipv6_policy",
            "module.eks_cluster.data.aws_iam_session_context.current",
            "module.eks_cluster.data.aws_partition.current",
            "module.eks_cluster.module.fargate_profile.data.aws_caller_identity.current",
            "module.eks_cluster.module.fargate_profile.data.aws_iam_policy_document.assume_role_policy",
            "module.eks_cluster.module.fargate_profile.data.aws_partition.current",
            "module.eks_cluster.module.fargate_profile.data.aws_region.current",
            "module.eks_cluster.module.kms.aws_kms_external_key.this",
            "module.eks_cluster.module.kms.aws_kms_key.this",
            "module.eks_cluster.module.kms.aws_kms_replica_external_key.this",
            "module.eks_cluster.module.kms.aws_kms_replica_key.this",
            "module.eks_cluster.module.kms.data.aws_caller_identity.current",
            "module.eks_cluster.module.kms.data.aws_iam_policy_document.this",
            "module.eks_cluster.module.kms.data.aws_partition.current",
            "module.eks_cluster.time_sleep.this",
            "module.vpc.aws_subnet.private",
            "module.vpc.aws_subnet.public",
            "module.vpc.aws_vpc.this",
            "module.vpc.aws_vpc_ipv4_cidr_block_association.this"
          ]
        }
      ]
    },
    {
      "module": "module.eks_cluster.module.fargate_profile[\"default\"]",
      "mode": "managed",
      "type": "aws_iam_role_policy_attachment",
      "name": "this",
      "provider": "provider[\"registry.terraform.io/hashicorp/aws\"]",
      "instances": [
        {
          "index_key": "AmazonEKSFargatePodExecutionRolePolicy",
          "schema_version": 0,
          "attributes": {
            "id": "default-20240715184602506100000022-20240715184603619100000028",
            "policy_arn": "arn:aws:iam::aws:policy/AmazonEKSFargatePodExecutionRolePolicy",
            "role": "default-20240715184602506100000022"
          },
          "sensitive_attributes": [],
          "private": "bnVsbA==",
          "dependencies": [
            "module.eks_cluster.aws_cloudwatch_log_group.this",
            "module.eks_cluster.aws_eks_cluster.this",
            "module.eks_cluster.aws_iam_policy.cni_ipv6_policy",
            "module.eks_cluster.aws_iam_role.this",
            "module.eks_cluster.aws_iam_role_policy_attachment.this",
            "module.eks_cluster.aws_security_group.cluster",
            "module.eks_cluster.aws_security_group.node",
            "module.eks_cluster.aws_security_group_rule.cluster",
            "module.eks_cluster.aws_security_group_rule.node",
            "module.eks_cluster.data.aws_caller_identity.current",
            "module.eks_cluster.data.aws_iam_policy_document.assume_role_policy",
            "module.eks_cluster.data.aws_iam_policy_document.cni_ipv6_policy",
            "module.eks_cluster.data.aws_iam_session_context.current",
            "module.eks_cluster.data.aws_partition.current",
            "module.eks_cluster.module.fargate_profile.aws_iam_role.this",
            "module.eks_cluster.module.fargate_profile.data.aws_caller_identity.current",
            "module.eks_cluster.module.fargate_profile.data.aws_iam_policy_document.assume_role_policy",
            "module.eks_cluster.module.fargate_profile.data.aws_partition.current",
            "module.eks_cluster.module.fargate_profile.data.aws_region.current",
            "module.eks_cluster.module.kms.aws_kms_external_key.this",
            "module.eks_cluster.module.kms.aws_kms_key.this",
            "module.eks_cluster.module.kms.aws_kms_replica_external_key.this",
            "module.eks_cluster.module.kms.aws_kms_replica_key.this",
            "module.eks_cluster.module.kms.data.aws_caller_identity.current",
            "module.eks_cluster.module.kms.data.aws_iam_policy_document.this",
            "module.eks_cluster.module.kms.data.aws_partition.current",
            "module.eks_cluster.time_sleep.this",
            "module.vpc.aws_subnet.private",
            "module.vpc.aws_subnet.public",
            "module.vpc.aws_vpc.this",
            "module.vpc.aws_vpc_ipv4_cidr_block_association.this"
          ]
        },
        {
          "index_key": "AmazonEKS_CNI_Policy",
          "schema_version": 0,
          "attributes": {
            "id": "default-20240715184602506100000022-2024071518460381520000002a",
            "policy_arn": "arn:aws:iam::aws:policy/AmazonEKS_CNI_Policy",
            "role": "default-20240715184602506100000022"
          },
          "sensitive_attributes": [],
          "private": "bnVsbA==",
          "dependencies": [
            "module.eks_cluster.aws_cloudwatch_log_group.this",
            "module.eks_cluster.aws_eks_cluster.this",
            "module.eks_cluster.aws_iam_policy.cni_ipv6_policy",
            "module.eks_cluster.aws_iam_role.this",
            "module.eks_cluster.aws_iam_role_policy_attachment.this",
            "module.eks_cluster.aws_security_group.cluster",
            "module.eks_cluster.aws_security_group.node",
            "module.eks_cluster.aws_security_group_rule.cluster",
            "module.eks_cluster.aws_security_group_rule.node",
            "module.eks_cluster.data.aws_caller_identity.current",
            "module.eks_cluster.data.aws_iam_policy_document.assume_role_policy",
            "module.eks_cluster.data.aws_iam_policy_document.cni_ipv6_policy",
            "module.eks_cluster.data.aws_iam_session_context.current",
            "module.eks_cluster.data.aws_partition.current",
            "module.eks_cluster.module.fargate_profile.aws_iam_role.this",
            "module.eks_cluster.module.fargate_profile.data.aws_caller_identity.current",
            "module.eks_cluster.module.fargate_profile.data.aws_iam_policy_document.assume_role_policy",
            "module.eks_cluster.module.fargate_profile.data.aws_partition.current",
            "module.eks_cluster.module.fargate_profile.data.aws_region.current",
            "module.eks_cluster.module.kms.aws_kms_external_key.this",
            "module.eks_cluster.module.kms.aws_kms_key.this",
            "module.eks_cluster.module.kms.aws_kms_replica_external_key.this",
            "module.eks_cluster.module.kms.aws_kms_replica_key.this",
            "module.eks_cluster.module.kms.data.aws_caller_identity.current",
            "module.eks_cluster.module.kms.data.aws_iam_policy_document.this",
            "module.eks_cluster.module.kms.data.aws_partition.current",
            "module.eks_cluster.time_sleep.this",
            "module.vpc.aws_subnet.private",
            "module.vpc.aws_subnet.public",
            "module.vpc.aws_vpc.this",
            "module.vpc.aws_vpc_ipv4_cidr_block_association.this"
          ]
        }
      ]
    },
    {
      "module": "module.eks_cluster.module.fargate_profile[\"innov\"]",
      "mode": "data",
      "type": "aws_caller_identity",
      "name": "current",
      "provider": "provider[\"registry.terraform.io/hashicorp/aws\"]",
      "instances": [
        {
          "schema_version": 0,
          "attributes": {
            "account_id": "389029577690",
            "arn": "arn:aws:iam::389029577690:user/Marketing",
            "id": "389029577690",
            "user_id": "AIDAVVE7YIPNMUTPSACL4"
          },
          "sensitive_attributes": []
        }
      ]
    },
    {
      "module": "module.eks_cluster.module.fargate_profile[\"innov\"]",
      "mode": "data",
      "type": "aws_iam_policy_document",
      "name": "assume_role_policy",
      "provider": "provider[\"registry.terraform.io/hashicorp/aws\"]",
      "instances": [
        {
          "index_key": 0,
          "schema_version": 0,
          "attributes": {
            "id": "348162694",
            "json": "{\n  \"Version\": \"2012-10-17\",\n  \"Statement\": [\n    {\n      \"Effect\": \"Allow\",\n      \"Action\": \"sts:AssumeRole\",\n      \"Principal\": {\n        \"Service\": \"eks-fargate-pods.amazonaws.com\"\n      },\n      \"Condition\": {\n        \"ArnLike\": {\n          \"aws:SourceArn\": \"arn:aws:eks:us-east-1:389029577690:fargateprofile/eks-blueprint/*\"\n        }\n      }\n    }\n  ]\n}",
            "minified_json": "{\"Version\":\"2012-10-17\",\"Statement\":[{\"Effect\":\"Allow\",\"Action\":\"sts:AssumeRole\",\"Principal\":{\"Service\":\"eks-fargate-pods.amazonaws.com\"},\"Condition\":{\"ArnLike\":{\"aws:SourceArn\":\"arn:aws:eks:us-east-1:389029577690:fargateprofile/eks-blueprint/*\"}}}]}",
            "override_json": null,
            "override_policy_documents": null,
            "policy_id": null,
            "source_json": null,
            "source_policy_documents": null,
            "statement": [
              {
                "actions": [
                  "sts:AssumeRole"
                ],
                "condition": [
                  {
                    "test": "ArnLike",
                    "values": [
                      "arn:aws:eks:us-east-1:389029577690:fargateprofile/eks-blueprint/*"
                    ],
                    "variable": "aws:SourceArn"
                  }
                ],
                "effect": "Allow",
                "not_actions": [],
                "not_principals": [],
                "not_resources": [],
                "principals": [
                  {
                    "identifiers": [
                      "eks-fargate-pods.amazonaws.com"
                    ],
                    "type": "Service"
                  }
                ],
                "resources": [],
                "sid": ""
              }
            ],
            "version": "2012-10-17"
          },
          "sensitive_attributes": []
        }
      ]
    },
    {
      "module": "module.eks_cluster.module.fargate_profile[\"innov\"]",
      "mode": "data",
      "type": "aws_partition",
      "name": "current",
      "provider": "provider[\"registry.terraform.io/hashicorp/aws\"]",
      "instances": [
        {
          "schema_version": 0,
          "attributes": {
            "dns_suffix": "amazonaws.com",
            "id": "aws",
            "partition": "aws",
            "reverse_dns_prefix": "com.amazonaws"
          },
          "sensitive_attributes": []
        }
      ]
    },
    {
      "module": "module.eks_cluster.module.fargate_profile[\"innov\"]",
      "mode": "data",
      "type": "aws_region",
      "name": "current",
      "provider": "provider[\"registry.terraform.io/hashicorp/aws\"]",
      "instances": [
        {
          "schema_version": 0,
          "attributes": {
            "description": "US East (N. Virginia)",
            "endpoint": "ec2.us-east-1.amazonaws.com",
            "id": "us-east-1",
            "name": "us-east-1"
          },
          "sensitive_attributes": []
        }
      ]
    },
    {
      "module": "module.eks_cluster.module.fargate_profile[\"innov\"]",
      "mode": "managed",
      "type": "aws_eks_fargate_profile",
      "name": "this",
      "provider": "provider[\"registry.terraform.io/hashicorp/aws\"]",
      "instances": [
        {
          "index_key": 0,
          "schema_version": 0,
          "attributes": {
            "arn": "arn:aws:eks:us-east-1:389029577690:fargateprofile/eks-blueprint/innov/5ec85bdd-6ea1-57c5-71f0-b8297b83e3e0",
            "cluster_name": "eks-blueprint",
            "fargate_profile_name": "innov",
            "id": "eks-blueprint:innov",
            "pod_execution_role_arn": "arn:aws:iam::389029577690:role/innov-20240715184602504700000021",
            "selector": [
              {
                "labels": {},
                "namespace": "innov-namespace"
              }
            ],
            "status": "ACTIVE",
            "subnet_ids": [
              "subnet-0c336be2f990830c9",
              "subnet-0d2f17567e3cd6dc6"
            ],
            "tags": {
              "Environment": "sandbox",
              "Terraform": "true"
            },
            "tags_all": {
              "Environment": "sandbox",
              "Terraform": "true"
            },
            "timeouts": {
              "create": null,
              "delete": null
            }
          },
          "sensitive_attributes": [],
          "private": "eyJlMmJmYjczMC1lY2FhLTExZTYtOGY4OC0zNDM2M2JjN2M0YzAiOnsiY3JlYXRlIjo2MDAwMDAwMDAwMDAsImRlbGV0ZSI6NjAwMDAwMDAwMDAwfX0=",
          "dependencies": [
            "module.eks_cluster.aws_cloudwatch_log_group.this",
            "module.eks_cluster.aws_eks_cluster.this",
            "module.eks_cluster.aws_iam_policy.cni_ipv6_policy",
            "module.eks_cluster.aws_iam_role.this",
            "module.eks_cluster.aws_iam_role_policy_attachment.this",
            "module.eks_cluster.aws_security_group.cluster",
            "module.eks_cluster.aws_security_group.node",
            "module.eks_cluster.aws_security_group_rule.cluster",
            "module.eks_cluster.aws_security_group_rule.node",
            "module.eks_cluster.data.aws_caller_identity.current",
            "module.eks_cluster.data.aws_iam_policy_document.assume_role_policy",
            "module.eks_cluster.data.aws_iam_policy_document.cni_ipv6_policy",
            "module.eks_cluster.data.aws_iam_session_context.current",
            "module.eks_cluster.data.aws_partition.current",
            "module.eks_cluster.module.fargate_profile.aws_iam_role.this",
            "module.eks_cluster.module.fargate_profile.data.aws_caller_identity.current",
            "module.eks_cluster.module.fargate_profile.data.aws_iam_policy_document.assume_role_policy",
            "module.eks_cluster.module.fargate_profile.data.aws_partition.current",
            "module.eks_cluster.module.fargate_profile.data.aws_region.current",
            "module.eks_cluster.module.kms.aws_kms_external_key.this",
            "module.eks_cluster.module.kms.aws_kms_key.this",
            "module.eks_cluster.module.kms.aws_kms_replica_external_key.this",
            "module.eks_cluster.module.kms.aws_kms_replica_key.this",
            "module.eks_cluster.module.kms.data.aws_caller_identity.current",
            "module.eks_cluster.module.kms.data.aws_iam_policy_document.this",
            "module.eks_cluster.module.kms.data.aws_partition.current",
            "module.eks_cluster.time_sleep.this",
            "module.vpc.aws_subnet.private",
            "module.vpc.aws_subnet.public",
            "module.vpc.aws_vpc.this",
            "module.vpc.aws_vpc_ipv4_cidr_block_association.this"
          ]
        }
      ]
    },
    {
      "module": "module.eks_cluster.module.fargate_profile[\"innov\"]",
      "mode": "managed",
      "type": "aws_iam_role",
      "name": "this",
      "provider": "provider[\"registry.terraform.io/hashicorp/aws\"]",
      "instances": [
        {
          "index_key": 0,
          "schema_version": 0,
          "attributes": {
            "arn": "arn:aws:iam::389029577690:role/innov-20240715184602504700000021",
            "assume_role_policy": "{\"Statement\":[{\"Action\":\"sts:AssumeRole\",\"Condition\":{\"ArnLike\":{\"aws:SourceArn\":\"arn:aws:eks:us-east-1:389029577690:fargateprofile/eks-blueprint/*\"}},\"Effect\":\"Allow\",\"Principal\":{\"Service\":\"eks-fargate-pods.amazonaws.com\"}}],\"Version\":\"2012-10-17\"}",
            "create_date": "2024-07-15T18:46:02Z",
            "description": "Fargate profile IAM role",
            "force_detach_policies": true,
            "id": "innov-20240715184602504700000021",
            "inline_policy": [],
            "managed_policy_arns": [
              "arn:aws:iam::aws:policy/AmazonEKSFargatePodExecutionRolePolicy",
              "arn:aws:iam::aws:policy/AmazonEKS_CNI_Policy"
            ],
            "max_session_duration": 3600,
            "name": "innov-20240715184602504700000021",
            "name_prefix": "innov-",
            "path": "/",
            "permissions_boundary": "",
            "tags": {
              "Environment": "sandbox",
              "Terraform": "true"
            },
            "tags_all": {
              "Environment": "sandbox",
              "Terraform": "true"
            },
            "unique_id": "AROAVVE7YIPNCLKGSAG5B"
          },
          "sensitive_attributes": [],
          "private": "bnVsbA==",
          "dependencies": [
            "module.eks_cluster.aws_cloudwatch_log_group.this",
            "module.eks_cluster.aws_eks_cluster.this",
            "module.eks_cluster.aws_iam_policy.cni_ipv6_policy",
            "module.eks_cluster.aws_iam_role.this",
            "module.eks_cluster.aws_iam_role_policy_attachment.this",
            "module.eks_cluster.aws_security_group.cluster",
            "module.eks_cluster.aws_security_group.node",
            "module.eks_cluster.aws_security_group_rule.cluster",
            "module.eks_cluster.aws_security_group_rule.node",
            "module.eks_cluster.data.aws_caller_identity.current",
            "module.eks_cluster.data.aws_iam_policy_document.assume_role_policy",
            "module.eks_cluster.data.aws_iam_policy_document.cni_ipv6_policy",
            "module.eks_cluster.data.aws_iam_session_context.current",
            "module.eks_cluster.data.aws_partition.current",
            "module.eks_cluster.module.fargate_profile.data.aws_caller_identity.current",
            "module.eks_cluster.module.fargate_profile.data.aws_iam_policy_document.assume_role_policy",
            "module.eks_cluster.module.fargate_profile.data.aws_partition.current",
            "module.eks_cluster.module.fargate_profile.data.aws_region.current",
            "module.eks_cluster.module.kms.aws_kms_external_key.this",
            "module.eks_cluster.module.kms.aws_kms_key.this",
            "module.eks_cluster.module.kms.aws_kms_replica_external_key.this",
            "module.eks_cluster.module.kms.aws_kms_replica_key.this",
            "module.eks_cluster.module.kms.data.aws_caller_identity.current",
            "module.eks_cluster.module.kms.data.aws_iam_policy_document.this",
            "module.eks_cluster.module.kms.data.aws_partition.current",
            "module.eks_cluster.time_sleep.this",
            "module.vpc.aws_subnet.private",
            "module.vpc.aws_subnet.public",
            "module.vpc.aws_vpc.this",
            "module.vpc.aws_vpc_ipv4_cidr_block_association.this"
          ]
        }
      ]
    },
    {
      "module": "module.eks_cluster.module.fargate_profile[\"innov\"]",
      "mode": "managed",
      "type": "aws_iam_role_policy_attachment",
      "name": "this",
      "provider": "provider[\"registry.terraform.io/hashicorp/aws\"]",
      "instances": [
        {
          "index_key": "AmazonEKSFargatePodExecutionRolePolicy",
          "schema_version": 0,
          "attributes": {
            "id": "innov-20240715184602504700000021-20240715184603596100000027",
            "policy_arn": "arn:aws:iam::aws:policy/AmazonEKSFargatePodExecutionRolePolicy",
            "role": "innov-20240715184602504700000021"
          },
          "sensitive_attributes": [],
          "private": "bnVsbA==",
          "dependencies": [
            "module.eks_cluster.aws_cloudwatch_log_group.this",
            "module.eks_cluster.aws_eks_cluster.this",
            "module.eks_cluster.aws_iam_policy.cni_ipv6_policy",
            "module.eks_cluster.aws_iam_role.this",
            "module.eks_cluster.aws_iam_role_policy_attachment.this",
            "module.eks_cluster.aws_security_group.cluster",
            "module.eks_cluster.aws_security_group.node",
            "module.eks_cluster.aws_security_group_rule.cluster",
            "module.eks_cluster.aws_security_group_rule.node",
            "module.eks_cluster.data.aws_caller_identity.current",
            "module.eks_cluster.data.aws_iam_policy_document.assume_role_policy",
            "module.eks_cluster.data.aws_iam_policy_document.cni_ipv6_policy",
            "module.eks_cluster.data.aws_iam_session_context.current",
            "module.eks_cluster.data.aws_partition.current",
            "module.eks_cluster.module.fargate_profile.aws_iam_role.this",
            "module.eks_cluster.module.fargate_profile.data.aws_caller_identity.current",
            "module.eks_cluster.module.fargate_profile.data.aws_iam_policy_document.assume_role_policy",
            "module.eks_cluster.module.fargate_profile.data.aws_partition.current",
            "module.eks_cluster.module.fargate_profile.data.aws_region.current",
            "module.eks_cluster.module.kms.aws_kms_external_key.this",
            "module.eks_cluster.module.kms.aws_kms_key.this",
            "module.eks_cluster.module.kms.aws_kms_replica_external_key.this",
            "module.eks_cluster.module.kms.aws_kms_replica_key.this",
            "module.eks_cluster.module.kms.data.aws_caller_identity.current",
            "module.eks_cluster.module.kms.data.aws_iam_policy_document.this",
            "module.eks_cluster.module.kms.data.aws_partition.current",
            "module.eks_cluster.time_sleep.this",
            "module.vpc.aws_subnet.private",
            "module.vpc.aws_subnet.public",
            "module.vpc.aws_vpc.this",
            "module.vpc.aws_vpc_ipv4_cidr_block_association.this"
          ]
        },
        {
          "index_key": "AmazonEKS_CNI_Policy",
          "schema_version": 0,
          "attributes": {
            "id": "innov-20240715184602504700000021-20240715184603622100000029",
            "policy_arn": "arn:aws:iam::aws:policy/AmazonEKS_CNI_Policy",
            "role": "innov-20240715184602504700000021"
          },
          "sensitive_attributes": [],
          "private": "bnVsbA==",
          "dependencies": [
            "module.eks_cluster.aws_cloudwatch_log_group.this",
            "module.eks_cluster.aws_eks_cluster.this",
            "module.eks_cluster.aws_iam_policy.cni_ipv6_policy",
            "module.eks_cluster.aws_iam_role.this",
            "module.eks_cluster.aws_iam_role_policy_attachment.this",
            "module.eks_cluster.aws_security_group.cluster",
            "module.eks_cluster.aws_security_group.node",
            "module.eks_cluster.aws_security_group_rule.cluster",
            "module.eks_cluster.aws_security_group_rule.node",
            "module.eks_cluster.data.aws_caller_identity.current",
            "module.eks_cluster.data.aws_iam_policy_document.assume_role_policy",
            "module.eks_cluster.data.aws_iam_policy_document.cni_ipv6_policy",
            "module.eks_cluster.data.aws_iam_session_context.current",
            "module.eks_cluster.data.aws_partition.current",
            "module.eks_cluster.module.fargate_profile.aws_iam_role.this",
            "module.eks_cluster.module.fargate_profile.data.aws_caller_identity.current",
            "module.eks_cluster.module.fargate_profile.data.aws_iam_policy_document.assume_role_policy",
            "module.eks_cluster.module.fargate_profile.data.aws_partition.current",
            "module.eks_cluster.module.fargate_profile.data.aws_region.current",
            "module.eks_cluster.module.kms.aws_kms_external_key.this",
            "module.eks_cluster.module.kms.aws_kms_key.this",
            "module.eks_cluster.module.kms.aws_kms_replica_external_key.this",
            "module.eks_cluster.module.kms.aws_kms_replica_key.this",
            "module.eks_cluster.module.kms.data.aws_caller_identity.current",
            "module.eks_cluster.module.kms.data.aws_iam_policy_document.this",
            "module.eks_cluster.module.kms.data.aws_partition.current",
            "module.eks_cluster.time_sleep.this",
            "module.vpc.aws_subnet.private",
            "module.vpc.aws_subnet.public",
            "module.vpc.aws_vpc.this",
            "module.vpc.aws_vpc_ipv4_cidr_block_association.this"
          ]
        }
      ]
    },
    {
      "module": "module.eks_cluster.module.kms",
      "mode": "data",
      "type": "aws_caller_identity",
      "name": "current",
      "provider": "provider[\"registry.terraform.io/hashicorp/aws\"]",
      "instances": [
        {
          "index_key": 0,
          "schema_version": 0,
          "attributes": {
            "account_id": "389029577690",
            "arn": "arn:aws:iam::389029577690:user/Marketing",
            "id": "389029577690",
            "user_id": "AIDAVVE7YIPNMUTPSACL4"
          },
          "sensitive_attributes": []
        }
      ]
    },
    {
      "module": "module.eks_cluster.module.kms",
      "mode": "data",
      "type": "aws_iam_policy_document",
      "name": "this",
      "provider": "provider[\"registry.terraform.io/hashicorp/aws\"]",
      "instances": [
        {
          "index_key": 0,
          "schema_version": 0,
          "attributes": {
            "id": "120318313",
            "json": "{\n  \"Version\": \"2012-10-17\",\n  \"Statement\": [\n    {\n      \"Sid\": \"Default\",\n      \"Effect\": \"Allow\",\n      \"Action\": \"kms:*\",\n      \"Resource\": \"*\",\n      \"Principal\": {\n        \"AWS\": \"arn:aws:iam::389029577690:root\"\n      }\n    },\n    {\n      \"Sid\": \"KeyAdministration\",\n      \"Effect\": \"Allow\",\n      \"Action\": [\n        \"kms:Update*\",\n        \"kms:UntagResource\",\n        \"kms:TagResource\",\n        \"kms:ScheduleKeyDeletion\",\n        \"kms:Revoke*\",\n        \"kms:ReplicateKey\",\n        \"kms:Put*\",\n        \"kms:List*\",\n        \"kms:ImportKeyMaterial\",\n        \"kms:Get*\",\n        \"kms:Enable*\",\n        \"kms:Disable*\",\n        \"kms:Describe*\",\n        \"kms:Delete*\",\n        \"kms:Create*\",\n        \"kms:CancelKeyDeletion\"\n      ],\n      \"Resource\": \"*\",\n      \"Principal\": {\n        \"AWS\": \"arn:aws:iam::389029577690:user/Marketing\"\n      }\n    },\n    {\n      \"Sid\": \"KeyUsage\",\n      \"Effect\": \"Allow\",\n      \"Action\": [\n        \"kms:ReEncrypt*\",\n        \"kms:GenerateDataKey*\",\n        \"kms:Encrypt\",\n        \"kms:DescribeKey\",\n        \"kms:Decrypt\"\n      ],\n      \"Resource\": \"*\",\n      \"Principal\": {\n        \"AWS\": \"arn:aws:iam::389029577690:role/eks-blueprint-cluster-role\"\n      }\n    }\n  ]\n}",
            "minified_json": "{\"Version\":\"2012-10-17\",\"Statement\":[{\"Sid\":\"Default\",\"Effect\":\"Allow\",\"Action\":\"kms:*\",\"Resource\":\"*\",\"Principal\":{\"AWS\":\"arn:aws:iam::389029577690:root\"}},{\"Sid\":\"KeyAdministration\",\"Effect\":\"Allow\",\"Action\":[\"kms:Update*\",\"kms:UntagResource\",\"kms:TagResource\",\"kms:ScheduleKeyDeletion\",\"kms:Revoke*\",\"kms:ReplicateKey\",\"kms:Put*\",\"kms:List*\",\"kms:ImportKeyMaterial\",\"kms:Get*\",\"kms:Enable*\",\"kms:Disable*\",\"kms:Describe*\",\"kms:Delete*\",\"kms:Create*\",\"kms:CancelKeyDeletion\"],\"Resource\":\"*\",\"Principal\":{\"AWS\":\"arn:aws:iam::389029577690:user/Marketing\"}},{\"Sid\":\"KeyUsage\",\"Effect\":\"Allow\",\"Action\":[\"kms:ReEncrypt*\",\"kms:GenerateDataKey*\",\"kms:Encrypt\",\"kms:DescribeKey\",\"kms:Decrypt\"],\"Resource\":\"*\",\"Principal\":{\"AWS\":\"arn:aws:iam::389029577690:role/eks-blueprint-cluster-role\"}}]}",
            "override_json": null,
            "override_policy_documents": null,
            "policy_id": null,
            "source_json": null,
            "source_policy_documents": null,
            "statement": [
              {
                "actions": [
                  "kms:*"
                ],
                "condition": [],
                "effect": "Allow",
                "not_actions": [],
                "not_principals": [],
                "not_resources": [],
                "principals": [
                  {
                    "identifiers": [
                      "arn:aws:iam::389029577690:root"
                    ],
                    "type": "AWS"
                  }
                ],
                "resources": [
                  "*"
                ],
                "sid": "Default"
              },
              {
                "actions": [
                  "kms:CancelKeyDeletion",
                  "kms:Create*",
                  "kms:Delete*",
                  "kms:Describe*",
                  "kms:Disable*",
                  "kms:Enable*",
                  "kms:Get*",
                  "kms:ImportKeyMaterial",
                  "kms:List*",
                  "kms:Put*",
                  "kms:ReplicateKey",
                  "kms:Revoke*",
                  "kms:ScheduleKeyDeletion",
                  "kms:TagResource",
                  "kms:UntagResource",
                  "kms:Update*"
                ],
                "condition": [],
                "effect": "Allow",
                "not_actions": [],
                "not_principals": [],
                "not_resources": [],
                "principals": [
                  {
                    "identifiers": [
                      "arn:aws:iam::389029577690:user/Marketing"
                    ],
                    "type": "AWS"
                  }
                ],
                "resources": [
                  "*"
                ],
                "sid": "KeyAdministration"
              },
              {
                "actions": [
                  "kms:Decrypt",
                  "kms:DescribeKey",
                  "kms:Encrypt",
                  "kms:GenerateDataKey*",
                  "kms:ReEncrypt*"
                ],
                "condition": [],
                "effect": "Allow",
                "not_actions": [],
                "not_principals": [],
                "not_resources": [],
                "principals": [
                  {
                    "identifiers": [
                      "arn:aws:iam::389029577690:role/eks-blueprint-cluster-role"
                    ],
                    "type": "AWS"
                  }
                ],
                "resources": [
                  "*"
                ],
                "sid": "KeyUsage"
              }
            ],
            "version": "2012-10-17"
          },
          "sensitive_attributes": []
        }
      ]
    },
    {
      "module": "module.eks_cluster.module.kms",
      "mode": "data",
      "type": "aws_partition",
      "name": "current",
      "provider": "provider[\"registry.terraform.io/hashicorp/aws\"]",
      "instances": [
        {
          "index_key": 0,
          "schema_version": 0,
          "attributes": {
            "dns_suffix": "amazonaws.com",
            "id": "aws",
            "partition": "aws",
            "reverse_dns_prefix": "com.amazonaws"
          },
          "sensitive_attributes": []
        }
      ]
    },
    {
      "module": "module.eks_cluster.module.kms",
      "mode": "managed",
      "type": "aws_kms_alias",
      "name": "this",
      "provider": "provider[\"registry.terraform.io/hashicorp/aws\"]",
      "instances": [
        {
          "index_key": "cluster",
          "schema_version": 0,
          "attributes": {
            "arn": "arn:aws:kms:us-east-1:389029577690:alias/eks/eks-blueprint",
            "id": "alias/eks/eks-blueprint",
            "name": "alias/eks/eks-blueprint",
            "name_prefix": "",
            "target_key_arn": "arn:aws:kms:us-east-1:389029577690:key/e0c89278-298e-40f0-88dd-e8fa0a5e335c",
            "target_key_id": "e0c89278-298e-40f0-88dd-e8fa0a5e335c"
          },
          "sensitive_attributes": [],
          "private": "bnVsbA==",
          "dependencies": [
            "module.eks_cluster.aws_iam_role.this",
            "module.eks_cluster.data.aws_caller_identity.current",
            "module.eks_cluster.data.aws_iam_policy_document.assume_role_policy",
            "module.eks_cluster.data.aws_iam_session_context.current",
            "module.eks_cluster.module.kms.aws_kms_external_key.this",
            "module.eks_cluster.module.kms.aws_kms_key.this",
            "module.eks_cluster.module.kms.aws_kms_replica_external_key.this",
            "module.eks_cluster.module.kms.aws_kms_replica_key.this",
            "module.eks_cluster.module.kms.data.aws_caller_identity.current",
            "module.eks_cluster.module.kms.data.aws_iam_policy_document.this",
            "module.eks_cluster.module.kms.data.aws_partition.current"
          ]
        },
        {
          "index_key": "cluster-key",
          "schema_version": 0,
          "attributes": {
            "arn": "arn:aws:kms:us-east-1:389029577690:alias/cluster-key",
            "id": "alias/cluster-key",
            "name": "alias/cluster-key",
            "name_prefix": "",
            "target_key_arn": "arn:aws:kms:us-east-1:389029577690:key/e0c89278-298e-40f0-88dd-e8fa0a5e335c",
            "target_key_id": "e0c89278-298e-40f0-88dd-e8fa0a5e335c"
          },
          "sensitive_attributes": [],
          "private": "bnVsbA==",
          "dependencies": [
            "module.eks_cluster.aws_iam_role.this",
            "module.eks_cluster.data.aws_caller_identity.current",
            "module.eks_cluster.data.aws_iam_policy_document.assume_role_policy",
            "module.eks_cluster.data.aws_iam_session_context.current",
            "module.eks_cluster.module.kms.aws_kms_external_key.this",
            "module.eks_cluster.module.kms.aws_kms_key.this",
            "module.eks_cluster.module.kms.aws_kms_replica_external_key.this",
            "module.eks_cluster.module.kms.aws_kms_replica_key.this",
            "module.eks_cluster.module.kms.data.aws_caller_identity.current",
            "module.eks_cluster.module.kms.data.aws_iam_policy_document.this",
            "module.eks_cluster.module.kms.data.aws_partition.current"
          ]
        }
      ]
    },
    {
      "module": "module.eks_cluster.module.kms",
      "mode": "managed",
      "type": "aws_kms_key",
      "name": "this",
      "provider": "provider[\"registry.terraform.io/hashicorp/aws\"]",
      "instances": [
        {
          "index_key": 0,
          "schema_version": 0,
          "attributes": {
            "arn": "arn:aws:kms:us-east-1:389029577690:key/e0c89278-298e-40f0-88dd-e8fa0a5e335c",
            "bypass_policy_lockout_safety_check": false,
            "custom_key_store_id": "",
            "customer_master_key_spec": "SYMMETRIC_DEFAULT",
            "deletion_window_in_days": 7,
            "description": "eks-blueprint cluster encryption key",
            "enable_key_rotation": true,
            "id": "e0c89278-298e-40f0-88dd-e8fa0a5e335c",
            "is_enabled": true,
            "key_id": "e0c89278-298e-40f0-88dd-e8fa0a5e335c",
            "key_usage": "ENCRYPT_DECRYPT",
            "multi_region": false,
            "policy": "{\"Statement\":[{\"Action\":\"kms:*\",\"Effect\":\"Allow\",\"Principal\":{\"AWS\":\"arn:aws:iam::389029577690:root\"},\"Resource\":\"*\",\"Sid\":\"Default\"},{\"Action\":[\"kms:Update*\",\"kms:UntagResource\",\"kms:TagResource\",\"kms:ScheduleKeyDeletion\",\"kms:Revoke*\",\"kms:ReplicateKey\",\"kms:Put*\",\"kms:List*\",\"kms:ImportKeyMaterial\",\"kms:Get*\",\"kms:Enable*\",\"kms:Disable*\",\"kms:Describe*\",\"kms:Delete*\",\"kms:Create*\",\"kms:CancelKeyDeletion\"],\"Effect\":\"Allow\",\"Principal\":{\"AWS\":\"arn:aws:iam::389029577690:user/Marketing\"},\"Resource\":\"*\",\"Sid\":\"KeyAdministration\"},{\"Action\":[\"kms:ReEncrypt*\",\"kms:GenerateDataKey*\",\"kms:Encrypt\",\"kms:DescribeKey\",\"kms:Decrypt\"],\"Effect\":\"Allow\",\"Principal\":{\"AWS\":\"arn:aws:iam::389029577690:role/eks-blueprint-cluster-role\"},\"Resource\":\"*\",\"Sid\":\"KeyUsage\"}],\"Version\":\"2012-10-17\"}",
            "rotation_period_in_days": 365,
            "tags": {
              "Environment": "sandbox",
              "Terraform": "true",
              "terraform-aws-modules": "eks"
            },
            "tags_all": {
              "Environment": "sandbox",
              "Terraform": "true",
              "terraform-aws-modules": "eks"
            },
            "timeouts": null,
            "xks_key_id": ""
          },
          "sensitive_attributes": [],
          "private": "eyJlMmJmYjczMC1lY2FhLTExZTYtOGY4OC0zNDM2M2JjN2M0YzAiOnsiY3JlYXRlIjoxMjAwMDAwMDAwMDB9fQ==",
          "dependencies": [
            "module.eks_cluster.aws_iam_role.this",
            "module.eks_cluster.data.aws_caller_identity.current",
            "module.eks_cluster.data.aws_iam_policy_document.assume_role_policy",
            "module.eks_cluster.data.aws_iam_session_context.current",
            "module.eks_cluster.module.kms.data.aws_caller_identity.current",
            "module.eks_cluster.module.kms.data.aws_iam_policy_document.this",
            "module.eks_cluster.module.kms.data.aws_partition.current"
          ],
          "create_before_destroy": true
        }
      ]
    },
    {
      "module": "module.vpc",
      "mode": "managed",
      "type": "aws_default_network_acl",
      "name": "this",
      "provider": "provider[\"registry.terraform.io/hashicorp/aws\"]",
      "instances": [
        {
          "index_key": 0,
          "schema_version": 0,
          "attributes": {
            "arn": "arn:aws:ec2:us-east-1:389029577690:network-acl/acl-09a3d27739a104e54",
            "default_network_acl_id": "acl-09a3d27739a104e54",
            "egress": [
              {
                "action": "allow",
                "cidr_block": "",
                "from_port": 0,
                "icmp_code": 0,
                "icmp_type": 0,
                "ipv6_cidr_block": "::/0",
                "protocol": "-1",
                "rule_no": 101,
                "to_port": 0
              },
              {
                "action": "allow",
                "cidr_block": "0.0.0.0/0",
                "from_port": 0,
                "icmp_code": 0,
                "icmp_type": 0,
                "ipv6_cidr_block": "",
                "protocol": "-1",
                "rule_no": 100,
                "to_port": 0
              }
            ],
            "id": "acl-09a3d27739a104e54",
            "ingress": [
              {
                "action": "allow",
                "cidr_block": "",
                "from_port": 0,
                "icmp_code": 0,
                "icmp_type": 0,
                "ipv6_cidr_block": "::/0",
                "protocol": "-1",
                "rule_no": 101,
                "to_port": 0
              },
              {
                "action": "allow",
                "cidr_block": "0.0.0.0/0",
                "from_port": 0,
                "icmp_code": 0,
                "icmp_type": 0,
                "ipv6_cidr_block": "",
                "protocol": "-1",
                "rule_no": 100,
                "to_port": 0
              }
            ],
            "owner_id": "389029577690",
            "subnet_ids": [
              "subnet-0186f245e115e35c2",
              "subnet-0565fa08f9acb0a97",
              "subnet-0c336be2f990830c9",
              "subnet-0d2f17567e3cd6dc6"
            ],
            "tags": {
              "Environment": "dev",
              "Name": "eks-blueprint-vpc-default",
              "Terraform": "true"
            },
            "tags_all": {
              "Environment": "dev",
              "Name": "eks-blueprint-vpc-default",
              "Terraform": "true"
            },
            "vpc_id": "vpc-02e50f66fdfd6322f"
          },
          "sensitive_attributes": [],
          "private": "bnVsbA==",
          "dependencies": [
            "module.vpc.aws_vpc.this"
          ]
        }
      ]
    },
    {
      "module": "module.vpc",
      "mode": "managed",
      "type": "aws_default_route_table",
      "name": "default",
      "provider": "provider[\"registry.terraform.io/hashicorp/aws\"]",
      "instances": [
        {
          "index_key": 0,
          "schema_version": 0,
          "attributes": {
            "arn": "arn:aws:ec2:us-east-1:389029577690:route-table/rtb-0ee5c955dede48a02",
            "default_route_table_id": "rtb-0ee5c955dede48a02",
            "id": "rtb-0ee5c955dede48a02",
            "owner_id": "389029577690",
            "propagating_vgws": [],
            "route": [],
            "tags": {
              "Environment": "dev",
              "Name": "eks-blueprint-vpc-default",
              "Terraform": "true"
            },
            "tags_all": {
              "Environment": "dev",
              "Name": "eks-blueprint-vpc-default",
              "Terraform": "true"
            },
            "timeouts": {
              "create": "5m",
              "update": "5m"
            },
            "vpc_id": "vpc-02e50f66fdfd6322f"
          },
          "sensitive_attributes": [],
          "private": "eyJlMmJmYjczMC1lY2FhLTExZTYtOGY4OC0zNDM2M2JjN2M0YzAiOnsiY3JlYXRlIjozMDAwMDAwMDAwMDAsInVwZGF0ZSI6MzAwMDAwMDAwMDAwfX0=",
          "dependencies": [
            "module.vpc.aws_vpc.this"
          ]
        }
      ]
    },
    {
      "module": "module.vpc",
      "mode": "managed",
      "type": "aws_default_security_group",
      "name": "this",
      "provider": "provider[\"registry.terraform.io/hashicorp/aws\"]",
      "instances": [
        {
          "index_key": 0,
          "schema_version": 1,
          "attributes": {
            "arn": "arn:aws:ec2:us-east-1:389029577690:security-group/sg-0745a230a42edb578",
            "description": "default VPC security group",
            "egress": [],
            "id": "sg-0745a230a42edb578",
            "ingress": [],
            "name": "default",
            "name_prefix": "",
            "owner_id": "389029577690",
            "revoke_rules_on_delete": false,
            "tags": {
              "Environment": "dev",
              "Name": "eks-blueprint-vpc-default",
              "Terraform": "true"
            },
            "tags_all": {
              "Environment": "dev",
              "Name": "eks-blueprint-vpc-default",
              "Terraform": "true"
            },
            "vpc_id": "vpc-02e50f66fdfd6322f"
          },
          "sensitive_attributes": [],
          "private": "eyJzY2hlbWFfdmVyc2lvbiI6IjEifQ==",
          "dependencies": [
            "module.vpc.aws_vpc.this"
          ]
        }
      ]
    },
    {
      "module": "module.vpc",
      "mode": "managed",
      "type": "aws_eip",
      "name": "nat",
      "provider": "provider[\"registry.terraform.io/hashicorp/aws\"]",
      "instances": [
        {
          "index_key": 0,
          "schema_version": 0,
          "attributes": {
            "address": null,
            "allocation_id": "eipalloc-0494bdff89e2395b2",
            "arn": "arn:aws:ec2:us-east-1:389029577690:elastic-ip/eipalloc-0494bdff89e2395b2",
            "associate_with_private_ip": null,
            "association_id": "eipassoc-0030319382b5cfd1a",
            "carrier_ip": "",
            "customer_owned_ip": "",
            "customer_owned_ipv4_pool": "",
            "domain": "vpc",
            "id": "eipalloc-0494bdff89e2395b2",
            "instance": "",
            "network_border_group": "us-east-1",
            "network_interface": "eni-01c3645c0e82b72f0",
            "private_dns": "ip-10-0-101-79.ec2.internal",
            "private_ip": "10.0.101.79",
            "ptr_record": "",
            "public_dns": "ec2-100-28-72-191.compute-1.amazonaws.com",
            "public_ip": "100.28.72.191",
            "public_ipv4_pool": "amazon",
            "tags": {
              "Environment": "dev",
              "Name": "eks-blueprint-vpc-us-east-1a",
              "Terraform": "true"
            },
            "tags_all": {
              "Environment": "dev",
              "Name": "eks-blueprint-vpc-us-east-1a",
              "Terraform": "true"
            },
            "timeouts": null,
            "vpc": true
          },
          "sensitive_attributes": [],
          "private": "eyJlMmJmYjczMC1lY2FhLTExZTYtOGY4OC0zNDM2M2JjN2M0YzAiOnsiZGVsZXRlIjoxODAwMDAwMDAwMDAsInJlYWQiOjkwMDAwMDAwMDAwMCwidXBkYXRlIjozMDAwMDAwMDAwMDB9fQ==",
          "dependencies": [
            "module.vpc.aws_internet_gateway.this",
            "module.vpc.aws_vpc.this",
            "module.vpc.aws_vpc_ipv4_cidr_block_association.this"
          ]
        }
      ]
    },
    {
      "module": "module.vpc",
      "mode": "managed",
      "type": "aws_internet_gateway",
      "name": "this",
      "provider": "provider[\"registry.terraform.io/hashicorp/aws\"]",
      "instances": [
        {
          "index_key": 0,
          "schema_version": 0,
          "attributes": {
            "arn": "arn:aws:ec2:us-east-1:389029577690:internet-gateway/igw-0c060b469678dc2eb",
            "id": "igw-0c060b469678dc2eb",
            "owner_id": "389029577690",
            "tags": {
              "Environment": "dev",
              "Name": "eks-blueprint-vpc",
              "Terraform": "true"
            },
            "tags_all": {
              "Environment": "dev",
              "Name": "eks-blueprint-vpc",
              "Terraform": "true"
            },
            "timeouts": null,
            "vpc_id": "vpc-02e50f66fdfd6322f"
          },
          "sensitive_attributes": [],
          "private": "eyJlMmJmYjczMC1lY2FhLTExZTYtOGY4OC0zNDM2M2JjN2M0YzAiOnsiY3JlYXRlIjoxMjAwMDAwMDAwMDAwLCJkZWxldGUiOjEyMDAwMDAwMDAwMDAsInVwZGF0ZSI6MTIwMDAwMDAwMDAwMH19",
          "dependencies": [
            "module.vpc.aws_vpc.this",
            "module.vpc.aws_vpc_ipv4_cidr_block_association.this"
          ]
        }
      ]
    },
    {
      "module": "module.vpc",
      "mode": "managed",
      "type": "aws_nat_gateway",
      "name": "this",
      "provider": "provider[\"registry.terraform.io/hashicorp/aws\"]",
      "instances": [
        {
          "index_key": 0,
          "schema_version": 0,
          "attributes": {
            "allocation_id": "eipalloc-0494bdff89e2395b2",
            "association_id": "eipassoc-0030319382b5cfd1a",
            "connectivity_type": "public",
            "id": "nat-05f323a9f04be59a3",
            "network_interface_id": "eni-01c3645c0e82b72f0",
            "private_ip": "10.0.101.79",
            "public_ip": "100.28.72.191",
            "secondary_allocation_ids": [],
            "secondary_private_ip_address_count": 0,
            "secondary_private_ip_addresses": [],
            "subnet_id": "subnet-0565fa08f9acb0a97",
            "tags": {
              "Environment": "dev",
              "Name": "eks-blueprint-vpc-us-east-1a",
              "Terraform": "true"
            },
            "tags_all": {
              "Environment": "dev",
              "Name": "eks-blueprint-vpc-us-east-1a",
              "Terraform": "true"
            },
            "timeouts": null
          },
          "sensitive_attributes": [],
          "private": "eyJlMmJmYjczMC1lY2FhLTExZTYtOGY4OC0zNDM2M2JjN2M0YzAiOnsiY3JlYXRlIjo2MDAwMDAwMDAwMDAsImRlbGV0ZSI6MTgwMDAwMDAwMDAwMCwidXBkYXRlIjo2MDAwMDAwMDAwMDB9fQ==",
          "dependencies": [
            "module.vpc.aws_eip.nat",
            "module.vpc.aws_internet_gateway.this",
            "module.vpc.aws_subnet.public",
            "module.vpc.aws_vpc.this",
            "module.vpc.aws_vpc_ipv4_cidr_block_association.this"
          ]
        }
      ]
    },
    {
      "module": "module.vpc",
      "mode": "managed",
      "type": "aws_route",
      "name": "private_nat_gateway",
      "provider": "provider[\"registry.terraform.io/hashicorp/aws\"]",
      "instances": [
        {
          "index_key": 0,
          "schema_version": 0,
          "attributes": {
            "carrier_gateway_id": "",
            "core_network_arn": "",
            "destination_cidr_block": "0.0.0.0/0",
            "destination_ipv6_cidr_block": "",
            "destination_prefix_list_id": "",
            "egress_only_gateway_id": "",
            "gateway_id": "",
            "id": "r-rtb-098eee428887d60891080289494",
            "instance_id": "",
            "instance_owner_id": "",
            "local_gateway_id": "",
            "nat_gateway_id": "nat-05f323a9f04be59a3",
            "network_interface_id": "",
            "origin": "CreateRoute",
            "route_table_id": "rtb-098eee428887d6089",
            "state": "active",
            "timeouts": {
              "create": "5m",
              "delete": null,
              "update": null
            },
            "transit_gateway_id": "",
            "vpc_endpoint_id": "",
            "vpc_peering_connection_id": ""
          },
          "sensitive_attributes": [],
          "private": "eyJlMmJmYjczMC1lY2FhLTExZTYtOGY4OC0zNDM2M2JjN2M0YzAiOnsiY3JlYXRlIjozMDAwMDAwMDAwMDAsImRlbGV0ZSI6MzAwMDAwMDAwMDAwLCJ1cGRhdGUiOjEyMDAwMDAwMDAwMH19",
          "dependencies": [
            "module.vpc.aws_eip.nat",
            "module.vpc.aws_internet_gateway.this",
            "module.vpc.aws_nat_gateway.this",
            "module.vpc.aws_route_table.private",
            "module.vpc.aws_subnet.public",
            "module.vpc.aws_vpc.this",
            "module.vpc.aws_vpc_ipv4_cidr_block_association.this"
          ]
        }
      ]
    },
    {
      "module": "module.vpc",
      "mode": "managed",
      "type": "aws_route",
      "name": "public_internet_gateway",
      "provider": "provider[\"registry.terraform.io/hashicorp/aws\"]",
      "instances": [
        {
          "index_key": 0,
          "schema_version": 0,
          "attributes": {
            "carrier_gateway_id": "",
            "core_network_arn": "",
            "destination_cidr_block": "0.0.0.0/0",
            "destination_ipv6_cidr_block": "",
            "destination_prefix_list_id": "",
            "egress_only_gateway_id": "",
            "gateway_id": "igw-0c060b469678dc2eb",
            "id": "r-rtb-0663291b67d4eb08f1080289494",
            "instance_id": "",
            "instance_owner_id": "",
            "local_gateway_id": "",
            "nat_gateway_id": "",
            "network_interface_id": "",
            "origin": "CreateRoute",
            "route_table_id": "rtb-0663291b67d4eb08f",
            "state": "active",
            "timeouts": {
              "create": "5m",
              "delete": null,
              "update": null
            },
            "transit_gateway_id": "",
            "vpc_endpoint_id": "",
            "vpc_peering_connection_id": ""
          },
          "sensitive_attributes": [],
          "private": "eyJlMmJmYjczMC1lY2FhLTExZTYtOGY4OC0zNDM2M2JjN2M0YzAiOnsiY3JlYXRlIjozMDAwMDAwMDAwMDAsImRlbGV0ZSI6MzAwMDAwMDAwMDAwLCJ1cGRhdGUiOjEyMDAwMDAwMDAwMH19",
          "dependencies": [
            "module.vpc.aws_internet_gateway.this",
            "module.vpc.aws_route_table.public",
            "module.vpc.aws_vpc.this",
            "module.vpc.aws_vpc_ipv4_cidr_block_association.this"
          ]
        }
      ]
    },
    {
      "module": "module.vpc",
      "mode": "managed",
      "type": "aws_route_table",
      "name": "private",
      "provider": "provider[\"registry.terraform.io/hashicorp/aws\"]",
      "instances": [
        {
          "index_key": 0,
          "schema_version": 0,
          "attributes": {
            "arn": "arn:aws:ec2:us-east-1:389029577690:route-table/rtb-098eee428887d6089",
            "id": "rtb-098eee428887d6089",
            "owner_id": "389029577690",
            "propagating_vgws": [],
            "route": [
              {
                "carrier_gateway_id": "",
                "cidr_block": "0.0.0.0/0",
                "core_network_arn": "",
                "destination_prefix_list_id": "",
                "egress_only_gateway_id": "",
                "gateway_id": "",
                "ipv6_cidr_block": "",
                "local_gateway_id": "",
                "nat_gateway_id": "nat-05f323a9f04be59a3",
                "network_interface_id": "",
                "transit_gateway_id": "",
                "vpc_endpoint_id": "",
                "vpc_peering_connection_id": ""
              }
            ],
            "tags": {
              "Environment": "dev",
              "Name": "eks-blueprint-vpc-private",
              "Terraform": "true"
            },
            "tags_all": {
              "Environment": "dev",
              "Name": "eks-blueprint-vpc-private",
              "Terraform": "true"
            },
            "timeouts": null,
            "vpc_id": "vpc-02e50f66fdfd6322f"
          },
          "sensitive_attributes": [],
          "private": "eyJlMmJmYjczMC1lY2FhLTExZTYtOGY4OC0zNDM2M2JjN2M0YzAiOnsiY3JlYXRlIjozMDAwMDAwMDAwMDAsImRlbGV0ZSI6MzAwMDAwMDAwMDAwLCJ1cGRhdGUiOjEyMDAwMDAwMDAwMH19",
          "dependencies": [
            "module.vpc.aws_vpc.this",
            "module.vpc.aws_vpc_ipv4_cidr_block_association.this"
          ]
        }
      ]
    },
    {
      "module": "module.vpc",
      "mode": "managed",
      "type": "aws_route_table",
      "name": "public",
      "provider": "provider[\"registry.terraform.io/hashicorp/aws\"]",
      "instances": [
        {
          "index_key": 0,
          "schema_version": 0,
          "attributes": {
            "arn": "arn:aws:ec2:us-east-1:389029577690:route-table/rtb-0663291b67d4eb08f",
            "id": "rtb-0663291b67d4eb08f",
            "owner_id": "389029577690",
            "propagating_vgws": [],
            "route": [
              {
                "carrier_gateway_id": "",
                "cidr_block": "0.0.0.0/0",
                "core_network_arn": "",
                "destination_prefix_list_id": "",
                "egress_only_gateway_id": "",
                "gateway_id": "igw-0c060b469678dc2eb",
                "ipv6_cidr_block": "",
                "local_gateway_id": "",
                "nat_gateway_id": "",
                "network_interface_id": "",
                "transit_gateway_id": "",
                "vpc_endpoint_id": "",
                "vpc_peering_connection_id": ""
              }
            ],
            "tags": {
              "Environment": "dev",
              "Name": "eks-blueprint-vpc-public",
              "Terraform": "true"
            },
            "tags_all": {
              "Environment": "dev",
              "Name": "eks-blueprint-vpc-public",
              "Terraform": "true"
            },
            "timeouts": null,
            "vpc_id": "vpc-02e50f66fdfd6322f"
          },
          "sensitive_attributes": [],
          "private": "eyJlMmJmYjczMC1lY2FhLTExZTYtOGY4OC0zNDM2M2JjN2M0YzAiOnsiY3JlYXRlIjozMDAwMDAwMDAwMDAsImRlbGV0ZSI6MzAwMDAwMDAwMDAwLCJ1cGRhdGUiOjEyMDAwMDAwMDAwMH19",
          "dependencies": [
            "module.vpc.aws_vpc.this",
            "module.vpc.aws_vpc_ipv4_cidr_block_association.this"
          ]
        }
      ]
    },
    {
      "module": "module.vpc",
      "mode": "managed",
      "type": "aws_route_table_association",
      "name": "private",
      "provider": "provider[\"registry.terraform.io/hashicorp/aws\"]",
      "instances": [
        {
          "index_key": 0,
          "schema_version": 0,
          "attributes": {
            "gateway_id": "",
            "id": "rtbassoc-06ff08b6e2b3cc9a5",
            "route_table_id": "rtb-098eee428887d6089",
            "subnet_id": "subnet-0c336be2f990830c9",
            "timeouts": null
          },
          "sensitive_attributes": [],
          "private": "eyJlMmJmYjczMC1lY2FhLTExZTYtOGY4OC0zNDM2M2JjN2M0YzAiOnsiY3JlYXRlIjozMDAwMDAwMDAwMDAsImRlbGV0ZSI6MzAwMDAwMDAwMDAwLCJ1cGRhdGUiOjEyMDAwMDAwMDAwMH19",
          "dependencies": [
            "module.vpc.aws_route_table.private",
            "module.vpc.aws_subnet.private",
            "module.vpc.aws_vpc.this",
            "module.vpc.aws_vpc_ipv4_cidr_block_association.this"
          ]
        },
        {
          "index_key": 1,
          "schema_version": 0,
          "attributes": {
            "gateway_id": "",
            "id": "rtbassoc-0ad7a570c9f043370",
            "route_table_id": "rtb-098eee428887d6089",
            "subnet_id": "subnet-0d2f17567e3cd6dc6",
            "timeouts": null
          },
          "sensitive_attributes": [],
          "private": "eyJlMmJmYjczMC1lY2FhLTExZTYtOGY4OC0zNDM2M2JjN2M0YzAiOnsiY3JlYXRlIjozMDAwMDAwMDAwMDAsImRlbGV0ZSI6MzAwMDAwMDAwMDAwLCJ1cGRhdGUiOjEyMDAwMDAwMDAwMH19",
          "dependencies": [
            "module.vpc.aws_route_table.private",
            "module.vpc.aws_subnet.private",
            "module.vpc.aws_vpc.this",
            "module.vpc.aws_vpc_ipv4_cidr_block_association.this"
          ]
        }
      ]
    },
    {
      "module": "module.vpc",
      "mode": "managed",
      "type": "aws_route_table_association",
      "name": "public",
      "provider": "provider[\"registry.terraform.io/hashicorp/aws\"]",
      "instances": [
        {
          "index_key": 0,
          "schema_version": 0,
          "attributes": {
            "gateway_id": "",
            "id": "rtbassoc-0f1bebce2724c0802",
            "route_table_id": "rtb-0663291b67d4eb08f",
            "subnet_id": "subnet-0565fa08f9acb0a97",
            "timeouts": null
          },
          "sensitive_attributes": [],
          "private": "eyJlMmJmYjczMC1lY2FhLTExZTYtOGY4OC0zNDM2M2JjN2M0YzAiOnsiY3JlYXRlIjozMDAwMDAwMDAwMDAsImRlbGV0ZSI6MzAwMDAwMDAwMDAwLCJ1cGRhdGUiOjEyMDAwMDAwMDAwMH19",
          "dependencies": [
            "module.vpc.aws_route_table.public",
            "module.vpc.aws_subnet.public",
            "module.vpc.aws_vpc.this",
            "module.vpc.aws_vpc_ipv4_cidr_block_association.this"
          ]
        },
        {
          "index_key": 1,
          "schema_version": 0,
          "attributes": {
            "gateway_id": "",
            "id": "rtbassoc-0b972e6b43a34de02",
            "route_table_id": "rtb-0663291b67d4eb08f",
            "subnet_id": "subnet-0186f245e115e35c2",
            "timeouts": null
          },
          "sensitive_attributes": [],
          "private": "eyJlMmJmYjczMC1lY2FhLTExZTYtOGY4OC0zNDM2M2JjN2M0YzAiOnsiY3JlYXRlIjozMDAwMDAwMDAwMDAsImRlbGV0ZSI6MzAwMDAwMDAwMDAwLCJ1cGRhdGUiOjEyMDAwMDAwMDAwMH19",
          "dependencies": [
            "module.vpc.aws_route_table.public",
            "module.vpc.aws_subnet.public",
            "module.vpc.aws_vpc.this",
            "module.vpc.aws_vpc_ipv4_cidr_block_association.this"
          ]
        }
      ]
    },
    {
      "module": "module.vpc",
      "mode": "managed",
      "type": "aws_subnet",
      "name": "private",
      "provider": "provider[\"registry.terraform.io/hashicorp/aws\"]",
      "instances": [
        {
          "index_key": 0,
          "schema_version": 1,
          "attributes": {
            "arn": "arn:aws:ec2:us-east-1:389029577690:subnet/subnet-0c336be2f990830c9",
            "assign_ipv6_address_on_creation": false,
            "availability_zone": "us-east-1a",
            "availability_zone_id": "use1-az1",
            "cidr_block": "10.0.1.0/24",
            "customer_owned_ipv4_pool": "",
            "enable_dns64": false,
            "enable_lni_at_device_index": 0,
            "enable_resource_name_dns_a_record_on_launch": false,
            "enable_resource_name_dns_aaaa_record_on_launch": false,
            "id": "subnet-0c336be2f990830c9",
            "ipv6_cidr_block": "",
            "ipv6_cidr_block_association_id": "",
            "ipv6_native": false,
            "map_customer_owned_ip_on_launch": false,
            "map_public_ip_on_launch": false,
            "outpost_arn": "",
            "owner_id": "389029577690",
            "private_dns_hostname_type_on_launch": "ip-name",
            "tags": {
              "Environment": "dev",
              "Name": "eks-blueprint-vpc-private-us-east-1a",
              "Terraform": "true",
              "kubernetes.io/cluster/eks-blueprint": "owned",
              "kubernetes.io/role/internal-elb": "1"
            },
            "tags_all": {
              "Environment": "dev",
              "Name": "eks-blueprint-vpc-private-us-east-1a",
              "Terraform": "true",
              "kubernetes.io/cluster/eks-blueprint": "owned",
              "kubernetes.io/role/internal-elb": "1"
            },
            "timeouts": null,
            "vpc_id": "vpc-02e50f66fdfd6322f"
          },
          "sensitive_attributes": [],
          "private": "eyJlMmJmYjczMC1lY2FhLTExZTYtOGY4OC0zNDM2M2JjN2M0YzAiOnsiY3JlYXRlIjo2MDAwMDAwMDAwMDAsImRlbGV0ZSI6MTIwMDAwMDAwMDAwMH0sInNjaGVtYV92ZXJzaW9uIjoiMSJ9",
          "dependencies": [
            "module.vpc.aws_vpc.this",
            "module.vpc.aws_vpc_ipv4_cidr_block_association.this"
          ],
          "create_before_destroy": true
        },
        {
          "index_key": 1,
          "schema_version": 1,
          "attributes": {
            "arn": "arn:aws:ec2:us-east-1:389029577690:subnet/subnet-0d2f17567e3cd6dc6",
            "assign_ipv6_address_on_creation": false,
            "availability_zone": "us-east-1b",
            "availability_zone_id": "use1-az2",
            "cidr_block": "10.0.2.0/24",
            "customer_owned_ipv4_pool": "",
            "enable_dns64": false,
            "enable_lni_at_device_index": 0,
            "enable_resource_name_dns_a_record_on_launch": false,
            "enable_resource_name_dns_aaaa_record_on_launch": false,
            "id": "subnet-0d2f17567e3cd6dc6",
            "ipv6_cidr_block": "",
            "ipv6_cidr_block_association_id": "",
            "ipv6_native": false,
            "map_customer_owned_ip_on_launch": false,
            "map_public_ip_on_launch": false,
            "outpost_arn": "",
            "owner_id": "389029577690",
            "private_dns_hostname_type_on_launch": "ip-name",
            "tags": {
              "Environment": "dev",
              "Name": "eks-blueprint-vpc-private-us-east-1b",
              "Terraform": "true",
              "kubernetes.io/cluster/eks-blueprint": "owned",
              "kubernetes.io/role/internal-elb": "1"
            },
            "tags_all": {
              "Environment": "dev",
              "Name": "eks-blueprint-vpc-private-us-east-1b",
              "Terraform": "true",
              "kubernetes.io/cluster/eks-blueprint": "owned",
              "kubernetes.io/role/internal-elb": "1"
            },
            "timeouts": null,
            "vpc_id": "vpc-02e50f66fdfd6322f"
          },
          "sensitive_attributes": [],
          "private": "eyJlMmJmYjczMC1lY2FhLTExZTYtOGY4OC0zNDM2M2JjN2M0YzAiOnsiY3JlYXRlIjo2MDAwMDAwMDAwMDAsImRlbGV0ZSI6MTIwMDAwMDAwMDAwMH0sInNjaGVtYV92ZXJzaW9uIjoiMSJ9",
          "dependencies": [
            "module.vpc.aws_vpc.this",
            "module.vpc.aws_vpc_ipv4_cidr_block_association.this"
          ],
          "create_before_destroy": true
        }
      ]
    },
    {
      "module": "module.vpc",
      "mode": "managed",
      "type": "aws_subnet",
      "name": "public",
      "provider": "provider[\"registry.terraform.io/hashicorp/aws\"]",
      "instances": [
        {
          "index_key": 0,
          "schema_version": 1,
          "attributes": {
            "arn": "arn:aws:ec2:us-east-1:389029577690:subnet/subnet-0565fa08f9acb0a97",
            "assign_ipv6_address_on_creation": false,
            "availability_zone": "us-east-1a",
            "availability_zone_id": "use1-az1",
            "cidr_block": "10.0.101.0/24",
            "customer_owned_ipv4_pool": "",
            "enable_dns64": false,
            "enable_lni_at_device_index": 0,
            "enable_resource_name_dns_a_record_on_launch": false,
            "enable_resource_name_dns_aaaa_record_on_launch": false,
            "id": "subnet-0565fa08f9acb0a97",
            "ipv6_cidr_block": "",
            "ipv6_cidr_block_association_id": "",
            "ipv6_native": false,
            "map_customer_owned_ip_on_launch": false,
            "map_public_ip_on_launch": false,
            "outpost_arn": "",
            "owner_id": "389029577690",
            "private_dns_hostname_type_on_launch": "ip-name",
            "tags": {
              "Environment": "dev",
              "Name": "eks-blueprint-vpc-public-us-east-1a",
              "Terraform": "true",
              "kubernetes.io/cluster/eks-blueprint": "owned",
              "kubernetes.io/role/elb": "1"
            },
            "tags_all": {
              "Environment": "dev",
              "Name": "eks-blueprint-vpc-public-us-east-1a",
              "Terraform": "true",
              "kubernetes.io/cluster/eks-blueprint": "owned",
              "kubernetes.io/role/elb": "1"
            },
            "timeouts": null,
            "vpc_id": "vpc-02e50f66fdfd6322f"
          },
          "sensitive_attributes": [],
          "private": "eyJlMmJmYjczMC1lY2FhLTExZTYtOGY4OC0zNDM2M2JjN2M0YzAiOnsiY3JlYXRlIjo2MDAwMDAwMDAwMDAsImRlbGV0ZSI6MTIwMDAwMDAwMDAwMH0sInNjaGVtYV92ZXJzaW9uIjoiMSJ9",
          "dependencies": [
            "module.vpc.aws_vpc.this",
            "module.vpc.aws_vpc_ipv4_cidr_block_association.this"
          ],
          "create_before_destroy": true
        },
        {
          "index_key": 1,
          "schema_version": 1,
          "attributes": {
            "arn": "arn:aws:ec2:us-east-1:389029577690:subnet/subnet-0186f245e115e35c2",
            "assign_ipv6_address_on_creation": false,
            "availability_zone": "us-east-1b",
            "availability_zone_id": "use1-az2",
            "cidr_block": "10.0.102.0/24",
            "customer_owned_ipv4_pool": "",
            "enable_dns64": false,
            "enable_lni_at_device_index": 0,
            "enable_resource_name_dns_a_record_on_launch": false,
            "enable_resource_name_dns_aaaa_record_on_launch": false,
            "id": "subnet-0186f245e115e35c2",
            "ipv6_cidr_block": "",
            "ipv6_cidr_block_association_id": "",
            "ipv6_native": false,
            "map_customer_owned_ip_on_launch": false,
            "map_public_ip_on_launch": false,
            "outpost_arn": "",
            "owner_id": "389029577690",
            "private_dns_hostname_type_on_launch": "ip-name",
            "tags": {
              "Environment": "dev",
              "Name": "eks-blueprint-vpc-public-us-east-1b",
              "Terraform": "true",
              "kubernetes.io/cluster/eks-blueprint": "owned",
              "kubernetes.io/role/elb": "1"
            },
            "tags_all": {
              "Environment": "dev",
              "Name": "eks-blueprint-vpc-public-us-east-1b",
              "Terraform": "true",
              "kubernetes.io/cluster/eks-blueprint": "owned",
              "kubernetes.io/role/elb": "1"
            },
            "timeouts": null,
            "vpc_id": "vpc-02e50f66fdfd6322f"
          },
          "sensitive_attributes": [],
          "private": "eyJlMmJmYjczMC1lY2FhLTExZTYtOGY4OC0zNDM2M2JjN2M0YzAiOnsiY3JlYXRlIjo2MDAwMDAwMDAwMDAsImRlbGV0ZSI6MTIwMDAwMDAwMDAwMH0sInNjaGVtYV92ZXJzaW9uIjoiMSJ9",
          "dependencies": [
            "module.vpc.aws_vpc.this",
            "module.vpc.aws_vpc_ipv4_cidr_block_association.this"
          ],
          "create_before_destroy": true
        }
      ]
    },
    {
      "module": "module.vpc",
      "mode": "managed",
      "type": "aws_vpc",
      "name": "this",
      "provider": "provider[\"registry.terraform.io/hashicorp/aws\"]",
      "instances": [
        {
          "index_key": 0,
          "schema_version": 1,
          "attributes": {
            "arn": "arn:aws:ec2:us-east-1:389029577690:vpc/vpc-02e50f66fdfd6322f",
            "assign_generated_ipv6_cidr_block": false,
            "cidr_block": "10.0.0.0/16",
            "default_network_acl_id": "acl-09a3d27739a104e54",
            "default_route_table_id": "rtb-0ee5c955dede48a02",
            "default_security_group_id": "sg-0745a230a42edb578",
            "dhcp_options_id": "dopt-1e962664",
            "enable_dns_hostnames": true,
            "enable_dns_support": true,
            "enable_network_address_usage_metrics": false,
            "id": "vpc-02e50f66fdfd6322f",
            "instance_tenancy": "default",
            "ipv4_ipam_pool_id": null,
            "ipv4_netmask_length": null,
            "ipv6_association_id": "",
            "ipv6_cidr_block": "",
            "ipv6_cidr_block_network_border_group": "",
            "ipv6_ipam_pool_id": "",
            "ipv6_netmask_length": 0,
            "main_route_table_id": "rtb-0ee5c955dede48a02",
            "owner_id": "389029577690",
            "tags": {
              "Environment": "dev",
              "Name": "eks-blueprint-vpc",
              "Terraform": "true"
            },
            "tags_all": {
              "Environment": "dev",
              "Name": "eks-blueprint-vpc",
              "Terraform": "true"
            }
          },
          "sensitive_attributes": [],
          "private": "eyJzY2hlbWFfdmVyc2lvbiI6IjEifQ==",
          "create_before_destroy": true
        }
      ]
    },
    {
      "module": "module.vpc",
      "mode": "managed",
      "type": "aws_vpn_gateway",
      "name": "this",
      "provider": "provider[\"registry.terraform.io/hashicorp/aws\"]",
      "instances": [
        {
          "index_key": 0,
          "schema_version": 0,
          "attributes": {
            "amazon_side_asn": "64512",
            "arn": "arn:aws:ec2:us-east-1:389029577690:vpn-gateway/vgw-0a3fd5014d2d0895a",
            "availability_zone": null,
            "id": "vgw-0a3fd5014d2d0895a",
            "tags": {
              "Environment": "dev",
              "Name": "eks-blueprint-vpc",
              "Terraform": "true"
            },
            "tags_all": {
              "Environment": "dev",
              "Name": "eks-blueprint-vpc",
              "Terraform": "true"
            },
            "vpc_id": "vpc-02e50f66fdfd6322f"
          },
          "sensitive_attributes": [],
          "private": "bnVsbA==",
          "dependencies": [
            "module.vpc.aws_vpc.this",
            "module.vpc.aws_vpc_ipv4_cidr_block_association.this"
          ]
        }
      ]
    }
  ],
  "check_results": [
    {
      "object_kind": "resource",
      "config_addr": "module.eks_cluster.module.self_managed_node_group.module.user_data.null_resource.validate_cluster_service_cidr",
      "status": "pass",
      "objects": null
    },
    {
      "object_kind": "resource",
      "config_addr": "module.eks_cluster.module.eks_managed_node_group.module.user_data.null_resource.validate_cluster_service_cidr",
      "status": "pass",
      "objects": [
        {
          "object_addr": "module.eks_cluster.module.eks_managed_node_group[\"managed\"].module.user_data.null_resource.validate_cluster_service_cidr",
          "status": "pass"
        }
      ]
    }
  ]
}
